{
  "version": 4,
  "terraform_version": "1.13.3",
  "serial": 394,
  "lineage": "5ab3349c-8de8-b477-dd5b-a4d344b273be",
  "outputs": {},
  "resources": [
    {
      "mode": "data",
      "type": "aws_eks_cluster_auth",
      "name": "cluster_auth",
      "provider": "provider[\"registry.terraform.io/hashicorp/aws\"]",
      "instances": [
        {
          "schema_version": 0,
          "attributes": {
            "id": "eks-cluster",
            "name": "eks-cluster",
            "token": "k8s-aws-v1.aHR0cHM6Ly9zdHMuZXUtd2VzdC0yLmFtYXpvbmF3cy5jb20vP0FjdGlvbj1HZXRDYWxsZXJJZGVudGl0eSZWZXJzaW9uPTIwMTEtMDYtMTUmWC1BbXotQWxnb3JpdGhtPUFXUzQtSE1BQy1TSEEyNTYmWC1BbXotQ3JlZGVudGlhbD1BS0lBUVNCWklSUjY2RjdFVkNWTCUyRjIwMjYwMjAyJTJGZXUtd2VzdC0yJTJGc3RzJTJGYXdzNF9yZXF1ZXN0JlgtQW16LURhdGU9MjAyNjAyMDJUMTYzOTA4WiZYLUFtei1FeHBpcmVzPTAmWC1BbXotU2lnbmVkSGVhZGVycz1ob3N0JTNCeC1rOHMtYXdzLWlkJlgtQW16LVNpZ25hdHVyZT00MzQwMWRhY2NlM2MyNDgwZTAwNjYzNmEzNjU1MTBlOGIwMTU4YjgxY2Y2MTA3YTgzNTE4YzAyZDk0NGNiYjA3"
          },
          "sensitive_attributes": [
            [
              {
                "type": "get_attr",
                "value": "token"
              }
            ]
          ],
          "identity_schema_version": 0
        }
      ]
    },
    {
      "module": "module.eks",
      "mode": "data",
      "type": "tls_certificate",
      "name": "eks",
      "provider": "provider[\"registry.terraform.io/hashicorp/tls\"]",
      "instances": [
        {
          "schema_version": 0,
          "attributes": {
            "certificates": [
              {
                "cert_pem": "-----BEGIN CERTIFICATE-----\nMIIEkjCCA3qgAwIBAgITBn+USionzfP6wq4rAfkI7rnExjANBgkqhkiG9w0BAQsF\nADCBmDELMAkGA1UEBhMCVVMxEDAOBgNVBAgTB0FyaXpvbmExEzARBgNVBAcTClNj\nb3R0c2RhbGUxJTAjBgNVBAoTHFN0YXJmaWVsZCBUZWNobm9sb2dpZXMsIEluYy4x\nOzA5BgNVBAMTMlN0YXJmaWVsZCBTZXJ2aWNlcyBSb290IENlcnRpZmljYXRlIEF1\ndGhvcml0eSAtIEcyMB4XDTE1MDUyNTEyMDAwMFoXDTM3MTIzMTAxMDAwMFowOTEL\nMAkGA1UEBhMCVVMxDzANBgNVBAoTBkFtYXpvbjEZMBcGA1UEAxMQQW1hem9uIFJv\nb3QgQ0EgMTCCASIwDQYJKoZIhvcNAQEBBQADggEPADCCAQoCggEBALJ4gHHKeNXj\nca9HgFB0fW7Y14h29Jlo91ghYPl0hAEvrAIthtOgQ3pOsqTQNroBvo3bSMgHFzZM\n9O6II8c+6zf1tRn4SWiw3te5djgdYZ6k/oI2peVKVuRF4fn9tBb6dNqcmzU5L/qw\nIFAGbHrQgLKm+a/sRxmPUDgH3KKHOVj4utWp+UhnMJbulHheb4mjUcAwhmahRWa6\nVOujw5H5SNz/0egwLX0tdHA114gk957EWW67c4cX8jJGKLhD+rcdqsq08p8kDi1L\n93FcXmn/6pUCyziKrlA4b9v7LWIbxcceVOF34GfID5yHI9Y/QCB/IIDEgEw+OyQm\njgSubJrIqg0CAwEAAaOCATEwggEtMA8GA1UdEwEB/wQFMAMBAf8wDgYDVR0PAQH/\nBAQDAgGGMB0GA1UdDgQWBBSEGMyFNOy8DJSULghZnMeyEE4KCDAfBgNVHSMEGDAW\ngBScXwDfqgHXMCs4iKK4bUqc8hGRgzB4BggrBgEFBQcBAQRsMGowLgYIKwYBBQUH\nMAGGImh0dHA6Ly9vY3NwLnJvb3RnMi5hbWF6b250cnVzdC5jb20wOAYIKwYBBQUH\nMAKGLGh0dHA6Ly9jcnQucm9vdGcyLmFtYXpvbnRydXN0LmNvbS9yb290ZzIuY2Vy\nMD0GA1UdHwQ2MDQwMqAwoC6GLGh0dHA6Ly9jcmwucm9vdGcyLmFtYXpvbnRydXN0\nLmNvbS9yb290ZzIuY3JsMBEGA1UdIAQKMAgwBgYEVR0gADANBgkqhkiG9w0BAQsF\nAAOCAQEAYjdCXLwQtT6LLOkMm2xF4gcAevnFWAu5CIw+7bMlPLVvUOTNNWqnkzSW\nMiGpSESrnO09tKpzbeR/FoCJbM8oAxiDR3mjEH4wW6w7sGDgd9QIpuEdfF7Au/ma\neyKdpwAJfqxGF4PcnCZXmTA5YpaP7dreqsXMGz7KQ2hsVxa81Q4gLv7/wmpdLqBK\nbRRYh5TmOTFffHPLkIhqhBGWJ6bt2YFGpn6jcgAKUj6DiAdjd4lpFw85hdKrCEVN\n0FE6/V1dN2RMfjCyVSRCnTawXZwXgWHxyvkQAiSr6w10kY17RSlQOYiypok1JR4U\nakcjMS9cmvqtmg5iUaQqqcT5NJ0hGA==\n-----END CERTIFICATE-----\n",
                "is_ca": true,
                "issuer": "CN=Starfield Services Root Certificate Authority - G2,O=Starfield Technologies\\, Inc.,L=Scottsdale,ST=Arizona,C=US",
                "not_after": "2037-12-31T01:00:00Z",
                "not_before": "2015-05-25T12:00:00Z",
                "public_key_algorithm": "RSA",
                "serial_number": "144918191876577076464031512351042010504348870",
                "sha1_fingerprint": "06b25927c42a721631c1efd9431e648fa62e1e39",
                "signature_algorithm": "SHA256-RSA",
                "subject": "CN=Amazon Root CA 1,O=Amazon,C=US",
                "version": 3
              },
              {
                "cert_pem": "-----BEGIN CERTIFICATE-----\nMIIEXjCCA0agAwIBAgITB3MSOAudZoijOx7Zv5zNpo4ODzANBgkqhkiG9w0BAQsF\nADA5MQswCQYDVQQGEwJVUzEPMA0GA1UEChMGQW1hem9uMRkwFwYDVQQDExBBbWF6\nb24gUm9vdCBDQSAxMB4XDTIyMDgyMzIyMjEyOFoXDTMwMDgyMzIyMjEyOFowPDEL\nMAkGA1UEBhMCVVMxDzANBgNVBAoTBkFtYXpvbjEcMBoGA1UEAxMTQW1hem9uIFJT\nQSAyMDQ4IE0wMTCCASIwDQYJKoZIhvcNAQEBBQADggEPADCCAQoCggEBAOtxLKnL\nH4gokjIwr4pXD3i3NyWVVYesZ1yX0yLI2qIUZ2t88Gfa4gMqs1YSXca1R/lnCKeT\nepWSGA+0+fkQNpp/L4C2T7oTTsddUx7g3ZYzByDTlrwS5HRQQqEFE3O1T5tEJP4t\nf+28IoXsNiEzl3UGzicYgtzj2cWCB41eJgEmJmcf2T8TzzK6a614ZPyq/w4CPAff\nnAV4coz96nW3AyiE2uhuB4zQUIXvgVSycW7sbWLvj5TDXunEpNCRwC4kkZjK7rol\njtT2cbb7W2s4Bkg3R42G3PLqBvt2N32e/0JOTViCk8/iccJ4sXqrS1uUN4iB5Nmv\nJK74csVl+0u0UecCAwEAAaOCAVowggFWMBIGA1UdEwEB/wQIMAYBAf8CAQAwDgYD\nVR0PAQH/BAQDAgGGMB0GA1UdJQQWMBQGCCsGAQUFBwMBBggrBgEFBQcDAjAdBgNV\nHQ4EFgQUgbgOY4qJEhjl+js7UJWf5uWQE4UwHwYDVR0jBBgwFoAUhBjMhTTsvAyU\nlC4IWZzHshBOCggwewYIKwYBBQUHAQEEbzBtMC8GCCsGAQUFBzABhiNodHRwOi8v\nb2NzcC5yb290Y2ExLmFtYXpvbnRydXN0LmNvbTA6BggrBgEFBQcwAoYuaHR0cDov\nL2NydC5yb290Y2ExLmFtYXpvbnRydXN0LmNvbS9yb290Y2ExLmNlcjA/BgNVHR8E\nODA2MDSgMqAwhi5odHRwOi8vY3JsLnJvb3RjYTEuYW1hem9udHJ1c3QuY29tL3Jv\nb3RjYTEuY3JsMBMGA1UdIAQMMAowCAYGZ4EMAQIBMA0GCSqGSIb3DQEBCwUAA4IB\nAQCtAN4CBSMuBjJitGuxlBbkEUDeK/pZwTXv4KqPK0G50fOHOQAd8j21p0cMBgbG\nkfMHVwLU7b0XwZCav0h1ogdPMN1KakK1DT0VwA/+hFvGPJnMV1Kx2G4S1ZaSk0uU\n5QfoiYIIano01J5k4T2HapKQmmOhS/iPtuo00wW+IMLeBuKMn3OLn005hcrOGTad\nhcmeyfhQP7Z+iKHvyoQGi1C0ClymHETx/chhQGDyYSWqB/THwnN15AwLQo0E5V9E\nSJlbe4mBlqeInUsNYugExNf+tOiybcrswBy8OFsd34XOW3rjSUtsuafd9AWySa3h\nxRRrwszrzX/WWGm6wyB+f7C4\n-----END CERTIFICATE-----\n",
                "is_ca": true,
                "issuer": "CN=Amazon Root CA 1,O=Amazon,C=US",
                "not_after": "2030-08-23T22:21:28Z",
                "not_before": "2022-08-23T22:21:28Z",
                "public_key_algorithm": "RSA",
                "serial_number": "166129328851546858514271303855646110030630415",
                "sha1_fingerprint": "2ad974a775f73cbdbbd8f5ac3a49255fa8fb1f8c",
                "signature_algorithm": "SHA256-RSA",
                "subject": "CN=Amazon RSA 2048 M01,O=Amazon,C=US",
                "version": 3
              },
              {
                "cert_pem": "-----BEGIN CERTIFICATE-----\nMIIF3DCCBMSgAwIBAgIQDgVgzo28zbbHyRKijvTSOzANBgkqhkiG9w0BAQsFADA8\nMQswCQYDVQQGEwJVUzEPMA0GA1UEChMGQW1hem9uMRwwGgYDVQQDExNBbWF6b24g\nUlNBIDIwNDggTTAxMB4XDTI2MDEyODAwMDAwMFoXDTI3MDIyNjIzNTk1OVowKDEm\nMCQGA1UEAwwdKi5la3MuZXUtd2VzdC0yLmFtYXpvbmF3cy5jb20wggEiMA0GCSqG\nSIb3DQEBAQUAA4IBDwAwggEKAoIBAQDUI3ZC6OK8840EOiF7u0YhpD/f447+mkNQ\n7gMmpsW2MqoqLNCcnEbzSuL9WM8gY0hg9nz/BiIGHr0NEpCqhdnDQirMkz/3zXvE\nVQVeJb89JLsSz36UzQ5rKurgx0R+ViOhG0JvncqY7Cft+PjwuhYsqw4fFtdTViKl\nb1+Y/GY42lhNBlcSis/ZYSB67LiGLHhVzF4G8QY+iGV53WVTSkvEETAX3nepkWih\npdvv54e+6/T3LLsEyN8k2wyXK9v2bWYoauIYfupehrYjvzyVmc+u7feZCtJb103x\n+LNmYthyTUhwVnGHJOrB83Kqi5uy/bZRbmRahGncn5QtRh1QFs0/AgMBAAGjggLs\nMIIC6DAfBgNVHSMEGDAWgBSBuA5jiokSGOX6OztQlZ/m5ZAThTAdBgNVHQ4EFgQU\nDPmdKl+duNs0LZ2MFKlMkYnyfDQwKAYDVR0RBCEwH4IdKi5la3MuZXUtd2VzdC0y\nLmFtYXpvbmF3cy5jb20wEwYDVR0gBAwwCjAIBgZngQwBAgEwDgYDVR0PAQH/BAQD\nAgWgMBMGA1UdJQQMMAoGCCsGAQUFBwMBMDsGA1UdHwQ0MDIwMKAuoCyGKmh0dHA6\nLy9jcmwucjJtMDEuYW1hem9udHJ1c3QuY29tL3IybTAxLmNybDB1BggrBgEFBQcB\nAQRpMGcwLQYIKwYBBQUHMAGGIWh0dHA6Ly9vY3NwLnIybTAxLmFtYXpvbnRydXN0\nLmNvbTA2BggrBgEFBQcwAoYqaHR0cDovL2NydC5yMm0wMS5hbWF6b250cnVzdC5j\nb20vcjJtMDEuY2VyMAwGA1UdEwEB/wQCMAAwggF+BgorBgEEAdZ5AgQCBIIBbgSC\nAWoBaAB2AExj3JjlnB2riPYeij3ero+rRKM3e1+blMP7oZz8wb4mAAABnAH5r14A\nAAQDAEcwRQIhAPmuu0mV3AaifgNOYdLVJDNB+NTc4Wkls5Ckf/5+G9piAiBI7VqM\nOr3IDLNJjgu7eS0qbAM9AOStjKM3ctNa1ogRfwB2AByfaCzp+vBFaVD4G5aKh93b\nMhDYTObIsuOCUkrEz1mfAAABnAH5r1AAAAQDAEcwRQIgBCkR4/sYLYILvC2W89Eg\nX8CKXSsXqsRYiIv6eLcy7nwCIQCtD9OZtyl1X/Po8v4cCnUZtstKP8emw3TyRS/J\n6hADOwB2AGBMmq96f3dfAdQG/JINyJnrCxx9+MlSG/r6F3c7l4vJAAABnAH5sDkA\nAAQDAEcwRQIgUAgAPWg/TRL05Iv8ovq1Yajsgkhtd7gc0CsM2HPHaHkCIQC6eI8r\nRo/4vgUwIX34lIXmp5NMlbvDWiXcJ6OeR3h2hzANBgkqhkiG9w0BAQsFAAOCAQEA\niSsRllFihiF605Gck3PjdYzPtiRlqDoree4fW6e9RMw8Unciu7fG2u+Q4b07Md7R\nDQbMhRnbuqkO+ITwofffdp/H32PIRO3CsMjizv4iUX3jtXOXs2P2L/9EjGBdkUqu\nj1Zsqn/7S09yPC7404SXd1T12AWDXmTtJPJNclLmTkSvCHLpzTzr4M12mCPo79Yh\nbOe72AubQ7mCJUKq0c6/y8P3GXgKY/gM+QSlhAXGhOm7EJWl4/qG6Puc+XrN1WjY\nLfSomIwdg3ZlVR82HC21RoHJHXUQI5U8RL98PkVU1AdgwPIMDilLgQwzPgtugAoF\nrbv0XbKOKHhTddkgS+NHBg==\n-----END CERTIFICATE-----\n",
                "is_ca": false,
                "issuer": "CN=Amazon RSA 2048 M01,O=Amazon,C=US",
                "not_after": "2027-02-26T23:59:59Z",
                "not_before": "2026-01-28T00:00:00Z",
                "public_key_algorithm": "RSA",
                "serial_number": "18637116901470560753339867372453155387",
                "sha1_fingerprint": "feb55add7a05e253cac6f0ec720079fbd861167c",
                "signature_algorithm": "SHA256-RSA",
                "subject": "CN=*.eks.eu-west-2.amazonaws.com",
                "version": 3
              }
            ],
            "content": null,
            "id": "142bcafe5071d94f86ff2aecaf1319896e8e29be",
            "url": "https://oidc.eks.eu-west-2.amazonaws.com/id/2F64C158FC282D8EF0A32254802CD82D",
            "verify_chain": true
          },
          "sensitive_attributes": [],
          "identity_schema_version": 0
        }
      ]
    },
    {
      "module": "module.eks",
      "mode": "managed",
      "type": "aws_eks_access_entry",
      "name": "terraform_admin",
      "provider": "provider[\"registry.terraform.io/hashicorp/aws\"]",
      "instances": [
        {
          "schema_version": 0,
          "attributes": {
            "access_entry_arn": "arn:aws:eks:eu-west-2:038774803581:access-entry/eks-cluster/role/038774803581/github.to.aws.oidc/44ce0fa0-843c-c1a5-c1d0-0669b6c01126",
            "cluster_name": "eks-cluster",
            "created_at": "2026-02-02T16:48:01Z",
            "id": "eks-cluster:arn:aws:iam::038774803581:role/github.to.aws.oidc",
            "kubernetes_groups": [],
            "modified_at": "2026-02-02T16:48:01Z",
            "principal_arn": "arn:aws:iam::038774803581:role/github.to.aws.oidc",
            "tags": null,
            "tags_all": {},
            "timeouts": null,
            "type": "STANDARD",
            "user_name": "arn:aws:sts::038774803581:assumed-role/github.to.aws.oidc/{{SessionName}}"
          },
          "sensitive_attributes": [],
          "identity_schema_version": 0,
          "private": "eyJlMmJmYjczMC1lY2FhLTExZTYtOGY4OC0zNDM2M2JjN2M0YzAiOnsiY3JlYXRlIjo2MDAwMDAwMDAwMDAsImRlbGV0ZSI6NjAwMDAwMDAwMDAwfX0=",
          "dependencies": [
            "module.eks.aws_eks_cluster.eks_cluster",
            "module.iam.aws_iam_instance_profile.nodes",
            "module.iam.aws_iam_policy.vpc_flow_logs_policy",
            "module.iam.aws_iam_role.cluster",
            "module.iam.aws_iam_role.nodes",
            "module.iam.aws_iam_role.vpc_flow_logs_role",
            "module.iam.aws_iam_role_policy_attachment.AmazonEC2ContainerRegistryReadOnly",
            "module.iam.aws_iam_role_policy_attachment.AmazonEKSWorkerNodePolicy",
            "module.iam.aws_iam_role_policy_attachment.AmazonEKS_CNI_Policy",
            "module.iam.aws_iam_role_policy_attachment.cluster_AmazonEKSClusterPolicy",
            "module.iam.aws_iam_role_policy_attachment.node_group_elb_policy",
            "module.iam.aws_iam_role_policy_attachment.vpc_flow_logs_attach",
            "module.vpc.aws_cloudwatch_log_group.cloud_watch_logs",
            "module.vpc.aws_eip.ngw-eip",
            "module.vpc.aws_flow_log.cloud_watch",
            "module.vpc.aws_internet_gateway.igw",
            "module.vpc.aws_kms_alias.kms_alias",
            "module.vpc.aws_kms_key.kms_key",
            "module.vpc.aws_kms_key_policy.kms_key_policy",
            "module.vpc.aws_nat_gateway.ngw",
            "module.vpc.aws_route_table.public-rt",
            "module.vpc.aws_route_table_association.pub-route-association-2a",
            "module.vpc.aws_route_table_association.pub-route-association-2b",
            "module.vpc.aws_subnet.private-subnet-2a",
            "module.vpc.aws_subnet.private-subnet-2b",
            "module.vpc.aws_subnet.public-subnet-2a",
            "module.vpc.aws_subnet.public-subnet-2b",
            "module.vpc.aws_vpc.eks_vpc"
          ]
        }
      ]
    },
    {
      "module": "module.eks",
      "mode": "managed",
      "type": "aws_eks_access_policy_association",
      "name": "terraform_admin",
      "provider": "provider[\"registry.terraform.io/hashicorp/aws\"]",
      "instances": [
        {
          "schema_version": 0,
          "attributes": {
            "access_scope": [
              {
                "namespaces": null,
                "type": "cluster"
              }
            ],
            "associated_at": "2026-02-02 16:48:01.807 +0000 UTC",
            "cluster_name": "eks-cluster",
            "id": "eks-cluster#arn:aws:iam::038774803581:role/github.to.aws.oidc#arn:aws:eks::aws:cluster-access-policy/AmazonEKSClusterAdminPolicy",
            "modified_at": "2026-02-02 16:48:01.807 +0000 UTC",
            "policy_arn": "arn:aws:eks::aws:cluster-access-policy/AmazonEKSClusterAdminPolicy",
            "principal_arn": "arn:aws:iam::038774803581:role/github.to.aws.oidc",
            "timeouts": null
          },
          "sensitive_attributes": [],
          "identity_schema_version": 0,
          "private": "eyJlMmJmYjczMC1lY2FhLTExZTYtOGY4OC0zNDM2M2JjN2M0YzAiOnsiY3JlYXRlIjo2MDAwMDAwMDAwMDAsImRlbGV0ZSI6NjAwMDAwMDAwMDAwfX0=",
          "dependencies": [
            "module.eks.aws_eks_cluster.eks_cluster",
            "module.iam.aws_iam_instance_profile.nodes",
            "module.iam.aws_iam_policy.vpc_flow_logs_policy",
            "module.iam.aws_iam_role.cluster",
            "module.iam.aws_iam_role.nodes",
            "module.iam.aws_iam_role.vpc_flow_logs_role",
            "module.iam.aws_iam_role_policy_attachment.AmazonEC2ContainerRegistryReadOnly",
            "module.iam.aws_iam_role_policy_attachment.AmazonEKSWorkerNodePolicy",
            "module.iam.aws_iam_role_policy_attachment.AmazonEKS_CNI_Policy",
            "module.iam.aws_iam_role_policy_attachment.cluster_AmazonEKSClusterPolicy",
            "module.iam.aws_iam_role_policy_attachment.node_group_elb_policy",
            "module.iam.aws_iam_role_policy_attachment.vpc_flow_logs_attach",
            "module.vpc.aws_cloudwatch_log_group.cloud_watch_logs",
            "module.vpc.aws_eip.ngw-eip",
            "module.vpc.aws_flow_log.cloud_watch",
            "module.vpc.aws_internet_gateway.igw",
            "module.vpc.aws_kms_alias.kms_alias",
            "module.vpc.aws_kms_key.kms_key",
            "module.vpc.aws_kms_key_policy.kms_key_policy",
            "module.vpc.aws_nat_gateway.ngw",
            "module.vpc.aws_route_table.public-rt",
            "module.vpc.aws_route_table_association.pub-route-association-2a",
            "module.vpc.aws_route_table_association.pub-route-association-2b",
            "module.vpc.aws_subnet.private-subnet-2a",
            "module.vpc.aws_subnet.private-subnet-2b",
            "module.vpc.aws_subnet.public-subnet-2a",
            "module.vpc.aws_subnet.public-subnet-2b",
            "module.vpc.aws_vpc.eks_vpc"
          ]
        }
      ]
    },
    {
      "module": "module.eks",
      "mode": "managed",
      "type": "aws_eks_addon",
      "name": "ebs-csi-driver",
      "provider": "provider[\"registry.terraform.io/hashicorp/aws\"]",
      "instances": [
        {
          "status": "tainted",
          "schema_version": 0,
          "attributes": {
            "addon_name": "aws-ebs-csi-driver",
            "addon_version": null,
            "arn": null,
            "cluster_name": "eks-cluster",
            "configuration_values": null,
            "created_at": null,
            "id": "eks-cluster:aws-ebs-csi-driver",
            "modified_at": null,
            "pod_identity_association": [],
            "preserve": true,
            "resolve_conflicts": null,
            "resolve_conflicts_on_create": "OVERWRITE",
            "resolve_conflicts_on_update": "OVERWRITE",
            "service_account_role_arn": "arn:aws:iam::038774803581:role/ebs-csi-driver",
            "tags": null,
            "tags_all": null,
            "timeouts": null
          },
          "sensitive_attributes": [],
          "identity_schema_version": 0,
          "private": "eyJlMmJmYjczMC1lY2FhLTExZTYtOGY4OC0zNDM2M2JjN2M0YzAiOnsiY3JlYXRlIjoxMjAwMDAwMDAwMDAwLCJkZWxldGUiOjI0MDAwMDAwMDAwMDAsInVwZGF0ZSI6MTIwMDAwMDAwMDAwMH19",
          "dependencies": [
            "module.eks.aws_eks_cluster.eks_cluster",
            "module.eks.aws_eks_node_group.private_node_1",
            "module.eks.aws_eks_node_group.private_node_2",
            "module.eks.aws_iam_openid_connect_provider.eks",
            "module.eks.aws_iam_role.ebs_csi_driver",
            "module.eks.data.tls_certificate.eks",
            "module.iam.aws_iam_instance_profile.nodes",
            "module.iam.aws_iam_policy.vpc_flow_logs_policy",
            "module.iam.aws_iam_role.cluster",
            "module.iam.aws_iam_role.nodes",
            "module.iam.aws_iam_role.vpc_flow_logs_role",
            "module.iam.aws_iam_role_policy_attachment.AmazonEC2ContainerRegistryReadOnly",
            "module.iam.aws_iam_role_policy_attachment.AmazonEKSWorkerNodePolicy",
            "module.iam.aws_iam_role_policy_attachment.AmazonEKS_CNI_Policy",
            "module.iam.aws_iam_role_policy_attachment.cluster_AmazonEKSClusterPolicy",
            "module.iam.aws_iam_role_policy_attachment.node_group_elb_policy",
            "module.iam.aws_iam_role_policy_attachment.vpc_flow_logs_attach",
            "module.vpc.aws_cloudwatch_log_group.cloud_watch_logs",
            "module.vpc.aws_eip.ngw-eip",
            "module.vpc.aws_flow_log.cloud_watch",
            "module.vpc.aws_internet_gateway.igw",
            "module.vpc.aws_kms_alias.kms_alias",
            "module.vpc.aws_kms_key.kms_key",
            "module.vpc.aws_kms_key_policy.kms_key_policy",
            "module.vpc.aws_nat_gateway.ngw",
            "module.vpc.aws_route_table.public-rt",
            "module.vpc.aws_route_table_association.pub-route-association-2a",
            "module.vpc.aws_route_table_association.pub-route-association-2b",
            "module.vpc.aws_subnet.private-subnet-2a",
            "module.vpc.aws_subnet.private-subnet-2b",
            "module.vpc.aws_subnet.public-subnet-2a",
            "module.vpc.aws_subnet.public-subnet-2b",
            "module.vpc.aws_vpc.eks_vpc"
          ]
        }
      ]
    },
    {
      "module": "module.eks",
      "mode": "managed",
      "type": "aws_eks_addon",
      "name": "kube-proxy",
      "provider": "provider[\"registry.terraform.io/hashicorp/aws\"]",
      "instances": [
        {
          "schema_version": 0,
          "attributes": {
            "addon_name": "kube-proxy",
            "addon_version": "v1.30.14-eksbuild.8",
            "arn": "arn:aws:eks:eu-west-2:038774803581:addon/eks-cluster/kube-proxy/f8ce0fa0-8423-b020-58bf-f05c7cd1efd6",
            "cluster_name": "eks-cluster",
            "configuration_values": "",
            "created_at": "2026-02-02T16:48:01Z",
            "id": "eks-cluster:kube-proxy",
            "modified_at": "2026-02-02T16:48:08Z",
            "pod_identity_association": [],
            "preserve": null,
            "resolve_conflicts": null,
            "resolve_conflicts_on_create": null,
            "resolve_conflicts_on_update": "OVERWRITE",
            "service_account_role_arn": "",
            "tags": null,
            "tags_all": {},
            "timeouts": null
          },
          "sensitive_attributes": [],
          "identity_schema_version": 0,
          "private": "eyJlMmJmYjczMC1lY2FhLTExZTYtOGY4OC0zNDM2M2JjN2M0YzAiOnsiY3JlYXRlIjoxMjAwMDAwMDAwMDAwLCJkZWxldGUiOjI0MDAwMDAwMDAwMDAsInVwZGF0ZSI6MTIwMDAwMDAwMDAwMH19",
          "dependencies": [
            "module.eks.aws_eks_cluster.eks_cluster",
            "module.iam.aws_iam_instance_profile.nodes",
            "module.iam.aws_iam_policy.vpc_flow_logs_policy",
            "module.iam.aws_iam_role.cluster",
            "module.iam.aws_iam_role.nodes",
            "module.iam.aws_iam_role.vpc_flow_logs_role",
            "module.iam.aws_iam_role_policy_attachment.AmazonEC2ContainerRegistryReadOnly",
            "module.iam.aws_iam_role_policy_attachment.AmazonEKSWorkerNodePolicy",
            "module.iam.aws_iam_role_policy_attachment.AmazonEKS_CNI_Policy",
            "module.iam.aws_iam_role_policy_attachment.cluster_AmazonEKSClusterPolicy",
            "module.iam.aws_iam_role_policy_attachment.node_group_elb_policy",
            "module.iam.aws_iam_role_policy_attachment.vpc_flow_logs_attach",
            "module.vpc.aws_cloudwatch_log_group.cloud_watch_logs",
            "module.vpc.aws_eip.ngw-eip",
            "module.vpc.aws_flow_log.cloud_watch",
            "module.vpc.aws_internet_gateway.igw",
            "module.vpc.aws_kms_alias.kms_alias",
            "module.vpc.aws_kms_key.kms_key",
            "module.vpc.aws_kms_key_policy.kms_key_policy",
            "module.vpc.aws_nat_gateway.ngw",
            "module.vpc.aws_route_table.public-rt",
            "module.vpc.aws_route_table_association.pub-route-association-2a",
            "module.vpc.aws_route_table_association.pub-route-association-2b",
            "module.vpc.aws_subnet.private-subnet-2a",
            "module.vpc.aws_subnet.private-subnet-2b",
            "module.vpc.aws_subnet.public-subnet-2a",
            "module.vpc.aws_subnet.public-subnet-2b",
            "module.vpc.aws_vpc.eks_vpc"
          ]
        }
      ]
    },
    {
      "module": "module.eks",
      "mode": "managed",
      "type": "aws_eks_addon",
      "name": "metrics_server",
      "provider": "provider[\"registry.terraform.io/hashicorp/aws\"]",
      "instances": [
        {
          "schema_version": 0,
          "attributes": {
            "addon_name": "metrics-server",
            "addon_version": "v0.7.2-eksbuild.7",
            "arn": "arn:aws:eks:eu-west-2:038774803581:addon/eks-cluster/metrics-server/bece0fa0-8423-68ea-97ce-84cb6cfb226a",
            "cluster_name": "eks-cluster",
            "configuration_values": "",
            "created_at": "2026-02-02T16:48:01Z",
            "id": "eks-cluster:metrics-server",
            "modified_at": "2026-02-02T16:54:26Z",
            "pod_identity_association": [],
            "preserve": null,
            "resolve_conflicts": null,
            "resolve_conflicts_on_create": null,
            "resolve_conflicts_on_update": "OVERWRITE",
            "service_account_role_arn": "",
            "tags": null,
            "tags_all": {},
            "timeouts": null
          },
          "sensitive_attributes": [],
          "identity_schema_version": 0,
          "private": "eyJlMmJmYjczMC1lY2FhLTExZTYtOGY4OC0zNDM2M2JjN2M0YzAiOnsiY3JlYXRlIjoxMjAwMDAwMDAwMDAwLCJkZWxldGUiOjI0MDAwMDAwMDAwMDAsInVwZGF0ZSI6MTIwMDAwMDAwMDAwMH19",
          "dependencies": [
            "module.eks.aws_eks_cluster.eks_cluster",
            "module.iam.aws_iam_instance_profile.nodes",
            "module.iam.aws_iam_policy.vpc_flow_logs_policy",
            "module.iam.aws_iam_role.cluster",
            "module.iam.aws_iam_role.nodes",
            "module.iam.aws_iam_role.vpc_flow_logs_role",
            "module.iam.aws_iam_role_policy_attachment.AmazonEC2ContainerRegistryReadOnly",
            "module.iam.aws_iam_role_policy_attachment.AmazonEKSWorkerNodePolicy",
            "module.iam.aws_iam_role_policy_attachment.AmazonEKS_CNI_Policy",
            "module.iam.aws_iam_role_policy_attachment.cluster_AmazonEKSClusterPolicy",
            "module.iam.aws_iam_role_policy_attachment.node_group_elb_policy",
            "module.iam.aws_iam_role_policy_attachment.vpc_flow_logs_attach",
            "module.vpc.aws_cloudwatch_log_group.cloud_watch_logs",
            "module.vpc.aws_eip.ngw-eip",
            "module.vpc.aws_flow_log.cloud_watch",
            "module.vpc.aws_internet_gateway.igw",
            "module.vpc.aws_kms_alias.kms_alias",
            "module.vpc.aws_kms_key.kms_key",
            "module.vpc.aws_kms_key_policy.kms_key_policy",
            "module.vpc.aws_nat_gateway.ngw",
            "module.vpc.aws_route_table.public-rt",
            "module.vpc.aws_route_table_association.pub-route-association-2a",
            "module.vpc.aws_route_table_association.pub-route-association-2b",
            "module.vpc.aws_subnet.private-subnet-2a",
            "module.vpc.aws_subnet.private-subnet-2b",
            "module.vpc.aws_subnet.public-subnet-2a",
            "module.vpc.aws_subnet.public-subnet-2b",
            "module.vpc.aws_vpc.eks_vpc"
          ]
        }
      ]
    },
    {
      "module": "module.eks",
      "mode": "managed",
      "type": "aws_eks_addon",
      "name": "vpc-cni",
      "provider": "provider[\"registry.terraform.io/hashicorp/aws\"]",
      "instances": [
        {
          "status": "tainted",
          "schema_version": 0,
          "attributes": {
            "addon_name": "vpc-cni",
            "addon_version": null,
            "arn": null,
            "cluster_name": "eks-cluster",
            "configuration_values": null,
            "created_at": null,
            "id": "eks-cluster:vpc-cni",
            "modified_at": null,
            "pod_identity_association": [],
            "preserve": true,
            "resolve_conflicts": null,
            "resolve_conflicts_on_create": "OVERWRITE",
            "resolve_conflicts_on_update": "OVERWRITE",
            "service_account_role_arn": "arn:aws:iam::038774803581:role/vpc-cni",
            "tags": null,
            "tags_all": null,
            "timeouts": null
          },
          "sensitive_attributes": [],
          "identity_schema_version": 0,
          "private": "eyJlMmJmYjczMC1lY2FhLTExZTYtOGY4OC0zNDM2M2JjN2M0YzAiOnsiY3JlYXRlIjoxMjAwMDAwMDAwMDAwLCJkZWxldGUiOjI0MDAwMDAwMDAwMDAsInVwZGF0ZSI6MTIwMDAwMDAwMDAwMH19",
          "dependencies": [
            "module.eks.aws_eks_cluster.eks_cluster",
            "module.eks.aws_eks_node_group.private_node_1",
            "module.eks.aws_eks_node_group.private_node_2",
            "module.eks.aws_iam_openid_connect_provider.eks",
            "module.eks.aws_iam_role.vpc-cni",
            "module.eks.data.tls_certificate.eks",
            "module.iam.aws_iam_instance_profile.nodes",
            "module.iam.aws_iam_policy.vpc_flow_logs_policy",
            "module.iam.aws_iam_role.cluster",
            "module.iam.aws_iam_role.nodes",
            "module.iam.aws_iam_role.vpc_flow_logs_role",
            "module.iam.aws_iam_role_policy_attachment.AmazonEC2ContainerRegistryReadOnly",
            "module.iam.aws_iam_role_policy_attachment.AmazonEKSWorkerNodePolicy",
            "module.iam.aws_iam_role_policy_attachment.AmazonEKS_CNI_Policy",
            "module.iam.aws_iam_role_policy_attachment.cluster_AmazonEKSClusterPolicy",
            "module.iam.aws_iam_role_policy_attachment.node_group_elb_policy",
            "module.iam.aws_iam_role_policy_attachment.vpc_flow_logs_attach",
            "module.vpc.aws_cloudwatch_log_group.cloud_watch_logs",
            "module.vpc.aws_eip.ngw-eip",
            "module.vpc.aws_flow_log.cloud_watch",
            "module.vpc.aws_internet_gateway.igw",
            "module.vpc.aws_kms_alias.kms_alias",
            "module.vpc.aws_kms_key.kms_key",
            "module.vpc.aws_kms_key_policy.kms_key_policy",
            "module.vpc.aws_nat_gateway.ngw",
            "module.vpc.aws_route_table.public-rt",
            "module.vpc.aws_route_table_association.pub-route-association-2a",
            "module.vpc.aws_route_table_association.pub-route-association-2b",
            "module.vpc.aws_subnet.private-subnet-2a",
            "module.vpc.aws_subnet.private-subnet-2b",
            "module.vpc.aws_subnet.public-subnet-2a",
            "module.vpc.aws_subnet.public-subnet-2b",
            "module.vpc.aws_vpc.eks_vpc"
          ]
        }
      ]
    },
    {
      "module": "module.eks",
      "mode": "managed",
      "type": "aws_eks_cluster",
      "name": "eks_cluster",
      "provider": "provider[\"registry.terraform.io/hashicorp/aws\"]",
      "instances": [
        {
          "schema_version": 1,
          "attributes": {
            "access_config": [
              {
                "authentication_mode": "API",
                "bootstrap_cluster_creator_admin_permissions": true
              }
            ],
            "arn": "arn:aws:eks:eu-west-2:038774803581:cluster/eks-cluster",
            "bootstrap_self_managed_addons": true,
            "certificate_authority": [
              {
                "data": "LS0tLS1CRUdJTiBDRVJUSUZJQ0FURS0tLS0tCk1JSURCVENDQWUyZ0F3SUJBZ0lJYTYxUXJmSld4T0l3RFFZSktvWklodmNOQVFFTEJRQXdGVEVUTUJFR0ExVUUKQXhNS2EzVmlaWEp1WlhSbGN6QWVGdzB5TmpBeU1ESXhOak01TWpkYUZ3MHpOakF4TXpFeE5qUTBNamRhTUJVeApFekFSQmdOVkJBTVRDbXQxWW1WeWJtVjBaWE13Z2dFaU1BMEdDU3FHU0liM0RRRUJBUVVBQTRJQkR3QXdnZ0VLCkFvSUJBUURUSlZ5cFh4QzZXSitsMHUzRS81S2oxbkFNc0dLbUtlR2QzSXFDaUxWcTRZSXh6RXYxWGkxNElkUDcKdkJ3Nnd0dm1UUzdjdGhOZ2tjd0R3eXhzdlVraG8ybCtmTmdLYWZZZkZ4NFg1SDJyL0pBZjBEbHY1czVHNkpmSQpjWGthQ3RKUm9vbzJxV0ZpN3A0RUdGWkMvMUlDTlJRU2R6TWFpaklkaTFrRmVhQkg1TVQxc1VBcUJ4Wko5SkRTCk5mVUZzMGNzR2c1Y1pDb2FzYytpYU5MNDFaeGdOc3Jibkk4eDhFVExsRVlsOUl0elIxMHh0QkZiaFdQeStPZjIKK0ZHa3ZpQmJrRm9zWTJSVXpkc21wRkY1T01BYVZRWnZ3a1JnWWgvYzhHdlVNOXB1RHBHSVhWTUtZT08rTzUxNQpYY0ZPV3B2NEdBbTdwdzBvUWZ0Vjc3S2gzNGloQWdNQkFBR2pXVEJYTUE0R0ExVWREd0VCL3dRRUF3SUNwREFQCkJnTlZIUk1CQWY4RUJUQURBUUgvTUIwR0ExVWREZ1FXQkJRb0dHYVh5dnF3NFhKVTNJKytsTWszbno1WEx6QVYKQmdOVkhSRUVEakFNZ2dwcmRXSmxjbTVsZEdWek1BMEdDU3FHU0liM0RRRUJDd1VBQTRJQkFRQkppa2NuR1lJVwpMUTg1WWJSRzVwUStsZ29UZFNhOVlMQkRpdjNBeGtDQnRHc3FuTHRQbDg4WW9DclNsbU45MFdxNStDU3ZRN2prCi80Z2UvOGc4YWk5NFVSZkJtZzJXK09JSjFieHZrM052SmduMmo3a1kzVndFeUJXc09kV280dUFJSjdtckM5Sm4KaCtzTVJLYXlwMWhVdVVaOWd6ZjU5UDUrWTVkMDlxK0FWL1RvTTVwWGhIVlBnaGNvSDJuQm5VbGJIQTVlOURyWApQMkxITDh4akRLTVpyaWZYV2ErR0tVNG9CZjZXUnFwTWpQTUZJaUVrMVpYRGltL2c5aSsrWjdUVkxiMWFrNTU3CkU0N0JiRnpLektza2tOT2RIVVhZOEZPejhIdHJsYm1RVXhnZGJEdlVwTld4ekQrcmpXMytnL3g3QXRhSTA3eG0KWUQ0UHJXVzFhYi9lCi0tLS0tRU5EIENFUlRJRklDQVRFLS0tLS0K"
              }
            ],
            "cluster_id": null,
            "compute_config": [],
            "created_at": "2026-02-02T16:39:46Z",
            "enabled_cluster_log_types": null,
            "encryption_config": [
              {
                "provider": [
                  {
                    "key_arn": "arn:aws:kms:eu-west-2:038774803581:key/1fee033b-8b66-4820-ade3-4a5304738716"
                  }
                ],
                "resources": [
                  "secrets"
                ]
              }
            ],
            "endpoint": "https://2F64C158FC282D8EF0A32254802CD82D.yl4.eu-west-2.eks.amazonaws.com",
            "force_update_version": null,
            "id": "eks-cluster",
            "identity": [
              {
                "oidc": [
                  {
                    "issuer": "https://oidc.eks.eu-west-2.amazonaws.com/id/2F64C158FC282D8EF0A32254802CD82D"
                  }
                ]
              }
            ],
            "kubernetes_network_config": [
              {
                "elastic_load_balancing": [
                  {
                    "enabled": false
                  }
                ],
                "ip_family": "ipv4",
                "service_ipv4_cidr": "172.20.0.0/16",
                "service_ipv6_cidr": ""
              }
            ],
            "name": "eks-cluster",
            "outpost_config": [],
            "platform_version": "eks.58",
            "remote_network_config": [],
            "role_arn": "arn:aws:iam::038774803581:role/eks-cluster",
            "status": "ACTIVE",
            "storage_config": [],
            "tags": {
              "Environment": "labs",
              "Project": "eks-assignment"
            },
            "tags_all": {
              "Environment": "labs",
              "Project": "eks-assignment"
            },
            "timeouts": null,
            "upgrade_policy": [
              {
                "support_type": "EXTENDED"
              }
            ],
            "version": "1.30",
            "vpc_config": [
              {
                "cluster_security_group_id": "sg-0c906e38b743a4abf",
                "endpoint_private_access": true,
                "endpoint_public_access": true,
                "public_access_cidrs": [
                  "0.0.0.0/0"
                ],
                "security_group_ids": null,
                "subnet_ids": [
                  "subnet-0007a99e6fb6921a0",
                  "subnet-04688b2b650d75bfa"
                ],
                "vpc_id": "vpc-0c9856ad8cb52a4c3"
              }
            ],
            "zonal_shift_config": []
          },
          "sensitive_attributes": [],
          "identity_schema_version": 0,
          "private": "eyJlMmJmYjczMC1lY2FhLTExZTYtOGY4OC0zNDM2M2JjN2M0YzAiOnsiY3JlYXRlIjoxODAwMDAwMDAwMDAwLCJkZWxldGUiOjkwMDAwMDAwMDAwMCwidXBkYXRlIjozNjAwMDAwMDAwMDAwfSwic2NoZW1hX3ZlcnNpb24iOiIxIn0=",
          "dependencies": [
            "module.iam.aws_iam_instance_profile.nodes",
            "module.iam.aws_iam_policy.vpc_flow_logs_policy",
            "module.iam.aws_iam_role.cluster",
            "module.iam.aws_iam_role.nodes",
            "module.iam.aws_iam_role.vpc_flow_logs_role",
            "module.iam.aws_iam_role_policy_attachment.AmazonEC2ContainerRegistryReadOnly",
            "module.iam.aws_iam_role_policy_attachment.AmazonEKSWorkerNodePolicy",
            "module.iam.aws_iam_role_policy_attachment.AmazonEKS_CNI_Policy",
            "module.iam.aws_iam_role_policy_attachment.cluster_AmazonEKSClusterPolicy",
            "module.iam.aws_iam_role_policy_attachment.node_group_elb_policy",
            "module.iam.aws_iam_role_policy_attachment.vpc_flow_logs_attach",
            "module.vpc.aws_cloudwatch_log_group.cloud_watch_logs",
            "module.vpc.aws_eip.ngw-eip",
            "module.vpc.aws_flow_log.cloud_watch",
            "module.vpc.aws_internet_gateway.igw",
            "module.vpc.aws_kms_alias.kms_alias",
            "module.vpc.aws_kms_key.kms_key",
            "module.vpc.aws_kms_key_policy.kms_key_policy",
            "module.vpc.aws_nat_gateway.ngw",
            "module.vpc.aws_route_table.public-rt",
            "module.vpc.aws_route_table_association.pub-route-association-2a",
            "module.vpc.aws_route_table_association.pub-route-association-2b",
            "module.vpc.aws_subnet.private-subnet-2a",
            "module.vpc.aws_subnet.private-subnet-2b",
            "module.vpc.aws_subnet.public-subnet-2a",
            "module.vpc.aws_subnet.public-subnet-2b",
            "module.vpc.aws_vpc.eks_vpc"
          ]
        }
      ]
    },
    {
      "module": "module.eks",
      "mode": "managed",
      "type": "aws_eks_node_group",
      "name": "private_node_1",
      "provider": "provider[\"registry.terraform.io/hashicorp/aws\"]",
      "instances": [
        {
          "schema_version": 0,
          "attributes": {
            "ami_type": "AL2023_x86_64_STANDARD",
            "arn": "arn:aws:eks:eu-west-2:038774803581:nodegroup/eks-cluster/eks-node-group-1/ecce0fa0-842d-e2aa-440e-20ca9cc96609",
            "capacity_type": "ON_DEMAND",
            "cluster_name": "eks-cluster",
            "disk_size": 20,
            "force_update_version": null,
            "id": "eks-cluster:eks-node-group-1",
            "instance_types": [
              "t3.medium"
            ],
            "labels": {
              "workload": "apps"
            },
            "launch_template": [],
            "node_group_name": "eks-node-group-1",
            "node_group_name_prefix": "",
            "node_repair_config": [],
            "node_role_arn": "arn:aws:iam::038774803581:role/eks-node-group",
            "release_version": "1.30.14-20260129",
            "remote_access": [],
            "resources": [
              {
                "autoscaling_groups": [
                  {
                    "name": "eks-eks-node-group-1-ecce0fa0-842d-e2aa-440e-20ca9cc96609"
                  }
                ],
                "remote_access_security_group_id": ""
              }
            ],
            "scaling_config": [
              {
                "desired_size": 2,
                "max_size": 3,
                "min_size": 1
              }
            ],
            "status": "ACTIVE",
            "subnet_ids": [
              "subnet-0007a99e6fb6921a0",
              "subnet-04688b2b650d75bfa"
            ],
            "tags": {
              "kubernetes.io/cluster/eks-cluster": "owned"
            },
            "tags_all": {
              "kubernetes.io/cluster/eks-cluster": "owned"
            },
            "taint": [],
            "timeouts": null,
            "update_config": [
              {
                "max_unavailable": 1,
                "max_unavailable_percentage": 0
              }
            ],
            "version": "1.30"
          },
          "sensitive_attributes": [],
          "identity_schema_version": 0,
          "private": "eyJlMmJmYjczMC1lY2FhLTExZTYtOGY4OC0zNDM2M2JjN2M0YzAiOnsiY3JlYXRlIjozNjAwMDAwMDAwMDAwLCJkZWxldGUiOjM2MDAwMDAwMDAwMDAsInVwZGF0ZSI6MzYwMDAwMDAwMDAwMH19",
          "dependencies": [
            "module.eks.aws_eks_cluster.eks_cluster",
            "module.iam.aws_iam_instance_profile.nodes",
            "module.iam.aws_iam_policy.vpc_flow_logs_policy",
            "module.iam.aws_iam_role.cluster",
            "module.iam.aws_iam_role.nodes",
            "module.iam.aws_iam_role.vpc_flow_logs_role",
            "module.iam.aws_iam_role_policy_attachment.AmazonEC2ContainerRegistryReadOnly",
            "module.iam.aws_iam_role_policy_attachment.AmazonEKSWorkerNodePolicy",
            "module.iam.aws_iam_role_policy_attachment.AmazonEKS_CNI_Policy",
            "module.iam.aws_iam_role_policy_attachment.cluster_AmazonEKSClusterPolicy",
            "module.iam.aws_iam_role_policy_attachment.node_group_elb_policy",
            "module.iam.aws_iam_role_policy_attachment.vpc_flow_logs_attach",
            "module.vpc.aws_cloudwatch_log_group.cloud_watch_logs",
            "module.vpc.aws_eip.ngw-eip",
            "module.vpc.aws_flow_log.cloud_watch",
            "module.vpc.aws_internet_gateway.igw",
            "module.vpc.aws_kms_alias.kms_alias",
            "module.vpc.aws_kms_key.kms_key",
            "module.vpc.aws_kms_key_policy.kms_key_policy",
            "module.vpc.aws_nat_gateway.ngw",
            "module.vpc.aws_route_table.public-rt",
            "module.vpc.aws_route_table_association.pub-route-association-2a",
            "module.vpc.aws_route_table_association.pub-route-association-2b",
            "module.vpc.aws_subnet.private-subnet-2a",
            "module.vpc.aws_subnet.private-subnet-2b",
            "module.vpc.aws_subnet.public-subnet-2a",
            "module.vpc.aws_subnet.public-subnet-2b",
            "module.vpc.aws_vpc.eks_vpc"
          ]
        }
      ]
    },
    {
      "module": "module.eks",
      "mode": "managed",
      "type": "aws_eks_node_group",
      "name": "private_node_2",
      "provider": "provider[\"registry.terraform.io/hashicorp/aws\"]",
      "instances": [
        {
          "schema_version": 0,
          "attributes": {
            "ami_type": "AL2023_x86_64_STANDARD",
            "arn": "arn:aws:eks:eu-west-2:038774803581:nodegroup/eks-cluster/eks-node-group-2/52ce0fa0-8420-e2b0-c827-2d1d27b38e33",
            "capacity_type": "ON_DEMAND",
            "cluster_name": "eks-cluster",
            "disk_size": 20,
            "force_update_version": null,
            "id": "eks-cluster:eks-node-group-2",
            "instance_types": [
              "t3.medium"
            ],
            "labels": {
              "app": "blue",
              "workload": "database"
            },
            "launch_template": [],
            "node_group_name": "eks-node-group-2",
            "node_group_name_prefix": "",
            "node_repair_config": [],
            "node_role_arn": "arn:aws:iam::038774803581:role/eks-node-group",
            "release_version": "1.30.14-20260129",
            "remote_access": [],
            "resources": [
              {
                "autoscaling_groups": [
                  {
                    "name": "eks-eks-node-group-2-52ce0fa0-8420-e2b0-c827-2d1d27b38e33"
                  }
                ],
                "remote_access_security_group_id": ""
              }
            ],
            "scaling_config": [
              {
                "desired_size": 2,
                "max_size": 3,
                "min_size": 1
              }
            ],
            "status": "ACTIVE",
            "subnet_ids": [
              "subnet-0007a99e6fb6921a0",
              "subnet-04688b2b650d75bfa"
            ],
            "tags": {
              "kubernetes.io/cluster/eks-cluster": "owned"
            },
            "tags_all": {
              "kubernetes.io/cluster/eks-cluster": "owned"
            },
            "taint": [],
            "timeouts": null,
            "update_config": [
              {
                "max_unavailable": 1,
                "max_unavailable_percentage": 0
              }
            ],
            "version": "1.30"
          },
          "sensitive_attributes": [],
          "identity_schema_version": 0,
          "private": "eyJlMmJmYjczMC1lY2FhLTExZTYtOGY4OC0zNDM2M2JjN2M0YzAiOnsiY3JlYXRlIjozNjAwMDAwMDAwMDAwLCJkZWxldGUiOjM2MDAwMDAwMDAwMDAsInVwZGF0ZSI6MzYwMDAwMDAwMDAwMH19",
          "dependencies": [
            "module.eks.aws_eks_cluster.eks_cluster",
            "module.iam.aws_iam_instance_profile.nodes",
            "module.iam.aws_iam_policy.vpc_flow_logs_policy",
            "module.iam.aws_iam_role.cluster",
            "module.iam.aws_iam_role.nodes",
            "module.iam.aws_iam_role.vpc_flow_logs_role",
            "module.iam.aws_iam_role_policy_attachment.AmazonEC2ContainerRegistryReadOnly",
            "module.iam.aws_iam_role_policy_attachment.AmazonEKSWorkerNodePolicy",
            "module.iam.aws_iam_role_policy_attachment.AmazonEKS_CNI_Policy",
            "module.iam.aws_iam_role_policy_attachment.cluster_AmazonEKSClusterPolicy",
            "module.iam.aws_iam_role_policy_attachment.node_group_elb_policy",
            "module.iam.aws_iam_role_policy_attachment.vpc_flow_logs_attach",
            "module.vpc.aws_cloudwatch_log_group.cloud_watch_logs",
            "module.vpc.aws_eip.ngw-eip",
            "module.vpc.aws_flow_log.cloud_watch",
            "module.vpc.aws_internet_gateway.igw",
            "module.vpc.aws_kms_alias.kms_alias",
            "module.vpc.aws_kms_key.kms_key",
            "module.vpc.aws_kms_key_policy.kms_key_policy",
            "module.vpc.aws_nat_gateway.ngw",
            "module.vpc.aws_route_table.public-rt",
            "module.vpc.aws_route_table_association.pub-route-association-2a",
            "module.vpc.aws_route_table_association.pub-route-association-2b",
            "module.vpc.aws_subnet.private-subnet-2a",
            "module.vpc.aws_subnet.private-subnet-2b",
            "module.vpc.aws_subnet.public-subnet-2a",
            "module.vpc.aws_subnet.public-subnet-2b",
            "module.vpc.aws_vpc.eks_vpc"
          ]
        }
      ]
    },
    {
      "module": "module.eks",
      "mode": "managed",
      "type": "aws_iam_openid_connect_provider",
      "name": "eks",
      "provider": "provider[\"registry.terraform.io/hashicorp/aws\"]",
      "instances": [
        {
          "schema_version": 0,
          "attributes": {
            "arn": "arn:aws:iam::038774803581:oidc-provider/oidc.eks.eu-west-2.amazonaws.com/id/2F64C158FC282D8EF0A32254802CD82D",
            "client_id_list": [
              "sts.amazonaws.com"
            ],
            "id": "arn:aws:iam::038774803581:oidc-provider/oidc.eks.eu-west-2.amazonaws.com/id/2F64C158FC282D8EF0A32254802CD82D",
            "tags": null,
            "tags_all": {},
            "thumbprint_list": [
              "06b25927c42a721631c1efd9431e648fa62e1e39"
            ],
            "url": "oidc.eks.eu-west-2.amazonaws.com/id/2F64C158FC282D8EF0A32254802CD82D"
          },
          "sensitive_attributes": [],
          "identity_schema_version": 0,
          "private": "bnVsbA==",
          "dependencies": [
            "module.eks.aws_eks_cluster.eks_cluster",
            "module.eks.data.tls_certificate.eks",
            "module.iam.aws_iam_instance_profile.nodes",
            "module.iam.aws_iam_policy.vpc_flow_logs_policy",
            "module.iam.aws_iam_role.cluster",
            "module.iam.aws_iam_role.nodes",
            "module.iam.aws_iam_role.vpc_flow_logs_role",
            "module.iam.aws_iam_role_policy_attachment.AmazonEC2ContainerRegistryReadOnly",
            "module.iam.aws_iam_role_policy_attachment.AmazonEKSWorkerNodePolicy",
            "module.iam.aws_iam_role_policy_attachment.AmazonEKS_CNI_Policy",
            "module.iam.aws_iam_role_policy_attachment.cluster_AmazonEKSClusterPolicy",
            "module.iam.aws_iam_role_policy_attachment.node_group_elb_policy",
            "module.iam.aws_iam_role_policy_attachment.vpc_flow_logs_attach",
            "module.vpc.aws_cloudwatch_log_group.cloud_watch_logs",
            "module.vpc.aws_eip.ngw-eip",
            "module.vpc.aws_flow_log.cloud_watch",
            "module.vpc.aws_internet_gateway.igw",
            "module.vpc.aws_kms_alias.kms_alias",
            "module.vpc.aws_kms_key.kms_key",
            "module.vpc.aws_kms_key_policy.kms_key_policy",
            "module.vpc.aws_nat_gateway.ngw",
            "module.vpc.aws_route_table.public-rt",
            "module.vpc.aws_route_table_association.pub-route-association-2a",
            "module.vpc.aws_route_table_association.pub-route-association-2b",
            "module.vpc.aws_subnet.private-subnet-2a",
            "module.vpc.aws_subnet.private-subnet-2b",
            "module.vpc.aws_subnet.public-subnet-2a",
            "module.vpc.aws_subnet.public-subnet-2b",
            "module.vpc.aws_vpc.eks_vpc"
          ]
        }
      ]
    },
    {
      "module": "module.eks",
      "mode": "managed",
      "type": "aws_iam_policy",
      "name": "ebs_csi_driver",
      "provider": "provider[\"registry.terraform.io/hashicorp/aws\"]",
      "instances": [
        {
          "schema_version": 0,
          "attributes": {
            "arn": "arn:aws:iam::038774803581:policy/terraform-20260202163625627400000001",
            "attachment_count": 0,
            "description": "",
            "id": "arn:aws:iam::038774803581:policy/terraform-20260202163625627400000001",
            "name": "terraform-20260202163625627400000001",
            "name_prefix": "terraform-",
            "path": "/",
            "policy": "{\"Statement\":[{\"Action\":[\"ec2:DescribeAvailabilityZones\",\"ec2:DescribeInstances\",\"ec2:DescribeSnapshots\",\"ec2:DescribeTags\",\"ec2:DescribeVolumes\",\"ec2:DescribeVolumesModifications\",\"ec2:DescribeVolumeStatus\"],\"Effect\":\"Allow\",\"Resource\":\"*\"},{\"Action\":[\"ec2:CreateSnapshot\",\"ec2:ModifyVolume\"],\"Effect\":\"Allow\",\"Resource\":\"arn:aws:ec2:*:*:volume/*\"},{\"Action\":[\"ec2:CopyVolumes\"],\"Effect\":\"Allow\",\"Resource\":[\"arn:aws:ec2:*:*:volume/vol-*\"]},{\"Action\":[\"ec2:AttachVolume\",\"ec2:DetachVolume\"],\"Effect\":\"Allow\",\"Resource\":[\"arn:aws:ec2:*:*:volume/*\",\"arn:aws:ec2:*:*:instance/*\"]},{\"Action\":[\"ec2:CreateVolume\",\"ec2:EnableFastSnapshotRestores\"],\"Effect\":\"Allow\",\"Resource\":\"arn:aws:ec2:*:*:snapshot/*\"},{\"Action\":[\"ec2:CreateTags\"],\"Condition\":{\"StringEquals\":{\"ec2:CreateAction\":[\"CreateVolume\",\"CreateSnapshot\",\"CopyVolumes\"]}},\"Effect\":\"Allow\",\"Resource\":[\"arn:aws:ec2:*:*:volume/*\",\"arn:aws:ec2:*:*:snapshot/*\"]},{\"Action\":[\"ec2:DeleteTags\"],\"Effect\":\"Allow\",\"Resource\":[\"arn:aws:ec2:*:*:volume/*\",\"arn:aws:ec2:*:*:snapshot/*\"]},{\"Action\":[\"ec2:CreateVolume\",\"ec2:CopyVolumes\"],\"Condition\":{\"StringLike\":{\"aws:RequestTag/ebs.csi.aws.com/cluster\":\"true\"}},\"Effect\":\"Allow\",\"Resource\":\"arn:aws:ec2:*:*:volume/*\"},{\"Action\":[\"ec2:CreateVolume\",\"ec2:CopyVolumes\"],\"Condition\":{\"StringLike\":{\"aws:RequestTag/CSIVolumeName\":\"*\"}},\"Effect\":\"Allow\",\"Resource\":\"arn:aws:ec2:*:*:volume/*\"},{\"Action\":[\"ec2:DeleteVolume\"],\"Condition\":{\"StringLike\":{\"ec2:ResourceTag/ebs.csi.aws.com/cluster\":\"true\"}},\"Effect\":\"Allow\",\"Resource\":\"arn:aws:ec2:*:*:volume/*\"},{\"Action\":[\"ec2:DeleteVolume\"],\"Condition\":{\"StringLike\":{\"ec2:ResourceTag/CSIVolumeName\":\"*\"}},\"Effect\":\"Allow\",\"Resource\":\"arn:aws:ec2:*:*:volume/*\"},{\"Action\":[\"ec2:DeleteVolume\"],\"Condition\":{\"StringLike\":{\"ec2:ResourceTag/kubernetes.io/created-for/pvc/name\":\"*\"}},\"Effect\":\"Allow\",\"Resource\":\"arn:aws:ec2:*:*:volume/*\"},{\"Action\":[\"ec2:CreateSnapshot\"],\"Condition\":{\"StringLike\":{\"aws:RequestTag/CSIVolumeSnapshotName\":\"*\"}},\"Effect\":\"Allow\",\"Resource\":\"arn:aws:ec2:*:*:snapshot/*\"},{\"Action\":[\"ec2:CreateSnapshot\"],\"Condition\":{\"StringLike\":{\"aws:RequestTag/ebs.csi.aws.com/cluster\":\"true\"}},\"Effect\":\"Allow\",\"Resource\":\"arn:aws:ec2:*:*:snapshot/*\"},{\"Action\":[\"ec2:DeleteSnapshot\",\"ec2:LockSnapshot\"],\"Condition\":{\"StringLike\":{\"ec2:ResourceTag/CSIVolumeSnapshotName\":\"*\"}},\"Effect\":\"Allow\",\"Resource\":\"arn:aws:ec2:*:*:snapshot/*\"},{\"Action\":[\"ec2:DeleteSnapshot\",\"ec2:LockSnapshot\"],\"Condition\":{\"StringLike\":{\"ec2:ResourceTag/ebs.csi.aws.com/cluster\":\"true\"}},\"Effect\":\"Allow\",\"Resource\":\"arn:aws:ec2:*:*:snapshot/*\"}],\"Version\":\"2012-10-17\"}",
            "policy_id": "ANPAQSBZIRR65DBW75AMU",
            "tags": {},
            "tags_all": {}
          },
          "sensitive_attributes": [],
          "identity_schema_version": 0,
          "private": "bnVsbA==",
          "dependencies": [
            "module.iam.aws_iam_instance_profile.nodes",
            "module.iam.aws_iam_policy.vpc_flow_logs_policy",
            "module.iam.aws_iam_role.cluster",
            "module.iam.aws_iam_role.nodes",
            "module.iam.aws_iam_role.vpc_flow_logs_role",
            "module.iam.aws_iam_role_policy_attachment.AmazonEC2ContainerRegistryReadOnly",
            "module.iam.aws_iam_role_policy_attachment.AmazonEKSWorkerNodePolicy",
            "module.iam.aws_iam_role_policy_attachment.AmazonEKS_CNI_Policy",
            "module.iam.aws_iam_role_policy_attachment.cluster_AmazonEKSClusterPolicy",
            "module.iam.aws_iam_role_policy_attachment.node_group_elb_policy",
            "module.iam.aws_iam_role_policy_attachment.vpc_flow_logs_attach",
            "module.vpc.aws_cloudwatch_log_group.cloud_watch_logs",
            "module.vpc.aws_eip.ngw-eip",
            "module.vpc.aws_flow_log.cloud_watch",
            "module.vpc.aws_internet_gateway.igw",
            "module.vpc.aws_kms_alias.kms_alias",
            "module.vpc.aws_kms_key.kms_key",
            "module.vpc.aws_kms_key_policy.kms_key_policy",
            "module.vpc.aws_nat_gateway.ngw",
            "module.vpc.aws_route_table.public-rt",
            "module.vpc.aws_route_table_association.pub-route-association-2a",
            "module.vpc.aws_route_table_association.pub-route-association-2b",
            "module.vpc.aws_subnet.private-subnet-2a",
            "module.vpc.aws_subnet.private-subnet-2b",
            "module.vpc.aws_subnet.public-subnet-2a",
            "module.vpc.aws_subnet.public-subnet-2b",
            "module.vpc.aws_vpc.eks_vpc"
          ]
        }
      ]
    },
    {
      "module": "module.eks",
      "mode": "managed",
      "type": "aws_iam_role",
      "name": "ebs_csi_driver",
      "provider": "provider[\"registry.terraform.io/hashicorp/aws\"]",
      "instances": [
        {
          "schema_version": 0,
          "attributes": {
            "arn": "arn:aws:iam::038774803581:role/ebs-csi-driver",
            "assume_role_policy": "{\"Statement\":[{\"Action\":\"sts:AssumeRoleWithWebIdentity\",\"Condition\":{\"StringEquals\":{\"oidc.eks.eu-west-2.amazonaws.com/id/2F64C158FC282D8EF0A32254802CD82D:aud\":\"sts.amazonaws.com\",\"oidc.eks.eu-west-2.amazonaws.com/id/2F64C158FC282D8EF0A32254802CD82D:sub\":\"system:serviceaccount:kube-system:ebs-csi-controller-sa\"}},\"Effect\":\"Allow\",\"Principal\":{\"Federated\":\"arn:aws:iam::038774803581:oidc-provider/oidc.eks.eu-west-2.amazonaws.com/id/2F64C158FC282D8EF0A32254802CD82D\"}}],\"Version\":\"2012-10-17\"}",
            "create_date": "2026-02-02T16:48:02Z",
            "description": "",
            "force_detach_policies": false,
            "id": "ebs-csi-driver",
            "inline_policy": [],
            "managed_policy_arns": [],
            "max_session_duration": 3600,
            "name": "ebs-csi-driver",
            "name_prefix": "",
            "path": "/",
            "permissions_boundary": "",
            "tags": null,
            "tags_all": {},
            "unique_id": "AROAQSBZIRR6WK62MEY6Q"
          },
          "sensitive_attributes": [],
          "identity_schema_version": 0,
          "private": "bnVsbA==",
          "dependencies": [
            "module.eks.aws_eks_cluster.eks_cluster",
            "module.eks.aws_iam_openid_connect_provider.eks",
            "module.eks.data.tls_certificate.eks",
            "module.iam.aws_iam_instance_profile.nodes",
            "module.iam.aws_iam_policy.vpc_flow_logs_policy",
            "module.iam.aws_iam_role.cluster",
            "module.iam.aws_iam_role.nodes",
            "module.iam.aws_iam_role.vpc_flow_logs_role",
            "module.iam.aws_iam_role_policy_attachment.AmazonEC2ContainerRegistryReadOnly",
            "module.iam.aws_iam_role_policy_attachment.AmazonEKSWorkerNodePolicy",
            "module.iam.aws_iam_role_policy_attachment.AmazonEKS_CNI_Policy",
            "module.iam.aws_iam_role_policy_attachment.cluster_AmazonEKSClusterPolicy",
            "module.iam.aws_iam_role_policy_attachment.node_group_elb_policy",
            "module.iam.aws_iam_role_policy_attachment.vpc_flow_logs_attach",
            "module.vpc.aws_cloudwatch_log_group.cloud_watch_logs",
            "module.vpc.aws_eip.ngw-eip",
            "module.vpc.aws_flow_log.cloud_watch",
            "module.vpc.aws_internet_gateway.igw",
            "module.vpc.aws_kms_alias.kms_alias",
            "module.vpc.aws_kms_key.kms_key",
            "module.vpc.aws_kms_key_policy.kms_key_policy",
            "module.vpc.aws_nat_gateway.ngw",
            "module.vpc.aws_route_table.public-rt",
            "module.vpc.aws_route_table_association.pub-route-association-2a",
            "module.vpc.aws_route_table_association.pub-route-association-2b",
            "module.vpc.aws_subnet.private-subnet-2a",
            "module.vpc.aws_subnet.private-subnet-2b",
            "module.vpc.aws_subnet.public-subnet-2a",
            "module.vpc.aws_subnet.public-subnet-2b",
            "module.vpc.aws_vpc.eks_vpc"
          ]
        }
      ]
    },
    {
      "module": "module.eks",
      "mode": "managed",
      "type": "aws_iam_role",
      "name": "vpc-cni",
      "provider": "provider[\"registry.terraform.io/hashicorp/aws\"]",
      "instances": [
        {
          "schema_version": 0,
          "attributes": {
            "arn": "arn:aws:iam::038774803581:role/vpc-cni",
            "assume_role_policy": "{\"Statement\":[{\"Action\":\"sts:AssumeRoleWithWebIdentity\",\"Condition\":{\"StringEquals\":{\"oidc.eks.eu-west-2.amazonaws.com/id/2F64C158FC282D8EF0A32254802CD82D:aud\":\"sts.amazonaws.com\",\"oidc.eks.eu-west-2.amazonaws.com/id/2F64C158FC282D8EF0A32254802CD82D:sub\":\"system:serviceaccount:kube-system:aws-node\"}},\"Effect\":\"Allow\",\"Principal\":{\"Federated\":\"arn:aws:iam::038774803581:oidc-provider/oidc.eks.eu-west-2.amazonaws.com/id/2F64C158FC282D8EF0A32254802CD82D\"}}],\"Version\":\"2012-10-17\"}",
            "create_date": "2026-02-02T16:48:02Z",
            "description": "",
            "force_detach_policies": false,
            "id": "vpc-cni",
            "inline_policy": [],
            "managed_policy_arns": [],
            "max_session_duration": 3600,
            "name": "vpc-cni",
            "name_prefix": "",
            "path": "/",
            "permissions_boundary": "",
            "tags": null,
            "tags_all": {},
            "unique_id": "AROAQSBZIRR6WLAIN7VE2"
          },
          "sensitive_attributes": [],
          "identity_schema_version": 0,
          "private": "bnVsbA==",
          "dependencies": [
            "module.eks.aws_eks_cluster.eks_cluster",
            "module.eks.aws_iam_openid_connect_provider.eks",
            "module.eks.data.tls_certificate.eks",
            "module.iam.aws_iam_instance_profile.nodes",
            "module.iam.aws_iam_policy.vpc_flow_logs_policy",
            "module.iam.aws_iam_role.cluster",
            "module.iam.aws_iam_role.nodes",
            "module.iam.aws_iam_role.vpc_flow_logs_role",
            "module.iam.aws_iam_role_policy_attachment.AmazonEC2ContainerRegistryReadOnly",
            "module.iam.aws_iam_role_policy_attachment.AmazonEKSWorkerNodePolicy",
            "module.iam.aws_iam_role_policy_attachment.AmazonEKS_CNI_Policy",
            "module.iam.aws_iam_role_policy_attachment.cluster_AmazonEKSClusterPolicy",
            "module.iam.aws_iam_role_policy_attachment.node_group_elb_policy",
            "module.iam.aws_iam_role_policy_attachment.vpc_flow_logs_attach",
            "module.vpc.aws_cloudwatch_log_group.cloud_watch_logs",
            "module.vpc.aws_eip.ngw-eip",
            "module.vpc.aws_flow_log.cloud_watch",
            "module.vpc.aws_internet_gateway.igw",
            "module.vpc.aws_kms_alias.kms_alias",
            "module.vpc.aws_kms_key.kms_key",
            "module.vpc.aws_kms_key_policy.kms_key_policy",
            "module.vpc.aws_nat_gateway.ngw",
            "module.vpc.aws_route_table.public-rt",
            "module.vpc.aws_route_table_association.pub-route-association-2a",
            "module.vpc.aws_route_table_association.pub-route-association-2b",
            "module.vpc.aws_subnet.private-subnet-2a",
            "module.vpc.aws_subnet.private-subnet-2b",
            "module.vpc.aws_subnet.public-subnet-2a",
            "module.vpc.aws_subnet.public-subnet-2b",
            "module.vpc.aws_vpc.eks_vpc"
          ]
        }
      ]
    },
    {
      "module": "module.eks",
      "mode": "managed",
      "type": "aws_iam_role_policy_attachment",
      "name": "ebs_csi_driver_attach",
      "provider": "provider[\"registry.terraform.io/hashicorp/aws\"]",
      "instances": [
        {
          "schema_version": 0,
          "attributes": {
            "id": "ebs-csi-driver-20260202164802852500000005",
            "policy_arn": "arn:aws:iam::038774803581:policy/terraform-20260202163625627400000001",
            "role": "ebs-csi-driver"
          },
          "sensitive_attributes": [],
          "identity_schema_version": 0,
          "private": "bnVsbA==",
          "dependencies": [
            "module.eks.aws_eks_cluster.eks_cluster",
            "module.eks.aws_iam_openid_connect_provider.eks",
            "module.eks.aws_iam_policy.ebs_csi_driver",
            "module.eks.aws_iam_role.ebs_csi_driver",
            "module.eks.data.tls_certificate.eks",
            "module.iam.aws_iam_instance_profile.nodes",
            "module.iam.aws_iam_policy.vpc_flow_logs_policy",
            "module.iam.aws_iam_role.cluster",
            "module.iam.aws_iam_role.nodes",
            "module.iam.aws_iam_role.vpc_flow_logs_role",
            "module.iam.aws_iam_role_policy_attachment.AmazonEC2ContainerRegistryReadOnly",
            "module.iam.aws_iam_role_policy_attachment.AmazonEKSWorkerNodePolicy",
            "module.iam.aws_iam_role_policy_attachment.AmazonEKS_CNI_Policy",
            "module.iam.aws_iam_role_policy_attachment.cluster_AmazonEKSClusterPolicy",
            "module.iam.aws_iam_role_policy_attachment.node_group_elb_policy",
            "module.iam.aws_iam_role_policy_attachment.vpc_flow_logs_attach",
            "module.vpc.aws_cloudwatch_log_group.cloud_watch_logs",
            "module.vpc.aws_eip.ngw-eip",
            "module.vpc.aws_flow_log.cloud_watch",
            "module.vpc.aws_internet_gateway.igw",
            "module.vpc.aws_kms_alias.kms_alias",
            "module.vpc.aws_kms_key.kms_key",
            "module.vpc.aws_kms_key_policy.kms_key_policy",
            "module.vpc.aws_nat_gateway.ngw",
            "module.vpc.aws_route_table.public-rt",
            "module.vpc.aws_route_table_association.pub-route-association-2a",
            "module.vpc.aws_route_table_association.pub-route-association-2b",
            "module.vpc.aws_subnet.private-subnet-2a",
            "module.vpc.aws_subnet.private-subnet-2b",
            "module.vpc.aws_subnet.public-subnet-2a",
            "module.vpc.aws_subnet.public-subnet-2b",
            "module.vpc.aws_vpc.eks_vpc"
          ]
        }
      ]
    },
    {
      "module": "module.iam",
      "mode": "managed",
      "type": "aws_iam_instance_profile",
      "name": "nodes",
      "provider": "provider[\"registry.terraform.io/hashicorp/aws\"]",
      "instances": [
        {
          "schema_version": 0,
          "attributes": {
            "arn": "arn:aws:iam::038774803581:instance-profile/eks-node-group-profile",
            "create_date": "2026-02-02T15:56:56Z",
            "id": "eks-node-group-profile",
            "name": "eks-node-group-profile",
            "name_prefix": "",
            "path": "/",
            "role": "eks-node-group",
            "tags": {},
            "tags_all": {},
            "unique_id": "AIPAQSBZIRR6R4XT24R3E"
          },
          "sensitive_attributes": [],
          "identity_schema_version": 0,
          "private": "bnVsbA==",
          "dependencies": [
            "module.iam.aws_iam_role.nodes"
          ]
        }
      ]
    },
    {
      "module": "module.iam",
      "mode": "managed",
      "type": "aws_iam_policy",
      "name": "vpc_flow_logs_policy",
      "provider": "provider[\"registry.terraform.io/hashicorp/aws\"]",
      "instances": [
        {
          "schema_version": 0,
          "attributes": {
            "arn": "arn:aws:iam::038774803581:policy/vpc-flow-logs-cloudwatch-policy",
            "attachment_count": 1,
            "description": "",
            "id": "arn:aws:iam::038774803581:policy/vpc-flow-logs-cloudwatch-policy",
            "name": "vpc-flow-logs-cloudwatch-policy",
            "name_prefix": "",
            "path": "/",
            "policy": "{\"Statement\":[{\"Action\":[\"logs:CreateLogGroup\",\"logs:CreateLogStream\",\"logs:PutLogEvents\",\"logs:DescribeLogGroups\",\"logs:DescribeLogStreams\"],\"Effect\":\"Allow\",\"Resource\":\"*\"}],\"Version\":\"2012-10-17\"}",
            "policy_id": "ANPAQSBZIRR6RPEVZR3WG",
            "tags": {},
            "tags_all": {}
          },
          "sensitive_attributes": [],
          "identity_schema_version": 0,
          "private": "bnVsbA=="
        }
      ]
    },
    {
      "module": "module.iam",
      "mode": "managed",
      "type": "aws_iam_role",
      "name": "cluster",
      "provider": "provider[\"registry.terraform.io/hashicorp/aws\"]",
      "instances": [
        {
          "schema_version": 0,
          "attributes": {
            "arn": "arn:aws:iam::038774803581:role/eks-cluster",
            "assume_role_policy": "{\"Statement\":[{\"Action\":[\"sts:AssumeRole\",\"sts:TagSession\"],\"Effect\":\"Allow\",\"Principal\":{\"Service\":\"eks.amazonaws.com\"}}],\"Version\":\"2012-10-17\"}",
            "create_date": "2026-02-02T15:56:55Z",
            "description": "",
            "force_detach_policies": false,
            "id": "eks-cluster",
            "inline_policy": [],
            "managed_policy_arns": [
              "arn:aws:iam::aws:policy/AmazonEKSClusterPolicy"
            ],
            "max_session_duration": 3600,
            "name": "eks-cluster",
            "name_prefix": "",
            "path": "/",
            "permissions_boundary": "",
            "tags": {},
            "tags_all": {},
            "unique_id": "AROAQSBZIRR6SEC5KPJ2H"
          },
          "sensitive_attributes": [],
          "identity_schema_version": 0,
          "private": "bnVsbA=="
        }
      ]
    },
    {
      "module": "module.iam",
      "mode": "managed",
      "type": "aws_iam_role",
      "name": "nodes",
      "provider": "provider[\"registry.terraform.io/hashicorp/aws\"]",
      "instances": [
        {
          "schema_version": 0,
          "attributes": {
            "arn": "arn:aws:iam::038774803581:role/eks-node-group",
            "assume_role_policy": "{\"Statement\":[{\"Action\":\"sts:AssumeRole\",\"Effect\":\"Allow\",\"Principal\":{\"Service\":\"ec2.amazonaws.com\"}}],\"Version\":\"2012-10-17\"}",
            "create_date": "2026-02-02T15:56:55Z",
            "description": "",
            "force_detach_policies": false,
            "id": "eks-node-group",
            "inline_policy": [],
            "managed_policy_arns": [
              "arn:aws:iam::aws:policy/AmazonEC2ContainerRegistryReadOnly",
              "arn:aws:iam::aws:policy/AmazonEKSWorkerNodePolicy",
              "arn:aws:iam::aws:policy/AmazonEKS_CNI_Policy",
              "arn:aws:iam::aws:policy/ElasticLoadBalancingFullAccess"
            ],
            "max_session_duration": 3600,
            "name": "eks-node-group",
            "name_prefix": "",
            "path": "/",
            "permissions_boundary": "",
            "tags": {},
            "tags_all": {},
            "unique_id": "AROAQSBZIRR62WRYL5YWM"
          },
          "sensitive_attributes": [],
          "identity_schema_version": 0,
          "private": "bnVsbA=="
        }
      ]
    },
    {
      "module": "module.iam",
      "mode": "managed",
      "type": "aws_iam_role",
      "name": "vpc_flow_logs_role",
      "provider": "provider[\"registry.terraform.io/hashicorp/aws\"]",
      "instances": [
        {
          "schema_version": 0,
          "attributes": {
            "arn": "arn:aws:iam::038774803581:role/cloud-watch",
            "assume_role_policy": "{\"Statement\":[{\"Action\":[\"sts:AssumeRole\",\"sts:TagSession\"],\"Effect\":\"Allow\",\"Principal\":{\"Service\":\"vpc-flow-logs.amazonaws.com\"}}],\"Version\":\"2012-10-17\"}",
            "create_date": "2026-02-02T15:56:55Z",
            "description": "",
            "force_detach_policies": false,
            "id": "cloud-watch",
            "inline_policy": [],
            "managed_policy_arns": [
              "arn:aws:iam::038774803581:policy/vpc-flow-logs-cloudwatch-policy"
            ],
            "max_session_duration": 3600,
            "name": "cloud-watch",
            "name_prefix": "",
            "path": "/",
            "permissions_boundary": "",
            "tags": {},
            "tags_all": {},
            "unique_id": "AROAQSBZIRR62BZA75JFB"
          },
          "sensitive_attributes": [],
          "identity_schema_version": 0,
          "private": "bnVsbA=="
        }
      ]
    },
    {
      "module": "module.iam",
      "mode": "managed",
      "type": "aws_iam_role_policy_attachment",
      "name": "AmazonEC2ContainerRegistryReadOnly",
      "provider": "provider[\"registry.terraform.io/hashicorp/aws\"]",
      "instances": [
        {
          "schema_version": 0,
          "attributes": {
            "id": "eks-node-group-20260202155655719500000001",
            "policy_arn": "arn:aws:iam::aws:policy/AmazonEC2ContainerRegistryReadOnly",
            "role": "eks-node-group"
          },
          "sensitive_attributes": [],
          "identity_schema_version": 0,
          "private": "bnVsbA==",
          "dependencies": [
            "module.iam.aws_iam_role.nodes"
          ]
        }
      ]
    },
    {
      "module": "module.iam",
      "mode": "managed",
      "type": "aws_iam_role_policy_attachment",
      "name": "AmazonEKSWorkerNodePolicy",
      "provider": "provider[\"registry.terraform.io/hashicorp/aws\"]",
      "instances": [
        {
          "schema_version": 0,
          "attributes": {
            "id": "eks-node-group-20260202155655753900000003",
            "policy_arn": "arn:aws:iam::aws:policy/AmazonEKSWorkerNodePolicy",
            "role": "eks-node-group"
          },
          "sensitive_attributes": [],
          "identity_schema_version": 0,
          "private": "bnVsbA==",
          "dependencies": [
            "module.iam.aws_iam_role.nodes"
          ]
        }
      ]
    },
    {
      "module": "module.iam",
      "mode": "managed",
      "type": "aws_iam_role_policy_attachment",
      "name": "AmazonEKS_CNI_Policy",
      "provider": "provider[\"registry.terraform.io/hashicorp/aws\"]",
      "instances": [
        {
          "schema_version": 0,
          "attributes": {
            "id": "eks-node-group-20260202155655890600000005",
            "policy_arn": "arn:aws:iam::aws:policy/AmazonEKS_CNI_Policy",
            "role": "eks-node-group"
          },
          "sensitive_attributes": [],
          "identity_schema_version": 0,
          "private": "bnVsbA==",
          "dependencies": [
            "module.iam.aws_iam_role.nodes"
          ]
        }
      ]
    },
    {
      "module": "module.iam",
      "mode": "managed",
      "type": "aws_iam_role_policy_attachment",
      "name": "cluster_AmazonEKSClusterPolicy",
      "provider": "provider[\"registry.terraform.io/hashicorp/aws\"]",
      "instances": [
        {
          "schema_version": 0,
          "attributes": {
            "id": "eks-cluster-20260202155655719600000002",
            "policy_arn": "arn:aws:iam::aws:policy/AmazonEKSClusterPolicy",
            "role": "eks-cluster"
          },
          "sensitive_attributes": [],
          "identity_schema_version": 0,
          "private": "bnVsbA==",
          "dependencies": [
            "module.iam.aws_iam_role.cluster"
          ]
        }
      ]
    },
    {
      "module": "module.iam",
      "mode": "managed",
      "type": "aws_iam_role_policy_attachment",
      "name": "node_group_elb_policy",
      "provider": "provider[\"registry.terraform.io/hashicorp/aws\"]",
      "instances": [
        {
          "schema_version": 0,
          "attributes": {
            "id": "eks-node-group-20260202155655808500000004",
            "policy_arn": "arn:aws:iam::aws:policy/ElasticLoadBalancingFullAccess",
            "role": "eks-node-group"
          },
          "sensitive_attributes": [],
          "identity_schema_version": 0,
          "private": "bnVsbA==",
          "dependencies": [
            "module.iam.aws_iam_role.nodes"
          ]
        }
      ]
    },
    {
      "module": "module.iam",
      "mode": "managed",
      "type": "aws_iam_role_policy_attachment",
      "name": "vpc_flow_logs_attach",
      "provider": "provider[\"registry.terraform.io/hashicorp/aws\"]",
      "instances": [
        {
          "schema_version": 0,
          "attributes": {
            "id": "cloud-watch-20260202155655953000000006",
            "policy_arn": "arn:aws:iam::038774803581:policy/vpc-flow-logs-cloudwatch-policy",
            "role": "cloud-watch"
          },
          "sensitive_attributes": [],
          "identity_schema_version": 0,
          "private": "bnVsbA==",
          "dependencies": [
            "module.iam.aws_iam_policy.vpc_flow_logs_policy",
            "module.iam.aws_iam_role.vpc_flow_logs_role"
          ]
        }
      ]
    },
    {
      "module": "module.security-group",
      "mode": "managed",
      "type": "aws_security_group",
      "name": "eks-cluster",
      "provider": "provider[\"registry.terraform.io/hashicorp/aws\"]",
      "instances": [
        {
          "schema_version": 1,
          "attributes": {
            "arn": "arn:aws:ec2:eu-west-2:038774803581:security-group/sg-02b82fccfa3b2cf1a",
            "description": "Controls who can talk to the EKS Control Plane",
            "egress": [
              {
                "cidr_blocks": [
                  "0.0.0.0/0"
                ],
                "description": "Allow all outbound traffic",
                "from_port": 0,
                "ipv6_cidr_blocks": [],
                "prefix_list_ids": [],
                "protocol": "-1",
                "security_groups": [],
                "self": false,
                "to_port": 0
              }
            ],
            "id": "sg-02b82fccfa3b2cf1a",
            "ingress": [
              {
                "cidr_blocks": [],
                "description": "Allow nodes to communicate with cluster",
                "from_port": 443,
                "ipv6_cidr_blocks": [],
                "prefix_list_ids": [],
                "protocol": "tcp",
                "security_groups": [
                  "sg-019edd7136b10094a"
                ],
                "self": false,
                "to_port": 443
              }
            ],
            "name": "cluster-sg",
            "name_prefix": "",
            "owner_id": "038774803581",
            "revoke_rules_on_delete": false,
            "tags": {},
            "tags_all": {},
            "timeouts": null,
            "vpc_id": "vpc-0c9856ad8cb52a4c3"
          },
          "sensitive_attributes": [],
          "identity_schema_version": 0,
          "private": "eyJlMmJmYjczMC1lY2FhLTExZTYtOGY4OC0zNDM2M2JjN2M0YzAiOnsiY3JlYXRlIjo2MDAwMDAwMDAwMDAsImRlbGV0ZSI6OTAwMDAwMDAwMDAwfSwic2NoZW1hX3ZlcnNpb24iOiIxIn0=",
          "dependencies": [
            "module.iam.aws_iam_instance_profile.nodes",
            "module.iam.aws_iam_policy.vpc_flow_logs_policy",
            "module.iam.aws_iam_role.cluster",
            "module.iam.aws_iam_role.nodes",
            "module.iam.aws_iam_role.vpc_flow_logs_role",
            "module.iam.aws_iam_role_policy_attachment.AmazonEC2ContainerRegistryReadOnly",
            "module.iam.aws_iam_role_policy_attachment.AmazonEKSWorkerNodePolicy",
            "module.iam.aws_iam_role_policy_attachment.AmazonEKS_CNI_Policy",
            "module.iam.aws_iam_role_policy_attachment.cluster_AmazonEKSClusterPolicy",
            "module.iam.aws_iam_role_policy_attachment.node_group_elb_policy",
            "module.iam.aws_iam_role_policy_attachment.vpc_flow_logs_attach",
            "module.vpc.aws_vpc.eks_vpc"
          ]
        }
      ]
    },
    {
      "module": "module.security-group",
      "mode": "managed",
      "type": "aws_security_group",
      "name": "nodes",
      "provider": "provider[\"registry.terraform.io/hashicorp/aws\"]",
      "instances": [
        {
          "schema_version": 1,
          "attributes": {
            "arn": "arn:aws:ec2:eu-west-2:038774803581:security-group/sg-019edd7136b10094a",
            "description": "Allow nodes to communicate with each other on all ports",
            "egress": [
              {
                "cidr_blocks": [
                  "0.0.0.0/0"
                ],
                "description": "Allow node all egress",
                "from_port": 0,
                "ipv6_cidr_blocks": [],
                "prefix_list_ids": [],
                "protocol": "-1",
                "security_groups": [],
                "self": false,
                "to_port": 0
              }
            ],
            "id": "sg-019edd7136b10094a",
            "ingress": [
              {
                "cidr_blocks": [
                  "0.0.0.0/0"
                ],
                "description": "Allow SSH traffic from VPC",
                "from_port": 0,
                "ipv6_cidr_blocks": [],
                "prefix_list_ids": [],
                "protocol": "-1",
                "security_groups": [],
                "self": false,
                "to_port": 0
              },
              {
                "cidr_blocks": [],
                "description": "Allows node to node communication",
                "from_port": 0,
                "ipv6_cidr_blocks": [],
                "prefix_list_ids": [],
                "protocol": "-1",
                "security_groups": [],
                "self": true,
                "to_port": 0
              }
            ],
            "name": "node-sg",
            "name_prefix": "",
            "owner_id": "038774803581",
            "revoke_rules_on_delete": false,
            "tags": {},
            "tags_all": {},
            "timeouts": null,
            "vpc_id": "vpc-0c9856ad8cb52a4c3"
          },
          "sensitive_attributes": [],
          "identity_schema_version": 0,
          "private": "eyJlMmJmYjczMC1lY2FhLTExZTYtOGY4OC0zNDM2M2JjN2M0YzAiOnsiY3JlYXRlIjo2MDAwMDAwMDAwMDAsImRlbGV0ZSI6OTAwMDAwMDAwMDAwfSwic2NoZW1hX3ZlcnNpb24iOiIxIn0=",
          "dependencies": [
            "module.iam.aws_iam_instance_profile.nodes",
            "module.iam.aws_iam_policy.vpc_flow_logs_policy",
            "module.iam.aws_iam_role.cluster",
            "module.iam.aws_iam_role.nodes",
            "module.iam.aws_iam_role.vpc_flow_logs_role",
            "module.iam.aws_iam_role_policy_attachment.AmazonEC2ContainerRegistryReadOnly",
            "module.iam.aws_iam_role_policy_attachment.AmazonEKSWorkerNodePolicy",
            "module.iam.aws_iam_role_policy_attachment.AmazonEKS_CNI_Policy",
            "module.iam.aws_iam_role_policy_attachment.cluster_AmazonEKSClusterPolicy",
            "module.iam.aws_iam_role_policy_attachment.node_group_elb_policy",
            "module.iam.aws_iam_role_policy_attachment.vpc_flow_logs_attach",
            "module.vpc.aws_vpc.eks_vpc"
          ]
        }
      ]
    },
    {
      "module": "module.security-group",
      "mode": "managed",
      "type": "aws_security_group_rule",
      "name": "cluster_ingress_from_nodes",
      "provider": "provider[\"registry.terraform.io/hashicorp/aws\"]",
      "instances": [
        {
          "schema_version": 2,
          "attributes": {
            "cidr_blocks": null,
            "description": "Allow nodes to communicate with cluster",
            "from_port": 443,
            "id": "sgrule-1598841582",
            "ipv6_cidr_blocks": null,
            "prefix_list_ids": null,
            "protocol": "tcp",
            "security_group_id": "sg-02b82fccfa3b2cf1a",
            "security_group_rule_id": "sgr-0c523a81344ee0c93",
            "self": false,
            "source_security_group_id": "sg-019edd7136b10094a",
            "timeouts": null,
            "to_port": 443,
            "type": "ingress"
          },
          "sensitive_attributes": [],
          "identity_schema_version": 0,
          "private": "eyJlMmJmYjczMC1lY2FhLTExZTYtOGY4OC0zNDM2M2JjN2M0YzAiOnsiY3JlYXRlIjozMDAwMDAwMDAwMDB9LCJzY2hlbWFfdmVyc2lvbiI6IjIifQ==",
          "dependencies": [
            "module.iam.aws_iam_instance_profile.nodes",
            "module.iam.aws_iam_policy.vpc_flow_logs_policy",
            "module.iam.aws_iam_role.cluster",
            "module.iam.aws_iam_role.nodes",
            "module.iam.aws_iam_role.vpc_flow_logs_role",
            "module.iam.aws_iam_role_policy_attachment.AmazonEC2ContainerRegistryReadOnly",
            "module.iam.aws_iam_role_policy_attachment.AmazonEKSWorkerNodePolicy",
            "module.iam.aws_iam_role_policy_attachment.AmazonEKS_CNI_Policy",
            "module.iam.aws_iam_role_policy_attachment.cluster_AmazonEKSClusterPolicy",
            "module.iam.aws_iam_role_policy_attachment.node_group_elb_policy",
            "module.iam.aws_iam_role_policy_attachment.vpc_flow_logs_attach",
            "module.security-group.aws_security_group.eks-cluster",
            "module.security-group.aws_security_group.nodes",
            "module.vpc.aws_vpc.eks_vpc"
          ]
        }
      ]
    },
    {
      "module": "module.security-group",
      "mode": "managed",
      "type": "aws_security_group_rule",
      "name": "node_ingress_from_cluster",
      "provider": "provider[\"registry.terraform.io/hashicorp/aws\"]",
      "instances": [
        {
          "schema_version": 2,
          "attributes": {
            "cidr_blocks": null,
            "description": "Allow cluster to communicate with nodes",
            "from_port": 1025,
            "id": "sgrule-4162557125",
            "ipv6_cidr_blocks": null,
            "prefix_list_ids": null,
            "protocol": "tcp",
            "security_group_id": "sg-019edd7136b10094a",
            "security_group_rule_id": "sgr-0859a1b7ee5a592fb",
            "self": false,
            "source_security_group_id": "sg-02b82fccfa3b2cf1a",
            "timeouts": null,
            "to_port": 65535,
            "type": "ingress"
          },
          "sensitive_attributes": [],
          "identity_schema_version": 0,
          "private": "eyJlMmJmYjczMC1lY2FhLTExZTYtOGY4OC0zNDM2M2JjN2M0YzAiOnsiY3JlYXRlIjozMDAwMDAwMDAwMDB9LCJzY2hlbWFfdmVyc2lvbiI6IjIifQ==",
          "dependencies": [
            "module.iam.aws_iam_instance_profile.nodes",
            "module.iam.aws_iam_policy.vpc_flow_logs_policy",
            "module.iam.aws_iam_role.cluster",
            "module.iam.aws_iam_role.nodes",
            "module.iam.aws_iam_role.vpc_flow_logs_role",
            "module.iam.aws_iam_role_policy_attachment.AmazonEC2ContainerRegistryReadOnly",
            "module.iam.aws_iam_role_policy_attachment.AmazonEKSWorkerNodePolicy",
            "module.iam.aws_iam_role_policy_attachment.AmazonEKS_CNI_Policy",
            "module.iam.aws_iam_role_policy_attachment.cluster_AmazonEKSClusterPolicy",
            "module.iam.aws_iam_role_policy_attachment.node_group_elb_policy",
            "module.iam.aws_iam_role_policy_attachment.vpc_flow_logs_attach",
            "module.security-group.aws_security_group.eks-cluster",
            "module.security-group.aws_security_group.nodes",
            "module.vpc.aws_vpc.eks_vpc"
          ]
        }
      ]
    },
    {
      "module": "module.vpc",
      "mode": "managed",
      "type": "aws_cloudwatch_log_group",
      "name": "cloud_watch_logs",
      "provider": "provider[\"registry.terraform.io/hashicorp/aws\"]",
      "instances": [
        {
          "schema_version": 0,
          "attributes": {
            "arn": "arn:aws:logs:eu-west-2:038774803581:log-group:logs_for_cloudwatch",
            "id": "logs_for_cloudwatch",
            "kms_key_id": "arn:aws:kms:eu-west-2:038774803581:key/1fee033b-8b66-4820-ade3-4a5304738716",
            "log_group_class": "STANDARD",
            "name": "logs_for_cloudwatch",
            "name_prefix": "",
            "retention_in_days": 7,
            "skip_destroy": false,
            "tags": {},
            "tags_all": {}
          },
          "sensitive_attributes": [],
          "identity_schema_version": 0,
          "private": "bnVsbA==",
          "dependencies": [
            "module.iam.aws_iam_instance_profile.nodes",
            "module.iam.aws_iam_policy.vpc_flow_logs_policy",
            "module.iam.aws_iam_role.cluster",
            "module.iam.aws_iam_role.nodes",
            "module.iam.aws_iam_role.vpc_flow_logs_role",
            "module.iam.aws_iam_role_policy_attachment.AmazonEC2ContainerRegistryReadOnly",
            "module.iam.aws_iam_role_policy_attachment.AmazonEKSWorkerNodePolicy",
            "module.iam.aws_iam_role_policy_attachment.AmazonEKS_CNI_Policy",
            "module.iam.aws_iam_role_policy_attachment.cluster_AmazonEKSClusterPolicy",
            "module.iam.aws_iam_role_policy_attachment.node_group_elb_policy",
            "module.iam.aws_iam_role_policy_attachment.vpc_flow_logs_attach",
            "module.vpc.aws_kms_key.kms_key"
          ]
        }
      ]
    },
    {
      "module": "module.vpc",
      "mode": "managed",
      "type": "aws_eip",
      "name": "ngw-eip",
      "provider": "provider[\"registry.terraform.io/hashicorp/aws\"]",
      "instances": [
        {
          "schema_version": 0,
          "attributes": {
            "address": null,
            "allocation_id": "eipalloc-0d73dfd3d4cb47237",
            "arn": "arn:aws:ec2:eu-west-2:038774803581:elastic-ip/eipalloc-0d73dfd3d4cb47237",
            "associate_with_private_ip": null,
            "association_id": "eipassoc-0c19e9976233415e9",
            "carrier_ip": "",
            "customer_owned_ip": "",
            "customer_owned_ipv4_pool": "",
            "domain": "vpc",
            "id": "eipalloc-0d73dfd3d4cb47237",
            "instance": "",
            "ipam_pool_id": null,
            "network_border_group": "eu-west-2",
            "network_interface": "eni-0a4b35e8a9efee911",
            "private_dns": "ip-10-0-2-15.eu-west-2.compute.internal",
            "private_ip": "10.0.2.15",
            "ptr_record": "",
            "public_dns": "ec2-13-43-171-33.eu-west-2.compute.amazonaws.com",
            "public_ip": "13.43.171.33",
            "public_ipv4_pool": "amazon",
            "tags": {
              "Name": "eip"
            },
            "tags_all": {
              "Name": "eip"
            },
            "timeouts": null,
            "vpc": true
          },
          "sensitive_attributes": [],
          "identity_schema_version": 0,
          "private": "eyJlMmJmYjczMC1lY2FhLTExZTYtOGY4OC0zNDM2M2JjN2M0YzAiOnsiZGVsZXRlIjoxODAwMDAwMDAwMDAsInJlYWQiOjkwMDAwMDAwMDAwMCwidXBkYXRlIjozMDAwMDAwMDAwMDB9fQ==",
          "dependencies": [
            "module.iam.aws_iam_instance_profile.nodes",
            "module.iam.aws_iam_policy.vpc_flow_logs_policy",
            "module.iam.aws_iam_role.cluster",
            "module.iam.aws_iam_role.nodes",
            "module.iam.aws_iam_role.vpc_flow_logs_role",
            "module.iam.aws_iam_role_policy_attachment.AmazonEC2ContainerRegistryReadOnly",
            "module.iam.aws_iam_role_policy_attachment.AmazonEKSWorkerNodePolicy",
            "module.iam.aws_iam_role_policy_attachment.AmazonEKS_CNI_Policy",
            "module.iam.aws_iam_role_policy_attachment.cluster_AmazonEKSClusterPolicy",
            "module.iam.aws_iam_role_policy_attachment.node_group_elb_policy",
            "module.iam.aws_iam_role_policy_attachment.vpc_flow_logs_attach"
          ]
        }
      ]
    },
    {
      "module": "module.vpc",
      "mode": "managed",
      "type": "aws_flow_log",
      "name": "cloud_watch",
      "provider": "provider[\"registry.terraform.io/hashicorp/aws\"]",
      "instances": [
        {
          "schema_version": 0,
          "attributes": {
            "arn": "arn:aws:ec2:eu-west-2:038774803581:vpc-flow-log/fl-0a74e6f23bcb18f29",
            "deliver_cross_account_role": "",
            "destination_options": [],
            "eni_id": null,
            "iam_role_arn": "arn:aws:iam::038774803581:role/cloud-watch",
            "id": "fl-0a74e6f23bcb18f29",
            "log_destination": "arn:aws:logs:eu-west-2:038774803581:log-group:logs_for_cloudwatch",
            "log_destination_type": "cloud-watch-logs",
            "log_format": "${version} ${account-id} ${interface-id} ${srcaddr} ${dstaddr} ${srcport} ${dstport} ${protocol} ${packets} ${bytes} ${start} ${end} ${action} ${log-status}",
            "log_group_name": "logs_for_cloudwatch",
            "max_aggregation_interval": 600,
            "subnet_id": null,
            "tags": {},
            "tags_all": {},
            "traffic_type": "ALL",
            "transit_gateway_attachment_id": null,
            "transit_gateway_id": null,
            "vpc_id": "vpc-0c9856ad8cb52a4c3"
          },
          "sensitive_attributes": [],
          "identity_schema_version": 0,
          "private": "bnVsbA==",
          "dependencies": [
            "module.iam.aws_iam_instance_profile.nodes",
            "module.iam.aws_iam_policy.vpc_flow_logs_policy",
            "module.iam.aws_iam_role.cluster",
            "module.iam.aws_iam_role.nodes",
            "module.iam.aws_iam_role.vpc_flow_logs_role",
            "module.iam.aws_iam_role_policy_attachment.AmazonEC2ContainerRegistryReadOnly",
            "module.iam.aws_iam_role_policy_attachment.AmazonEKSWorkerNodePolicy",
            "module.iam.aws_iam_role_policy_attachment.AmazonEKS_CNI_Policy",
            "module.iam.aws_iam_role_policy_attachment.cluster_AmazonEKSClusterPolicy",
            "module.iam.aws_iam_role_policy_attachment.node_group_elb_policy",
            "module.iam.aws_iam_role_policy_attachment.vpc_flow_logs_attach",
            "module.vpc.aws_cloudwatch_log_group.cloud_watch_logs",
            "module.vpc.aws_kms_key.kms_key",
            "module.vpc.aws_vpc.eks_vpc"
          ]
        }
      ]
    },
    {
      "module": "module.vpc",
      "mode": "managed",
      "type": "aws_internet_gateway",
      "name": "igw",
      "provider": "provider[\"registry.terraform.io/hashicorp/aws\"]",
      "instances": [
        {
          "schema_version": 0,
          "attributes": {
            "arn": "arn:aws:ec2:eu-west-2:038774803581:internet-gateway/igw-0264f91d4d12fa760",
            "id": "igw-0264f91d4d12fa760",
            "owner_id": "038774803581",
            "tags": {
              "Name": "IGW"
            },
            "tags_all": {
              "Name": "IGW"
            },
            "timeouts": null,
            "vpc_id": "vpc-0c9856ad8cb52a4c3"
          },
          "sensitive_attributes": [],
          "identity_schema_version": 0,
          "private": "eyJlMmJmYjczMC1lY2FhLTExZTYtOGY4OC0zNDM2M2JjN2M0YzAiOnsiY3JlYXRlIjoxMjAwMDAwMDAwMDAwLCJkZWxldGUiOjEyMDAwMDAwMDAwMDAsInVwZGF0ZSI6MTIwMDAwMDAwMDAwMH19",
          "dependencies": [
            "module.iam.aws_iam_instance_profile.nodes",
            "module.iam.aws_iam_policy.vpc_flow_logs_policy",
            "module.iam.aws_iam_role.cluster",
            "module.iam.aws_iam_role.nodes",
            "module.iam.aws_iam_role.vpc_flow_logs_role",
            "module.iam.aws_iam_role_policy_attachment.AmazonEC2ContainerRegistryReadOnly",
            "module.iam.aws_iam_role_policy_attachment.AmazonEKSWorkerNodePolicy",
            "module.iam.aws_iam_role_policy_attachment.AmazonEKS_CNI_Policy",
            "module.iam.aws_iam_role_policy_attachment.cluster_AmazonEKSClusterPolicy",
            "module.iam.aws_iam_role_policy_attachment.node_group_elb_policy",
            "module.iam.aws_iam_role_policy_attachment.vpc_flow_logs_attach",
            "module.vpc.aws_vpc.eks_vpc"
          ]
        }
      ]
    },
    {
      "module": "module.vpc",
      "mode": "managed",
      "type": "aws_kms_alias",
      "name": "kms_alias",
      "provider": "provider[\"registry.terraform.io/hashicorp/aws\"]",
      "instances": [
        {
          "schema_version": 0,
          "attributes": {
            "arn": "arn:aws:kms:eu-west-2:038774803581:alias/exampleKey",
            "id": "alias/exampleKey",
            "name": "alias/exampleKey",
            "name_prefix": "",
            "target_key_arn": "arn:aws:kms:eu-west-2:038774803581:key/1fee033b-8b66-4820-ade3-4a5304738716",
            "target_key_id": "1fee033b-8b66-4820-ade3-4a5304738716"
          },
          "sensitive_attributes": [],
          "identity_schema_version": 0,
          "private": "bnVsbA==",
          "dependencies": [
            "module.iam.aws_iam_instance_profile.nodes",
            "module.iam.aws_iam_policy.vpc_flow_logs_policy",
            "module.iam.aws_iam_role.cluster",
            "module.iam.aws_iam_role.nodes",
            "module.iam.aws_iam_role.vpc_flow_logs_role",
            "module.iam.aws_iam_role_policy_attachment.AmazonEC2ContainerRegistryReadOnly",
            "module.iam.aws_iam_role_policy_attachment.AmazonEKSWorkerNodePolicy",
            "module.iam.aws_iam_role_policy_attachment.AmazonEKS_CNI_Policy",
            "module.iam.aws_iam_role_policy_attachment.cluster_AmazonEKSClusterPolicy",
            "module.iam.aws_iam_role_policy_attachment.node_group_elb_policy",
            "module.iam.aws_iam_role_policy_attachment.vpc_flow_logs_attach",
            "module.vpc.aws_kms_key.kms_key"
          ]
        }
      ]
    },
    {
      "module": "module.vpc",
      "mode": "managed",
      "type": "aws_kms_key",
      "name": "kms_key",
      "provider": "provider[\"registry.terraform.io/hashicorp/aws\"]",
      "instances": [
        {
          "schema_version": 0,
          "attributes": {
            "arn": "arn:aws:kms:eu-west-2:038774803581:key/1fee033b-8b66-4820-ade3-4a5304738716",
            "bypass_policy_lockout_safety_check": false,
            "custom_key_store_id": "",
            "customer_master_key_spec": "SYMMETRIC_DEFAULT",
            "deletion_window_in_days": 20,
            "description": "Encryption KMS key",
            "enable_key_rotation": true,
            "id": "1fee033b-8b66-4820-ade3-4a5304738716",
            "is_enabled": true,
            "key_id": "1fee033b-8b66-4820-ade3-4a5304738716",
            "key_usage": "ENCRYPT_DECRYPT",
            "multi_region": false,
            "policy": "{\"Statement\":[{\"Action\":\"kms:*\",\"Effect\":\"Allow\",\"Principal\":{\"AWS\":\"arn:aws:iam::038774803581:root\"},\"Resource\":\"*\",\"Sid\":\"Enable IAM User Permissions\"},{\"Action\":[\"kms:Encrypt\",\"kms:Decrypt\",\"kms:ReEncrypt*\",\"kms:GenerateDataKey*\",\"kms:DescribeKey\",\"kms:CreateGrant\"],\"Effect\":\"Allow\",\"Principal\":{\"Service\":\"logs.eu-west-2.amazonaws.com\"},\"Resource\":\"*\",\"Sid\":\"AllowCloudWatchLogsUseOfKey\"},{\"Action\":[\"kms:Encrypt\",\"kms:Decrypt\",\"kms:ReEncrypt*\",\"kms:GenerateDataKey*\",\"kms:DescribeKey\"],\"Effect\":\"Allow\",\"Principal\":{\"Service\":\"eks.amazonaws.com\"},\"Resource\":\"*\",\"Sid\":\"AllowEKSUseOfKey\"}],\"Version\":\"2012-10-17\"}",
            "rotation_period_in_days": 365,
            "tags": {},
            "tags_all": {},
            "timeouts": null,
            "xks_key_id": ""
          },
          "sensitive_attributes": [],
          "identity_schema_version": 0,
          "private": "eyJlMmJmYjczMC1lY2FhLTExZTYtOGY4OC0zNDM2M2JjN2M0YzAiOnsiY3JlYXRlIjoxMjAwMDAwMDAwMDB9fQ==",
          "dependencies": [
            "module.iam.aws_iam_instance_profile.nodes",
            "module.iam.aws_iam_policy.vpc_flow_logs_policy",
            "module.iam.aws_iam_role.cluster",
            "module.iam.aws_iam_role.nodes",
            "module.iam.aws_iam_role.vpc_flow_logs_role",
            "module.iam.aws_iam_role_policy_attachment.AmazonEC2ContainerRegistryReadOnly",
            "module.iam.aws_iam_role_policy_attachment.AmazonEKSWorkerNodePolicy",
            "module.iam.aws_iam_role_policy_attachment.AmazonEKS_CNI_Policy",
            "module.iam.aws_iam_role_policy_attachment.cluster_AmazonEKSClusterPolicy",
            "module.iam.aws_iam_role_policy_attachment.node_group_elb_policy",
            "module.iam.aws_iam_role_policy_attachment.vpc_flow_logs_attach"
          ]
        }
      ]
    },
    {
      "module": "module.vpc",
      "mode": "managed",
      "type": "aws_kms_key_policy",
      "name": "kms_key_policy",
      "provider": "provider[\"registry.terraform.io/hashicorp/aws\"]",
      "instances": [
        {
          "schema_version": 0,
          "attributes": {
            "bypass_policy_lockout_safety_check": false,
            "id": "1fee033b-8b66-4820-ade3-4a5304738716",
            "key_id": "1fee033b-8b66-4820-ade3-4a5304738716",
            "policy": "{\"Statement\":[{\"Action\":\"kms:*\",\"Effect\":\"Allow\",\"Principal\":{\"AWS\":\"arn:aws:iam::038774803581:root\"},\"Resource\":\"*\",\"Sid\":\"Enable IAM User Permissions\"},{\"Action\":[\"kms:Encrypt\",\"kms:Decrypt\",\"kms:ReEncrypt*\",\"kms:GenerateDataKey*\",\"kms:DescribeKey\",\"kms:CreateGrant\"],\"Effect\":\"Allow\",\"Principal\":{\"Service\":\"logs.eu-west-2.amazonaws.com\"},\"Resource\":\"*\",\"Sid\":\"AllowCloudWatchLogsUseOfKey\"},{\"Action\":[\"kms:Encrypt\",\"kms:Decrypt\",\"kms:ReEncrypt*\",\"kms:GenerateDataKey*\",\"kms:DescribeKey\"],\"Effect\":\"Allow\",\"Principal\":{\"Service\":\"eks.amazonaws.com\"},\"Resource\":\"*\",\"Sid\":\"AllowEKSUseOfKey\"}],\"Version\":\"2012-10-17\"}"
          },
          "sensitive_attributes": [],
          "identity_schema_version": 0,
          "private": "bnVsbA==",
          "dependencies": [
            "module.iam.aws_iam_instance_profile.nodes",
            "module.iam.aws_iam_policy.vpc_flow_logs_policy",
            "module.iam.aws_iam_role.cluster",
            "module.iam.aws_iam_role.nodes",
            "module.iam.aws_iam_role.vpc_flow_logs_role",
            "module.iam.aws_iam_role_policy_attachment.AmazonEC2ContainerRegistryReadOnly",
            "module.iam.aws_iam_role_policy_attachment.AmazonEKSWorkerNodePolicy",
            "module.iam.aws_iam_role_policy_attachment.AmazonEKS_CNI_Policy",
            "module.iam.aws_iam_role_policy_attachment.cluster_AmazonEKSClusterPolicy",
            "module.iam.aws_iam_role_policy_attachment.node_group_elb_policy",
            "module.iam.aws_iam_role_policy_attachment.vpc_flow_logs_attach",
            "module.vpc.aws_kms_key.kms_key"
          ]
        }
      ]
    },
    {
      "module": "module.vpc",
      "mode": "managed",
      "type": "aws_nat_gateway",
      "name": "ngw",
      "provider": "provider[\"registry.terraform.io/hashicorp/aws\"]",
      "instances": [
        {
          "schema_version": 0,
          "attributes": {
            "allocation_id": "eipalloc-0d73dfd3d4cb47237",
            "association_id": "eipassoc-0c19e9976233415e9",
            "connectivity_type": "public",
            "id": "nat-053e688a5d0b3b996",
            "network_interface_id": "eni-0a4b35e8a9efee911",
            "private_ip": "10.0.2.15",
            "public_ip": "13.43.171.33",
            "secondary_allocation_ids": [],
            "secondary_private_ip_address_count": 0,
            "secondary_private_ip_addresses": [],
            "subnet_id": "subnet-0dfc5bddfe4723fbd",
            "tags": {
              "Name": "igw-nat"
            },
            "tags_all": {
              "Name": "igw-nat"
            },
            "timeouts": null
          },
          "sensitive_attributes": [],
          "identity_schema_version": 0,
          "private": "eyJlMmJmYjczMC1lY2FhLTExZTYtOGY4OC0zNDM2M2JjN2M0YzAiOnsiY3JlYXRlIjo2MDAwMDAwMDAwMDAsImRlbGV0ZSI6MTgwMDAwMDAwMDAwMCwidXBkYXRlIjo2MDAwMDAwMDAwMDB9fQ==",
          "dependencies": [
            "module.iam.aws_iam_instance_profile.nodes",
            "module.iam.aws_iam_policy.vpc_flow_logs_policy",
            "module.iam.aws_iam_role.cluster",
            "module.iam.aws_iam_role.nodes",
            "module.iam.aws_iam_role.vpc_flow_logs_role",
            "module.iam.aws_iam_role_policy_attachment.AmazonEC2ContainerRegistryReadOnly",
            "module.iam.aws_iam_role_policy_attachment.AmazonEKSWorkerNodePolicy",
            "module.iam.aws_iam_role_policy_attachment.AmazonEKS_CNI_Policy",
            "module.iam.aws_iam_role_policy_attachment.cluster_AmazonEKSClusterPolicy",
            "module.iam.aws_iam_role_policy_attachment.node_group_elb_policy",
            "module.iam.aws_iam_role_policy_attachment.vpc_flow_logs_attach",
            "module.vpc.aws_eip.ngw-eip",
            "module.vpc.aws_internet_gateway.igw",
            "module.vpc.aws_subnet.public-subnet-2b",
            "module.vpc.aws_vpc.eks_vpc"
          ]
        }
      ]
    },
    {
      "module": "module.vpc",
      "mode": "managed",
      "type": "aws_route_table",
      "name": "public-rt",
      "provider": "provider[\"registry.terraform.io/hashicorp/aws\"]",
      "instances": [
        {
          "schema_version": 0,
          "attributes": {
            "arn": "arn:aws:ec2:eu-west-2:038774803581:route-table/rtb-04fbaff44f1dd4aaa",
            "id": "rtb-04fbaff44f1dd4aaa",
            "owner_id": "038774803581",
            "propagating_vgws": [],
            "route": [
              {
                "carrier_gateway_id": "",
                "cidr_block": "0.0.0.0/0",
                "core_network_arn": "",
                "destination_prefix_list_id": "",
                "egress_only_gateway_id": "",
                "gateway_id": "igw-0264f91d4d12fa760",
                "ipv6_cidr_block": "",
                "local_gateway_id": "",
                "nat_gateway_id": "",
                "network_interface_id": "",
                "transit_gateway_id": "",
                "vpc_endpoint_id": "",
                "vpc_peering_connection_id": ""
              }
            ],
            "tags": {
              "Name": "public-rt"
            },
            "tags_all": {
              "Name": "public-rt"
            },
            "timeouts": null,
            "vpc_id": "vpc-0c9856ad8cb52a4c3"
          },
          "sensitive_attributes": [],
          "identity_schema_version": 0,
          "private": "eyJlMmJmYjczMC1lY2FhLTExZTYtOGY4OC0zNDM2M2JjN2M0YzAiOnsiY3JlYXRlIjozMDAwMDAwMDAwMDAsImRlbGV0ZSI6MzAwMDAwMDAwMDAwLCJ1cGRhdGUiOjEyMDAwMDAwMDAwMH19",
          "dependencies": [
            "module.iam.aws_iam_instance_profile.nodes",
            "module.iam.aws_iam_policy.vpc_flow_logs_policy",
            "module.iam.aws_iam_role.cluster",
            "module.iam.aws_iam_role.nodes",
            "module.iam.aws_iam_role.vpc_flow_logs_role",
            "module.iam.aws_iam_role_policy_attachment.AmazonEC2ContainerRegistryReadOnly",
            "module.iam.aws_iam_role_policy_attachment.AmazonEKSWorkerNodePolicy",
            "module.iam.aws_iam_role_policy_attachment.AmazonEKS_CNI_Policy",
            "module.iam.aws_iam_role_policy_attachment.cluster_AmazonEKSClusterPolicy",
            "module.iam.aws_iam_role_policy_attachment.node_group_elb_policy",
            "module.iam.aws_iam_role_policy_attachment.vpc_flow_logs_attach",
            "module.vpc.aws_internet_gateway.igw",
            "module.vpc.aws_vpc.eks_vpc"
          ]
        }
      ]
    },
    {
      "module": "module.vpc",
      "mode": "managed",
      "type": "aws_route_table_association",
      "name": "pub-route-association-2a",
      "provider": "provider[\"registry.terraform.io/hashicorp/aws\"]",
      "instances": [
        {
          "schema_version": 0,
          "attributes": {
            "gateway_id": "",
            "id": "rtbassoc-03f923831f4cae490",
            "route_table_id": "rtb-04fbaff44f1dd4aaa",
            "subnet_id": "subnet-055778ce5a10134a5",
            "timeouts": null
          },
          "sensitive_attributes": [],
          "identity_schema_version": 0,
          "private": "eyJlMmJmYjczMC1lY2FhLTExZTYtOGY4OC0zNDM2M2JjN2M0YzAiOnsiY3JlYXRlIjozMDAwMDAwMDAwMDAsImRlbGV0ZSI6MzAwMDAwMDAwMDAwLCJ1cGRhdGUiOjEyMDAwMDAwMDAwMH19",
          "dependencies": [
            "module.iam.aws_iam_instance_profile.nodes",
            "module.iam.aws_iam_policy.vpc_flow_logs_policy",
            "module.iam.aws_iam_role.cluster",
            "module.iam.aws_iam_role.nodes",
            "module.iam.aws_iam_role.vpc_flow_logs_role",
            "module.iam.aws_iam_role_policy_attachment.AmazonEC2ContainerRegistryReadOnly",
            "module.iam.aws_iam_role_policy_attachment.AmazonEKSWorkerNodePolicy",
            "module.iam.aws_iam_role_policy_attachment.AmazonEKS_CNI_Policy",
            "module.iam.aws_iam_role_policy_attachment.cluster_AmazonEKSClusterPolicy",
            "module.iam.aws_iam_role_policy_attachment.node_group_elb_policy",
            "module.iam.aws_iam_role_policy_attachment.vpc_flow_logs_attach",
            "module.vpc.aws_internet_gateway.igw",
            "module.vpc.aws_route_table.public-rt",
            "module.vpc.aws_subnet.public-subnet-2a",
            "module.vpc.aws_vpc.eks_vpc"
          ]
        }
      ]
    },
    {
      "module": "module.vpc",
      "mode": "managed",
      "type": "aws_route_table_association",
      "name": "pub-route-association-2b",
      "provider": "provider[\"registry.terraform.io/hashicorp/aws\"]",
      "instances": [
        {
          "schema_version": 0,
          "attributes": {
            "gateway_id": "",
            "id": "rtbassoc-004ef65079ac0616b",
            "route_table_id": "rtb-04fbaff44f1dd4aaa",
            "subnet_id": "subnet-0dfc5bddfe4723fbd",
            "timeouts": null
          },
          "sensitive_attributes": [],
          "identity_schema_version": 0,
          "private": "eyJlMmJmYjczMC1lY2FhLTExZTYtOGY4OC0zNDM2M2JjN2M0YzAiOnsiY3JlYXRlIjozMDAwMDAwMDAwMDAsImRlbGV0ZSI6MzAwMDAwMDAwMDAwLCJ1cGRhdGUiOjEyMDAwMDAwMDAwMH19",
          "dependencies": [
            "module.iam.aws_iam_instance_profile.nodes",
            "module.iam.aws_iam_policy.vpc_flow_logs_policy",
            "module.iam.aws_iam_role.cluster",
            "module.iam.aws_iam_role.nodes",
            "module.iam.aws_iam_role.vpc_flow_logs_role",
            "module.iam.aws_iam_role_policy_attachment.AmazonEC2ContainerRegistryReadOnly",
            "module.iam.aws_iam_role_policy_attachment.AmazonEKSWorkerNodePolicy",
            "module.iam.aws_iam_role_policy_attachment.AmazonEKS_CNI_Policy",
            "module.iam.aws_iam_role_policy_attachment.cluster_AmazonEKSClusterPolicy",
            "module.iam.aws_iam_role_policy_attachment.node_group_elb_policy",
            "module.iam.aws_iam_role_policy_attachment.vpc_flow_logs_attach",
            "module.vpc.aws_internet_gateway.igw",
            "module.vpc.aws_route_table.public-rt",
            "module.vpc.aws_subnet.public-subnet-2b",
            "module.vpc.aws_vpc.eks_vpc"
          ]
        }
      ]
    },
    {
      "module": "module.vpc",
      "mode": "managed",
      "type": "aws_subnet",
      "name": "private-subnet-2a",
      "provider": "provider[\"registry.terraform.io/hashicorp/aws\"]",
      "instances": [
        {
          "schema_version": 1,
          "attributes": {
            "arn": "arn:aws:ec2:eu-west-2:038774803581:subnet/subnet-04688b2b650d75bfa",
            "assign_ipv6_address_on_creation": false,
            "availability_zone": "eu-west-2a",
            "availability_zone_id": "euw2-az2",
            "cidr_block": "10.0.3.0/24",
            "customer_owned_ipv4_pool": "",
            "enable_dns64": false,
            "enable_lni_at_device_index": 0,
            "enable_resource_name_dns_a_record_on_launch": false,
            "enable_resource_name_dns_aaaa_record_on_launch": false,
            "id": "subnet-04688b2b650d75bfa",
            "ipv6_cidr_block": "",
            "ipv6_cidr_block_association_id": "",
            "ipv6_native": false,
            "map_customer_owned_ip_on_launch": false,
            "map_public_ip_on_launch": false,
            "outpost_arn": "",
            "owner_id": "038774803581",
            "private_dns_hostname_type_on_launch": "ip-name",
            "tags": {
              "Name": "Private-subnet-2a",
              "kubernetes.io/cluster/eks-cluster": "shared",
              "kubernetes.io/role/internal-elb": "1"
            },
            "tags_all": {
              "Name": "Private-subnet-2a",
              "kubernetes.io/cluster/eks-cluster": "shared",
              "kubernetes.io/role/internal-elb": "1"
            },
            "timeouts": null,
            "vpc_id": "vpc-0c9856ad8cb52a4c3"
          },
          "sensitive_attributes": [],
          "identity_schema_version": 0,
          "private": "eyJlMmJmYjczMC1lY2FhLTExZTYtOGY4OC0zNDM2M2JjN2M0YzAiOnsiY3JlYXRlIjo2MDAwMDAwMDAwMDAsImRlbGV0ZSI6MTIwMDAwMDAwMDAwMH0sInNjaGVtYV92ZXJzaW9uIjoiMSJ9",
          "dependencies": [
            "module.iam.aws_iam_instance_profile.nodes",
            "module.iam.aws_iam_policy.vpc_flow_logs_policy",
            "module.iam.aws_iam_role.cluster",
            "module.iam.aws_iam_role.nodes",
            "module.iam.aws_iam_role.vpc_flow_logs_role",
            "module.iam.aws_iam_role_policy_attachment.AmazonEC2ContainerRegistryReadOnly",
            "module.iam.aws_iam_role_policy_attachment.AmazonEKSWorkerNodePolicy",
            "module.iam.aws_iam_role_policy_attachment.AmazonEKS_CNI_Policy",
            "module.iam.aws_iam_role_policy_attachment.cluster_AmazonEKSClusterPolicy",
            "module.iam.aws_iam_role_policy_attachment.node_group_elb_policy",
            "module.iam.aws_iam_role_policy_attachment.vpc_flow_logs_attach",
            "module.vpc.aws_vpc.eks_vpc"
          ]
        }
      ]
    },
    {
      "module": "module.vpc",
      "mode": "managed",
      "type": "aws_subnet",
      "name": "private-subnet-2b",
      "provider": "provider[\"registry.terraform.io/hashicorp/aws\"]",
      "instances": [
        {
          "schema_version": 1,
          "attributes": {
            "arn": "arn:aws:ec2:eu-west-2:038774803581:subnet/subnet-0007a99e6fb6921a0",
            "assign_ipv6_address_on_creation": false,
            "availability_zone": "eu-west-2b",
            "availability_zone_id": "euw2-az3",
            "cidr_block": "10.0.4.0/24",
            "customer_owned_ipv4_pool": "",
            "enable_dns64": false,
            "enable_lni_at_device_index": 0,
            "enable_resource_name_dns_a_record_on_launch": false,
            "enable_resource_name_dns_aaaa_record_on_launch": false,
            "id": "subnet-0007a99e6fb6921a0",
            "ipv6_cidr_block": "",
            "ipv6_cidr_block_association_id": "",
            "ipv6_native": false,
            "map_customer_owned_ip_on_launch": false,
            "map_public_ip_on_launch": false,
            "outpost_arn": "",
            "owner_id": "038774803581",
            "private_dns_hostname_type_on_launch": "ip-name",
            "tags": {
              "Name": "Private-subnet-2b",
              "kubernetes.io/cluster/eks-cluster": "shared",
              "kubernetes.io/role/internal-elb": "1"
            },
            "tags_all": {
              "Name": "Private-subnet-2b",
              "kubernetes.io/cluster/eks-cluster": "shared",
              "kubernetes.io/role/internal-elb": "1"
            },
            "timeouts": null,
            "vpc_id": "vpc-0c9856ad8cb52a4c3"
          },
          "sensitive_attributes": [],
          "identity_schema_version": 0,
          "private": "eyJlMmJmYjczMC1lY2FhLTExZTYtOGY4OC0zNDM2M2JjN2M0YzAiOnsiY3JlYXRlIjo2MDAwMDAwMDAwMDAsImRlbGV0ZSI6MTIwMDAwMDAwMDAwMH0sInNjaGVtYV92ZXJzaW9uIjoiMSJ9",
          "dependencies": [
            "module.iam.aws_iam_instance_profile.nodes",
            "module.iam.aws_iam_policy.vpc_flow_logs_policy",
            "module.iam.aws_iam_role.cluster",
            "module.iam.aws_iam_role.nodes",
            "module.iam.aws_iam_role.vpc_flow_logs_role",
            "module.iam.aws_iam_role_policy_attachment.AmazonEC2ContainerRegistryReadOnly",
            "module.iam.aws_iam_role_policy_attachment.AmazonEKSWorkerNodePolicy",
            "module.iam.aws_iam_role_policy_attachment.AmazonEKS_CNI_Policy",
            "module.iam.aws_iam_role_policy_attachment.cluster_AmazonEKSClusterPolicy",
            "module.iam.aws_iam_role_policy_attachment.node_group_elb_policy",
            "module.iam.aws_iam_role_policy_attachment.vpc_flow_logs_attach",
            "module.vpc.aws_vpc.eks_vpc"
          ]
        }
      ]
    },
    {
      "module": "module.vpc",
      "mode": "managed",
      "type": "aws_subnet",
      "name": "public-subnet-2a",
      "provider": "provider[\"registry.terraform.io/hashicorp/aws\"]",
      "instances": [
        {
          "schema_version": 1,
          "attributes": {
            "arn": "arn:aws:ec2:eu-west-2:038774803581:subnet/subnet-055778ce5a10134a5",
            "assign_ipv6_address_on_creation": false,
            "availability_zone": "eu-west-2a",
            "availability_zone_id": "euw2-az2",
            "cidr_block": "10.0.1.0/24",
            "customer_owned_ipv4_pool": "",
            "enable_dns64": false,
            "enable_lni_at_device_index": 0,
            "enable_resource_name_dns_a_record_on_launch": false,
            "enable_resource_name_dns_aaaa_record_on_launch": false,
            "id": "subnet-055778ce5a10134a5",
            "ipv6_cidr_block": "",
            "ipv6_cidr_block_association_id": "",
            "ipv6_native": false,
            "map_customer_owned_ip_on_launch": false,
            "map_public_ip_on_launch": true,
            "outpost_arn": "",
            "owner_id": "038774803581",
            "private_dns_hostname_type_on_launch": "ip-name",
            "tags": {
              "Name": "Public-subnet-2a",
              "kubernetes.io/cluster/eks-cluster": "shared",
              "kubernetes.io/role/elb": "1"
            },
            "tags_all": {
              "Name": "Public-subnet-2a",
              "kubernetes.io/cluster/eks-cluster": "shared",
              "kubernetes.io/role/elb": "1"
            },
            "timeouts": null,
            "vpc_id": "vpc-0c9856ad8cb52a4c3"
          },
          "sensitive_attributes": [],
          "identity_schema_version": 0,
          "private": "eyJlMmJmYjczMC1lY2FhLTExZTYtOGY4OC0zNDM2M2JjN2M0YzAiOnsiY3JlYXRlIjo2MDAwMDAwMDAwMDAsImRlbGV0ZSI6MTIwMDAwMDAwMDAwMH0sInNjaGVtYV92ZXJzaW9uIjoiMSJ9",
          "dependencies": [
            "module.iam.aws_iam_instance_profile.nodes",
            "module.iam.aws_iam_policy.vpc_flow_logs_policy",
            "module.iam.aws_iam_role.cluster",
            "module.iam.aws_iam_role.nodes",
            "module.iam.aws_iam_role.vpc_flow_logs_role",
            "module.iam.aws_iam_role_policy_attachment.AmazonEC2ContainerRegistryReadOnly",
            "module.iam.aws_iam_role_policy_attachment.AmazonEKSWorkerNodePolicy",
            "module.iam.aws_iam_role_policy_attachment.AmazonEKS_CNI_Policy",
            "module.iam.aws_iam_role_policy_attachment.cluster_AmazonEKSClusterPolicy",
            "module.iam.aws_iam_role_policy_attachment.node_group_elb_policy",
            "module.iam.aws_iam_role_policy_attachment.vpc_flow_logs_attach",
            "module.vpc.aws_vpc.eks_vpc"
          ]
        }
      ]
    },
    {
      "module": "module.vpc",
      "mode": "managed",
      "type": "aws_subnet",
      "name": "public-subnet-2b",
      "provider": "provider[\"registry.terraform.io/hashicorp/aws\"]",
      "instances": [
        {
          "schema_version": 1,
          "attributes": {
            "arn": "arn:aws:ec2:eu-west-2:038774803581:subnet/subnet-0dfc5bddfe4723fbd",
            "assign_ipv6_address_on_creation": false,
            "availability_zone": "eu-west-2b",
            "availability_zone_id": "euw2-az3",
            "cidr_block": "10.0.2.0/24",
            "customer_owned_ipv4_pool": "",
            "enable_dns64": false,
            "enable_lni_at_device_index": 0,
            "enable_resource_name_dns_a_record_on_launch": false,
            "enable_resource_name_dns_aaaa_record_on_launch": false,
            "id": "subnet-0dfc5bddfe4723fbd",
            "ipv6_cidr_block": "",
            "ipv6_cidr_block_association_id": "",
            "ipv6_native": false,
            "map_customer_owned_ip_on_launch": false,
            "map_public_ip_on_launch": true,
            "outpost_arn": "",
            "owner_id": "038774803581",
            "private_dns_hostname_type_on_launch": "ip-name",
            "tags": {
              "Name": "Public-subnet-2b",
              "kubernetes.io/cluster/eks-cluster": "shared",
              "kubernetes.io/role/elb": "1"
            },
            "tags_all": {
              "Name": "Public-subnet-2b",
              "kubernetes.io/cluster/eks-cluster": "shared",
              "kubernetes.io/role/elb": "1"
            },
            "timeouts": null,
            "vpc_id": "vpc-0c9856ad8cb52a4c3"
          },
          "sensitive_attributes": [],
          "identity_schema_version": 0,
          "private": "eyJlMmJmYjczMC1lY2FhLTExZTYtOGY4OC0zNDM2M2JjN2M0YzAiOnsiY3JlYXRlIjo2MDAwMDAwMDAwMDAsImRlbGV0ZSI6MTIwMDAwMDAwMDAwMH0sInNjaGVtYV92ZXJzaW9uIjoiMSJ9",
          "dependencies": [
            "module.iam.aws_iam_instance_profile.nodes",
            "module.iam.aws_iam_policy.vpc_flow_logs_policy",
            "module.iam.aws_iam_role.cluster",
            "module.iam.aws_iam_role.nodes",
            "module.iam.aws_iam_role.vpc_flow_logs_role",
            "module.iam.aws_iam_role_policy_attachment.AmazonEC2ContainerRegistryReadOnly",
            "module.iam.aws_iam_role_policy_attachment.AmazonEKSWorkerNodePolicy",
            "module.iam.aws_iam_role_policy_attachment.AmazonEKS_CNI_Policy",
            "module.iam.aws_iam_role_policy_attachment.cluster_AmazonEKSClusterPolicy",
            "module.iam.aws_iam_role_policy_attachment.node_group_elb_policy",
            "module.iam.aws_iam_role_policy_attachment.vpc_flow_logs_attach",
            "module.vpc.aws_vpc.eks_vpc"
          ]
        }
      ]
    },
    {
      "module": "module.vpc",
      "mode": "managed",
      "type": "aws_vpc",
      "name": "eks_vpc",
      "provider": "provider[\"registry.terraform.io/hashicorp/aws\"]",
      "instances": [
        {
          "schema_version": 1,
          "attributes": {
            "arn": "arn:aws:ec2:eu-west-2:038774803581:vpc/vpc-0c9856ad8cb52a4c3",
            "assign_generated_ipv6_cidr_block": false,
            "cidr_block": "10.0.0.0/16",
            "default_network_acl_id": "acl-085e58e0c7d8a6051",
            "default_route_table_id": "rtb-0e42bc9dc7618c9c8",
            "default_security_group_id": "sg-0581afaa7e9b80238",
            "dhcp_options_id": "dopt-06da1b4ac7019d8bf",
            "enable_dns_hostnames": true,
            "enable_dns_support": true,
            "enable_network_address_usage_metrics": false,
            "id": "vpc-0c9856ad8cb52a4c3",
            "instance_tenancy": "default",
            "ipv4_ipam_pool_id": null,
            "ipv4_netmask_length": null,
            "ipv6_association_id": "",
            "ipv6_cidr_block": "",
            "ipv6_cidr_block_network_border_group": "",
            "ipv6_ipam_pool_id": "",
            "ipv6_netmask_length": 0,
            "main_route_table_id": "rtb-0e42bc9dc7618c9c8",
            "owner_id": "038774803581",
            "tags": {
              "Name": "Main-VPC"
            },
            "tags_all": {
              "Name": "Main-VPC"
            }
          },
          "sensitive_attributes": [],
          "identity_schema_version": 0,
          "private": "eyJzY2hlbWFfdmVyc2lvbiI6IjEifQ==",
          "dependencies": [
            "module.iam.aws_iam_instance_profile.nodes",
            "module.iam.aws_iam_policy.vpc_flow_logs_policy",
            "module.iam.aws_iam_role.cluster",
            "module.iam.aws_iam_role.nodes",
            "module.iam.aws_iam_role.vpc_flow_logs_role",
            "module.iam.aws_iam_role_policy_attachment.AmazonEC2ContainerRegistryReadOnly",
            "module.iam.aws_iam_role_policy_attachment.AmazonEKSWorkerNodePolicy",
            "module.iam.aws_iam_role_policy_attachment.AmazonEKS_CNI_Policy",
            "module.iam.aws_iam_role_policy_attachment.cluster_AmazonEKSClusterPolicy",
            "module.iam.aws_iam_role_policy_attachment.node_group_elb_policy",
            "module.iam.aws_iam_role_policy_attachment.vpc_flow_logs_attach"
          ]
        }
      ]
    }
  ],
  "check_results": null
}
