{
  "version": 4,
  "terraform_version": "1.13.3",
  "serial": 145,
  "lineage": "2b1cb7ba-dec8-4fa6-573d-81903c8f6e55",
  "outputs": {},
  "resources": [
    {
      "mode": "data",
      "type": "aws_eks_cluster_auth",
      "name": "cluster_auth",
      "provider": "provider[\"registry.terraform.io/hashicorp/aws\"]",
      "instances": [
        {
          "schema_version": 0,
          "attributes": {
            "id": "eks-cluster",
            "name": "eks-cluster",
            "token": "k8s-aws-v1.aHR0cHM6Ly9zdHMuZXUtd2VzdC0yLmFtYXpvbmF3cy5jb20vP0FjdGlvbj1HZXRDYWxsZXJJZGVudGl0eSZWZXJzaW9uPTIwMTEtMDYtMTUmWC1BbXotQWxnb3JpdGhtPUFXUzQtSE1BQy1TSEEyNTYmWC1BbXotQ3JlZGVudGlhbD1BS0lBUVNCWklSUjY2RjdFVkNWTCUyRjIwMjYwMjExJTJGZXUtd2VzdC0yJTJGc3RzJTJGYXdzNF9yZXF1ZXN0JlgtQW16LURhdGU9MjAyNjAyMTFUMjEyODE0WiZYLUFtei1FeHBpcmVzPTAmWC1BbXotU2lnbmVkSGVhZGVycz1ob3N0JTNCeC1rOHMtYXdzLWlkJlgtQW16LVNpZ25hdHVyZT1mYmZjYjQ0ZmRjMmYxMjIzZmY5YmViM2Q0M2MwYmM1ZDZhZjkxZGMyZjM0ZDg4YTc2MjgxYWE2ZGY4NzEwYWE0"
          },
          "sensitive_attributes": [
            [
              {
                "type": "get_attr",
                "value": "token"
              }
            ]
          ],
          "identity_schema_version": 0
        }
      ]
    },
    {
      "module": "module.cert-manager",
      "mode": "managed",
      "type": "helm_release",
      "name": "cert_manager",
      "provider": "provider[\"registry.terraform.io/hashicorp/helm\"]",
      "instances": [
        {
          "schema_version": 1,
          "attributes": {
            "atomic": false,
            "chart": "cert-manager",
            "cleanup_on_fail": false,
            "create_namespace": true,
            "dependency_update": false,
            "description": null,
            "devel": null,
            "disable_crd_hooks": false,
            "disable_openapi_validation": false,
            "disable_webhooks": false,
            "force_update": false,
            "id": "cert-manager",
            "keyring": null,
            "lint": false,
            "manifest": null,
            "max_history": 0,
            "metadata": [
              {
                "app_version": "v1.16.1",
                "chart": "cert-manager",
                "name": "cert-manager",
                "namespace": "cert-manager",
                "revision": 1,
                "values": "{\"installCRDs\":true}",
                "version": "v1.16.1"
              }
            ],
            "name": "cert-manager",
            "namespace": "cert-manager",
            "pass_credentials": false,
            "postrender": [],
            "recreate_pods": false,
            "render_subchart_notes": true,
            "replace": false,
            "repository": "https://charts.jetstack.io",
            "repository_ca_file": null,
            "repository_cert_file": null,
            "repository_key_file": null,
            "repository_password": null,
            "repository_username": null,
            "reset_values": false,
            "reuse_values": false,
            "set": [
              {
                "name": "installCRDs",
                "type": "",
                "value": "true"
              }
            ],
            "set_list": [],
            "set_sensitive": [],
            "skip_crds": false,
            "status": "deployed",
            "timeout": 600,
            "values": null,
            "verify": false,
            "version": "v1.16.1",
            "wait": true,
            "wait_for_jobs": false
          },
          "sensitive_attributes": [
            [
              {
                "type": "get_attr",
                "value": "repository_password"
              }
            ]
          ],
          "identity_schema_version": 0,
          "private": "eyJzY2hlbWFfdmVyc2lvbiI6IjEifQ==",
          "dependencies": [
            "module.eks.aws_eks_access_entry.terraform_admin",
            "module.eks.aws_eks_access_policy_association.terraform_admin",
            "module.eks.aws_eks_addon.ebs_csi_driver",
            "module.eks.aws_eks_addon.kube-proxy",
            "module.eks.aws_eks_addon.metrics_server",
            "module.eks.aws_eks_addon.vpc_cni",
            "module.eks.aws_eks_cluster.eks_cluster",
            "module.eks.aws_eks_node_group.private_node_1",
            "module.eks.aws_eks_node_group.private_node_2",
            "module.eks.aws_iam_openid_connect_provider.eks",
            "module.eks.aws_iam_role.ebs_csi_driver",
            "module.eks.aws_iam_role.vpc_cni",
            "module.eks.aws_iam_role_policy_attachment.ebs_csi_driver_attach",
            "module.eks.aws_iam_role_policy_attachment.vpc_cni_policy",
            "module.eks.data.aws_eks_cluster.eks",
            "module.eks.data.tls_certificate.eks",
            "module.iam.aws_iam_instance_profile.nodes",
            "module.iam.aws_iam_policy.vpc_flow_logs_policy",
            "module.iam.aws_iam_role.cluster",
            "module.iam.aws_iam_role.nodes",
            "module.iam.aws_iam_role.vpc_flow_logs_role",
            "module.iam.aws_iam_role_policy_attachment.AmazonEC2ContainerRegistryReadOnly",
            "module.iam.aws_iam_role_policy_attachment.AmazonEKSWorkerNodePolicy",
            "module.iam.aws_iam_role_policy_attachment.AmazonEKS_CNI_Policy",
            "module.iam.aws_iam_role_policy_attachment.cluster_AmazonEKSClusterPolicy",
            "module.iam.aws_iam_role_policy_attachment.node_group_elb_policy",
            "module.iam.aws_iam_role_policy_attachment.vpc_flow_logs_attach",
            "module.nginx-ingress.helm_release.nginx_ingress",
            "module.vpc.aws_cloudwatch_log_group.cloud_watch_logs",
            "module.vpc.aws_eip.ngw-eip",
            "module.vpc.aws_flow_log.cloud_watch",
            "module.vpc.aws_internet_gateway.igw",
            "module.vpc.aws_kms_alias.kms_alias",
            "module.vpc.aws_kms_key.kms_key",
            "module.vpc.aws_kms_key_policy.kms_key_policy",
            "module.vpc.aws_nat_gateway.ngw",
            "module.vpc.aws_route_table.private-rt",
            "module.vpc.aws_route_table.public-rt",
            "module.vpc.aws_route_table_association.private-route-association-2a",
            "module.vpc.aws_route_table_association.private-route-association-2b",
            "module.vpc.aws_route_table_association.pub-route-association-2a",
            "module.vpc.aws_route_table_association.pub-route-association-2b",
            "module.vpc.aws_subnet.private-subnet-2a",
            "module.vpc.aws_subnet.private-subnet-2b",
            "module.vpc.aws_subnet.public-subnet-2a",
            "module.vpc.aws_subnet.public-subnet-2b",
            "module.vpc.aws_vpc.eks_vpc"
          ]
        }
      ]
    },
    {
      "module": "module.cert-manager",
      "mode": "managed",
      "type": "kubectl_manifest",
      "name": "letsencrypt_staging",
      "provider": "provider[\"registry.terraform.io/gavinbunney/kubectl\"]",
      "instances": [
        {
          "schema_version": 1,
          "attributes": {
            "api_version": "cert-manager.io/v1",
            "apply_only": false,
            "force_conflicts": false,
            "force_new": false,
            "id": "/apis/cert-manager.io/v1/clusterissuers/letsencrypt-staging",
            "ignore_fields": null,
            "kind": "ClusterIssuer",
            "live_manifest_incluster": "965d0cd6538f63ee1ae709e7ace849e57c8d0cbd9e4763c19d55282ea137a8dc",
            "live_uid": "57add4ca-44aa-478f-9d5e-6dc26bc35e24",
            "name": "letsencrypt-staging",
            "namespace": null,
            "override_namespace": null,
            "sensitive_fields": null,
            "server_side_apply": false,
            "timeouts": null,
            "uid": "57add4ca-44aa-478f-9d5e-6dc26bc35e24",
            "validate_schema": true,
            "wait": null,
            "wait_for_rollout": true,
            "yaml_body": "apiVersion: cert-manager.io/v1\r\nkind: ClusterIssuer\r\nmetadata:\r\n  name: letsencrypt-staging\r\nspec:\r\n  acme:\r\n    server: https://acme-staging-v02.api.letsencrypt.org/directory\r\n    email: stokemubashir@gmail.com\r\n    privateKeySecretRef:\r\n      name: letsencrypt-nginx-cert-staging\r\n    solvers:\r\n    - http01:\r\n        ingress:\r\n          class: nginx\r\n",
            "yaml_body_parsed": "apiVersion: cert-manager.io/v1\nkind: ClusterIssuer\nmetadata:\n  name: letsencrypt-staging\nspec:\n  acme:\n    email: stokemubashir@gmail.com\n    privateKeySecretRef:\n      name: letsencrypt-nginx-cert-staging\n    server: https://acme-staging-v02.api.letsencrypt.org/directory\n    solvers:\n    - http01:\n        ingress:\n          class: nginx\n",
            "yaml_incluster": "965d0cd6538f63ee1ae709e7ace849e57c8d0cbd9e4763c19d55282ea137a8dc"
          },
          "sensitive_attributes": [
            [
              {
                "type": "get_attr",
                "value": "live_manifest_incluster"
              }
            ],
            [
              {
                "type": "get_attr",
                "value": "yaml_body"
              }
            ],
            [
              {
                "type": "get_attr",
                "value": "yaml_incluster"
              }
            ]
          ],
          "identity_schema_version": 0,
          "private": "eyJlMmJmYjczMC1lY2FhLTExZTYtOGY4OC0zNDM2M2JjN2M0YzAiOnsiY3JlYXRlIjo2MDAwMDAwMDAwMDB9LCJzY2hlbWFfdmVyc2lvbiI6IjEifQ==",
          "dependencies": [
            "module.cert-manager.helm_release.cert_manager",
            "module.eks.aws_eks_access_entry.terraform_admin",
            "module.eks.aws_eks_access_policy_association.terraform_admin",
            "module.eks.aws_eks_addon.ebs_csi_driver",
            "module.eks.aws_eks_addon.kube-proxy",
            "module.eks.aws_eks_addon.metrics_server",
            "module.eks.aws_eks_addon.vpc_cni",
            "module.eks.aws_eks_cluster.eks_cluster",
            "module.eks.aws_eks_node_group.private_node_1",
            "module.eks.aws_eks_node_group.private_node_2",
            "module.eks.aws_iam_openid_connect_provider.eks",
            "module.eks.aws_iam_role.ebs_csi_driver",
            "module.eks.aws_iam_role.vpc_cni",
            "module.eks.aws_iam_role_policy_attachment.ebs_csi_driver_attach",
            "module.eks.aws_iam_role_policy_attachment.vpc_cni_policy",
            "module.eks.data.aws_eks_cluster.eks",
            "module.eks.data.tls_certificate.eks",
            "module.iam.aws_iam_instance_profile.nodes",
            "module.iam.aws_iam_policy.vpc_flow_logs_policy",
            "module.iam.aws_iam_role.cluster",
            "module.iam.aws_iam_role.nodes",
            "module.iam.aws_iam_role.vpc_flow_logs_role",
            "module.iam.aws_iam_role_policy_attachment.AmazonEC2ContainerRegistryReadOnly",
            "module.iam.aws_iam_role_policy_attachment.AmazonEKSWorkerNodePolicy",
            "module.iam.aws_iam_role_policy_attachment.AmazonEKS_CNI_Policy",
            "module.iam.aws_iam_role_policy_attachment.cluster_AmazonEKSClusterPolicy",
            "module.iam.aws_iam_role_policy_attachment.node_group_elb_policy",
            "module.iam.aws_iam_role_policy_attachment.vpc_flow_logs_attach",
            "module.nginx-ingress.helm_release.nginx_ingress",
            "module.vpc.aws_cloudwatch_log_group.cloud_watch_logs",
            "module.vpc.aws_eip.ngw-eip",
            "module.vpc.aws_flow_log.cloud_watch",
            "module.vpc.aws_internet_gateway.igw",
            "module.vpc.aws_kms_alias.kms_alias",
            "module.vpc.aws_kms_key.kms_key",
            "module.vpc.aws_kms_key_policy.kms_key_policy",
            "module.vpc.aws_nat_gateway.ngw",
            "module.vpc.aws_route_table.private-rt",
            "module.vpc.aws_route_table.public-rt",
            "module.vpc.aws_route_table_association.private-route-association-2a",
            "module.vpc.aws_route_table_association.private-route-association-2b",
            "module.vpc.aws_route_table_association.pub-route-association-2a",
            "module.vpc.aws_route_table_association.pub-route-association-2b",
            "module.vpc.aws_subnet.private-subnet-2a",
            "module.vpc.aws_subnet.private-subnet-2b",
            "module.vpc.aws_subnet.public-subnet-2a",
            "module.vpc.aws_subnet.public-subnet-2b",
            "module.vpc.aws_vpc.eks_vpc"
          ]
        }
      ]
    },
    {
      "module": "module.eks",
      "mode": "data",
      "type": "aws_eks_cluster",
      "name": "eks",
      "provider": "provider[\"registry.terraform.io/hashicorp/aws\"]",
      "instances": [
        {
          "schema_version": 0,
          "attributes": {
            "access_config": [
              {
                "authentication_mode": "API",
                "bootstrap_cluster_creator_admin_permissions": true
              }
            ],
            "arn": "arn:aws:eks:eu-west-2:038774803581:cluster/eks-cluster",
            "certificate_authority": [
              {
                "data": "LS0tLS1CRUdJTiBDRVJUSUZJQ0FURS0tLS0tCk1JSURCVENDQWUyZ0F3SUJBZ0lJSTh0c3hWMCtvYTR3RFFZSktvWklodmNOQVFFTEJRQXdGVEVUTUJFR0ExVUUKQXhNS2EzVmlaWEp1WlhSbGN6QWVGdzB5TmpBeU1URXhPVFV6TVRGYUZ3MHpOakF5TURreE9UVTRNVEZhTUJVeApFekFSQmdOVkJBTVRDbXQxWW1WeWJtVjBaWE13Z2dFaU1BMEdDU3FHU0liM0RRRUJBUVVBQTRJQkR3QXdnZ0VLCkFvSUJBUURTYTljSi9QUGo3MEVWTmJ5SEVWSElSWE91RnhiWU5ZNG1ESkYrZHFJMWZ6UlJmUVd4ZTlyQ1ppL1QKTWhyRkcvbFlWaXE1TEtYVThKbEpJK3Nha3FQdVovTDdybmxHdGdBakV5NXRkUmlPS3paN25kOTVxSHQydkxlOQp1clBrTkI0bk45ZE1PbUdKYk9ubU93bEdwRitEUmRKdS9RSktldXRObnJCUjIwN1ZyN1Z3NG4yTkJkN3hmVlJoClFhVHVvOUQ4MnpybkxUcHNKd0hqM2tFKy9KM3NwTGc4RFM1SytaeHdHYUZIRWs2YVZTOWtRTTJ3Mnd0Rmg4c0QKc2xwSlRwc3V0ZTdQZXBGcXVMSlhjc28za2xrbWowS2pCVm9DZmxTZGZHMlQzNHdDbzVEeXJzM0F1aWh2TXR2OApiZkI0L3J4M3JRRlNwaHpuY3RZcTVrT0JjS2FwQWdNQkFBR2pXVEJYTUE0R0ExVWREd0VCL3dRRUF3SUNwREFQCkJnTlZIUk1CQWY4RUJUQURBUUgvTUIwR0ExVWREZ1FXQkJUREhIbEN1cnMxSlFpdTdpNUZGUTBXVlBnRUVEQVYKQmdOVkhSRUVEakFNZ2dwcmRXSmxjbTVsZEdWek1BMEdDU3FHU0liM0RRRUJDd1VBQTRJQkFRQnRqNjJ0RkdZVApodkp1NjhJMnVaL01HMmRjMlRNS1ZYS0FEZi9KdnRJTEhxMGx5TFNrYnc4U0NrUis2TlhUSDFWaFloZG5IVjVmCk1MMmNrWmd0MnNKeUoxa3V0SjlXV28rRjZXbHM0cVJ6R3NhS2dBcGJ1RzFmN0ZkZjA5VHZqd1ZEZTUvbUlrR1kKcXJnazJNSmp1dXNkSGVyWXlNbUlQNEVWNVRnWXYwaGQwZmFiSVEzQmZyR01TbVlwTy9TYkZVWGhoZEdqY0VTLwowSlNTeklRSHUxNGU0NEZxRDdQRkFRWVM0eUtLWjVVQUx0cXVoSjJGSVhZbndEYjhiTkVaQ1RiR2VYK1Z6VXMvCld4VE1nbHlzWFIxTW1ITlhBRGUydE55Yy9FeWdiaDZockJpSkEvY2Nsa084Z09Gc0tmTUx3V0hGU21OVkZ0WXMKai8yL1hhMFl0c1RKCi0tLS0tRU5EIENFUlRJRklDQVRFLS0tLS0K"
              }
            ],
            "cluster_id": null,
            "compute_config": [],
            "created_at": "2026-02-11T19:52:59Z",
            "enabled_cluster_log_types": [],
            "endpoint": "https://5CA90BB3B32AEE369F0558985E6AC909.gr7.eu-west-2.eks.amazonaws.com",
            "id": "eks-cluster",
            "identity": [
              {
                "oidc": [
                  {
                    "issuer": "https://oidc.eks.eu-west-2.amazonaws.com/id/5CA90BB3B32AEE369F0558985E6AC909"
                  }
                ]
              }
            ],
            "kubernetes_network_config": [
              {
                "elastic_load_balancing": [
                  {
                    "enabled": false
                  }
                ],
                "ip_family": "ipv4",
                "service_ipv4_cidr": "172.20.0.0/16",
                "service_ipv6_cidr": ""
              }
            ],
            "name": "eks-cluster",
            "outpost_config": [],
            "platform_version": "eks.58",
            "remote_network_config": [],
            "role_arn": "arn:aws:iam::038774803581:role/eks-cluster",
            "status": "ACTIVE",
            "storage_config": [],
            "tags": {
              "Environment": "labs",
              "Project": "eks-assignment"
            },
            "upgrade_policy": [
              {
                "support_type": "EXTENDED"
              }
            ],
            "version": "1.30",
            "vpc_config": [
              {
                "cluster_security_group_id": "sg-03179b3c3a1683d68",
                "endpoint_private_access": true,
                "endpoint_public_access": true,
                "public_access_cidrs": [
                  "0.0.0.0/0"
                ],
                "security_group_ids": [],
                "subnet_ids": [
                  "subnet-05a9473ab5931d671",
                  "subnet-0a5b34e400adbb373"
                ],
                "vpc_id": "vpc-0ed77d3ac0836ee4a"
              }
            ],
            "zonal_shift_config": []
          },
          "sensitive_attributes": [],
          "identity_schema_version": 0
        }
      ]
    },
    {
      "module": "module.eks",
      "mode": "data",
      "type": "tls_certificate",
      "name": "eks",
      "provider": "provider[\"registry.terraform.io/hashicorp/tls\"]",
      "instances": [
        {
          "schema_version": 0,
          "attributes": {
            "certificates": [
              {
                "cert_pem": "-----BEGIN CERTIFICATE-----\nMIIEkjCCA3qgAwIBAgITBn+USionzfP6wq4rAfkI7rnExjANBgkqhkiG9w0BAQsF\nADCBmDELMAkGA1UEBhMCVVMxEDAOBgNVBAgTB0FyaXpvbmExEzARBgNVBAcTClNj\nb3R0c2RhbGUxJTAjBgNVBAoTHFN0YXJmaWVsZCBUZWNobm9sb2dpZXMsIEluYy4x\nOzA5BgNVBAMTMlN0YXJmaWVsZCBTZXJ2aWNlcyBSb290IENlcnRpZmljYXRlIEF1\ndGhvcml0eSAtIEcyMB4XDTE1MDUyNTEyMDAwMFoXDTM3MTIzMTAxMDAwMFowOTEL\nMAkGA1UEBhMCVVMxDzANBgNVBAoTBkFtYXpvbjEZMBcGA1UEAxMQQW1hem9uIFJv\nb3QgQ0EgMTCCASIwDQYJKoZIhvcNAQEBBQADggEPADCCAQoCggEBALJ4gHHKeNXj\nca9HgFB0fW7Y14h29Jlo91ghYPl0hAEvrAIthtOgQ3pOsqTQNroBvo3bSMgHFzZM\n9O6II8c+6zf1tRn4SWiw3te5djgdYZ6k/oI2peVKVuRF4fn9tBb6dNqcmzU5L/qw\nIFAGbHrQgLKm+a/sRxmPUDgH3KKHOVj4utWp+UhnMJbulHheb4mjUcAwhmahRWa6\nVOujw5H5SNz/0egwLX0tdHA114gk957EWW67c4cX8jJGKLhD+rcdqsq08p8kDi1L\n93FcXmn/6pUCyziKrlA4b9v7LWIbxcceVOF34GfID5yHI9Y/QCB/IIDEgEw+OyQm\njgSubJrIqg0CAwEAAaOCATEwggEtMA8GA1UdEwEB/wQFMAMBAf8wDgYDVR0PAQH/\nBAQDAgGGMB0GA1UdDgQWBBSEGMyFNOy8DJSULghZnMeyEE4KCDAfBgNVHSMEGDAW\ngBScXwDfqgHXMCs4iKK4bUqc8hGRgzB4BggrBgEFBQcBAQRsMGowLgYIKwYBBQUH\nMAGGImh0dHA6Ly9vY3NwLnJvb3RnMi5hbWF6b250cnVzdC5jb20wOAYIKwYBBQUH\nMAKGLGh0dHA6Ly9jcnQucm9vdGcyLmFtYXpvbnRydXN0LmNvbS9yb290ZzIuY2Vy\nMD0GA1UdHwQ2MDQwMqAwoC6GLGh0dHA6Ly9jcmwucm9vdGcyLmFtYXpvbnRydXN0\nLmNvbS9yb290ZzIuY3JsMBEGA1UdIAQKMAgwBgYEVR0gADANBgkqhkiG9w0BAQsF\nAAOCAQEAYjdCXLwQtT6LLOkMm2xF4gcAevnFWAu5CIw+7bMlPLVvUOTNNWqnkzSW\nMiGpSESrnO09tKpzbeR/FoCJbM8oAxiDR3mjEH4wW6w7sGDgd9QIpuEdfF7Au/ma\neyKdpwAJfqxGF4PcnCZXmTA5YpaP7dreqsXMGz7KQ2hsVxa81Q4gLv7/wmpdLqBK\nbRRYh5TmOTFffHPLkIhqhBGWJ6bt2YFGpn6jcgAKUj6DiAdjd4lpFw85hdKrCEVN\n0FE6/V1dN2RMfjCyVSRCnTawXZwXgWHxyvkQAiSr6w10kY17RSlQOYiypok1JR4U\nakcjMS9cmvqtmg5iUaQqqcT5NJ0hGA==\n-----END CERTIFICATE-----\n",
                "is_ca": true,
                "issuer": "CN=Starfield Services Root Certificate Authority - G2,O=Starfield Technologies\\, Inc.,L=Scottsdale,ST=Arizona,C=US",
                "max_path_length": -1,
                "not_after": "2037-12-31T01:00:00Z",
                "not_before": "2015-05-25T12:00:00Z",
                "public_key_algorithm": "RSA",
                "serial_number": "144918191876577076464031512351042010504348870",
                "sha1_fingerprint": "06b25927c42a721631c1efd9431e648fa62e1e39",
                "signature_algorithm": "SHA256-RSA",
                "subject": "CN=Amazon Root CA 1,O=Amazon,C=US",
                "version": 3
              },
              {
                "cert_pem": "-----BEGIN CERTIFICATE-----\nMIIEXjCCA0agAwIBAgITB3MSOAudZoijOx7Zv5zNpo4ODzANBgkqhkiG9w0BAQsF\nADA5MQswCQYDVQQGEwJVUzEPMA0GA1UEChMGQW1hem9uMRkwFwYDVQQDExBBbWF6\nb24gUm9vdCBDQSAxMB4XDTIyMDgyMzIyMjEyOFoXDTMwMDgyMzIyMjEyOFowPDEL\nMAkGA1UEBhMCVVMxDzANBgNVBAoTBkFtYXpvbjEcMBoGA1UEAxMTQW1hem9uIFJT\nQSAyMDQ4IE0wMTCCASIwDQYJKoZIhvcNAQEBBQADggEPADCCAQoCggEBAOtxLKnL\nH4gokjIwr4pXD3i3NyWVVYesZ1yX0yLI2qIUZ2t88Gfa4gMqs1YSXca1R/lnCKeT\nepWSGA+0+fkQNpp/L4C2T7oTTsddUx7g3ZYzByDTlrwS5HRQQqEFE3O1T5tEJP4t\nf+28IoXsNiEzl3UGzicYgtzj2cWCB41eJgEmJmcf2T8TzzK6a614ZPyq/w4CPAff\nnAV4coz96nW3AyiE2uhuB4zQUIXvgVSycW7sbWLvj5TDXunEpNCRwC4kkZjK7rol\njtT2cbb7W2s4Bkg3R42G3PLqBvt2N32e/0JOTViCk8/iccJ4sXqrS1uUN4iB5Nmv\nJK74csVl+0u0UecCAwEAAaOCAVowggFWMBIGA1UdEwEB/wQIMAYBAf8CAQAwDgYD\nVR0PAQH/BAQDAgGGMB0GA1UdJQQWMBQGCCsGAQUFBwMBBggrBgEFBQcDAjAdBgNV\nHQ4EFgQUgbgOY4qJEhjl+js7UJWf5uWQE4UwHwYDVR0jBBgwFoAUhBjMhTTsvAyU\nlC4IWZzHshBOCggwewYIKwYBBQUHAQEEbzBtMC8GCCsGAQUFBzABhiNodHRwOi8v\nb2NzcC5yb290Y2ExLmFtYXpvbnRydXN0LmNvbTA6BggrBgEFBQcwAoYuaHR0cDov\nL2NydC5yb290Y2ExLmFtYXpvbnRydXN0LmNvbS9yb290Y2ExLmNlcjA/BgNVHR8E\nODA2MDSgMqAwhi5odHRwOi8vY3JsLnJvb3RjYTEuYW1hem9udHJ1c3QuY29tL3Jv\nb3RjYTEuY3JsMBMGA1UdIAQMMAowCAYGZ4EMAQIBMA0GCSqGSIb3DQEBCwUAA4IB\nAQCtAN4CBSMuBjJitGuxlBbkEUDeK/pZwTXv4KqPK0G50fOHOQAd8j21p0cMBgbG\nkfMHVwLU7b0XwZCav0h1ogdPMN1KakK1DT0VwA/+hFvGPJnMV1Kx2G4S1ZaSk0uU\n5QfoiYIIano01J5k4T2HapKQmmOhS/iPtuo00wW+IMLeBuKMn3OLn005hcrOGTad\nhcmeyfhQP7Z+iKHvyoQGi1C0ClymHETx/chhQGDyYSWqB/THwnN15AwLQo0E5V9E\nSJlbe4mBlqeInUsNYugExNf+tOiybcrswBy8OFsd34XOW3rjSUtsuafd9AWySa3h\nxRRrwszrzX/WWGm6wyB+f7C4\n-----END CERTIFICATE-----\n",
                "is_ca": true,
                "issuer": "CN=Amazon Root CA 1,O=Amazon,C=US",
                "max_path_length": 0,
                "not_after": "2030-08-23T22:21:28Z",
                "not_before": "2022-08-23T22:21:28Z",
                "public_key_algorithm": "RSA",
                "serial_number": "166129328851546858514271303855646110030630415",
                "sha1_fingerprint": "2ad974a775f73cbdbbd8f5ac3a49255fa8fb1f8c",
                "signature_algorithm": "SHA256-RSA",
                "subject": "CN=Amazon RSA 2048 M01,O=Amazon,C=US",
                "version": 3
              },
              {
                "cert_pem": "-----BEGIN CERTIFICATE-----\nMIIF3DCCBMSgAwIBAgIQDgVgzo28zbbHyRKijvTSOzANBgkqhkiG9w0BAQsFADA8\nMQswCQYDVQQGEwJVUzEPMA0GA1UEChMGQW1hem9uMRwwGgYDVQQDExNBbWF6b24g\nUlNBIDIwNDggTTAxMB4XDTI2MDEyODAwMDAwMFoXDTI3MDIyNjIzNTk1OVowKDEm\nMCQGA1UEAwwdKi5la3MuZXUtd2VzdC0yLmFtYXpvbmF3cy5jb20wggEiMA0GCSqG\nSIb3DQEBAQUAA4IBDwAwggEKAoIBAQDUI3ZC6OK8840EOiF7u0YhpD/f447+mkNQ\n7gMmpsW2MqoqLNCcnEbzSuL9WM8gY0hg9nz/BiIGHr0NEpCqhdnDQirMkz/3zXvE\nVQVeJb89JLsSz36UzQ5rKurgx0R+ViOhG0JvncqY7Cft+PjwuhYsqw4fFtdTViKl\nb1+Y/GY42lhNBlcSis/ZYSB67LiGLHhVzF4G8QY+iGV53WVTSkvEETAX3nepkWih\npdvv54e+6/T3LLsEyN8k2wyXK9v2bWYoauIYfupehrYjvzyVmc+u7feZCtJb103x\n+LNmYthyTUhwVnGHJOrB83Kqi5uy/bZRbmRahGncn5QtRh1QFs0/AgMBAAGjggLs\nMIIC6DAfBgNVHSMEGDAWgBSBuA5jiokSGOX6OztQlZ/m5ZAThTAdBgNVHQ4EFgQU\nDPmdKl+duNs0LZ2MFKlMkYnyfDQwKAYDVR0RBCEwH4IdKi5la3MuZXUtd2VzdC0y\nLmFtYXpvbmF3cy5jb20wEwYDVR0gBAwwCjAIBgZngQwBAgEwDgYDVR0PAQH/BAQD\nAgWgMBMGA1UdJQQMMAoGCCsGAQUFBwMBMDsGA1UdHwQ0MDIwMKAuoCyGKmh0dHA6\nLy9jcmwucjJtMDEuYW1hem9udHJ1c3QuY29tL3IybTAxLmNybDB1BggrBgEFBQcB\nAQRpMGcwLQYIKwYBBQUHMAGGIWh0dHA6Ly9vY3NwLnIybTAxLmFtYXpvbnRydXN0\nLmNvbTA2BggrBgEFBQcwAoYqaHR0cDovL2NydC5yMm0wMS5hbWF6b250cnVzdC5j\nb20vcjJtMDEuY2VyMAwGA1UdEwEB/wQCMAAwggF+BgorBgEEAdZ5AgQCBIIBbgSC\nAWoBaAB2AExj3JjlnB2riPYeij3ero+rRKM3e1+blMP7oZz8wb4mAAABnAH5r14A\nAAQDAEcwRQIhAPmuu0mV3AaifgNOYdLVJDNB+NTc4Wkls5Ckf/5+G9piAiBI7VqM\nOr3IDLNJjgu7eS0qbAM9AOStjKM3ctNa1ogRfwB2AByfaCzp+vBFaVD4G5aKh93b\nMhDYTObIsuOCUkrEz1mfAAABnAH5r1AAAAQDAEcwRQIgBCkR4/sYLYILvC2W89Eg\nX8CKXSsXqsRYiIv6eLcy7nwCIQCtD9OZtyl1X/Po8v4cCnUZtstKP8emw3TyRS/J\n6hADOwB2AGBMmq96f3dfAdQG/JINyJnrCxx9+MlSG/r6F3c7l4vJAAABnAH5sDkA\nAAQDAEcwRQIgUAgAPWg/TRL05Iv8ovq1Yajsgkhtd7gc0CsM2HPHaHkCIQC6eI8r\nRo/4vgUwIX34lIXmp5NMlbvDWiXcJ6OeR3h2hzANBgkqhkiG9w0BAQsFAAOCAQEA\niSsRllFihiF605Gck3PjdYzPtiRlqDoree4fW6e9RMw8Unciu7fG2u+Q4b07Md7R\nDQbMhRnbuqkO+ITwofffdp/H32PIRO3CsMjizv4iUX3jtXOXs2P2L/9EjGBdkUqu\nj1Zsqn/7S09yPC7404SXd1T12AWDXmTtJPJNclLmTkSvCHLpzTzr4M12mCPo79Yh\nbOe72AubQ7mCJUKq0c6/y8P3GXgKY/gM+QSlhAXGhOm7EJWl4/qG6Puc+XrN1WjY\nLfSomIwdg3ZlVR82HC21RoHJHXUQI5U8RL98PkVU1AdgwPIMDilLgQwzPgtugAoF\nrbv0XbKOKHhTddkgS+NHBg==\n-----END CERTIFICATE-----\n",
                "is_ca": false,
                "issuer": "CN=Amazon RSA 2048 M01,O=Amazon,C=US",
                "max_path_length": -1,
                "not_after": "2027-02-26T23:59:59Z",
                "not_before": "2026-01-28T00:00:00Z",
                "public_key_algorithm": "RSA",
                "serial_number": "18637116901470560753339867372453155387",
                "sha1_fingerprint": "feb55add7a05e253cac6f0ec720079fbd861167c",
                "signature_algorithm": "SHA256-RSA",
                "subject": "CN=*.eks.eu-west-2.amazonaws.com",
                "version": 3
              }
            ],
            "content": null,
            "id": "1dc76326fb30ec85b6567240ab789feda42aabfa",
            "url": "https://oidc.eks.eu-west-2.amazonaws.com/id/5CA90BB3B32AEE369F0558985E6AC909",
            "verify_chain": true
          },
          "sensitive_attributes": [],
          "identity_schema_version": 0
        }
      ]
    },
    {
      "module": "module.eks",
      "mode": "managed",
      "type": "aws_eks_access_entry",
      "name": "terraform_admin",
      "provider": "provider[\"registry.terraform.io/hashicorp/aws\"]",
      "instances": [
        {
          "schema_version": 0,
          "attributes": {
            "access_entry_arn": "arn:aws:eks:eu-west-2:038774803581:access-entry/eks-cluster/role/038774803581/github.to.aws.oidc/7ece2725-de2a-74bd-7e9c-56ba2c59400c",
            "cluster_name": "eks-cluster",
            "created_at": "2026-02-11T20:01:52Z",
            "id": "eks-cluster:arn:aws:iam::038774803581:role/github.to.aws.oidc",
            "kubernetes_groups": [],
            "modified_at": "2026-02-11T20:01:52Z",
            "principal_arn": "arn:aws:iam::038774803581:role/github.to.aws.oidc",
            "tags": {},
            "tags_all": {},
            "timeouts": null,
            "type": "STANDARD",
            "user_name": "arn:aws:sts::038774803581:assumed-role/github.to.aws.oidc/{{SessionName}}"
          },
          "sensitive_attributes": [],
          "identity_schema_version": 0,
          "private": "eyJlMmJmYjczMC1lY2FhLTExZTYtOGY4OC0zNDM2M2JjN2M0YzAiOnsiY3JlYXRlIjo2MDAwMDAwMDAwMDAsImRlbGV0ZSI6NjAwMDAwMDAwMDAwfX0=",
          "dependencies": [
            "module.eks.aws_eks_cluster.eks_cluster",
            "module.iam.aws_iam_instance_profile.nodes",
            "module.iam.aws_iam_policy.vpc_flow_logs_policy",
            "module.iam.aws_iam_role.cluster",
            "module.iam.aws_iam_role.nodes",
            "module.iam.aws_iam_role.vpc_flow_logs_role",
            "module.iam.aws_iam_role_policy_attachment.AmazonEC2ContainerRegistryReadOnly",
            "module.iam.aws_iam_role_policy_attachment.AmazonEKSWorkerNodePolicy",
            "module.iam.aws_iam_role_policy_attachment.AmazonEKS_CNI_Policy",
            "module.iam.aws_iam_role_policy_attachment.cluster_AmazonEKSClusterPolicy",
            "module.iam.aws_iam_role_policy_attachment.node_group_elb_policy",
            "module.iam.aws_iam_role_policy_attachment.vpc_flow_logs_attach",
            "module.vpc.aws_cloudwatch_log_group.cloud_watch_logs",
            "module.vpc.aws_eip.ngw-eip",
            "module.vpc.aws_flow_log.cloud_watch",
            "module.vpc.aws_internet_gateway.igw",
            "module.vpc.aws_kms_alias.kms_alias",
            "module.vpc.aws_kms_key.kms_key",
            "module.vpc.aws_kms_key_policy.kms_key_policy",
            "module.vpc.aws_nat_gateway.ngw",
            "module.vpc.aws_route_table.private-rt",
            "module.vpc.aws_route_table.public-rt",
            "module.vpc.aws_route_table_association.private-route-association-2a",
            "module.vpc.aws_route_table_association.private-route-association-2b",
            "module.vpc.aws_route_table_association.pub-route-association-2a",
            "module.vpc.aws_route_table_association.pub-route-association-2b",
            "module.vpc.aws_subnet.private-subnet-2a",
            "module.vpc.aws_subnet.private-subnet-2b",
            "module.vpc.aws_subnet.public-subnet-2a",
            "module.vpc.aws_subnet.public-subnet-2b",
            "module.vpc.aws_vpc.eks_vpc"
          ]
        }
      ]
    },
    {
      "module": "module.eks",
      "mode": "managed",
      "type": "aws_eks_access_policy_association",
      "name": "terraform_admin",
      "provider": "provider[\"registry.terraform.io/hashicorp/aws\"]",
      "instances": [
        {
          "schema_version": 0,
          "attributes": {
            "access_scope": [
              {
                "namespaces": [],
                "type": "cluster"
              }
            ],
            "associated_at": "2026-02-11 20:01:52.449 +0000 UTC",
            "cluster_name": "eks-cluster",
            "id": "eks-cluster#arn:aws:iam::038774803581:role/github.to.aws.oidc#arn:aws:eks::aws:cluster-access-policy/AmazonEKSClusterAdminPolicy",
            "modified_at": "2026-02-11 20:01:52.449 +0000 UTC",
            "policy_arn": "arn:aws:eks::aws:cluster-access-policy/AmazonEKSClusterAdminPolicy",
            "principal_arn": "arn:aws:iam::038774803581:role/github.to.aws.oidc",
            "timeouts": null
          },
          "sensitive_attributes": [],
          "identity_schema_version": 0,
          "private": "eyJlMmJmYjczMC1lY2FhLTExZTYtOGY4OC0zNDM2M2JjN2M0YzAiOnsiY3JlYXRlIjo2MDAwMDAwMDAwMDAsImRlbGV0ZSI6NjAwMDAwMDAwMDAwfX0=",
          "dependencies": [
            "module.eks.aws_eks_cluster.eks_cluster",
            "module.iam.aws_iam_instance_profile.nodes",
            "module.iam.aws_iam_policy.vpc_flow_logs_policy",
            "module.iam.aws_iam_role.cluster",
            "module.iam.aws_iam_role.nodes",
            "module.iam.aws_iam_role.vpc_flow_logs_role",
            "module.iam.aws_iam_role_policy_attachment.AmazonEC2ContainerRegistryReadOnly",
            "module.iam.aws_iam_role_policy_attachment.AmazonEKSWorkerNodePolicy",
            "module.iam.aws_iam_role_policy_attachment.AmazonEKS_CNI_Policy",
            "module.iam.aws_iam_role_policy_attachment.cluster_AmazonEKSClusterPolicy",
            "module.iam.aws_iam_role_policy_attachment.node_group_elb_policy",
            "module.iam.aws_iam_role_policy_attachment.vpc_flow_logs_attach",
            "module.vpc.aws_cloudwatch_log_group.cloud_watch_logs",
            "module.vpc.aws_eip.ngw-eip",
            "module.vpc.aws_flow_log.cloud_watch",
            "module.vpc.aws_internet_gateway.igw",
            "module.vpc.aws_kms_alias.kms_alias",
            "module.vpc.aws_kms_key.kms_key",
            "module.vpc.aws_kms_key_policy.kms_key_policy",
            "module.vpc.aws_nat_gateway.ngw",
            "module.vpc.aws_route_table.private-rt",
            "module.vpc.aws_route_table.public-rt",
            "module.vpc.aws_route_table_association.private-route-association-2a",
            "module.vpc.aws_route_table_association.private-route-association-2b",
            "module.vpc.aws_route_table_association.pub-route-association-2a",
            "module.vpc.aws_route_table_association.pub-route-association-2b",
            "module.vpc.aws_subnet.private-subnet-2a",
            "module.vpc.aws_subnet.private-subnet-2b",
            "module.vpc.aws_subnet.public-subnet-2a",
            "module.vpc.aws_subnet.public-subnet-2b",
            "module.vpc.aws_vpc.eks_vpc"
          ]
        }
      ]
    },
    {
      "module": "module.eks",
      "mode": "managed",
      "type": "aws_eks_addon",
      "name": "ebs_csi_driver",
      "provider": "provider[\"registry.terraform.io/hashicorp/aws\"]",
      "instances": [
        {
          "schema_version": 0,
          "attributes": {
            "addon_name": "aws-ebs-csi-driver",
            "addon_version": "v1.55.0-eksbuild.2",
            "arn": "arn:aws:eks:eu-west-2:038774803581:addon/eks-cluster/aws-ebs-csi-driver/a6ce2726-afb1-1803-255b-ca0145b1beac",
            "cluster_name": "eks-cluster",
            "configuration_values": "",
            "created_at": "2026-02-11T20:03:39Z",
            "id": "eks-cluster:aws-ebs-csi-driver",
            "modified_at": "2026-02-11T20:04:16Z",
            "pod_identity_association": [],
            "preserve": true,
            "resolve_conflicts": null,
            "resolve_conflicts_on_create": "OVERWRITE",
            "resolve_conflicts_on_update": "OVERWRITE",
            "service_account_role_arn": "arn:aws:iam::038774803581:role/ebs-csi-driver",
            "tags": {},
            "tags_all": {},
            "timeouts": null
          },
          "sensitive_attributes": [],
          "identity_schema_version": 0,
          "private": "eyJlMmJmYjczMC1lY2FhLTExZTYtOGY4OC0zNDM2M2JjN2M0YzAiOnsiY3JlYXRlIjoxMjAwMDAwMDAwMDAwLCJkZWxldGUiOjI0MDAwMDAwMDAwMDAsInVwZGF0ZSI6MTIwMDAwMDAwMDAwMH19",
          "dependencies": [
            "module.eks.aws_eks_cluster.eks_cluster",
            "module.eks.aws_eks_node_group.private_node_1",
            "module.eks.aws_eks_node_group.private_node_2",
            "module.eks.aws_iam_openid_connect_provider.eks",
            "module.eks.aws_iam_role.ebs_csi_driver",
            "module.eks.aws_iam_role_policy_attachment.ebs_csi_driver_attach",
            "module.eks.data.aws_eks_cluster.eks",
            "module.eks.data.tls_certificate.eks",
            "module.iam.aws_iam_instance_profile.nodes",
            "module.iam.aws_iam_policy.vpc_flow_logs_policy",
            "module.iam.aws_iam_role.cluster",
            "module.iam.aws_iam_role.nodes",
            "module.iam.aws_iam_role.vpc_flow_logs_role",
            "module.iam.aws_iam_role_policy_attachment.AmazonEC2ContainerRegistryReadOnly",
            "module.iam.aws_iam_role_policy_attachment.AmazonEKSWorkerNodePolicy",
            "module.iam.aws_iam_role_policy_attachment.AmazonEKS_CNI_Policy",
            "module.iam.aws_iam_role_policy_attachment.cluster_AmazonEKSClusterPolicy",
            "module.iam.aws_iam_role_policy_attachment.node_group_elb_policy",
            "module.iam.aws_iam_role_policy_attachment.vpc_flow_logs_attach",
            "module.vpc.aws_cloudwatch_log_group.cloud_watch_logs",
            "module.vpc.aws_eip.ngw-eip",
            "module.vpc.aws_flow_log.cloud_watch",
            "module.vpc.aws_internet_gateway.igw",
            "module.vpc.aws_kms_alias.kms_alias",
            "module.vpc.aws_kms_key.kms_key",
            "module.vpc.aws_kms_key_policy.kms_key_policy",
            "module.vpc.aws_nat_gateway.ngw",
            "module.vpc.aws_route_table.private-rt",
            "module.vpc.aws_route_table.public-rt",
            "module.vpc.aws_route_table_association.private-route-association-2a",
            "module.vpc.aws_route_table_association.private-route-association-2b",
            "module.vpc.aws_route_table_association.pub-route-association-2a",
            "module.vpc.aws_route_table_association.pub-route-association-2b",
            "module.vpc.aws_subnet.private-subnet-2a",
            "module.vpc.aws_subnet.private-subnet-2b",
            "module.vpc.aws_subnet.public-subnet-2a",
            "module.vpc.aws_subnet.public-subnet-2b",
            "module.vpc.aws_vpc.eks_vpc"
          ]
        }
      ]
    },
    {
      "module": "module.eks",
      "mode": "managed",
      "type": "aws_eks_addon",
      "name": "kube-proxy",
      "provider": "provider[\"registry.terraform.io/hashicorp/aws\"]",
      "instances": [
        {
          "schema_version": 0,
          "attributes": {
            "addon_name": "kube-proxy",
            "addon_version": "v1.30.14-eksbuild.8",
            "arn": "arn:aws:eks:eu-west-2:038774803581:addon/eks-cluster/kube-proxy/e8ce2725-de08-792c-bea8-fb3324b3b6ac",
            "cluster_name": "eks-cluster",
            "configuration_values": "",
            "created_at": "2026-02-11T20:01:52Z",
            "id": "eks-cluster:kube-proxy",
            "modified_at": "2026-02-11T20:01:59Z",
            "pod_identity_association": [],
            "preserve": null,
            "resolve_conflicts": null,
            "resolve_conflicts_on_create": null,
            "resolve_conflicts_on_update": "OVERWRITE",
            "service_account_role_arn": "",
            "tags": {},
            "tags_all": {},
            "timeouts": null
          },
          "sensitive_attributes": [],
          "identity_schema_version": 0,
          "private": "eyJlMmJmYjczMC1lY2FhLTExZTYtOGY4OC0zNDM2M2JjN2M0YzAiOnsiY3JlYXRlIjoxMjAwMDAwMDAwMDAwLCJkZWxldGUiOjI0MDAwMDAwMDAwMDAsInVwZGF0ZSI6MTIwMDAwMDAwMDAwMH19",
          "dependencies": [
            "module.eks.aws_eks_cluster.eks_cluster",
            "module.iam.aws_iam_instance_profile.nodes",
            "module.iam.aws_iam_policy.vpc_flow_logs_policy",
            "module.iam.aws_iam_role.cluster",
            "module.iam.aws_iam_role.nodes",
            "module.iam.aws_iam_role.vpc_flow_logs_role",
            "module.iam.aws_iam_role_policy_attachment.AmazonEC2ContainerRegistryReadOnly",
            "module.iam.aws_iam_role_policy_attachment.AmazonEKSWorkerNodePolicy",
            "module.iam.aws_iam_role_policy_attachment.AmazonEKS_CNI_Policy",
            "module.iam.aws_iam_role_policy_attachment.cluster_AmazonEKSClusterPolicy",
            "module.iam.aws_iam_role_policy_attachment.node_group_elb_policy",
            "module.iam.aws_iam_role_policy_attachment.vpc_flow_logs_attach",
            "module.vpc.aws_cloudwatch_log_group.cloud_watch_logs",
            "module.vpc.aws_eip.ngw-eip",
            "module.vpc.aws_flow_log.cloud_watch",
            "module.vpc.aws_internet_gateway.igw",
            "module.vpc.aws_kms_alias.kms_alias",
            "module.vpc.aws_kms_key.kms_key",
            "module.vpc.aws_kms_key_policy.kms_key_policy",
            "module.vpc.aws_nat_gateway.ngw",
            "module.vpc.aws_route_table.private-rt",
            "module.vpc.aws_route_table.public-rt",
            "module.vpc.aws_route_table_association.private-route-association-2a",
            "module.vpc.aws_route_table_association.private-route-association-2b",
            "module.vpc.aws_route_table_association.pub-route-association-2a",
            "module.vpc.aws_route_table_association.pub-route-association-2b",
            "module.vpc.aws_subnet.private-subnet-2a",
            "module.vpc.aws_subnet.private-subnet-2b",
            "module.vpc.aws_subnet.public-subnet-2a",
            "module.vpc.aws_subnet.public-subnet-2b",
            "module.vpc.aws_vpc.eks_vpc"
          ]
        }
      ]
    },
    {
      "module": "module.eks",
      "mode": "managed",
      "type": "aws_eks_addon",
      "name": "metrics_server",
      "provider": "provider[\"registry.terraform.io/hashicorp/aws\"]",
      "instances": [
        {
          "schema_version": 0,
          "attributes": {
            "addon_name": "metrics-server",
            "addon_version": "v0.7.2-eksbuild.8",
            "arn": "arn:aws:eks:eu-west-2:038774803581:addon/eks-cluster/metrics-server/6ece2725-de0d-9a92-20c6-dde5560ec948",
            "cluster_name": "eks-cluster",
            "configuration_values": "",
            "created_at": "2026-02-11T20:01:52Z",
            "id": "eks-cluster:metrics-server",
            "modified_at": "2026-02-11T20:07:07Z",
            "pod_identity_association": [],
            "preserve": null,
            "resolve_conflicts": null,
            "resolve_conflicts_on_create": null,
            "resolve_conflicts_on_update": "OVERWRITE",
            "service_account_role_arn": "",
            "tags": {},
            "tags_all": {},
            "timeouts": null
          },
          "sensitive_attributes": [],
          "identity_schema_version": 0,
          "private": "eyJlMmJmYjczMC1lY2FhLTExZTYtOGY4OC0zNDM2M2JjN2M0YzAiOnsiY3JlYXRlIjoxMjAwMDAwMDAwMDAwLCJkZWxldGUiOjI0MDAwMDAwMDAwMDAsInVwZGF0ZSI6MTIwMDAwMDAwMDAwMH19",
          "dependencies": [
            "module.eks.aws_eks_cluster.eks_cluster",
            "module.iam.aws_iam_instance_profile.nodes",
            "module.iam.aws_iam_policy.vpc_flow_logs_policy",
            "module.iam.aws_iam_role.cluster",
            "module.iam.aws_iam_role.nodes",
            "module.iam.aws_iam_role.vpc_flow_logs_role",
            "module.iam.aws_iam_role_policy_attachment.AmazonEC2ContainerRegistryReadOnly",
            "module.iam.aws_iam_role_policy_attachment.AmazonEKSWorkerNodePolicy",
            "module.iam.aws_iam_role_policy_attachment.AmazonEKS_CNI_Policy",
            "module.iam.aws_iam_role_policy_attachment.cluster_AmazonEKSClusterPolicy",
            "module.iam.aws_iam_role_policy_attachment.node_group_elb_policy",
            "module.iam.aws_iam_role_policy_attachment.vpc_flow_logs_attach",
            "module.vpc.aws_cloudwatch_log_group.cloud_watch_logs",
            "module.vpc.aws_eip.ngw-eip",
            "module.vpc.aws_flow_log.cloud_watch",
            "module.vpc.aws_internet_gateway.igw",
            "module.vpc.aws_kms_alias.kms_alias",
            "module.vpc.aws_kms_key.kms_key",
            "module.vpc.aws_kms_key_policy.kms_key_policy",
            "module.vpc.aws_nat_gateway.ngw",
            "module.vpc.aws_route_table.private-rt",
            "module.vpc.aws_route_table.public-rt",
            "module.vpc.aws_route_table_association.private-route-association-2a",
            "module.vpc.aws_route_table_association.private-route-association-2b",
            "module.vpc.aws_route_table_association.pub-route-association-2a",
            "module.vpc.aws_route_table_association.pub-route-association-2b",
            "module.vpc.aws_subnet.private-subnet-2a",
            "module.vpc.aws_subnet.private-subnet-2b",
            "module.vpc.aws_subnet.public-subnet-2a",
            "module.vpc.aws_subnet.public-subnet-2b",
            "module.vpc.aws_vpc.eks_vpc"
          ]
        }
      ]
    },
    {
      "module": "module.eks",
      "mode": "managed",
      "type": "aws_eks_addon",
      "name": "vpc_cni",
      "provider": "provider[\"registry.terraform.io/hashicorp/aws\"]",
      "instances": [
        {
          "schema_version": 0,
          "attributes": {
            "addon_name": "vpc-cni",
            "addon_version": "v1.20.4-eksbuild.2",
            "arn": "arn:aws:eks:eu-west-2:038774803581:addon/eks-cluster/vpc-cni/e2ce2726-afb0-4a0c-8ef1-47f7a5f450b3",
            "cluster_name": "eks-cluster",
            "configuration_values": "",
            "created_at": "2026-02-11T20:03:39Z",
            "id": "eks-cluster:vpc-cni",
            "modified_at": "2026-02-11T20:04:06Z",
            "pod_identity_association": [],
            "preserve": true,
            "resolve_conflicts": null,
            "resolve_conflicts_on_create": "OVERWRITE",
            "resolve_conflicts_on_update": "OVERWRITE",
            "service_account_role_arn": "arn:aws:iam::038774803581:role/vpc_cni",
            "tags": {},
            "tags_all": {},
            "timeouts": null
          },
          "sensitive_attributes": [],
          "identity_schema_version": 0,
          "private": "eyJlMmJmYjczMC1lY2FhLTExZTYtOGY4OC0zNDM2M2JjN2M0YzAiOnsiY3JlYXRlIjoxMjAwMDAwMDAwMDAwLCJkZWxldGUiOjI0MDAwMDAwMDAwMDAsInVwZGF0ZSI6MTIwMDAwMDAwMDAwMH19",
          "dependencies": [
            "module.eks.aws_eks_cluster.eks_cluster",
            "module.eks.aws_eks_node_group.private_node_1",
            "module.eks.aws_eks_node_group.private_node_2",
            "module.eks.aws_iam_openid_connect_provider.eks",
            "module.eks.aws_iam_role.vpc_cni",
            "module.eks.aws_iam_role_policy_attachment.vpc_cni_policy",
            "module.eks.data.aws_eks_cluster.eks",
            "module.eks.data.tls_certificate.eks",
            "module.iam.aws_iam_instance_profile.nodes",
            "module.iam.aws_iam_policy.vpc_flow_logs_policy",
            "module.iam.aws_iam_role.cluster",
            "module.iam.aws_iam_role.nodes",
            "module.iam.aws_iam_role.vpc_flow_logs_role",
            "module.iam.aws_iam_role_policy_attachment.AmazonEC2ContainerRegistryReadOnly",
            "module.iam.aws_iam_role_policy_attachment.AmazonEKSWorkerNodePolicy",
            "module.iam.aws_iam_role_policy_attachment.AmazonEKS_CNI_Policy",
            "module.iam.aws_iam_role_policy_attachment.cluster_AmazonEKSClusterPolicy",
            "module.iam.aws_iam_role_policy_attachment.node_group_elb_policy",
            "module.iam.aws_iam_role_policy_attachment.vpc_flow_logs_attach",
            "module.vpc.aws_cloudwatch_log_group.cloud_watch_logs",
            "module.vpc.aws_eip.ngw-eip",
            "module.vpc.aws_flow_log.cloud_watch",
            "module.vpc.aws_internet_gateway.igw",
            "module.vpc.aws_kms_alias.kms_alias",
            "module.vpc.aws_kms_key.kms_key",
            "module.vpc.aws_kms_key_policy.kms_key_policy",
            "module.vpc.aws_nat_gateway.ngw",
            "module.vpc.aws_route_table.private-rt",
            "module.vpc.aws_route_table.public-rt",
            "module.vpc.aws_route_table_association.private-route-association-2a",
            "module.vpc.aws_route_table_association.private-route-association-2b",
            "module.vpc.aws_route_table_association.pub-route-association-2a",
            "module.vpc.aws_route_table_association.pub-route-association-2b",
            "module.vpc.aws_subnet.private-subnet-2a",
            "module.vpc.aws_subnet.private-subnet-2b",
            "module.vpc.aws_subnet.public-subnet-2a",
            "module.vpc.aws_subnet.public-subnet-2b",
            "module.vpc.aws_vpc.eks_vpc"
          ]
        }
      ]
    },
    {
      "module": "module.eks",
      "mode": "managed",
      "type": "aws_eks_cluster",
      "name": "eks_cluster",
      "provider": "provider[\"registry.terraform.io/hashicorp/aws\"]",
      "instances": [
        {
          "schema_version": 1,
          "attributes": {
            "access_config": [
              {
                "authentication_mode": "API",
                "bootstrap_cluster_creator_admin_permissions": true
              }
            ],
            "arn": "arn:aws:eks:eu-west-2:038774803581:cluster/eks-cluster",
            "bootstrap_self_managed_addons": true,
            "certificate_authority": [
              {
                "data": "LS0tLS1CRUdJTiBDRVJUSUZJQ0FURS0tLS0tCk1JSURCVENDQWUyZ0F3SUJBZ0lJSTh0c3hWMCtvYTR3RFFZSktvWklodmNOQVFFTEJRQXdGVEVUTUJFR0ExVUUKQXhNS2EzVmlaWEp1WlhSbGN6QWVGdzB5TmpBeU1URXhPVFV6TVRGYUZ3MHpOakF5TURreE9UVTRNVEZhTUJVeApFekFSQmdOVkJBTVRDbXQxWW1WeWJtVjBaWE13Z2dFaU1BMEdDU3FHU0liM0RRRUJBUVVBQTRJQkR3QXdnZ0VLCkFvSUJBUURTYTljSi9QUGo3MEVWTmJ5SEVWSElSWE91RnhiWU5ZNG1ESkYrZHFJMWZ6UlJmUVd4ZTlyQ1ppL1QKTWhyRkcvbFlWaXE1TEtYVThKbEpJK3Nha3FQdVovTDdybmxHdGdBakV5NXRkUmlPS3paN25kOTVxSHQydkxlOQp1clBrTkI0bk45ZE1PbUdKYk9ubU93bEdwRitEUmRKdS9RSktldXRObnJCUjIwN1ZyN1Z3NG4yTkJkN3hmVlJoClFhVHVvOUQ4MnpybkxUcHNKd0hqM2tFKy9KM3NwTGc4RFM1SytaeHdHYUZIRWs2YVZTOWtRTTJ3Mnd0Rmg4c0QKc2xwSlRwc3V0ZTdQZXBGcXVMSlhjc28za2xrbWowS2pCVm9DZmxTZGZHMlQzNHdDbzVEeXJzM0F1aWh2TXR2OApiZkI0L3J4M3JRRlNwaHpuY3RZcTVrT0JjS2FwQWdNQkFBR2pXVEJYTUE0R0ExVWREd0VCL3dRRUF3SUNwREFQCkJnTlZIUk1CQWY4RUJUQURBUUgvTUIwR0ExVWREZ1FXQkJUREhIbEN1cnMxSlFpdTdpNUZGUTBXVlBnRUVEQVYKQmdOVkhSRUVEakFNZ2dwcmRXSmxjbTVsZEdWek1BMEdDU3FHU0liM0RRRUJDd1VBQTRJQkFRQnRqNjJ0RkdZVApodkp1NjhJMnVaL01HMmRjMlRNS1ZYS0FEZi9KdnRJTEhxMGx5TFNrYnc4U0NrUis2TlhUSDFWaFloZG5IVjVmCk1MMmNrWmd0MnNKeUoxa3V0SjlXV28rRjZXbHM0cVJ6R3NhS2dBcGJ1RzFmN0ZkZjA5VHZqd1ZEZTUvbUlrR1kKcXJnazJNSmp1dXNkSGVyWXlNbUlQNEVWNVRnWXYwaGQwZmFiSVEzQmZyR01TbVlwTy9TYkZVWGhoZEdqY0VTLwowSlNTeklRSHUxNGU0NEZxRDdQRkFRWVM0eUtLWjVVQUx0cXVoSjJGSVhZbndEYjhiTkVaQ1RiR2VYK1Z6VXMvCld4VE1nbHlzWFIxTW1ITlhBRGUydE55Yy9FeWdiaDZockJpSkEvY2Nsa084Z09Gc0tmTUx3V0hGU21OVkZ0WXMKai8yL1hhMFl0c1RKCi0tLS0tRU5EIENFUlRJRklDQVRFLS0tLS0K"
              }
            ],
            "cluster_id": null,
            "compute_config": [],
            "created_at": "2026-02-11T19:52:59Z",
            "enabled_cluster_log_types": [],
            "encryption_config": [
              {
                "provider": [
                  {
                    "key_arn": "arn:aws:kms:eu-west-2:038774803581:key/552d81c2-c3a6-407c-87c9-a5d8f159dcb3"
                  }
                ],
                "resources": [
                  "secrets"
                ]
              }
            ],
            "endpoint": "https://5CA90BB3B32AEE369F0558985E6AC909.gr7.eu-west-2.eks.amazonaws.com",
            "force_update_version": null,
            "id": "eks-cluster",
            "identity": [
              {
                "oidc": [
                  {
                    "issuer": "https://oidc.eks.eu-west-2.amazonaws.com/id/5CA90BB3B32AEE369F0558985E6AC909"
                  }
                ]
              }
            ],
            "kubernetes_network_config": [
              {
                "elastic_load_balancing": [
                  {
                    "enabled": false
                  }
                ],
                "ip_family": "ipv4",
                "service_ipv4_cidr": "172.20.0.0/16",
                "service_ipv6_cidr": ""
              }
            ],
            "name": "eks-cluster",
            "outpost_config": [],
            "platform_version": "eks.58",
            "remote_network_config": [],
            "role_arn": "arn:aws:iam::038774803581:role/eks-cluster",
            "status": "ACTIVE",
            "storage_config": [],
            "tags": {
              "Environment": "labs",
              "Project": "eks-assignment"
            },
            "tags_all": {
              "Environment": "labs",
              "Project": "eks-assignment"
            },
            "timeouts": null,
            "upgrade_policy": [
              {
                "support_type": "EXTENDED"
              }
            ],
            "version": "1.30",
            "vpc_config": [
              {
                "cluster_security_group_id": "sg-03179b3c3a1683d68",
                "endpoint_private_access": true,
                "endpoint_public_access": true,
                "public_access_cidrs": [
                  "0.0.0.0/0"
                ],
                "security_group_ids": [],
                "subnet_ids": [
                  "subnet-05a9473ab5931d671",
                  "subnet-0a5b34e400adbb373"
                ],
                "vpc_id": "vpc-0ed77d3ac0836ee4a"
              }
            ],
            "zonal_shift_config": []
          },
          "sensitive_attributes": [],
          "identity_schema_version": 0,
          "private": "eyJlMmJmYjczMC1lY2FhLTExZTYtOGY4OC0zNDM2M2JjN2M0YzAiOnsiY3JlYXRlIjoxODAwMDAwMDAwMDAwLCJkZWxldGUiOjkwMDAwMDAwMDAwMCwidXBkYXRlIjozNjAwMDAwMDAwMDAwfSwic2NoZW1hX3ZlcnNpb24iOiIxIn0=",
          "dependencies": [
            "module.iam.aws_iam_instance_profile.nodes",
            "module.iam.aws_iam_policy.vpc_flow_logs_policy",
            "module.iam.aws_iam_role.cluster",
            "module.iam.aws_iam_role.nodes",
            "module.iam.aws_iam_role.vpc_flow_logs_role",
            "module.iam.aws_iam_role_policy_attachment.AmazonEC2ContainerRegistryReadOnly",
            "module.iam.aws_iam_role_policy_attachment.AmazonEKSWorkerNodePolicy",
            "module.iam.aws_iam_role_policy_attachment.AmazonEKS_CNI_Policy",
            "module.iam.aws_iam_role_policy_attachment.cluster_AmazonEKSClusterPolicy",
            "module.iam.aws_iam_role_policy_attachment.node_group_elb_policy",
            "module.iam.aws_iam_role_policy_attachment.vpc_flow_logs_attach",
            "module.vpc.aws_cloudwatch_log_group.cloud_watch_logs",
            "module.vpc.aws_eip.ngw-eip",
            "module.vpc.aws_flow_log.cloud_watch",
            "module.vpc.aws_internet_gateway.igw",
            "module.vpc.aws_kms_alias.kms_alias",
            "module.vpc.aws_kms_key.kms_key",
            "module.vpc.aws_kms_key_policy.kms_key_policy",
            "module.vpc.aws_nat_gateway.ngw",
            "module.vpc.aws_route_table.private-rt",
            "module.vpc.aws_route_table.public-rt",
            "module.vpc.aws_route_table_association.private-route-association-2a",
            "module.vpc.aws_route_table_association.private-route-association-2b",
            "module.vpc.aws_route_table_association.pub-route-association-2a",
            "module.vpc.aws_route_table_association.pub-route-association-2b",
            "module.vpc.aws_subnet.private-subnet-2a",
            "module.vpc.aws_subnet.private-subnet-2b",
            "module.vpc.aws_subnet.public-subnet-2a",
            "module.vpc.aws_subnet.public-subnet-2b",
            "module.vpc.aws_vpc.eks_vpc"
          ]
        }
      ]
    },
    {
      "module": "module.eks",
      "mode": "managed",
      "type": "aws_eks_node_group",
      "name": "private_node_1",
      "provider": "provider[\"registry.terraform.io/hashicorp/aws\"]",
      "instances": [
        {
          "schema_version": 0,
          "attributes": {
            "ami_type": "AL2023_x86_64_STANDARD",
            "arn": "arn:aws:eks:eu-west-2:038774803581:nodegroup/eks-cluster/eks-node-group-1/10ce2725-de09-6658-93cd-80c2f0a5af11",
            "capacity_type": "ON_DEMAND",
            "cluster_name": "eks-cluster",
            "disk_size": 20,
            "force_update_version": null,
            "id": "eks-cluster:eks-node-group-1",
            "instance_types": [
              "t3.medium"
            ],
            "labels": {
              "workload": "apps"
            },
            "launch_template": [],
            "node_group_name": "eks-node-group-1",
            "node_group_name_prefix": "",
            "node_repair_config": [],
            "node_role_arn": "arn:aws:iam::038774803581:role/eks-node-group",
            "release_version": "1.30.14-20260129",
            "remote_access": [],
            "resources": [
              {
                "autoscaling_groups": [
                  {
                    "name": "eks-eks-node-group-1-10ce2725-de09-6658-93cd-80c2f0a5af11"
                  }
                ],
                "remote_access_security_group_id": ""
              }
            ],
            "scaling_config": [
              {
                "desired_size": 2,
                "max_size": 3,
                "min_size": 1
              }
            ],
            "status": "ACTIVE",
            "subnet_ids": [
              "subnet-05a9473ab5931d671",
              "subnet-0a5b34e400adbb373"
            ],
            "tags": {
              "kubernetes.io/cluster/eks-cluster": "owned"
            },
            "tags_all": {
              "kubernetes.io/cluster/eks-cluster": "owned"
            },
            "taint": [],
            "timeouts": null,
            "update_config": [
              {
                "max_unavailable": 1,
                "max_unavailable_percentage": 0
              }
            ],
            "version": "1.30"
          },
          "sensitive_attributes": [],
          "identity_schema_version": 0,
          "private": "eyJlMmJmYjczMC1lY2FhLTExZTYtOGY4OC0zNDM2M2JjN2M0YzAiOnsiY3JlYXRlIjozNjAwMDAwMDAwMDAwLCJkZWxldGUiOjM2MDAwMDAwMDAwMDAsInVwZGF0ZSI6MzYwMDAwMDAwMDAwMH19",
          "dependencies": [
            "module.eks.aws_eks_cluster.eks_cluster",
            "module.iam.aws_iam_instance_profile.nodes",
            "module.iam.aws_iam_policy.vpc_flow_logs_policy",
            "module.iam.aws_iam_role.cluster",
            "module.iam.aws_iam_role.nodes",
            "module.iam.aws_iam_role.vpc_flow_logs_role",
            "module.iam.aws_iam_role_policy_attachment.AmazonEC2ContainerRegistryReadOnly",
            "module.iam.aws_iam_role_policy_attachment.AmazonEKSWorkerNodePolicy",
            "module.iam.aws_iam_role_policy_attachment.AmazonEKS_CNI_Policy",
            "module.iam.aws_iam_role_policy_attachment.cluster_AmazonEKSClusterPolicy",
            "module.iam.aws_iam_role_policy_attachment.node_group_elb_policy",
            "module.iam.aws_iam_role_policy_attachment.vpc_flow_logs_attach",
            "module.vpc.aws_cloudwatch_log_group.cloud_watch_logs",
            "module.vpc.aws_eip.ngw-eip",
            "module.vpc.aws_flow_log.cloud_watch",
            "module.vpc.aws_internet_gateway.igw",
            "module.vpc.aws_kms_alias.kms_alias",
            "module.vpc.aws_kms_key.kms_key",
            "module.vpc.aws_kms_key_policy.kms_key_policy",
            "module.vpc.aws_nat_gateway.ngw",
            "module.vpc.aws_route_table.private-rt",
            "module.vpc.aws_route_table.public-rt",
            "module.vpc.aws_route_table_association.private-route-association-2a",
            "module.vpc.aws_route_table_association.private-route-association-2b",
            "module.vpc.aws_route_table_association.pub-route-association-2a",
            "module.vpc.aws_route_table_association.pub-route-association-2b",
            "module.vpc.aws_subnet.private-subnet-2a",
            "module.vpc.aws_subnet.private-subnet-2b",
            "module.vpc.aws_subnet.public-subnet-2a",
            "module.vpc.aws_subnet.public-subnet-2b",
            "module.vpc.aws_vpc.eks_vpc"
          ]
        }
      ]
    },
    {
      "module": "module.eks",
      "mode": "managed",
      "type": "aws_eks_node_group",
      "name": "private_node_2",
      "provider": "provider[\"registry.terraform.io/hashicorp/aws\"]",
      "instances": [
        {
          "schema_version": 0,
          "attributes": {
            "ami_type": "AL2023_x86_64_STANDARD",
            "arn": "arn:aws:eks:eu-west-2:038774803581:nodegroup/eks-cluster/eks-node-group-2/6ace2725-de05-429e-124b-ee91201ef3ff",
            "capacity_type": "ON_DEMAND",
            "cluster_name": "eks-cluster",
            "disk_size": 20,
            "force_update_version": null,
            "id": "eks-cluster:eks-node-group-2",
            "instance_types": [
              "t3.medium"
            ],
            "labels": {
              "app": "blue",
              "workload": "database"
            },
            "launch_template": [],
            "node_group_name": "eks-node-group-2",
            "node_group_name_prefix": "",
            "node_repair_config": [],
            "node_role_arn": "arn:aws:iam::038774803581:role/eks-node-group",
            "release_version": "1.30.14-20260129",
            "remote_access": [],
            "resources": [
              {
                "autoscaling_groups": [
                  {
                    "name": "eks-eks-node-group-2-6ace2725-de05-429e-124b-ee91201ef3ff"
                  }
                ],
                "remote_access_security_group_id": ""
              }
            ],
            "scaling_config": [
              {
                "desired_size": 2,
                "max_size": 3,
                "min_size": 1
              }
            ],
            "status": "ACTIVE",
            "subnet_ids": [
              "subnet-05a9473ab5931d671",
              "subnet-0a5b34e400adbb373"
            ],
            "tags": {
              "kubernetes.io/cluster/eks-cluster": "owned"
            },
            "tags_all": {
              "kubernetes.io/cluster/eks-cluster": "owned"
            },
            "taint": [],
            "timeouts": null,
            "update_config": [
              {
                "max_unavailable": 1,
                "max_unavailable_percentage": 0
              }
            ],
            "version": "1.30"
          },
          "sensitive_attributes": [],
          "identity_schema_version": 0,
          "private": "eyJlMmJmYjczMC1lY2FhLTExZTYtOGY4OC0zNDM2M2JjN2M0YzAiOnsiY3JlYXRlIjozNjAwMDAwMDAwMDAwLCJkZWxldGUiOjM2MDAwMDAwMDAwMDAsInVwZGF0ZSI6MzYwMDAwMDAwMDAwMH19",
          "dependencies": [
            "module.eks.aws_eks_cluster.eks_cluster",
            "module.iam.aws_iam_instance_profile.nodes",
            "module.iam.aws_iam_policy.vpc_flow_logs_policy",
            "module.iam.aws_iam_role.cluster",
            "module.iam.aws_iam_role.nodes",
            "module.iam.aws_iam_role.vpc_flow_logs_role",
            "module.iam.aws_iam_role_policy_attachment.AmazonEC2ContainerRegistryReadOnly",
            "module.iam.aws_iam_role_policy_attachment.AmazonEKSWorkerNodePolicy",
            "module.iam.aws_iam_role_policy_attachment.AmazonEKS_CNI_Policy",
            "module.iam.aws_iam_role_policy_attachment.cluster_AmazonEKSClusterPolicy",
            "module.iam.aws_iam_role_policy_attachment.node_group_elb_policy",
            "module.iam.aws_iam_role_policy_attachment.vpc_flow_logs_attach",
            "module.vpc.aws_cloudwatch_log_group.cloud_watch_logs",
            "module.vpc.aws_eip.ngw-eip",
            "module.vpc.aws_flow_log.cloud_watch",
            "module.vpc.aws_internet_gateway.igw",
            "module.vpc.aws_kms_alias.kms_alias",
            "module.vpc.aws_kms_key.kms_key",
            "module.vpc.aws_kms_key_policy.kms_key_policy",
            "module.vpc.aws_nat_gateway.ngw",
            "module.vpc.aws_route_table.private-rt",
            "module.vpc.aws_route_table.public-rt",
            "module.vpc.aws_route_table_association.private-route-association-2a",
            "module.vpc.aws_route_table_association.private-route-association-2b",
            "module.vpc.aws_route_table_association.pub-route-association-2a",
            "module.vpc.aws_route_table_association.pub-route-association-2b",
            "module.vpc.aws_subnet.private-subnet-2a",
            "module.vpc.aws_subnet.private-subnet-2b",
            "module.vpc.aws_subnet.public-subnet-2a",
            "module.vpc.aws_subnet.public-subnet-2b",
            "module.vpc.aws_vpc.eks_vpc"
          ]
        }
      ]
    },
    {
      "module": "module.eks",
      "mode": "managed",
      "type": "aws_iam_openid_connect_provider",
      "name": "eks",
      "provider": "provider[\"registry.terraform.io/hashicorp/aws\"]",
      "instances": [
        {
          "schema_version": 0,
          "attributes": {
            "arn": "arn:aws:iam::038774803581:oidc-provider/oidc.eks.eu-west-2.amazonaws.com/id/5CA90BB3B32AEE369F0558985E6AC909",
            "client_id_list": [
              "sts.amazonaws.com"
            ],
            "id": "arn:aws:iam::038774803581:oidc-provider/oidc.eks.eu-west-2.amazonaws.com/id/5CA90BB3B32AEE369F0558985E6AC909",
            "tags": {},
            "tags_all": {},
            "thumbprint_list": [
              "06b25927c42a721631c1efd9431e648fa62e1e39"
            ],
            "url": "oidc.eks.eu-west-2.amazonaws.com/id/5CA90BB3B32AEE369F0558985E6AC909"
          },
          "sensitive_attributes": [],
          "identity_schema_version": 0,
          "private": "bnVsbA==",
          "dependencies": [
            "module.eks.aws_eks_cluster.eks_cluster",
            "module.eks.data.aws_eks_cluster.eks",
            "module.eks.data.tls_certificate.eks",
            "module.iam.aws_iam_instance_profile.nodes",
            "module.iam.aws_iam_policy.vpc_flow_logs_policy",
            "module.iam.aws_iam_role.cluster",
            "module.iam.aws_iam_role.nodes",
            "module.iam.aws_iam_role.vpc_flow_logs_role",
            "module.iam.aws_iam_role_policy_attachment.AmazonEC2ContainerRegistryReadOnly",
            "module.iam.aws_iam_role_policy_attachment.AmazonEKSWorkerNodePolicy",
            "module.iam.aws_iam_role_policy_attachment.AmazonEKS_CNI_Policy",
            "module.iam.aws_iam_role_policy_attachment.cluster_AmazonEKSClusterPolicy",
            "module.iam.aws_iam_role_policy_attachment.node_group_elb_policy",
            "module.iam.aws_iam_role_policy_attachment.vpc_flow_logs_attach",
            "module.vpc.aws_cloudwatch_log_group.cloud_watch_logs",
            "module.vpc.aws_eip.ngw-eip",
            "module.vpc.aws_flow_log.cloud_watch",
            "module.vpc.aws_internet_gateway.igw",
            "module.vpc.aws_kms_alias.kms_alias",
            "module.vpc.aws_kms_key.kms_key",
            "module.vpc.aws_kms_key_policy.kms_key_policy",
            "module.vpc.aws_nat_gateway.ngw",
            "module.vpc.aws_route_table.private-rt",
            "module.vpc.aws_route_table.public-rt",
            "module.vpc.aws_route_table_association.private-route-association-2a",
            "module.vpc.aws_route_table_association.private-route-association-2b",
            "module.vpc.aws_route_table_association.pub-route-association-2a",
            "module.vpc.aws_route_table_association.pub-route-association-2b",
            "module.vpc.aws_subnet.private-subnet-2a",
            "module.vpc.aws_subnet.private-subnet-2b",
            "module.vpc.aws_subnet.public-subnet-2a",
            "module.vpc.aws_subnet.public-subnet-2b",
            "module.vpc.aws_vpc.eks_vpc"
          ]
        }
      ]
    },
    {
      "module": "module.eks",
      "mode": "managed",
      "type": "aws_iam_role",
      "name": "ebs_csi_driver",
      "provider": "provider[\"registry.terraform.io/hashicorp/aws\"]",
      "instances": [
        {
          "schema_version": 0,
          "attributes": {
            "arn": "arn:aws:iam::038774803581:role/ebs-csi-driver",
            "assume_role_policy": "{\"Statement\":[{\"Action\":\"sts:AssumeRoleWithWebIdentity\",\"Condition\":{\"StringEquals\":{\"oidc.eks.eu-west-2.amazonaws.com/id/5CA90BB3B32AEE369F0558985E6AC909:aud\":\"sts.amazonaws.com\",\"oidc.eks.eu-west-2.amazonaws.com/id/5CA90BB3B32AEE369F0558985E6AC909:sub\":\"system:serviceaccount:kube-system:ebs-csi-controller-sa\"}},\"Effect\":\"Allow\",\"Principal\":{\"Federated\":\"arn:aws:iam::038774803581:oidc-provider/oidc.eks.eu-west-2.amazonaws.com/id/5CA90BB3B32AEE369F0558985E6AC909\"}}],\"Version\":\"2012-10-17\"}",
            "create_date": "2026-02-11T20:01:53Z",
            "description": "",
            "force_detach_policies": false,
            "id": "ebs-csi-driver",
            "inline_policy": [],
            "managed_policy_arns": [
              "arn:aws:iam::aws:policy/service-role/AmazonEBSCSIDriverPolicy"
            ],
            "max_session_duration": 3600,
            "name": "ebs-csi-driver",
            "name_prefix": "",
            "path": "/",
            "permissions_boundary": "",
            "tags": {},
            "tags_all": {},
            "unique_id": "AROAQSBZIRR62VLPRFK5Q"
          },
          "sensitive_attributes": [],
          "identity_schema_version": 0,
          "private": "bnVsbA==",
          "dependencies": [
            "module.eks.aws_eks_cluster.eks_cluster",
            "module.eks.aws_iam_openid_connect_provider.eks",
            "module.eks.data.aws_eks_cluster.eks",
            "module.eks.data.tls_certificate.eks",
            "module.iam.aws_iam_instance_profile.nodes",
            "module.iam.aws_iam_policy.vpc_flow_logs_policy",
            "module.iam.aws_iam_role.cluster",
            "module.iam.aws_iam_role.nodes",
            "module.iam.aws_iam_role.vpc_flow_logs_role",
            "module.iam.aws_iam_role_policy_attachment.AmazonEC2ContainerRegistryReadOnly",
            "module.iam.aws_iam_role_policy_attachment.AmazonEKSWorkerNodePolicy",
            "module.iam.aws_iam_role_policy_attachment.AmazonEKS_CNI_Policy",
            "module.iam.aws_iam_role_policy_attachment.cluster_AmazonEKSClusterPolicy",
            "module.iam.aws_iam_role_policy_attachment.node_group_elb_policy",
            "module.iam.aws_iam_role_policy_attachment.vpc_flow_logs_attach",
            "module.vpc.aws_cloudwatch_log_group.cloud_watch_logs",
            "module.vpc.aws_eip.ngw-eip",
            "module.vpc.aws_flow_log.cloud_watch",
            "module.vpc.aws_internet_gateway.igw",
            "module.vpc.aws_kms_alias.kms_alias",
            "module.vpc.aws_kms_key.kms_key",
            "module.vpc.aws_kms_key_policy.kms_key_policy",
            "module.vpc.aws_nat_gateway.ngw",
            "module.vpc.aws_route_table.private-rt",
            "module.vpc.aws_route_table.public-rt",
            "module.vpc.aws_route_table_association.private-route-association-2a",
            "module.vpc.aws_route_table_association.private-route-association-2b",
            "module.vpc.aws_route_table_association.pub-route-association-2a",
            "module.vpc.aws_route_table_association.pub-route-association-2b",
            "module.vpc.aws_subnet.private-subnet-2a",
            "module.vpc.aws_subnet.private-subnet-2b",
            "module.vpc.aws_subnet.public-subnet-2a",
            "module.vpc.aws_subnet.public-subnet-2b",
            "module.vpc.aws_vpc.eks_vpc"
          ]
        }
      ]
    },
    {
      "module": "module.eks",
      "mode": "managed",
      "type": "aws_iam_role",
      "name": "vpc_cni",
      "provider": "provider[\"registry.terraform.io/hashicorp/aws\"]",
      "instances": [
        {
          "schema_version": 0,
          "attributes": {
            "arn": "arn:aws:iam::038774803581:role/vpc_cni",
            "assume_role_policy": "{\"Statement\":[{\"Action\":\"sts:AssumeRoleWithWebIdentity\",\"Condition\":{\"StringEquals\":{\"oidc.eks.eu-west-2.amazonaws.com/id/5CA90BB3B32AEE369F0558985E6AC909:aud\":\"sts.amazonaws.com\",\"oidc.eks.eu-west-2.amazonaws.com/id/5CA90BB3B32AEE369F0558985E6AC909:sub\":\"system:serviceaccount:kube-system:aws-node\"}},\"Effect\":\"Allow\",\"Principal\":{\"Federated\":\"arn:aws:iam::038774803581:oidc-provider/oidc.eks.eu-west-2.amazonaws.com/id/5CA90BB3B32AEE369F0558985E6AC909\"}}],\"Version\":\"2012-10-17\"}",
            "create_date": "2026-02-11T20:01:53Z",
            "description": "",
            "force_detach_policies": false,
            "id": "vpc_cni",
            "inline_policy": [],
            "managed_policy_arns": [
              "arn:aws:iam::aws:policy/AmazonEKS_CNI_Policy"
            ],
            "max_session_duration": 3600,
            "name": "vpc_cni",
            "name_prefix": "",
            "path": "/",
            "permissions_boundary": "",
            "tags": {},
            "tags_all": {},
            "unique_id": "AROAQSBZIRR6VQ4VWHPEN"
          },
          "sensitive_attributes": [],
          "identity_schema_version": 0,
          "private": "bnVsbA==",
          "dependencies": [
            "module.eks.aws_eks_cluster.eks_cluster",
            "module.eks.aws_iam_openid_connect_provider.eks",
            "module.eks.data.aws_eks_cluster.eks",
            "module.eks.data.tls_certificate.eks",
            "module.iam.aws_iam_instance_profile.nodes",
            "module.iam.aws_iam_policy.vpc_flow_logs_policy",
            "module.iam.aws_iam_role.cluster",
            "module.iam.aws_iam_role.nodes",
            "module.iam.aws_iam_role.vpc_flow_logs_role",
            "module.iam.aws_iam_role_policy_attachment.AmazonEC2ContainerRegistryReadOnly",
            "module.iam.aws_iam_role_policy_attachment.AmazonEKSWorkerNodePolicy",
            "module.iam.aws_iam_role_policy_attachment.AmazonEKS_CNI_Policy",
            "module.iam.aws_iam_role_policy_attachment.cluster_AmazonEKSClusterPolicy",
            "module.iam.aws_iam_role_policy_attachment.node_group_elb_policy",
            "module.iam.aws_iam_role_policy_attachment.vpc_flow_logs_attach",
            "module.vpc.aws_cloudwatch_log_group.cloud_watch_logs",
            "module.vpc.aws_eip.ngw-eip",
            "module.vpc.aws_flow_log.cloud_watch",
            "module.vpc.aws_internet_gateway.igw",
            "module.vpc.aws_kms_alias.kms_alias",
            "module.vpc.aws_kms_key.kms_key",
            "module.vpc.aws_kms_key_policy.kms_key_policy",
            "module.vpc.aws_nat_gateway.ngw",
            "module.vpc.aws_route_table.private-rt",
            "module.vpc.aws_route_table.public-rt",
            "module.vpc.aws_route_table_association.private-route-association-2a",
            "module.vpc.aws_route_table_association.private-route-association-2b",
            "module.vpc.aws_route_table_association.pub-route-association-2a",
            "module.vpc.aws_route_table_association.pub-route-association-2b",
            "module.vpc.aws_subnet.private-subnet-2a",
            "module.vpc.aws_subnet.private-subnet-2b",
            "module.vpc.aws_subnet.public-subnet-2a",
            "module.vpc.aws_subnet.public-subnet-2b",
            "module.vpc.aws_vpc.eks_vpc"
          ]
        }
      ]
    },
    {
      "module": "module.eks",
      "mode": "managed",
      "type": "aws_iam_role_policy_attachment",
      "name": "ebs_csi_driver_attach",
      "provider": "provider[\"registry.terraform.io/hashicorp/aws\"]",
      "instances": [
        {
          "schema_version": 0,
          "attributes": {
            "id": "ebs-csi-driver-20260211200153963500000010",
            "policy_arn": "arn:aws:iam::aws:policy/service-role/AmazonEBSCSIDriverPolicy",
            "role": "ebs-csi-driver"
          },
          "sensitive_attributes": [],
          "identity_schema_version": 0,
          "private": "bnVsbA==",
          "dependencies": [
            "module.eks.aws_eks_cluster.eks_cluster",
            "module.eks.aws_iam_openid_connect_provider.eks",
            "module.eks.aws_iam_role.ebs_csi_driver",
            "module.eks.data.aws_eks_cluster.eks",
            "module.eks.data.tls_certificate.eks",
            "module.iam.aws_iam_instance_profile.nodes",
            "module.iam.aws_iam_policy.vpc_flow_logs_policy",
            "module.iam.aws_iam_role.cluster",
            "module.iam.aws_iam_role.nodes",
            "module.iam.aws_iam_role.vpc_flow_logs_role",
            "module.iam.aws_iam_role_policy_attachment.AmazonEC2ContainerRegistryReadOnly",
            "module.iam.aws_iam_role_policy_attachment.AmazonEKSWorkerNodePolicy",
            "module.iam.aws_iam_role_policy_attachment.AmazonEKS_CNI_Policy",
            "module.iam.aws_iam_role_policy_attachment.cluster_AmazonEKSClusterPolicy",
            "module.iam.aws_iam_role_policy_attachment.node_group_elb_policy",
            "module.iam.aws_iam_role_policy_attachment.vpc_flow_logs_attach",
            "module.vpc.aws_cloudwatch_log_group.cloud_watch_logs",
            "module.vpc.aws_eip.ngw-eip",
            "module.vpc.aws_flow_log.cloud_watch",
            "module.vpc.aws_internet_gateway.igw",
            "module.vpc.aws_kms_alias.kms_alias",
            "module.vpc.aws_kms_key.kms_key",
            "module.vpc.aws_kms_key_policy.kms_key_policy",
            "module.vpc.aws_nat_gateway.ngw",
            "module.vpc.aws_route_table.private-rt",
            "module.vpc.aws_route_table.public-rt",
            "module.vpc.aws_route_table_association.private-route-association-2a",
            "module.vpc.aws_route_table_association.private-route-association-2b",
            "module.vpc.aws_route_table_association.pub-route-association-2a",
            "module.vpc.aws_route_table_association.pub-route-association-2b",
            "module.vpc.aws_subnet.private-subnet-2a",
            "module.vpc.aws_subnet.private-subnet-2b",
            "module.vpc.aws_subnet.public-subnet-2a",
            "module.vpc.aws_subnet.public-subnet-2b",
            "module.vpc.aws_vpc.eks_vpc"
          ]
        }
      ]
    },
    {
      "module": "module.eks",
      "mode": "managed",
      "type": "aws_iam_role_policy_attachment",
      "name": "vpc_cni_policy",
      "provider": "provider[\"registry.terraform.io/hashicorp/aws\"]",
      "instances": [
        {
          "schema_version": 0,
          "attributes": {
            "id": "vpc_cni-2026021120015376150000000f",
            "policy_arn": "arn:aws:iam::aws:policy/AmazonEKS_CNI_Policy",
            "role": "vpc_cni"
          },
          "sensitive_attributes": [],
          "identity_schema_version": 0,
          "private": "bnVsbA==",
          "dependencies": [
            "module.eks.aws_eks_cluster.eks_cluster",
            "module.eks.aws_iam_openid_connect_provider.eks",
            "module.eks.aws_iam_role.vpc_cni",
            "module.eks.data.aws_eks_cluster.eks",
            "module.eks.data.tls_certificate.eks",
            "module.iam.aws_iam_instance_profile.nodes",
            "module.iam.aws_iam_policy.vpc_flow_logs_policy",
            "module.iam.aws_iam_role.cluster",
            "module.iam.aws_iam_role.nodes",
            "module.iam.aws_iam_role.vpc_flow_logs_role",
            "module.iam.aws_iam_role_policy_attachment.AmazonEC2ContainerRegistryReadOnly",
            "module.iam.aws_iam_role_policy_attachment.AmazonEKSWorkerNodePolicy",
            "module.iam.aws_iam_role_policy_attachment.AmazonEKS_CNI_Policy",
            "module.iam.aws_iam_role_policy_attachment.cluster_AmazonEKSClusterPolicy",
            "module.iam.aws_iam_role_policy_attachment.node_group_elb_policy",
            "module.iam.aws_iam_role_policy_attachment.vpc_flow_logs_attach",
            "module.vpc.aws_cloudwatch_log_group.cloud_watch_logs",
            "module.vpc.aws_eip.ngw-eip",
            "module.vpc.aws_flow_log.cloud_watch",
            "module.vpc.aws_internet_gateway.igw",
            "module.vpc.aws_kms_alias.kms_alias",
            "module.vpc.aws_kms_key.kms_key",
            "module.vpc.aws_kms_key_policy.kms_key_policy",
            "module.vpc.aws_nat_gateway.ngw",
            "module.vpc.aws_route_table.private-rt",
            "module.vpc.aws_route_table.public-rt",
            "module.vpc.aws_route_table_association.private-route-association-2a",
            "module.vpc.aws_route_table_association.private-route-association-2b",
            "module.vpc.aws_route_table_association.pub-route-association-2a",
            "module.vpc.aws_route_table_association.pub-route-association-2b",
            "module.vpc.aws_subnet.private-subnet-2a",
            "module.vpc.aws_subnet.private-subnet-2b",
            "module.vpc.aws_subnet.public-subnet-2a",
            "module.vpc.aws_subnet.public-subnet-2b",
            "module.vpc.aws_vpc.eks_vpc"
          ]
        }
      ]
    },
    {
      "module": "module.external-dns",
      "mode": "managed",
      "type": "aws_iam_role",
      "name": "external_dns",
      "provider": "provider[\"registry.terraform.io/hashicorp/aws\"]",
      "instances": [
        {
          "schema_version": 0,
          "attributes": {
            "arn": "arn:aws:iam::038774803581:role/iam-dns",
            "assume_role_policy": "{\"Statement\":[{\"Action\":\"sts:AssumeRoleWithWebIdentity\",\"Condition\":{\"StringEquals\":{\"oidc.eks.eu-west-2.amazonaws.com/id/5CA90BB3B32AEE369F0558985E6AC909:aud\":\"sts.amazonaws.com\",\"oidc.eks.eu-west-2.amazonaws.com/id/5CA90BB3B32AEE369F0558985E6AC909:sub\":\"system:serviceaccount:external-dns:external-dns\"}},\"Effect\":\"Allow\",\"Principal\":{\"Federated\":\"arn:aws:iam::038774803581:oidc-provider/oidc.eks.eu-west-2.amazonaws.com/id/5CA90BB3B32AEE369F0558985E6AC909\"}}],\"Version\":\"2012-10-17\"}",
            "create_date": "2026-02-11T20:07:58Z",
            "description": "",
            "force_detach_policies": false,
            "id": "iam-dns",
            "inline_policy": [
              {
                "name": "external-dns-route53-policy",
                "policy": "{\"Version\":\"2012-10-17\",\"Statement\":[{\"Action\":[\"route53:ChangeResourceRecordSets\"],\"Effect\":\"Allow\",\"Resource\":\"arn:aws:route53:::hostedzone/*\"},{\"Action\":[\"route53:ListHostedZones\",\"route53:ListResourceRecordSets\"],\"Effect\":\"Allow\",\"Resource\":\"*\"}]}"
              }
            ],
            "managed_policy_arns": [],
            "max_session_duration": 3600,
            "name": "iam-dns",
            "name_prefix": "",
            "path": "/",
            "permissions_boundary": "",
            "tags": {},
            "tags_all": {},
            "unique_id": "AROAQSBZIRR67L7Q77N7P"
          },
          "sensitive_attributes": [],
          "identity_schema_version": 0,
          "private": "bnVsbA==",
          "dependencies": [
            "module.eks.aws_eks_access_entry.terraform_admin",
            "module.eks.aws_eks_access_policy_association.terraform_admin",
            "module.eks.aws_eks_addon.ebs_csi_driver",
            "module.eks.aws_eks_addon.kube-proxy",
            "module.eks.aws_eks_addon.metrics_server",
            "module.eks.aws_eks_addon.vpc_cni",
            "module.eks.aws_eks_cluster.eks_cluster",
            "module.eks.aws_eks_node_group.private_node_1",
            "module.eks.aws_eks_node_group.private_node_2",
            "module.eks.aws_iam_openid_connect_provider.eks",
            "module.eks.aws_iam_role.ebs_csi_driver",
            "module.eks.aws_iam_role.vpc_cni",
            "module.eks.aws_iam_role_policy_attachment.ebs_csi_driver_attach",
            "module.eks.aws_iam_role_policy_attachment.vpc_cni_policy",
            "module.eks.data.aws_eks_cluster.eks",
            "module.eks.data.tls_certificate.eks",
            "module.iam.aws_iam_instance_profile.nodes",
            "module.iam.aws_iam_policy.vpc_flow_logs_policy",
            "module.iam.aws_iam_role.cluster",
            "module.iam.aws_iam_role.nodes",
            "module.iam.aws_iam_role.vpc_flow_logs_role",
            "module.iam.aws_iam_role_policy_attachment.AmazonEC2ContainerRegistryReadOnly",
            "module.iam.aws_iam_role_policy_attachment.AmazonEKSWorkerNodePolicy",
            "module.iam.aws_iam_role_policy_attachment.AmazonEKS_CNI_Policy",
            "module.iam.aws_iam_role_policy_attachment.cluster_AmazonEKSClusterPolicy",
            "module.iam.aws_iam_role_policy_attachment.node_group_elb_policy",
            "module.iam.aws_iam_role_policy_attachment.vpc_flow_logs_attach",
            "module.nginx-ingress.helm_release.nginx_ingress",
            "module.vpc.aws_cloudwatch_log_group.cloud_watch_logs",
            "module.vpc.aws_eip.ngw-eip",
            "module.vpc.aws_flow_log.cloud_watch",
            "module.vpc.aws_internet_gateway.igw",
            "module.vpc.aws_kms_alias.kms_alias",
            "module.vpc.aws_kms_key.kms_key",
            "module.vpc.aws_kms_key_policy.kms_key_policy",
            "module.vpc.aws_nat_gateway.ngw",
            "module.vpc.aws_route_table.private-rt",
            "module.vpc.aws_route_table.public-rt",
            "module.vpc.aws_route_table_association.private-route-association-2a",
            "module.vpc.aws_route_table_association.private-route-association-2b",
            "module.vpc.aws_route_table_association.pub-route-association-2a",
            "module.vpc.aws_route_table_association.pub-route-association-2b",
            "module.vpc.aws_subnet.private-subnet-2a",
            "module.vpc.aws_subnet.private-subnet-2b",
            "module.vpc.aws_subnet.public-subnet-2a",
            "module.vpc.aws_subnet.public-subnet-2b",
            "module.vpc.aws_vpc.eks_vpc"
          ]
        }
      ]
    },
    {
      "module": "module.external-dns",
      "mode": "managed",
      "type": "aws_iam_role_policy",
      "name": "external_dns_route53",
      "provider": "provider[\"registry.terraform.io/hashicorp/aws\"]",
      "instances": [
        {
          "schema_version": 0,
          "attributes": {
            "id": "iam-dns:external-dns-route53-policy",
            "name": "external-dns-route53-policy",
            "name_prefix": "",
            "policy": "{\"Version\":\"2012-10-17\",\"Statement\":[{\"Action\":[\"route53:ChangeResourceRecordSets\"],\"Effect\":\"Allow\",\"Resource\":\"arn:aws:route53:::hostedzone/*\"},{\"Action\":[\"route53:ListHostedZones\",\"route53:ListResourceRecordSets\"],\"Effect\":\"Allow\",\"Resource\":\"*\"}]}",
            "role": "iam-dns"
          },
          "sensitive_attributes": [],
          "identity_schema_version": 0,
          "private": "bnVsbA==",
          "dependencies": [
            "module.eks.aws_eks_access_entry.terraform_admin",
            "module.eks.aws_eks_access_policy_association.terraform_admin",
            "module.eks.aws_eks_addon.ebs_csi_driver",
            "module.eks.aws_eks_addon.kube-proxy",
            "module.eks.aws_eks_addon.metrics_server",
            "module.eks.aws_eks_addon.vpc_cni",
            "module.eks.aws_eks_cluster.eks_cluster",
            "module.eks.aws_eks_node_group.private_node_1",
            "module.eks.aws_eks_node_group.private_node_2",
            "module.eks.aws_iam_openid_connect_provider.eks",
            "module.eks.aws_iam_role.ebs_csi_driver",
            "module.eks.aws_iam_role.vpc_cni",
            "module.eks.aws_iam_role_policy_attachment.ebs_csi_driver_attach",
            "module.eks.aws_iam_role_policy_attachment.vpc_cni_policy",
            "module.eks.data.aws_eks_cluster.eks",
            "module.eks.data.tls_certificate.eks",
            "module.external-dns.aws_iam_role.external_dns",
            "module.iam.aws_iam_instance_profile.nodes",
            "module.iam.aws_iam_policy.vpc_flow_logs_policy",
            "module.iam.aws_iam_role.cluster",
            "module.iam.aws_iam_role.nodes",
            "module.iam.aws_iam_role.vpc_flow_logs_role",
            "module.iam.aws_iam_role_policy_attachment.AmazonEC2ContainerRegistryReadOnly",
            "module.iam.aws_iam_role_policy_attachment.AmazonEKSWorkerNodePolicy",
            "module.iam.aws_iam_role_policy_attachment.AmazonEKS_CNI_Policy",
            "module.iam.aws_iam_role_policy_attachment.cluster_AmazonEKSClusterPolicy",
            "module.iam.aws_iam_role_policy_attachment.node_group_elb_policy",
            "module.iam.aws_iam_role_policy_attachment.vpc_flow_logs_attach",
            "module.nginx-ingress.helm_release.nginx_ingress",
            "module.vpc.aws_cloudwatch_log_group.cloud_watch_logs",
            "module.vpc.aws_eip.ngw-eip",
            "module.vpc.aws_flow_log.cloud_watch",
            "module.vpc.aws_internet_gateway.igw",
            "module.vpc.aws_kms_alias.kms_alias",
            "module.vpc.aws_kms_key.kms_key",
            "module.vpc.aws_kms_key_policy.kms_key_policy",
            "module.vpc.aws_nat_gateway.ngw",
            "module.vpc.aws_route_table.private-rt",
            "module.vpc.aws_route_table.public-rt",
            "module.vpc.aws_route_table_association.private-route-association-2a",
            "module.vpc.aws_route_table_association.private-route-association-2b",
            "module.vpc.aws_route_table_association.pub-route-association-2a",
            "module.vpc.aws_route_table_association.pub-route-association-2b",
            "module.vpc.aws_subnet.private-subnet-2a",
            "module.vpc.aws_subnet.private-subnet-2b",
            "module.vpc.aws_subnet.public-subnet-2a",
            "module.vpc.aws_subnet.public-subnet-2b",
            "module.vpc.aws_vpc.eks_vpc"
          ]
        }
      ]
    },
    {
      "module": "module.external-dns",
      "mode": "managed",
      "type": "helm_release",
      "name": "external_dns",
      "provider": "provider[\"registry.terraform.io/hashicorp/helm\"]",
      "instances": [
        {
          "schema_version": 1,
          "attributes": {
            "atomic": false,
            "chart": "external-dns",
            "cleanup_on_fail": false,
            "create_namespace": false,
            "dependency_update": false,
            "description": null,
            "devel": null,
            "disable_crd_hooks": false,
            "disable_openapi_validation": false,
            "disable_webhooks": false,
            "force_update": false,
            "id": "external-dns",
            "keyring": null,
            "lint": false,
            "manifest": null,
            "max_history": 0,
            "metadata": [
              {
                "app_version": "0.14.0",
                "chart": "external-dns",
                "name": "external-dns",
                "namespace": "external-dns",
                "revision": 1,
                "values": "{\"aws\":{\"region\":\"eu-west-2\"},\"provider\":\"aws\",\"serviceAccount\":{\"annotations\":{\"eks.amazonaws.com/role-arn\":\"arn:aws:iam::038774803581:role/iam-dns\"},\"create\":false,\"name\":\"external-dns\"}}",
                "version": "1.14.0"
              }
            ],
            "name": "external-dns",
            "namespace": "external-dns",
            "pass_credentials": false,
            "postrender": [],
            "recreate_pods": false,
            "render_subchart_notes": true,
            "replace": false,
            "repository": "https://kubernetes-sigs.github.io/external-dns/",
            "repository_ca_file": null,
            "repository_cert_file": null,
            "repository_key_file": null,
            "repository_password": null,
            "repository_username": null,
            "reset_values": false,
            "reuse_values": false,
            "set": [
              {
                "name": "aws.region",
                "type": "",
                "value": "eu-west-2"
              },
              {
                "name": "provider",
                "type": "",
                "value": "aws"
              },
              {
                "name": "serviceAccount.annotations.eks\\.amazonaws\\.com/role-arn",
                "type": "",
                "value": "arn:aws:iam::038774803581:role/iam-dns"
              },
              {
                "name": "serviceAccount.create",
                "type": "",
                "value": "false"
              },
              {
                "name": "serviceAccount.name",
                "type": "",
                "value": "external-dns"
              }
            ],
            "set_list": [],
            "set_sensitive": [],
            "skip_crds": false,
            "status": "deployed",
            "timeout": 600,
            "values": null,
            "verify": false,
            "version": "1.14.0",
            "wait": true,
            "wait_for_jobs": false
          },
          "sensitive_attributes": [
            [
              {
                "type": "get_attr",
                "value": "repository_password"
              }
            ]
          ],
          "identity_schema_version": 0,
          "private": "eyJzY2hlbWFfdmVyc2lvbiI6IjEifQ==",
          "dependencies": [
            "module.eks.aws_eks_access_entry.terraform_admin",
            "module.eks.aws_eks_access_policy_association.terraform_admin",
            "module.eks.aws_eks_addon.ebs_csi_driver",
            "module.eks.aws_eks_addon.kube-proxy",
            "module.eks.aws_eks_addon.metrics_server",
            "module.eks.aws_eks_addon.vpc_cni",
            "module.eks.aws_eks_cluster.eks_cluster",
            "module.eks.aws_eks_node_group.private_node_1",
            "module.eks.aws_eks_node_group.private_node_2",
            "module.eks.aws_iam_openid_connect_provider.eks",
            "module.eks.aws_iam_role.ebs_csi_driver",
            "module.eks.aws_iam_role.vpc_cni",
            "module.eks.aws_iam_role_policy_attachment.ebs_csi_driver_attach",
            "module.eks.aws_iam_role_policy_attachment.vpc_cni_policy",
            "module.eks.data.aws_eks_cluster.eks",
            "module.eks.data.tls_certificate.eks",
            "module.external-dns.aws_iam_role.external_dns",
            "module.external-dns.aws_iam_role_policy.external_dns_route53",
            "module.external-dns.kubectl_manifest.external_dns_namespace",
            "module.external-dns.kubernetes_service_account_v1.external_dns",
            "module.iam.aws_iam_instance_profile.nodes",
            "module.iam.aws_iam_policy.vpc_flow_logs_policy",
            "module.iam.aws_iam_role.cluster",
            "module.iam.aws_iam_role.nodes",
            "module.iam.aws_iam_role.vpc_flow_logs_role",
            "module.iam.aws_iam_role_policy_attachment.AmazonEC2ContainerRegistryReadOnly",
            "module.iam.aws_iam_role_policy_attachment.AmazonEKSWorkerNodePolicy",
            "module.iam.aws_iam_role_policy_attachment.AmazonEKS_CNI_Policy",
            "module.iam.aws_iam_role_policy_attachment.cluster_AmazonEKSClusterPolicy",
            "module.iam.aws_iam_role_policy_attachment.node_group_elb_policy",
            "module.iam.aws_iam_role_policy_attachment.vpc_flow_logs_attach",
            "module.nginx-ingress.helm_release.nginx_ingress",
            "module.vpc.aws_cloudwatch_log_group.cloud_watch_logs",
            "module.vpc.aws_eip.ngw-eip",
            "module.vpc.aws_flow_log.cloud_watch",
            "module.vpc.aws_internet_gateway.igw",
            "module.vpc.aws_kms_alias.kms_alias",
            "module.vpc.aws_kms_key.kms_key",
            "module.vpc.aws_kms_key_policy.kms_key_policy",
            "module.vpc.aws_nat_gateway.ngw",
            "module.vpc.aws_route_table.private-rt",
            "module.vpc.aws_route_table.public-rt",
            "module.vpc.aws_route_table_association.private-route-association-2a",
            "module.vpc.aws_route_table_association.private-route-association-2b",
            "module.vpc.aws_route_table_association.pub-route-association-2a",
            "module.vpc.aws_route_table_association.pub-route-association-2b",
            "module.vpc.aws_subnet.private-subnet-2a",
            "module.vpc.aws_subnet.private-subnet-2b",
            "module.vpc.aws_subnet.public-subnet-2a",
            "module.vpc.aws_subnet.public-subnet-2b",
            "module.vpc.aws_vpc.eks_vpc"
          ]
        }
      ]
    },
    {
      "module": "module.external-dns",
      "mode": "managed",
      "type": "kubectl_manifest",
      "name": "external_dns_namespace",
      "provider": "provider[\"registry.terraform.io/gavinbunney/kubectl\"]",
      "instances": [
        {
          "schema_version": 1,
          "attributes": {
            "api_version": "v1",
            "apply_only": false,
            "force_conflicts": false,
            "force_new": false,
            "id": "/api/v1/namespaces/external-dns",
            "ignore_fields": null,
            "kind": "Namespace",
            "live_manifest_incluster": "115b49b76e3ca63d545b27c0dd5da520da2ce29d79ee21c025931cf2375857af",
            "live_uid": "936f3dff-3c51-4e83-9c73-f32497a2f268",
            "name": "external-dns",
            "namespace": null,
            "override_namespace": null,
            "sensitive_fields": null,
            "server_side_apply": false,
            "timeouts": null,
            "uid": "936f3dff-3c51-4e83-9c73-f32497a2f268",
            "validate_schema": true,
            "wait": null,
            "wait_for_rollout": true,
            "yaml_body": "apiVersion: v1\r\nkind: Namespace\r\nmetadata:\r\n  name: external-dns\r\n",
            "yaml_body_parsed": "apiVersion: v1\nkind: Namespace\nmetadata:\n  name: external-dns\n",
            "yaml_incluster": "115b49b76e3ca63d545b27c0dd5da520da2ce29d79ee21c025931cf2375857af"
          },
          "sensitive_attributes": [
            [
              {
                "type": "get_attr",
                "value": "live_manifest_incluster"
              }
            ],
            [
              {
                "type": "get_attr",
                "value": "yaml_body"
              }
            ],
            [
              {
                "type": "get_attr",
                "value": "yaml_incluster"
              }
            ]
          ],
          "identity_schema_version": 0,
          "private": "eyJlMmJmYjczMC1lY2FhLTExZTYtOGY4OC0zNDM2M2JjN2M0YzAiOnsiY3JlYXRlIjo2MDAwMDAwMDAwMDB9LCJzY2hlbWFfdmVyc2lvbiI6IjEifQ==",
          "dependencies": [
            "module.eks.aws_eks_access_entry.terraform_admin",
            "module.eks.aws_eks_access_policy_association.terraform_admin",
            "module.eks.aws_eks_addon.ebs_csi_driver",
            "module.eks.aws_eks_addon.kube-proxy",
            "module.eks.aws_eks_addon.metrics_server",
            "module.eks.aws_eks_addon.vpc_cni",
            "module.eks.aws_eks_cluster.eks_cluster",
            "module.eks.aws_eks_node_group.private_node_1",
            "module.eks.aws_eks_node_group.private_node_2",
            "module.eks.aws_iam_openid_connect_provider.eks",
            "module.eks.aws_iam_role.ebs_csi_driver",
            "module.eks.aws_iam_role.vpc_cni",
            "module.eks.aws_iam_role_policy_attachment.ebs_csi_driver_attach",
            "module.eks.aws_iam_role_policy_attachment.vpc_cni_policy",
            "module.eks.data.aws_eks_cluster.eks",
            "module.eks.data.tls_certificate.eks",
            "module.iam.aws_iam_instance_profile.nodes",
            "module.iam.aws_iam_policy.vpc_flow_logs_policy",
            "module.iam.aws_iam_role.cluster",
            "module.iam.aws_iam_role.nodes",
            "module.iam.aws_iam_role.vpc_flow_logs_role",
            "module.iam.aws_iam_role_policy_attachment.AmazonEC2ContainerRegistryReadOnly",
            "module.iam.aws_iam_role_policy_attachment.AmazonEKSWorkerNodePolicy",
            "module.iam.aws_iam_role_policy_attachment.AmazonEKS_CNI_Policy",
            "module.iam.aws_iam_role_policy_attachment.cluster_AmazonEKSClusterPolicy",
            "module.iam.aws_iam_role_policy_attachment.node_group_elb_policy",
            "module.iam.aws_iam_role_policy_attachment.vpc_flow_logs_attach",
            "module.nginx-ingress.helm_release.nginx_ingress",
            "module.vpc.aws_cloudwatch_log_group.cloud_watch_logs",
            "module.vpc.aws_eip.ngw-eip",
            "module.vpc.aws_flow_log.cloud_watch",
            "module.vpc.aws_internet_gateway.igw",
            "module.vpc.aws_kms_alias.kms_alias",
            "module.vpc.aws_kms_key.kms_key",
            "module.vpc.aws_kms_key_policy.kms_key_policy",
            "module.vpc.aws_nat_gateway.ngw",
            "module.vpc.aws_route_table.private-rt",
            "module.vpc.aws_route_table.public-rt",
            "module.vpc.aws_route_table_association.private-route-association-2a",
            "module.vpc.aws_route_table_association.private-route-association-2b",
            "module.vpc.aws_route_table_association.pub-route-association-2a",
            "module.vpc.aws_route_table_association.pub-route-association-2b",
            "module.vpc.aws_subnet.private-subnet-2a",
            "module.vpc.aws_subnet.private-subnet-2b",
            "module.vpc.aws_subnet.public-subnet-2a",
            "module.vpc.aws_subnet.public-subnet-2b",
            "module.vpc.aws_vpc.eks_vpc"
          ]
        }
      ]
    },
    {
      "module": "module.external-dns",
      "mode": "managed",
      "type": "kubernetes_service_account_v1",
      "name": "external_dns",
      "provider": "provider[\"registry.terraform.io/hashicorp/kubernetes\"]",
      "instances": [
        {
          "schema_version": 0,
          "attributes": {
            "automount_service_account_token": true,
            "default_secret_name": "",
            "id": "external-dns/external-dns",
            "image_pull_secret": [],
            "metadata": [
              {
                "annotations": {
                  "eks.amazonaws.com/role-arn": "arn:aws:iam::038774803581:role/iam-dns"
                },
                "generate_name": "",
                "generation": 0,
                "labels": {},
                "name": "external-dns",
                "namespace": "external-dns",
                "resource_version": "3480",
                "uid": "8d9e009e-28c1-4b9b-8399-569d633e2a02"
              }
            ],
            "secret": [],
            "timeouts": null
          },
          "sensitive_attributes": [],
          "identity_schema_version": 1,
          "identity": {
            "api_version": "v1",
            "kind": "ServiceAccount",
            "name": "external-dns",
            "namespace": "external-dns"
          },
          "private": "eyJlMmJmYjczMC1lY2FhLTExZTYtOGY4OC0zNDM2M2JjN2M0YzAiOnsiY3JlYXRlIjozMDAwMDAwMDAwMH19",
          "dependencies": [
            "module.eks.aws_eks_access_entry.terraform_admin",
            "module.eks.aws_eks_access_policy_association.terraform_admin",
            "module.eks.aws_eks_addon.ebs_csi_driver",
            "module.eks.aws_eks_addon.kube-proxy",
            "module.eks.aws_eks_addon.metrics_server",
            "module.eks.aws_eks_addon.vpc_cni",
            "module.eks.aws_eks_cluster.eks_cluster",
            "module.eks.aws_eks_node_group.private_node_1",
            "module.eks.aws_eks_node_group.private_node_2",
            "module.eks.aws_iam_openid_connect_provider.eks",
            "module.eks.aws_iam_role.ebs_csi_driver",
            "module.eks.aws_iam_role.vpc_cni",
            "module.eks.aws_iam_role_policy_attachment.ebs_csi_driver_attach",
            "module.eks.aws_iam_role_policy_attachment.vpc_cni_policy",
            "module.eks.data.aws_eks_cluster.eks",
            "module.eks.data.tls_certificate.eks",
            "module.external-dns.aws_iam_role.external_dns",
            "module.external-dns.kubectl_manifest.external_dns_namespace",
            "module.iam.aws_iam_instance_profile.nodes",
            "module.iam.aws_iam_policy.vpc_flow_logs_policy",
            "module.iam.aws_iam_role.cluster",
            "module.iam.aws_iam_role.nodes",
            "module.iam.aws_iam_role.vpc_flow_logs_role",
            "module.iam.aws_iam_role_policy_attachment.AmazonEC2ContainerRegistryReadOnly",
            "module.iam.aws_iam_role_policy_attachment.AmazonEKSWorkerNodePolicy",
            "module.iam.aws_iam_role_policy_attachment.AmazonEKS_CNI_Policy",
            "module.iam.aws_iam_role_policy_attachment.cluster_AmazonEKSClusterPolicy",
            "module.iam.aws_iam_role_policy_attachment.node_group_elb_policy",
            "module.iam.aws_iam_role_policy_attachment.vpc_flow_logs_attach",
            "module.nginx-ingress.helm_release.nginx_ingress",
            "module.vpc.aws_cloudwatch_log_group.cloud_watch_logs",
            "module.vpc.aws_eip.ngw-eip",
            "module.vpc.aws_flow_log.cloud_watch",
            "module.vpc.aws_internet_gateway.igw",
            "module.vpc.aws_kms_alias.kms_alias",
            "module.vpc.aws_kms_key.kms_key",
            "module.vpc.aws_kms_key_policy.kms_key_policy",
            "module.vpc.aws_nat_gateway.ngw",
            "module.vpc.aws_route_table.private-rt",
            "module.vpc.aws_route_table.public-rt",
            "module.vpc.aws_route_table_association.private-route-association-2a",
            "module.vpc.aws_route_table_association.private-route-association-2b",
            "module.vpc.aws_route_table_association.pub-route-association-2a",
            "module.vpc.aws_route_table_association.pub-route-association-2b",
            "module.vpc.aws_subnet.private-subnet-2a",
            "module.vpc.aws_subnet.private-subnet-2b",
            "module.vpc.aws_subnet.public-subnet-2a",
            "module.vpc.aws_subnet.public-subnet-2b",
            "module.vpc.aws_vpc.eks_vpc"
          ]
        }
      ]
    },
    {
      "module": "module.iam",
      "mode": "managed",
      "type": "aws_iam_instance_profile",
      "name": "nodes",
      "provider": "provider[\"registry.terraform.io/hashicorp/aws\"]",
      "instances": [
        {
          "schema_version": 0,
          "attributes": {
            "arn": "arn:aws:iam::038774803581:instance-profile/eks-node-group-profile",
            "create_date": "2026-02-11T19:50:43Z",
            "id": "eks-node-group-profile",
            "name": "eks-node-group-profile",
            "name_prefix": "",
            "path": "/",
            "role": "eks-node-group",
            "tags": {},
            "tags_all": {},
            "unique_id": "AIPAQSBZIRR67RAHXZMBQ"
          },
          "sensitive_attributes": [],
          "identity_schema_version": 0,
          "private": "bnVsbA==",
          "dependencies": [
            "module.iam.aws_iam_role.nodes"
          ]
        }
      ]
    },
    {
      "module": "module.iam",
      "mode": "managed",
      "type": "aws_iam_policy",
      "name": "vpc_flow_logs_policy",
      "provider": "provider[\"registry.terraform.io/hashicorp/aws\"]",
      "instances": [
        {
          "schema_version": 0,
          "attributes": {
            "arn": "arn:aws:iam::038774803581:policy/vpc-flow-logs-cloudwatch-policy",
            "attachment_count": 1,
            "description": "",
            "id": "arn:aws:iam::038774803581:policy/vpc-flow-logs-cloudwatch-policy",
            "name": "vpc-flow-logs-cloudwatch-policy",
            "name_prefix": "",
            "path": "/",
            "policy": "{\"Statement\":[{\"Action\":[\"logs:CreateLogGroup\",\"logs:CreateLogStream\",\"logs:PutLogEvents\",\"logs:DescribeLogGroups\",\"logs:DescribeLogStreams\"],\"Effect\":\"Allow\",\"Resource\":\"*\"}],\"Version\":\"2012-10-17\"}",
            "policy_id": "ANPAQSBZIRR6TITGNSZQI",
            "tags": {},
            "tags_all": {}
          },
          "sensitive_attributes": [],
          "identity_schema_version": 0,
          "private": "bnVsbA=="
        }
      ]
    },
    {
      "module": "module.iam",
      "mode": "managed",
      "type": "aws_iam_role",
      "name": "cluster",
      "provider": "provider[\"registry.terraform.io/hashicorp/aws\"]",
      "instances": [
        {
          "schema_version": 0,
          "attributes": {
            "arn": "arn:aws:iam::038774803581:role/eks-cluster",
            "assume_role_policy": "{\"Statement\":[{\"Action\":[\"sts:AssumeRole\",\"sts:TagSession\"],\"Effect\":\"Allow\",\"Principal\":{\"Service\":\"eks.amazonaws.com\"}}],\"Version\":\"2012-10-17\"}",
            "create_date": "2026-02-11T19:50:42Z",
            "description": "",
            "force_detach_policies": false,
            "id": "eks-cluster",
            "inline_policy": [],
            "managed_policy_arns": [
              "arn:aws:iam::aws:policy/AmazonEKSClusterPolicy"
            ],
            "max_session_duration": 3600,
            "name": "eks-cluster",
            "name_prefix": "",
            "path": "/",
            "permissions_boundary": "",
            "tags": {},
            "tags_all": {},
            "unique_id": "AROAQSBZIRR622GLD2ASX"
          },
          "sensitive_attributes": [],
          "identity_schema_version": 0,
          "private": "bnVsbA=="
        }
      ]
    },
    {
      "module": "module.iam",
      "mode": "managed",
      "type": "aws_iam_role",
      "name": "nodes",
      "provider": "provider[\"registry.terraform.io/hashicorp/aws\"]",
      "instances": [
        {
          "schema_version": 0,
          "attributes": {
            "arn": "arn:aws:iam::038774803581:role/eks-node-group",
            "assume_role_policy": "{\"Statement\":[{\"Action\":\"sts:AssumeRole\",\"Effect\":\"Allow\",\"Principal\":{\"Service\":\"ec2.amazonaws.com\"}}],\"Version\":\"2012-10-17\"}",
            "create_date": "2026-02-11T19:50:42Z",
            "description": "",
            "force_detach_policies": false,
            "id": "eks-node-group",
            "inline_policy": [],
            "managed_policy_arns": [
              "arn:aws:iam::aws:policy/AmazonEC2ContainerRegistryReadOnly",
              "arn:aws:iam::aws:policy/AmazonEKSWorkerNodePolicy",
              "arn:aws:iam::aws:policy/AmazonEKS_CNI_Policy",
              "arn:aws:iam::aws:policy/ElasticLoadBalancingFullAccess"
            ],
            "max_session_duration": 3600,
            "name": "eks-node-group",
            "name_prefix": "",
            "path": "/",
            "permissions_boundary": "",
            "tags": {},
            "tags_all": {},
            "unique_id": "AROAQSBZIRR6TGCDJDSKF"
          },
          "sensitive_attributes": [],
          "identity_schema_version": 0,
          "private": "bnVsbA=="
        }
      ]
    },
    {
      "module": "module.iam",
      "mode": "managed",
      "type": "aws_iam_role",
      "name": "vpc_flow_logs_role",
      "provider": "provider[\"registry.terraform.io/hashicorp/aws\"]",
      "instances": [
        {
          "schema_version": 0,
          "attributes": {
            "arn": "arn:aws:iam::038774803581:role/cloud-watch",
            "assume_role_policy": "{\"Statement\":[{\"Action\":[\"sts:AssumeRole\",\"sts:TagSession\"],\"Effect\":\"Allow\",\"Principal\":{\"Service\":\"vpc-flow-logs.amazonaws.com\"}}],\"Version\":\"2012-10-17\"}",
            "create_date": "2026-02-11T19:50:42Z",
            "description": "",
            "force_detach_policies": false,
            "id": "cloud-watch",
            "inline_policy": [],
            "managed_policy_arns": [
              "arn:aws:iam::038774803581:policy/vpc-flow-logs-cloudwatch-policy"
            ],
            "max_session_duration": 3600,
            "name": "cloud-watch",
            "name_prefix": "",
            "path": "/",
            "permissions_boundary": "",
            "tags": {},
            "tags_all": {},
            "unique_id": "AROAQSBZIRR64JPXTWIGJ"
          },
          "sensitive_attributes": [],
          "identity_schema_version": 0,
          "private": "bnVsbA=="
        }
      ]
    },
    {
      "module": "module.iam",
      "mode": "managed",
      "type": "aws_iam_role_policy_attachment",
      "name": "AmazonEC2ContainerRegistryReadOnly",
      "provider": "provider[\"registry.terraform.io/hashicorp/aws\"]",
      "instances": [
        {
          "schema_version": 0,
          "attributes": {
            "id": "eks-node-group-20260211195042919100000002",
            "policy_arn": "arn:aws:iam::aws:policy/AmazonEC2ContainerRegistryReadOnly",
            "role": "eks-node-group"
          },
          "sensitive_attributes": [],
          "identity_schema_version": 0,
          "private": "bnVsbA==",
          "dependencies": [
            "module.iam.aws_iam_role.nodes"
          ]
        }
      ]
    },
    {
      "module": "module.iam",
      "mode": "managed",
      "type": "aws_iam_role_policy_attachment",
      "name": "AmazonEKSWorkerNodePolicy",
      "provider": "provider[\"registry.terraform.io/hashicorp/aws\"]",
      "instances": [
        {
          "schema_version": 0,
          "attributes": {
            "id": "eks-node-group-20260211195042922600000004",
            "policy_arn": "arn:aws:iam::aws:policy/AmazonEKSWorkerNodePolicy",
            "role": "eks-node-group"
          },
          "sensitive_attributes": [],
          "identity_schema_version": 0,
          "private": "bnVsbA==",
          "dependencies": [
            "module.iam.aws_iam_role.nodes"
          ]
        }
      ]
    },
    {
      "module": "module.iam",
      "mode": "managed",
      "type": "aws_iam_role_policy_attachment",
      "name": "AmazonEKS_CNI_Policy",
      "provider": "provider[\"registry.terraform.io/hashicorp/aws\"]",
      "instances": [
        {
          "schema_version": 0,
          "attributes": {
            "id": "eks-node-group-20260211195043065500000005",
            "policy_arn": "arn:aws:iam::aws:policy/AmazonEKS_CNI_Policy",
            "role": "eks-node-group"
          },
          "sensitive_attributes": [],
          "identity_schema_version": 0,
          "private": "bnVsbA==",
          "dependencies": [
            "module.iam.aws_iam_role.nodes"
          ]
        }
      ]
    },
    {
      "module": "module.iam",
      "mode": "managed",
      "type": "aws_iam_role_policy_attachment",
      "name": "cluster_AmazonEKSClusterPolicy",
      "provider": "provider[\"registry.terraform.io/hashicorp/aws\"]",
      "instances": [
        {
          "schema_version": 0,
          "attributes": {
            "id": "eks-cluster-20260211195042908400000001",
            "policy_arn": "arn:aws:iam::aws:policy/AmazonEKSClusterPolicy",
            "role": "eks-cluster"
          },
          "sensitive_attributes": [],
          "identity_schema_version": 0,
          "private": "bnVsbA==",
          "dependencies": [
            "module.iam.aws_iam_role.cluster"
          ]
        }
      ]
    },
    {
      "module": "module.iam",
      "mode": "managed",
      "type": "aws_iam_role_policy_attachment",
      "name": "node_group_elb_policy",
      "provider": "provider[\"registry.terraform.io/hashicorp/aws\"]",
      "instances": [
        {
          "schema_version": 0,
          "attributes": {
            "id": "eks-node-group-20260211195042922000000003",
            "policy_arn": "arn:aws:iam::aws:policy/ElasticLoadBalancingFullAccess",
            "role": "eks-node-group"
          },
          "sensitive_attributes": [],
          "identity_schema_version": 0,
          "private": "bnVsbA==",
          "dependencies": [
            "module.iam.aws_iam_role.nodes"
          ]
        }
      ]
    },
    {
      "module": "module.iam",
      "mode": "managed",
      "type": "aws_iam_role_policy_attachment",
      "name": "vpc_flow_logs_attach",
      "provider": "provider[\"registry.terraform.io/hashicorp/aws\"]",
      "instances": [
        {
          "schema_version": 0,
          "attributes": {
            "id": "cloud-watch-20260211195043079500000006",
            "policy_arn": "arn:aws:iam::038774803581:policy/vpc-flow-logs-cloudwatch-policy",
            "role": "cloud-watch"
          },
          "sensitive_attributes": [],
          "identity_schema_version": 0,
          "private": "bnVsbA==",
          "dependencies": [
            "module.iam.aws_iam_policy.vpc_flow_logs_policy",
            "module.iam.aws_iam_role.vpc_flow_logs_role"
          ]
        }
      ]
    },
    {
      "module": "module.manifests",
      "mode": "managed",
      "type": "aws_iam_policy",
      "name": "iam_eso_policy",
      "provider": "provider[\"registry.terraform.io/hashicorp/aws\"]",
      "instances": [
        {
          "schema_version": 0,
          "attributes": {
            "arn": "arn:aws:iam::038774803581:policy/iampolicy-eso",
            "attachment_count": 1,
            "description": "",
            "id": "arn:aws:iam::038774803581:policy/iampolicy-eso",
            "name": "iampolicy-eso",
            "name_prefix": "",
            "path": "/",
            "policy": "{\"Statement\":[{\"Action\":[\"secretsmanager:GetSecretValue\",\"secretsmanager:DescribeSecret\",\"secretsmanager:ListSecrets\"],\"Effect\":\"Allow\",\"Resource\":\"*\"}],\"Version\":\"2012-10-17\"}",
            "policy_id": "ANPAQSBZIRR67AJBMNU6C",
            "tags": {},
            "tags_all": {}
          },
          "sensitive_attributes": [],
          "identity_schema_version": 0,
          "private": "bnVsbA==",
          "dependencies": [
            "module.cert-manager.helm_release.cert_manager",
            "module.cert-manager.kubectl_manifest.letsencrypt_staging",
            "module.eks.aws_eks_access_entry.terraform_admin",
            "module.eks.aws_eks_access_policy_association.terraform_admin",
            "module.eks.aws_eks_addon.ebs_csi_driver",
            "module.eks.aws_eks_addon.kube-proxy",
            "module.eks.aws_eks_addon.metrics_server",
            "module.eks.aws_eks_addon.vpc_cni",
            "module.eks.aws_eks_cluster.eks_cluster",
            "module.eks.aws_eks_node_group.private_node_1",
            "module.eks.aws_eks_node_group.private_node_2",
            "module.eks.aws_iam_openid_connect_provider.eks",
            "module.eks.aws_iam_role.ebs_csi_driver",
            "module.eks.aws_iam_role.vpc_cni",
            "module.eks.aws_iam_role_policy_attachment.ebs_csi_driver_attach",
            "module.eks.aws_iam_role_policy_attachment.vpc_cni_policy",
            "module.eks.data.aws_eks_cluster.eks",
            "module.eks.data.tls_certificate.eks",
            "module.external-dns.aws_iam_role.external_dns",
            "module.external-dns.aws_iam_role_policy.external_dns_route53",
            "module.external-dns.helm_release.external_dns",
            "module.external-dns.kubectl_manifest.external_dns_namespace",
            "module.external-dns.kubernetes_service_account_v1.external_dns",
            "module.iam.aws_iam_instance_profile.nodes",
            "module.iam.aws_iam_policy.vpc_flow_logs_policy",
            "module.iam.aws_iam_role.cluster",
            "module.iam.aws_iam_role.nodes",
            "module.iam.aws_iam_role.vpc_flow_logs_role",
            "module.iam.aws_iam_role_policy_attachment.AmazonEC2ContainerRegistryReadOnly",
            "module.iam.aws_iam_role_policy_attachment.AmazonEKSWorkerNodePolicy",
            "module.iam.aws_iam_role_policy_attachment.AmazonEKS_CNI_Policy",
            "module.iam.aws_iam_role_policy_attachment.cluster_AmazonEKSClusterPolicy",
            "module.iam.aws_iam_role_policy_attachment.node_group_elb_policy",
            "module.iam.aws_iam_role_policy_attachment.vpc_flow_logs_attach",
            "module.nginx-ingress.helm_release.nginx_ingress",
            "module.vpc.aws_cloudwatch_log_group.cloud_watch_logs",
            "module.vpc.aws_eip.ngw-eip",
            "module.vpc.aws_flow_log.cloud_watch",
            "module.vpc.aws_internet_gateway.igw",
            "module.vpc.aws_kms_alias.kms_alias",
            "module.vpc.aws_kms_key.kms_key",
            "module.vpc.aws_kms_key_policy.kms_key_policy",
            "module.vpc.aws_nat_gateway.ngw",
            "module.vpc.aws_route_table.private-rt",
            "module.vpc.aws_route_table.public-rt",
            "module.vpc.aws_route_table_association.private-route-association-2a",
            "module.vpc.aws_route_table_association.private-route-association-2b",
            "module.vpc.aws_route_table_association.pub-route-association-2a",
            "module.vpc.aws_route_table_association.pub-route-association-2b",
            "module.vpc.aws_subnet.private-subnet-2a",
            "module.vpc.aws_subnet.private-subnet-2b",
            "module.vpc.aws_subnet.public-subnet-2a",
            "module.vpc.aws_subnet.public-subnet-2b",
            "module.vpc.aws_vpc.eks_vpc"
          ]
        }
      ]
    },
    {
      "module": "module.manifests",
      "mode": "managed",
      "type": "aws_iam_role",
      "name": "iam_role_eso",
      "provider": "provider[\"registry.terraform.io/hashicorp/aws\"]",
      "instances": [
        {
          "schema_version": 0,
          "attributes": {
            "arn": "arn:aws:iam::038774803581:role/iamrole-eso",
            "assume_role_policy": "{\"Statement\":[{\"Action\":\"sts:AssumeRoleWithWebIdentity\",\"Condition\":{\"StringEquals\":{\"oidc.eks.eu-west-2.amazonaws.com/id/5CA90BB3B32AEE369F0558985E6AC909:aud\":\"sts.amazonaws.com\",\"oidc.eks.eu-west-2.amazonaws.com/id/5CA90BB3B32AEE369F0558985E6AC909:sub\":\"system:serviceaccount:external-secrets:eso-sa\"}},\"Effect\":\"Allow\",\"Principal\":{\"Federated\":\"arn:aws:iam::038774803581:oidc-provider/oidc.eks.eu-west-2.amazonaws.com/id/5CA90BB3B32AEE369F0558985E6AC909\"}}],\"Version\":\"2012-10-17\"}",
            "create_date": "2026-02-11T20:10:02Z",
            "description": "",
            "force_detach_policies": false,
            "id": "iamrole-eso",
            "inline_policy": [],
            "managed_policy_arns": [
              "arn:aws:iam::038774803581:policy/iampolicy-eso"
            ],
            "max_session_duration": 3600,
            "name": "iamrole-eso",
            "name_prefix": "",
            "path": "/",
            "permissions_boundary": "",
            "tags": {},
            "tags_all": {},
            "unique_id": "AROAQSBZIRR64VE6EFNN7"
          },
          "sensitive_attributes": [],
          "identity_schema_version": 0,
          "private": "bnVsbA==",
          "dependencies": [
            "module.cert-manager.helm_release.cert_manager",
            "module.cert-manager.kubectl_manifest.letsencrypt_staging",
            "module.eks.aws_eks_access_entry.terraform_admin",
            "module.eks.aws_eks_access_policy_association.terraform_admin",
            "module.eks.aws_eks_addon.ebs_csi_driver",
            "module.eks.aws_eks_addon.kube-proxy",
            "module.eks.aws_eks_addon.metrics_server",
            "module.eks.aws_eks_addon.vpc_cni",
            "module.eks.aws_eks_cluster.eks_cluster",
            "module.eks.aws_eks_node_group.private_node_1",
            "module.eks.aws_eks_node_group.private_node_2",
            "module.eks.aws_iam_openid_connect_provider.eks",
            "module.eks.aws_iam_role.ebs_csi_driver",
            "module.eks.aws_iam_role.vpc_cni",
            "module.eks.aws_iam_role_policy_attachment.ebs_csi_driver_attach",
            "module.eks.aws_iam_role_policy_attachment.vpc_cni_policy",
            "module.eks.data.aws_eks_cluster.eks",
            "module.eks.data.tls_certificate.eks",
            "module.external-dns.aws_iam_role.external_dns",
            "module.external-dns.aws_iam_role_policy.external_dns_route53",
            "module.external-dns.helm_release.external_dns",
            "module.external-dns.kubectl_manifest.external_dns_namespace",
            "module.external-dns.kubernetes_service_account_v1.external_dns",
            "module.iam.aws_iam_instance_profile.nodes",
            "module.iam.aws_iam_policy.vpc_flow_logs_policy",
            "module.iam.aws_iam_role.cluster",
            "module.iam.aws_iam_role.nodes",
            "module.iam.aws_iam_role.vpc_flow_logs_role",
            "module.iam.aws_iam_role_policy_attachment.AmazonEC2ContainerRegistryReadOnly",
            "module.iam.aws_iam_role_policy_attachment.AmazonEKSWorkerNodePolicy",
            "module.iam.aws_iam_role_policy_attachment.AmazonEKS_CNI_Policy",
            "module.iam.aws_iam_role_policy_attachment.cluster_AmazonEKSClusterPolicy",
            "module.iam.aws_iam_role_policy_attachment.node_group_elb_policy",
            "module.iam.aws_iam_role_policy_attachment.vpc_flow_logs_attach",
            "module.nginx-ingress.helm_release.nginx_ingress",
            "module.vpc.aws_cloudwatch_log_group.cloud_watch_logs",
            "module.vpc.aws_eip.ngw-eip",
            "module.vpc.aws_flow_log.cloud_watch",
            "module.vpc.aws_internet_gateway.igw",
            "module.vpc.aws_kms_alias.kms_alias",
            "module.vpc.aws_kms_key.kms_key",
            "module.vpc.aws_kms_key_policy.kms_key_policy",
            "module.vpc.aws_nat_gateway.ngw",
            "module.vpc.aws_route_table.private-rt",
            "module.vpc.aws_route_table.public-rt",
            "module.vpc.aws_route_table_association.private-route-association-2a",
            "module.vpc.aws_route_table_association.private-route-association-2b",
            "module.vpc.aws_route_table_association.pub-route-association-2a",
            "module.vpc.aws_route_table_association.pub-route-association-2b",
            "module.vpc.aws_subnet.private-subnet-2a",
            "module.vpc.aws_subnet.private-subnet-2b",
            "module.vpc.aws_subnet.public-subnet-2a",
            "module.vpc.aws_subnet.public-subnet-2b",
            "module.vpc.aws_vpc.eks_vpc"
          ]
        }
      ]
    },
    {
      "module": "module.manifests",
      "mode": "managed",
      "type": "aws_iam_role_policy_attachment",
      "name": "iampolicyattach-eso",
      "provider": "provider[\"registry.terraform.io/hashicorp/aws\"]",
      "instances": [
        {
          "schema_version": 0,
          "attributes": {
            "id": "iamrole-eso-20260211201002979700000003",
            "policy_arn": "arn:aws:iam::038774803581:policy/iampolicy-eso",
            "role": "iamrole-eso"
          },
          "sensitive_attributes": [],
          "identity_schema_version": 0,
          "private": "bnVsbA==",
          "dependencies": [
            "module.cert-manager.helm_release.cert_manager",
            "module.cert-manager.kubectl_manifest.letsencrypt_staging",
            "module.eks.aws_eks_access_entry.terraform_admin",
            "module.eks.aws_eks_access_policy_association.terraform_admin",
            "module.eks.aws_eks_addon.ebs_csi_driver",
            "module.eks.aws_eks_addon.kube-proxy",
            "module.eks.aws_eks_addon.metrics_server",
            "module.eks.aws_eks_addon.vpc_cni",
            "module.eks.aws_eks_cluster.eks_cluster",
            "module.eks.aws_eks_node_group.private_node_1",
            "module.eks.aws_eks_node_group.private_node_2",
            "module.eks.aws_iam_openid_connect_provider.eks",
            "module.eks.aws_iam_role.ebs_csi_driver",
            "module.eks.aws_iam_role.vpc_cni",
            "module.eks.aws_iam_role_policy_attachment.ebs_csi_driver_attach",
            "module.eks.aws_iam_role_policy_attachment.vpc_cni_policy",
            "module.eks.data.aws_eks_cluster.eks",
            "module.eks.data.tls_certificate.eks",
            "module.external-dns.aws_iam_role.external_dns",
            "module.external-dns.aws_iam_role_policy.external_dns_route53",
            "module.external-dns.helm_release.external_dns",
            "module.external-dns.kubectl_manifest.external_dns_namespace",
            "module.external-dns.kubernetes_service_account_v1.external_dns",
            "module.iam.aws_iam_instance_profile.nodes",
            "module.iam.aws_iam_policy.vpc_flow_logs_policy",
            "module.iam.aws_iam_role.cluster",
            "module.iam.aws_iam_role.nodes",
            "module.iam.aws_iam_role.vpc_flow_logs_role",
            "module.iam.aws_iam_role_policy_attachment.AmazonEC2ContainerRegistryReadOnly",
            "module.iam.aws_iam_role_policy_attachment.AmazonEKSWorkerNodePolicy",
            "module.iam.aws_iam_role_policy_attachment.AmazonEKS_CNI_Policy",
            "module.iam.aws_iam_role_policy_attachment.cluster_AmazonEKSClusterPolicy",
            "module.iam.aws_iam_role_policy_attachment.node_group_elb_policy",
            "module.iam.aws_iam_role_policy_attachment.vpc_flow_logs_attach",
            "module.manifests.aws_iam_policy.iam_eso_policy",
            "module.manifests.aws_iam_role.iam_role_eso",
            "module.nginx-ingress.helm_release.nginx_ingress",
            "module.vpc.aws_cloudwatch_log_group.cloud_watch_logs",
            "module.vpc.aws_eip.ngw-eip",
            "module.vpc.aws_flow_log.cloud_watch",
            "module.vpc.aws_internet_gateway.igw",
            "module.vpc.aws_kms_alias.kms_alias",
            "module.vpc.aws_kms_key.kms_key",
            "module.vpc.aws_kms_key_policy.kms_key_policy",
            "module.vpc.aws_nat_gateway.ngw",
            "module.vpc.aws_route_table.private-rt",
            "module.vpc.aws_route_table.public-rt",
            "module.vpc.aws_route_table_association.private-route-association-2a",
            "module.vpc.aws_route_table_association.private-route-association-2b",
            "module.vpc.aws_route_table_association.pub-route-association-2a",
            "module.vpc.aws_route_table_association.pub-route-association-2b",
            "module.vpc.aws_subnet.private-subnet-2a",
            "module.vpc.aws_subnet.private-subnet-2b",
            "module.vpc.aws_subnet.public-subnet-2a",
            "module.vpc.aws_subnet.public-subnet-2b",
            "module.vpc.aws_vpc.eks_vpc"
          ]
        }
      ]
    },
    {
      "module": "module.manifests",
      "mode": "managed",
      "type": "aws_secretsmanager_secret",
      "name": "secrets",
      "provider": "provider[\"registry.terraform.io/hashicorp/aws\"]",
      "instances": [
        {
          "schema_version": 0,
          "attributes": {
            "arn": "arn:aws:secretsmanager:eu-west-2:038774803581:secret:db-creds-x6Ww3g",
            "description": "",
            "force_overwrite_replica_secret": false,
            "id": "arn:aws:secretsmanager:eu-west-2:038774803581:secret:db-creds-x6Ww3g",
            "kms_key_id": "",
            "name": "db-creds",
            "name_prefix": "",
            "policy": "",
            "recovery_window_in_days": 30,
            "replica": [],
            "tags": {},
            "tags_all": {}
          },
          "sensitive_attributes": [],
          "identity_schema_version": 0,
          "private": "bnVsbA==",
          "dependencies": [
            "module.cert-manager.helm_release.cert_manager",
            "module.cert-manager.kubectl_manifest.letsencrypt_staging",
            "module.eks.aws_eks_access_entry.terraform_admin",
            "module.eks.aws_eks_access_policy_association.terraform_admin",
            "module.eks.aws_eks_addon.ebs_csi_driver",
            "module.eks.aws_eks_addon.kube-proxy",
            "module.eks.aws_eks_addon.metrics_server",
            "module.eks.aws_eks_addon.vpc_cni",
            "module.eks.aws_eks_cluster.eks_cluster",
            "module.eks.aws_eks_node_group.private_node_1",
            "module.eks.aws_eks_node_group.private_node_2",
            "module.eks.aws_iam_openid_connect_provider.eks",
            "module.eks.aws_iam_role.ebs_csi_driver",
            "module.eks.aws_iam_role.vpc_cni",
            "module.eks.aws_iam_role_policy_attachment.ebs_csi_driver_attach",
            "module.eks.aws_iam_role_policy_attachment.vpc_cni_policy",
            "module.eks.data.aws_eks_cluster.eks",
            "module.eks.data.tls_certificate.eks",
            "module.external-dns.aws_iam_role.external_dns",
            "module.external-dns.aws_iam_role_policy.external_dns_route53",
            "module.external-dns.helm_release.external_dns",
            "module.external-dns.kubectl_manifest.external_dns_namespace",
            "module.external-dns.kubernetes_service_account_v1.external_dns",
            "module.iam.aws_iam_instance_profile.nodes",
            "module.iam.aws_iam_policy.vpc_flow_logs_policy",
            "module.iam.aws_iam_role.cluster",
            "module.iam.aws_iam_role.nodes",
            "module.iam.aws_iam_role.vpc_flow_logs_role",
            "module.iam.aws_iam_role_policy_attachment.AmazonEC2ContainerRegistryReadOnly",
            "module.iam.aws_iam_role_policy_attachment.AmazonEKSWorkerNodePolicy",
            "module.iam.aws_iam_role_policy_attachment.AmazonEKS_CNI_Policy",
            "module.iam.aws_iam_role_policy_attachment.cluster_AmazonEKSClusterPolicy",
            "module.iam.aws_iam_role_policy_attachment.node_group_elb_policy",
            "module.iam.aws_iam_role_policy_attachment.vpc_flow_logs_attach",
            "module.nginx-ingress.helm_release.nginx_ingress",
            "module.vpc.aws_cloudwatch_log_group.cloud_watch_logs",
            "module.vpc.aws_eip.ngw-eip",
            "module.vpc.aws_flow_log.cloud_watch",
            "module.vpc.aws_internet_gateway.igw",
            "module.vpc.aws_kms_alias.kms_alias",
            "module.vpc.aws_kms_key.kms_key",
            "module.vpc.aws_kms_key_policy.kms_key_policy",
            "module.vpc.aws_nat_gateway.ngw",
            "module.vpc.aws_route_table.private-rt",
            "module.vpc.aws_route_table.public-rt",
            "module.vpc.aws_route_table_association.private-route-association-2a",
            "module.vpc.aws_route_table_association.private-route-association-2b",
            "module.vpc.aws_route_table_association.pub-route-association-2a",
            "module.vpc.aws_route_table_association.pub-route-association-2b",
            "module.vpc.aws_subnet.private-subnet-2a",
            "module.vpc.aws_subnet.private-subnet-2b",
            "module.vpc.aws_subnet.public-subnet-2a",
            "module.vpc.aws_subnet.public-subnet-2b",
            "module.vpc.aws_vpc.eks_vpc"
          ]
        }
      ]
    },
    {
      "module": "module.manifests",
      "mode": "managed",
      "type": "aws_secretsmanager_secret_version",
      "name": "secrets",
      "provider": "provider[\"registry.terraform.io/hashicorp/aws\"]",
      "instances": [
        {
          "schema_version": 0,
          "attributes": {
            "arn": "arn:aws:secretsmanager:eu-west-2:038774803581:secret:db-creds-x6Ww3g",
            "has_secret_string_wo": null,
            "id": "arn:aws:secretsmanager:eu-west-2:038774803581:secret:db-creds-x6Ww3g|terraform-20260211201001985800000002",
            "secret_binary": "",
            "secret_id": "arn:aws:secretsmanager:eu-west-2:038774803581:secret:db-creds-x6Ww3g",
            "secret_string": "{\"DB_PASSWORD\":\"secret\",\"DB_USER\":\"shipping\",\"root-password\":\"rootpass\",\"user-password\":\"secret\"}",
            "secret_string_wo": null,
            "secret_string_wo_version": null,
            "version_id": "terraform-20260211201001985800000002",
            "version_stages": [
              "AWSCURRENT"
            ]
          },
          "sensitive_attributes": [
            [
              {
                "type": "get_attr",
                "value": "secret_binary"
              }
            ],
            [
              {
                "type": "get_attr",
                "value": "secret_string"
              }
            ],
            [
              {
                "type": "get_attr",
                "value": "secret_string_wo"
              }
            ]
          ],
          "identity_schema_version": 0,
          "private": "bnVsbA==",
          "dependencies": [
            "module.cert-manager.helm_release.cert_manager",
            "module.cert-manager.kubectl_manifest.letsencrypt_staging",
            "module.eks.aws_eks_access_entry.terraform_admin",
            "module.eks.aws_eks_access_policy_association.terraform_admin",
            "module.eks.aws_eks_addon.ebs_csi_driver",
            "module.eks.aws_eks_addon.kube-proxy",
            "module.eks.aws_eks_addon.metrics_server",
            "module.eks.aws_eks_addon.vpc_cni",
            "module.eks.aws_eks_cluster.eks_cluster",
            "module.eks.aws_eks_node_group.private_node_1",
            "module.eks.aws_eks_node_group.private_node_2",
            "module.eks.aws_iam_openid_connect_provider.eks",
            "module.eks.aws_iam_role.ebs_csi_driver",
            "module.eks.aws_iam_role.vpc_cni",
            "module.eks.aws_iam_role_policy_attachment.ebs_csi_driver_attach",
            "module.eks.aws_iam_role_policy_attachment.vpc_cni_policy",
            "module.eks.data.aws_eks_cluster.eks",
            "module.eks.data.tls_certificate.eks",
            "module.external-dns.aws_iam_role.external_dns",
            "module.external-dns.aws_iam_role_policy.external_dns_route53",
            "module.external-dns.helm_release.external_dns",
            "module.external-dns.kubectl_manifest.external_dns_namespace",
            "module.external-dns.kubernetes_service_account_v1.external_dns",
            "module.iam.aws_iam_instance_profile.nodes",
            "module.iam.aws_iam_policy.vpc_flow_logs_policy",
            "module.iam.aws_iam_role.cluster",
            "module.iam.aws_iam_role.nodes",
            "module.iam.aws_iam_role.vpc_flow_logs_role",
            "module.iam.aws_iam_role_policy_attachment.AmazonEC2ContainerRegistryReadOnly",
            "module.iam.aws_iam_role_policy_attachment.AmazonEKSWorkerNodePolicy",
            "module.iam.aws_iam_role_policy_attachment.AmazonEKS_CNI_Policy",
            "module.iam.aws_iam_role_policy_attachment.cluster_AmazonEKSClusterPolicy",
            "module.iam.aws_iam_role_policy_attachment.node_group_elb_policy",
            "module.iam.aws_iam_role_policy_attachment.vpc_flow_logs_attach",
            "module.manifests.aws_secretsmanager_secret.secrets",
            "module.nginx-ingress.helm_release.nginx_ingress",
            "module.vpc.aws_cloudwatch_log_group.cloud_watch_logs",
            "module.vpc.aws_eip.ngw-eip",
            "module.vpc.aws_flow_log.cloud_watch",
            "module.vpc.aws_internet_gateway.igw",
            "module.vpc.aws_kms_alias.kms_alias",
            "module.vpc.aws_kms_key.kms_key",
            "module.vpc.aws_kms_key_policy.kms_key_policy",
            "module.vpc.aws_nat_gateway.ngw",
            "module.vpc.aws_route_table.private-rt",
            "module.vpc.aws_route_table.public-rt",
            "module.vpc.aws_route_table_association.private-route-association-2a",
            "module.vpc.aws_route_table_association.private-route-association-2b",
            "module.vpc.aws_route_table_association.pub-route-association-2a",
            "module.vpc.aws_route_table_association.pub-route-association-2b",
            "module.vpc.aws_subnet.private-subnet-2a",
            "module.vpc.aws_subnet.private-subnet-2b",
            "module.vpc.aws_subnet.public-subnet-2a",
            "module.vpc.aws_subnet.public-subnet-2b",
            "module.vpc.aws_vpc.eks_vpc"
          ]
        }
      ]
    },
    {
      "module": "module.manifests",
      "mode": "managed",
      "type": "helm_release",
      "name": "external_secrets",
      "provider": "provider[\"registry.terraform.io/hashicorp/helm\"]",
      "instances": [
        {
          "schema_version": 1,
          "attributes": {
            "atomic": false,
            "chart": "external-secrets",
            "cleanup_on_fail": false,
            "create_namespace": false,
            "dependency_update": false,
            "description": null,
            "devel": null,
            "disable_crd_hooks": false,
            "disable_openapi_validation": false,
            "disable_webhooks": false,
            "force_update": false,
            "id": "external-secrets",
            "keyring": null,
            "lint": false,
            "manifest": null,
            "max_history": 0,
            "metadata": [
              {
                "app_version": "v0.10.5",
                "chart": "external-secrets",
                "name": "external-secrets",
                "namespace": "external-secrets",
                "revision": 1,
                "values": "{\"serviceAccount\":{\"create\":false,\"name\":\"eso-sa\"}}",
                "version": "0.10.5"
              }
            ],
            "name": "external-secrets",
            "namespace": "external-secrets",
            "pass_credentials": false,
            "postrender": [],
            "recreate_pods": false,
            "render_subchart_notes": true,
            "replace": false,
            "repository": "https://charts.external-secrets.io",
            "repository_ca_file": null,
            "repository_cert_file": null,
            "repository_key_file": null,
            "repository_password": null,
            "repository_username": null,
            "reset_values": false,
            "reuse_values": false,
            "set": [
              {
                "name": "serviceAccount.create",
                "type": "",
                "value": "false"
              },
              {
                "name": "serviceAccount.name",
                "type": "",
                "value": "eso-sa"
              }
            ],
            "set_list": [],
            "set_sensitive": [],
            "skip_crds": false,
            "status": "deployed",
            "timeout": 300,
            "values": null,
            "verify": false,
            "version": "0.10.5",
            "wait": true,
            "wait_for_jobs": false
          },
          "sensitive_attributes": [
            [
              {
                "type": "get_attr",
                "value": "repository_password"
              }
            ]
          ],
          "identity_schema_version": 0,
          "private": "eyJzY2hlbWFfdmVyc2lvbiI6IjEifQ==",
          "dependencies": [
            "module.cert-manager.helm_release.cert_manager",
            "module.cert-manager.kubectl_manifest.letsencrypt_staging",
            "module.eks.aws_eks_access_entry.terraform_admin",
            "module.eks.aws_eks_access_policy_association.terraform_admin",
            "module.eks.aws_eks_addon.ebs_csi_driver",
            "module.eks.aws_eks_addon.kube-proxy",
            "module.eks.aws_eks_addon.metrics_server",
            "module.eks.aws_eks_addon.vpc_cni",
            "module.eks.aws_eks_cluster.eks_cluster",
            "module.eks.aws_eks_node_group.private_node_1",
            "module.eks.aws_eks_node_group.private_node_2",
            "module.eks.aws_iam_openid_connect_provider.eks",
            "module.eks.aws_iam_role.ebs_csi_driver",
            "module.eks.aws_iam_role.vpc_cni",
            "module.eks.aws_iam_role_policy_attachment.ebs_csi_driver_attach",
            "module.eks.aws_iam_role_policy_attachment.vpc_cni_policy",
            "module.eks.data.aws_eks_cluster.eks",
            "module.eks.data.tls_certificate.eks",
            "module.external-dns.aws_iam_role.external_dns",
            "module.external-dns.aws_iam_role_policy.external_dns_route53",
            "module.external-dns.helm_release.external_dns",
            "module.external-dns.kubectl_manifest.external_dns_namespace",
            "module.external-dns.kubernetes_service_account_v1.external_dns",
            "module.iam.aws_iam_instance_profile.nodes",
            "module.iam.aws_iam_policy.vpc_flow_logs_policy",
            "module.iam.aws_iam_role.cluster",
            "module.iam.aws_iam_role.nodes",
            "module.iam.aws_iam_role.vpc_flow_logs_role",
            "module.iam.aws_iam_role_policy_attachment.AmazonEC2ContainerRegistryReadOnly",
            "module.iam.aws_iam_role_policy_attachment.AmazonEKSWorkerNodePolicy",
            "module.iam.aws_iam_role_policy_attachment.AmazonEKS_CNI_Policy",
            "module.iam.aws_iam_role_policy_attachment.cluster_AmazonEKSClusterPolicy",
            "module.iam.aws_iam_role_policy_attachment.node_group_elb_policy",
            "module.iam.aws_iam_role_policy_attachment.vpc_flow_logs_attach",
            "module.manifests.aws_iam_policy.iam_eso_policy",
            "module.manifests.aws_iam_role.iam_role_eso",
            "module.manifests.aws_iam_role_policy_attachment.iampolicyattach-eso",
            "module.manifests.kubernetes_service_account_v1.eso_serviceaact",
            "module.nginx-ingress.helm_release.nginx_ingress",
            "module.vpc.aws_cloudwatch_log_group.cloud_watch_logs",
            "module.vpc.aws_eip.ngw-eip",
            "module.vpc.aws_flow_log.cloud_watch",
            "module.vpc.aws_internet_gateway.igw",
            "module.vpc.aws_kms_alias.kms_alias",
            "module.vpc.aws_kms_key.kms_key",
            "module.vpc.aws_kms_key_policy.kms_key_policy",
            "module.vpc.aws_nat_gateway.ngw",
            "module.vpc.aws_route_table.private-rt",
            "module.vpc.aws_route_table.public-rt",
            "module.vpc.aws_route_table_association.private-route-association-2a",
            "module.vpc.aws_route_table_association.private-route-association-2b",
            "module.vpc.aws_route_table_association.pub-route-association-2a",
            "module.vpc.aws_route_table_association.pub-route-association-2b",
            "module.vpc.aws_subnet.private-subnet-2a",
            "module.vpc.aws_subnet.private-subnet-2b",
            "module.vpc.aws_subnet.public-subnet-2a",
            "module.vpc.aws_subnet.public-subnet-2b",
            "module.vpc.aws_vpc.eks_vpc"
          ]
        }
      ]
    },
    {
      "module": "module.manifests",
      "mode": "managed",
      "type": "kubectl_manifest",
      "name": "apps_namespace",
      "provider": "provider[\"registry.terraform.io/gavinbunney/kubectl\"]",
      "instances": [
        {
          "schema_version": 1,
          "attributes": {
            "api_version": "v1",
            "apply_only": false,
            "force_conflicts": false,
            "force_new": false,
            "id": "/api/v1/namespaces/app-space",
            "ignore_fields": null,
            "kind": "Namespace",
            "live_manifest_incluster": "c2b5bcd09523e089d6bc31ddf3c30e5dbf8e4ada53c39b9b672368d50983ffd9",
            "live_uid": "19a1da0a-38ef-4850-91ae-be3e14732066",
            "name": "app-space",
            "namespace": null,
            "override_namespace": null,
            "sensitive_fields": null,
            "server_side_apply": false,
            "timeouts": null,
            "uid": "19a1da0a-38ef-4850-91ae-be3e14732066",
            "validate_schema": true,
            "wait": null,
            "wait_for_rollout": true,
            "yaml_body": "apiVersion: v1\r\nkind: Namespace\r\nmetadata:\r\n  name: app-space\r\n",
            "yaml_body_parsed": "apiVersion: v1\nkind: Namespace\nmetadata:\n  name: app-space\n",
            "yaml_incluster": "c2b5bcd09523e089d6bc31ddf3c30e5dbf8e4ada53c39b9b672368d50983ffd9"
          },
          "sensitive_attributes": [
            [
              {
                "type": "get_attr",
                "value": "live_manifest_incluster"
              }
            ],
            [
              {
                "type": "get_attr",
                "value": "yaml_body"
              }
            ],
            [
              {
                "type": "get_attr",
                "value": "yaml_incluster"
              }
            ]
          ],
          "identity_schema_version": 0,
          "private": "eyJlMmJmYjczMC1lY2FhLTExZTYtOGY4OC0zNDM2M2JjN2M0YzAiOnsiY3JlYXRlIjo2MDAwMDAwMDAwMDB9LCJzY2hlbWFfdmVyc2lvbiI6IjEifQ==",
          "dependencies": [
            "module.cert-manager.helm_release.cert_manager",
            "module.cert-manager.kubectl_manifest.letsencrypt_staging",
            "module.eks.aws_eks_access_entry.terraform_admin",
            "module.eks.aws_eks_access_policy_association.terraform_admin",
            "module.eks.aws_eks_addon.ebs_csi_driver",
            "module.eks.aws_eks_addon.kube-proxy",
            "module.eks.aws_eks_addon.metrics_server",
            "module.eks.aws_eks_addon.vpc_cni",
            "module.eks.aws_eks_cluster.eks_cluster",
            "module.eks.aws_eks_node_group.private_node_1",
            "module.eks.aws_eks_node_group.private_node_2",
            "module.eks.aws_iam_openid_connect_provider.eks",
            "module.eks.aws_iam_role.ebs_csi_driver",
            "module.eks.aws_iam_role.vpc_cni",
            "module.eks.aws_iam_role_policy_attachment.ebs_csi_driver_attach",
            "module.eks.aws_iam_role_policy_attachment.vpc_cni_policy",
            "module.eks.data.aws_eks_cluster.eks",
            "module.eks.data.tls_certificate.eks",
            "module.external-dns.aws_iam_role.external_dns",
            "module.external-dns.aws_iam_role_policy.external_dns_route53",
            "module.external-dns.helm_release.external_dns",
            "module.external-dns.kubectl_manifest.external_dns_namespace",
            "module.external-dns.kubernetes_service_account_v1.external_dns",
            "module.iam.aws_iam_instance_profile.nodes",
            "module.iam.aws_iam_policy.vpc_flow_logs_policy",
            "module.iam.aws_iam_role.cluster",
            "module.iam.aws_iam_role.nodes",
            "module.iam.aws_iam_role.vpc_flow_logs_role",
            "module.iam.aws_iam_role_policy_attachment.AmazonEC2ContainerRegistryReadOnly",
            "module.iam.aws_iam_role_policy_attachment.AmazonEKSWorkerNodePolicy",
            "module.iam.aws_iam_role_policy_attachment.AmazonEKS_CNI_Policy",
            "module.iam.aws_iam_role_policy_attachment.cluster_AmazonEKSClusterPolicy",
            "module.iam.aws_iam_role_policy_attachment.node_group_elb_policy",
            "module.iam.aws_iam_role_policy_attachment.vpc_flow_logs_attach",
            "module.nginx-ingress.helm_release.nginx_ingress",
            "module.vpc.aws_cloudwatch_log_group.cloud_watch_logs",
            "module.vpc.aws_eip.ngw-eip",
            "module.vpc.aws_flow_log.cloud_watch",
            "module.vpc.aws_internet_gateway.igw",
            "module.vpc.aws_kms_alias.kms_alias",
            "module.vpc.aws_kms_key.kms_key",
            "module.vpc.aws_kms_key_policy.kms_key_policy",
            "module.vpc.aws_nat_gateway.ngw",
            "module.vpc.aws_route_table.private-rt",
            "module.vpc.aws_route_table.public-rt",
            "module.vpc.aws_route_table_association.private-route-association-2a",
            "module.vpc.aws_route_table_association.private-route-association-2b",
            "module.vpc.aws_route_table_association.pub-route-association-2a",
            "module.vpc.aws_route_table_association.pub-route-association-2b",
            "module.vpc.aws_subnet.private-subnet-2a",
            "module.vpc.aws_subnet.private-subnet-2b",
            "module.vpc.aws_subnet.public-subnet-2a",
            "module.vpc.aws_subnet.public-subnet-2b",
            "module.vpc.aws_vpc.eks_vpc"
          ]
        }
      ]
    },
    {
      "module": "module.manifests",
      "mode": "managed",
      "type": "kubectl_manifest",
      "name": "canary_deployment_web_2",
      "provider": "provider[\"registry.terraform.io/gavinbunney/kubectl\"]",
      "instances": [
        {
          "schema_version": 1,
          "attributes": {
            "api_version": "apps/v1",
            "apply_only": false,
            "force_conflicts": false,
            "force_new": false,
            "id": "/apis/apps/v1/namespaces/app-space/deployments/web-2",
            "ignore_fields": null,
            "kind": "Deployment",
            "live_manifest_incluster": "f8103a28cbc2a070499f84d1218a91973d96db1ca2b7cf0759ad15936d9cfa35",
            "live_uid": "a4e86126-d33a-4d8e-a1e2-b32961f018dd",
            "name": "web-2",
            "namespace": "app-space",
            "override_namespace": null,
            "sensitive_fields": null,
            "server_side_apply": false,
            "timeouts": null,
            "uid": "a4e86126-d33a-4d8e-a1e2-b32961f018dd",
            "validate_schema": true,
            "wait": null,
            "wait_for_rollout": true,
            "yaml_body": "apiVersion: apps/v1\r\nkind: Deployment\r\nmetadata:\r\n  name: web-2\r\n  namespace: app-space\r\nspec:\r\n  replicas: 1\r\n  selector:\r\n    matchLabels:\r\n      app: web\r\n      version: v2\r\n  template:\r\n    metadata:\r\n      labels:\r\n        app: web\r\n        version: v2\r\n    spec:\r\n      containers:\r\n        # ===============================\r\n        # NGINX FRONT PROXY (SIDE CAR)\r\n        # ===============================\r\n        - name: web-nginx\r\n          image: nginx:1.21.6\r\n          ports:\r\n            - containerPort: 8080\r\n          resources:\r\n            requests:\r\n              cpu: \"50m\"\r\n              memory: \"50Mi\"\r\n            limits:\r\n              cpu: \"100m\"\r\n              memory: \"100Mi\"\r\n          volumeMounts:\r\n            - name: nginx-config\r\n              mountPath: /etc/nginx/conf.d\r\n\r\n\r\n        # ===============================\r\n        # EXISTING WEB CONTAINER\r\n        # ===============================\r\n        - name: canary-robot-app-web\r\n          image: 038774803581.dkr.ecr.eu-west-2.amazonaws.com/web:v2\r\n          imagePullPolicy: Always\r\n          ports:\r\n            - containerPort: 3000\r\n          env:\r\n            - name: SESSION_SECURE\r\n              value: \"false\"\r\n            - name: SESSION_SAMESITE\r\n              value: \"lax\"\r\n            - name: INSTANA_DISABLE_AUTO_INSTR\r\n              value: \"true\"\r\n          resources:\r\n            requests:\r\n              cpu: \"100m\"\r\n              memory: \"60Mi\"\r\n            limits:\r\n              cpu: \"200m\"\r\n              memory: \"100Mi\"\r\n\r\n      volumes:\r\n        - name: nginx-config\r\n          configMap:\r\n            name: web-nginx-config\r\n\r\n\r\n",
            "yaml_body_parsed": "apiVersion: apps/v1\nkind: Deployment\nmetadata:\n  name: web-2\n  namespace: app-space\nspec:\n  replicas: 1\n  selector:\n    matchLabels:\n      app: web\n      version: v2\n  template:\n    metadata:\n      labels:\n        app: web\n        version: v2\n    spec:\n      containers:\n      - image: nginx:1.21.6\n        name: web-nginx\n        ports:\n        - containerPort: 8080\n        resources:\n          limits:\n            cpu: 100m\n            memory: 100Mi\n          requests:\n            cpu: 50m\n            memory: 50Mi\n        volumeMounts:\n        - mountPath: /etc/nginx/conf.d\n          name: nginx-config\n      - env:\n        - name: SESSION_SECURE\n          value: \"false\"\n        - name: SESSION_SAMESITE\n          value: lax\n        - name: INSTANA_DISABLE_AUTO_INSTR\n          value: \"true\"\n        image: 038774803581.dkr.ecr.eu-west-2.amazonaws.com/web:v2\n        imagePullPolicy: Always\n        name: canary-robot-app-web\n        ports:\n        - containerPort: 3000\n        resources:\n          limits:\n            cpu: 200m\n            memory: 100Mi\n          requests:\n            cpu: 100m\n            memory: 60Mi\n      volumes:\n      - configMap:\n          name: web-nginx-config\n        name: nginx-config\n",
            "yaml_incluster": "f8103a28cbc2a070499f84d1218a91973d96db1ca2b7cf0759ad15936d9cfa35"
          },
          "sensitive_attributes": [
            [
              {
                "type": "get_attr",
                "value": "live_manifest_incluster"
              }
            ],
            [
              {
                "type": "get_attr",
                "value": "yaml_body"
              }
            ],
            [
              {
                "type": "get_attr",
                "value": "yaml_incluster"
              }
            ]
          ],
          "identity_schema_version": 0,
          "private": "eyJlMmJmYjczMC1lY2FhLTExZTYtOGY4OC0zNDM2M2JjN2M0YzAiOnsiY3JlYXRlIjo2MDAwMDAwMDAwMDB9LCJzY2hlbWFfdmVyc2lvbiI6IjEifQ==",
          "dependencies": [
            "module.cert-manager.helm_release.cert_manager",
            "module.cert-manager.kubectl_manifest.letsencrypt_staging",
            "module.eks.aws_eks_access_entry.terraform_admin",
            "module.eks.aws_eks_access_policy_association.terraform_admin",
            "module.eks.aws_eks_addon.ebs_csi_driver",
            "module.eks.aws_eks_addon.kube-proxy",
            "module.eks.aws_eks_addon.metrics_server",
            "module.eks.aws_eks_addon.vpc_cni",
            "module.eks.aws_eks_cluster.eks_cluster",
            "module.eks.aws_eks_node_group.private_node_1",
            "module.eks.aws_eks_node_group.private_node_2",
            "module.eks.aws_iam_openid_connect_provider.eks",
            "module.eks.aws_iam_role.ebs_csi_driver",
            "module.eks.aws_iam_role.vpc_cni",
            "module.eks.aws_iam_role_policy_attachment.ebs_csi_driver_attach",
            "module.eks.aws_iam_role_policy_attachment.vpc_cni_policy",
            "module.eks.data.aws_eks_cluster.eks",
            "module.eks.data.tls_certificate.eks",
            "module.external-dns.aws_iam_role.external_dns",
            "module.external-dns.aws_iam_role_policy.external_dns_route53",
            "module.external-dns.helm_release.external_dns",
            "module.external-dns.kubectl_manifest.external_dns_namespace",
            "module.external-dns.kubernetes_service_account_v1.external_dns",
            "module.iam.aws_iam_instance_profile.nodes",
            "module.iam.aws_iam_policy.vpc_flow_logs_policy",
            "module.iam.aws_iam_role.cluster",
            "module.iam.aws_iam_role.nodes",
            "module.iam.aws_iam_role.vpc_flow_logs_role",
            "module.iam.aws_iam_role_policy_attachment.AmazonEC2ContainerRegistryReadOnly",
            "module.iam.aws_iam_role_policy_attachment.AmazonEKSWorkerNodePolicy",
            "module.iam.aws_iam_role_policy_attachment.AmazonEKS_CNI_Policy",
            "module.iam.aws_iam_role_policy_attachment.cluster_AmazonEKSClusterPolicy",
            "module.iam.aws_iam_role_policy_attachment.node_group_elb_policy",
            "module.iam.aws_iam_role_policy_attachment.vpc_flow_logs_attach",
            "module.manifests.kubectl_manifest.apps_namespace",
            "module.manifests.kubectl_manifest.canary_ingress",
            "module.manifests.kubectl_manifest.canary_service",
            "module.manifests.kubectl_manifest.db_namespace",
            "module.manifests.kubectl_manifest.mysql_secret",
            "module.manifests.kubectl_manifest.mysql_statefulset",
            "module.manifests.kubectl_manifest.mysql_storageclass",
            "module.manifests.kubectl_manifest.resource_quota_dataspace",
            "module.manifests.kubectl_manifest.web_service",
            "module.nginx-ingress.helm_release.nginx_ingress",
            "module.vpc.aws_cloudwatch_log_group.cloud_watch_logs",
            "module.vpc.aws_eip.ngw-eip",
            "module.vpc.aws_flow_log.cloud_watch",
            "module.vpc.aws_internet_gateway.igw",
            "module.vpc.aws_kms_alias.kms_alias",
            "module.vpc.aws_kms_key.kms_key",
            "module.vpc.aws_kms_key_policy.kms_key_policy",
            "module.vpc.aws_nat_gateway.ngw",
            "module.vpc.aws_route_table.private-rt",
            "module.vpc.aws_route_table.public-rt",
            "module.vpc.aws_route_table_association.private-route-association-2a",
            "module.vpc.aws_route_table_association.private-route-association-2b",
            "module.vpc.aws_route_table_association.pub-route-association-2a",
            "module.vpc.aws_route_table_association.pub-route-association-2b",
            "module.vpc.aws_subnet.private-subnet-2a",
            "module.vpc.aws_subnet.private-subnet-2b",
            "module.vpc.aws_subnet.public-subnet-2a",
            "module.vpc.aws_subnet.public-subnet-2b",
            "module.vpc.aws_vpc.eks_vpc"
          ]
        }
      ]
    },
    {
      "module": "module.manifests",
      "mode": "managed",
      "type": "kubectl_manifest",
      "name": "canary_ingress",
      "provider": "provider[\"registry.terraform.io/gavinbunney/kubectl\"]",
      "instances": [
        {
          "schema_version": 1,
          "attributes": {
            "api_version": "networking.k8s.io/v1",
            "apply_only": false,
            "force_conflicts": false,
            "force_new": false,
            "id": "/apis/networking.k8s.io/v1/namespaces/app-space/ingresses/web-canary",
            "ignore_fields": null,
            "kind": "Ingress",
            "live_manifest_incluster": "beb55971a1ccf9f2ae87aa72a37b8ff9374c18bcd1e0292a39b24a0390c19eca",
            "live_uid": "68b17626-a167-4267-b43d-0a928421cab3",
            "name": "web-canary",
            "namespace": "app-space",
            "override_namespace": null,
            "sensitive_fields": null,
            "server_side_apply": false,
            "timeouts": null,
            "uid": "68b17626-a167-4267-b43d-0a928421cab3",
            "validate_schema": true,
            "wait": null,
            "wait_for_rollout": true,
            "yaml_body": "\r\napiVersion: networking.k8s.io/v1\r\nkind: Ingress\r\nmetadata:\r\n  name: web-canary\r\n  namespace: app-space\r\n  annotations:\r\n    nginx.ingress.kubernetes.io/canary: \"true\"\r\n    nginx.ingress.kubernetes.io/canary-weight: \"80\"\r\n    nginx.ingress.kubernetes.io/rewrite-target: /\r\nspec:\r\n  ingressClassName: nginx\r\n  rules:\r\n  - host: mubashir.site\r\n    http:\r\n      paths:\r\n      - path: /\r\n        pathType: Prefix\r\n        backend:\r\n          service:\r\n            name: web-2\r\n            port:\r\n              number: 8080\r\n",
            "yaml_body_parsed": "apiVersion: networking.k8s.io/v1\nkind: Ingress\nmetadata:\n  annotations:\n    nginx.ingress.kubernetes.io/canary: \"true\"\n    nginx.ingress.kubernetes.io/canary-weight: \"80\"\n    nginx.ingress.kubernetes.io/rewrite-target: /\n  name: web-canary\n  namespace: app-space\nspec:\n  ingressClassName: nginx\n  rules:\n  - host: mubashir.site\n    http:\n      paths:\n      - backend:\n          service:\n            name: web-2\n            port:\n              number: 8080\n        path: /\n        pathType: Prefix\n",
            "yaml_incluster": "beb55971a1ccf9f2ae87aa72a37b8ff9374c18bcd1e0292a39b24a0390c19eca"
          },
          "sensitive_attributes": [
            [
              {
                "type": "get_attr",
                "value": "live_manifest_incluster"
              }
            ],
            [
              {
                "type": "get_attr",
                "value": "yaml_body"
              }
            ],
            [
              {
                "type": "get_attr",
                "value": "yaml_incluster"
              }
            ]
          ],
          "identity_schema_version": 0,
          "private": "eyJlMmJmYjczMC1lY2FhLTExZTYtOGY4OC0zNDM2M2JjN2M0YzAiOnsiY3JlYXRlIjo2MDAwMDAwMDAwMDB9LCJzY2hlbWFfdmVyc2lvbiI6IjEifQ==",
          "dependencies": [
            "module.cert-manager.helm_release.cert_manager",
            "module.cert-manager.kubectl_manifest.letsencrypt_staging",
            "module.eks.aws_eks_access_entry.terraform_admin",
            "module.eks.aws_eks_access_policy_association.terraform_admin",
            "module.eks.aws_eks_addon.ebs_csi_driver",
            "module.eks.aws_eks_addon.kube-proxy",
            "module.eks.aws_eks_addon.metrics_server",
            "module.eks.aws_eks_addon.vpc_cni",
            "module.eks.aws_eks_cluster.eks_cluster",
            "module.eks.aws_eks_node_group.private_node_1",
            "module.eks.aws_eks_node_group.private_node_2",
            "module.eks.aws_iam_openid_connect_provider.eks",
            "module.eks.aws_iam_role.ebs_csi_driver",
            "module.eks.aws_iam_role.vpc_cni",
            "module.eks.aws_iam_role_policy_attachment.ebs_csi_driver_attach",
            "module.eks.aws_iam_role_policy_attachment.vpc_cni_policy",
            "module.eks.data.aws_eks_cluster.eks",
            "module.eks.data.tls_certificate.eks",
            "module.external-dns.aws_iam_role.external_dns",
            "module.external-dns.aws_iam_role_policy.external_dns_route53",
            "module.external-dns.helm_release.external_dns",
            "module.external-dns.kubectl_manifest.external_dns_namespace",
            "module.external-dns.kubernetes_service_account_v1.external_dns",
            "module.iam.aws_iam_instance_profile.nodes",
            "module.iam.aws_iam_policy.vpc_flow_logs_policy",
            "module.iam.aws_iam_role.cluster",
            "module.iam.aws_iam_role.nodes",
            "module.iam.aws_iam_role.vpc_flow_logs_role",
            "module.iam.aws_iam_role_policy_attachment.AmazonEC2ContainerRegistryReadOnly",
            "module.iam.aws_iam_role_policy_attachment.AmazonEKSWorkerNodePolicy",
            "module.iam.aws_iam_role_policy_attachment.AmazonEKS_CNI_Policy",
            "module.iam.aws_iam_role_policy_attachment.cluster_AmazonEKSClusterPolicy",
            "module.iam.aws_iam_role_policy_attachment.node_group_elb_policy",
            "module.iam.aws_iam_role_policy_attachment.vpc_flow_logs_attach",
            "module.nginx-ingress.helm_release.nginx_ingress",
            "module.vpc.aws_cloudwatch_log_group.cloud_watch_logs",
            "module.vpc.aws_eip.ngw-eip",
            "module.vpc.aws_flow_log.cloud_watch",
            "module.vpc.aws_internet_gateway.igw",
            "module.vpc.aws_kms_alias.kms_alias",
            "module.vpc.aws_kms_key.kms_key",
            "module.vpc.aws_kms_key_policy.kms_key_policy",
            "module.vpc.aws_nat_gateway.ngw",
            "module.vpc.aws_route_table.private-rt",
            "module.vpc.aws_route_table.public-rt",
            "module.vpc.aws_route_table_association.private-route-association-2a",
            "module.vpc.aws_route_table_association.private-route-association-2b",
            "module.vpc.aws_route_table_association.pub-route-association-2a",
            "module.vpc.aws_route_table_association.pub-route-association-2b",
            "module.vpc.aws_subnet.private-subnet-2a",
            "module.vpc.aws_subnet.private-subnet-2b",
            "module.vpc.aws_subnet.public-subnet-2a",
            "module.vpc.aws_subnet.public-subnet-2b",
            "module.vpc.aws_vpc.eks_vpc"
          ]
        }
      ]
    },
    {
      "module": "module.manifests",
      "mode": "managed",
      "type": "kubectl_manifest",
      "name": "canary_service",
      "provider": "provider[\"registry.terraform.io/gavinbunney/kubectl\"]",
      "instances": [
        {
          "schema_version": 1,
          "attributes": {
            "api_version": "v1",
            "apply_only": false,
            "force_conflicts": false,
            "force_new": false,
            "id": "/api/v1/namespaces/app-space/services/web-2",
            "ignore_fields": null,
            "kind": "Service",
            "live_manifest_incluster": "5e896407b4a9113c19a8f0d6974fd34477f498ea3afacc67c5d1f42adeb9aa78",
            "live_uid": "782b27bc-d416-43c0-ae44-2c6fdfb5b699",
            "name": "web-2",
            "namespace": "app-space",
            "override_namespace": null,
            "sensitive_fields": null,
            "server_side_apply": false,
            "timeouts": null,
            "uid": "782b27bc-d416-43c0-ae44-2c6fdfb5b699",
            "validate_schema": true,
            "wait": null,
            "wait_for_rollout": true,
            "yaml_body": "\r\napiVersion: v1\r\nkind: Service\r\nmetadata:\r\n  name: web-2\r\n  namespace: app-space\r\nspec:\r\n  selector:\r\n    app: web\r\n    version: v2\r\n  ports:\r\n  - port: 8080\r\n    targetPort: 8080\r\n\r\n",
            "yaml_body_parsed": "apiVersion: v1\nkind: Service\nmetadata:\n  name: web-2\n  namespace: app-space\nspec:\n  ports:\n  - port: 8080\n    targetPort: 8080\n  selector:\n    app: web\n    version: v2\n",
            "yaml_incluster": "5e896407b4a9113c19a8f0d6974fd34477f498ea3afacc67c5d1f42adeb9aa78"
          },
          "sensitive_attributes": [
            [
              {
                "type": "get_attr",
                "value": "live_manifest_incluster"
              }
            ],
            [
              {
                "type": "get_attr",
                "value": "yaml_body"
              }
            ],
            [
              {
                "type": "get_attr",
                "value": "yaml_incluster"
              }
            ]
          ],
          "identity_schema_version": 0,
          "private": "eyJlMmJmYjczMC1lY2FhLTExZTYtOGY4OC0zNDM2M2JjN2M0YzAiOnsiY3JlYXRlIjo2MDAwMDAwMDAwMDB9LCJzY2hlbWFfdmVyc2lvbiI6IjEifQ==",
          "dependencies": [
            "module.cert-manager.helm_release.cert_manager",
            "module.cert-manager.kubectl_manifest.letsencrypt_staging",
            "module.eks.aws_eks_access_entry.terraform_admin",
            "module.eks.aws_eks_access_policy_association.terraform_admin",
            "module.eks.aws_eks_addon.ebs_csi_driver",
            "module.eks.aws_eks_addon.kube-proxy",
            "module.eks.aws_eks_addon.metrics_server",
            "module.eks.aws_eks_addon.vpc_cni",
            "module.eks.aws_eks_cluster.eks_cluster",
            "module.eks.aws_eks_node_group.private_node_1",
            "module.eks.aws_eks_node_group.private_node_2",
            "module.eks.aws_iam_openid_connect_provider.eks",
            "module.eks.aws_iam_role.ebs_csi_driver",
            "module.eks.aws_iam_role.vpc_cni",
            "module.eks.aws_iam_role_policy_attachment.ebs_csi_driver_attach",
            "module.eks.aws_iam_role_policy_attachment.vpc_cni_policy",
            "module.eks.data.aws_eks_cluster.eks",
            "module.eks.data.tls_certificate.eks",
            "module.external-dns.aws_iam_role.external_dns",
            "module.external-dns.aws_iam_role_policy.external_dns_route53",
            "module.external-dns.helm_release.external_dns",
            "module.external-dns.kubectl_manifest.external_dns_namespace",
            "module.external-dns.kubernetes_service_account_v1.external_dns",
            "module.iam.aws_iam_instance_profile.nodes",
            "module.iam.aws_iam_policy.vpc_flow_logs_policy",
            "module.iam.aws_iam_role.cluster",
            "module.iam.aws_iam_role.nodes",
            "module.iam.aws_iam_role.vpc_flow_logs_role",
            "module.iam.aws_iam_role_policy_attachment.AmazonEC2ContainerRegistryReadOnly",
            "module.iam.aws_iam_role_policy_attachment.AmazonEKSWorkerNodePolicy",
            "module.iam.aws_iam_role_policy_attachment.AmazonEKS_CNI_Policy",
            "module.iam.aws_iam_role_policy_attachment.cluster_AmazonEKSClusterPolicy",
            "module.iam.aws_iam_role_policy_attachment.node_group_elb_policy",
            "module.iam.aws_iam_role_policy_attachment.vpc_flow_logs_attach",
            "module.nginx-ingress.helm_release.nginx_ingress",
            "module.vpc.aws_cloudwatch_log_group.cloud_watch_logs",
            "module.vpc.aws_eip.ngw-eip",
            "module.vpc.aws_flow_log.cloud_watch",
            "module.vpc.aws_internet_gateway.igw",
            "module.vpc.aws_kms_alias.kms_alias",
            "module.vpc.aws_kms_key.kms_key",
            "module.vpc.aws_kms_key_policy.kms_key_policy",
            "module.vpc.aws_nat_gateway.ngw",
            "module.vpc.aws_route_table.private-rt",
            "module.vpc.aws_route_table.public-rt",
            "module.vpc.aws_route_table_association.private-route-association-2a",
            "module.vpc.aws_route_table_association.private-route-association-2b",
            "module.vpc.aws_route_table_association.pub-route-association-2a",
            "module.vpc.aws_route_table_association.pub-route-association-2b",
            "module.vpc.aws_subnet.private-subnet-2a",
            "module.vpc.aws_subnet.private-subnet-2b",
            "module.vpc.aws_subnet.public-subnet-2a",
            "module.vpc.aws_subnet.public-subnet-2b",
            "module.vpc.aws_vpc.eks_vpc"
          ]
        }
      ]
    },
    {
      "module": "module.manifests",
      "mode": "managed",
      "type": "kubectl_manifest",
      "name": "cart_service",
      "provider": "provider[\"registry.terraform.io/gavinbunney/kubectl\"]",
      "instances": [
        {
          "schema_version": 1,
          "attributes": {
            "api_version": "v1",
            "apply_only": false,
            "force_conflicts": false,
            "force_new": false,
            "id": "/api/v1/namespaces/app-space/services/cart",
            "ignore_fields": null,
            "kind": "Service",
            "live_manifest_incluster": "3a06675e811fd1d18269d0f7fefb61659d1a6be38bb4e38f5bfb094f520a96b1",
            "live_uid": "4a2b5f37-cef9-49a0-908a-98b3fba9bbec",
            "name": "cart",
            "namespace": "app-space",
            "override_namespace": null,
            "sensitive_fields": null,
            "server_side_apply": false,
            "timeouts": null,
            "uid": "4a2b5f37-cef9-49a0-908a-98b3fba9bbec",
            "validate_schema": true,
            "wait": null,
            "wait_for_rollout": true,
            "yaml_body": "apiVersion: v1\r\nkind: Service\r\nmetadata:\r\n  name: cart\r\n  namespace: app-space\r\nspec:\r\n  selector:\r\n    app: cart\r\n  ports:\r\n  - port: 8080\r\n    targetPort: 8080\r\n",
            "yaml_body_parsed": "apiVersion: v1\nkind: Service\nmetadata:\n  name: cart\n  namespace: app-space\nspec:\n  ports:\n  - port: 8080\n    targetPort: 8080\n  selector:\n    app: cart\n",
            "yaml_incluster": "3a06675e811fd1d18269d0f7fefb61659d1a6be38bb4e38f5bfb094f520a96b1"
          },
          "sensitive_attributes": [
            [
              {
                "type": "get_attr",
                "value": "live_manifest_incluster"
              }
            ],
            [
              {
                "type": "get_attr",
                "value": "yaml_body"
              }
            ],
            [
              {
                "type": "get_attr",
                "value": "yaml_incluster"
              }
            ]
          ],
          "identity_schema_version": 0,
          "private": "eyJlMmJmYjczMC1lY2FhLTExZTYtOGY4OC0zNDM2M2JjN2M0YzAiOnsiY3JlYXRlIjo2MDAwMDAwMDAwMDB9LCJzY2hlbWFfdmVyc2lvbiI6IjEifQ==",
          "dependencies": [
            "module.cert-manager.helm_release.cert_manager",
            "module.cert-manager.kubectl_manifest.letsencrypt_staging",
            "module.eks.aws_eks_access_entry.terraform_admin",
            "module.eks.aws_eks_access_policy_association.terraform_admin",
            "module.eks.aws_eks_addon.ebs_csi_driver",
            "module.eks.aws_eks_addon.kube-proxy",
            "module.eks.aws_eks_addon.metrics_server",
            "module.eks.aws_eks_addon.vpc_cni",
            "module.eks.aws_eks_cluster.eks_cluster",
            "module.eks.aws_eks_node_group.private_node_1",
            "module.eks.aws_eks_node_group.private_node_2",
            "module.eks.aws_iam_openid_connect_provider.eks",
            "module.eks.aws_iam_role.ebs_csi_driver",
            "module.eks.aws_iam_role.vpc_cni",
            "module.eks.aws_iam_role_policy_attachment.ebs_csi_driver_attach",
            "module.eks.aws_iam_role_policy_attachment.vpc_cni_policy",
            "module.eks.data.aws_eks_cluster.eks",
            "module.eks.data.tls_certificate.eks",
            "module.external-dns.aws_iam_role.external_dns",
            "module.external-dns.aws_iam_role_policy.external_dns_route53",
            "module.external-dns.helm_release.external_dns",
            "module.external-dns.kubectl_manifest.external_dns_namespace",
            "module.external-dns.kubernetes_service_account_v1.external_dns",
            "module.iam.aws_iam_instance_profile.nodes",
            "module.iam.aws_iam_policy.vpc_flow_logs_policy",
            "module.iam.aws_iam_role.cluster",
            "module.iam.aws_iam_role.nodes",
            "module.iam.aws_iam_role.vpc_flow_logs_role",
            "module.iam.aws_iam_role_policy_attachment.AmazonEC2ContainerRegistryReadOnly",
            "module.iam.aws_iam_role_policy_attachment.AmazonEKSWorkerNodePolicy",
            "module.iam.aws_iam_role_policy_attachment.AmazonEKS_CNI_Policy",
            "module.iam.aws_iam_role_policy_attachment.cluster_AmazonEKSClusterPolicy",
            "module.iam.aws_iam_role_policy_attachment.node_group_elb_policy",
            "module.iam.aws_iam_role_policy_attachment.vpc_flow_logs_attach",
            "module.manifests.kubectl_manifest.apps_namespace",
            "module.nginx-ingress.helm_release.nginx_ingress",
            "module.vpc.aws_cloudwatch_log_group.cloud_watch_logs",
            "module.vpc.aws_eip.ngw-eip",
            "module.vpc.aws_flow_log.cloud_watch",
            "module.vpc.aws_internet_gateway.igw",
            "module.vpc.aws_kms_alias.kms_alias",
            "module.vpc.aws_kms_key.kms_key",
            "module.vpc.aws_kms_key_policy.kms_key_policy",
            "module.vpc.aws_nat_gateway.ngw",
            "module.vpc.aws_route_table.private-rt",
            "module.vpc.aws_route_table.public-rt",
            "module.vpc.aws_route_table_association.private-route-association-2a",
            "module.vpc.aws_route_table_association.private-route-association-2b",
            "module.vpc.aws_route_table_association.pub-route-association-2a",
            "module.vpc.aws_route_table_association.pub-route-association-2b",
            "module.vpc.aws_subnet.private-subnet-2a",
            "module.vpc.aws_subnet.private-subnet-2b",
            "module.vpc.aws_subnet.public-subnet-2a",
            "module.vpc.aws_subnet.public-subnet-2b",
            "module.vpc.aws_vpc.eks_vpc"
          ]
        }
      ]
    },
    {
      "module": "module.manifests",
      "mode": "managed",
      "type": "kubectl_manifest",
      "name": "catalogue_service",
      "provider": "provider[\"registry.terraform.io/gavinbunney/kubectl\"]",
      "instances": [
        {
          "schema_version": 1,
          "attributes": {
            "api_version": "v1",
            "apply_only": false,
            "force_conflicts": false,
            "force_new": false,
            "id": "/api/v1/namespaces/app-space/services/catalogue",
            "ignore_fields": null,
            "kind": "Service",
            "live_manifest_incluster": "94f9feb6e46a836e08175e3928e583c0cabc68e02d6a86f41366332013b194a4",
            "live_uid": "afce5842-0ba3-410d-9bca-f6f2d3d0b09e",
            "name": "catalogue",
            "namespace": "app-space",
            "override_namespace": null,
            "sensitive_fields": null,
            "server_side_apply": false,
            "timeouts": null,
            "uid": "afce5842-0ba3-410d-9bca-f6f2d3d0b09e",
            "validate_schema": true,
            "wait": null,
            "wait_for_rollout": true,
            "yaml_body": "apiVersion: v1\r\nkind: Service\r\nmetadata:\r\n  name: catalogue\r\n  namespace: app-space\r\nspec:\r\n  selector:\r\n    app: catalogue\r\n  ports:\r\n  - port: 8080\r\n    targetPort: 8080\r\n",
            "yaml_body_parsed": "apiVersion: v1\nkind: Service\nmetadata:\n  name: catalogue\n  namespace: app-space\nspec:\n  ports:\n  - port: 8080\n    targetPort: 8080\n  selector:\n    app: catalogue\n",
            "yaml_incluster": "94f9feb6e46a836e08175e3928e583c0cabc68e02d6a86f41366332013b194a4"
          },
          "sensitive_attributes": [
            [
              {
                "type": "get_attr",
                "value": "live_manifest_incluster"
              }
            ],
            [
              {
                "type": "get_attr",
                "value": "yaml_body"
              }
            ],
            [
              {
                "type": "get_attr",
                "value": "yaml_incluster"
              }
            ]
          ],
          "identity_schema_version": 0,
          "private": "eyJlMmJmYjczMC1lY2FhLTExZTYtOGY4OC0zNDM2M2JjN2M0YzAiOnsiY3JlYXRlIjo2MDAwMDAwMDAwMDB9LCJzY2hlbWFfdmVyc2lvbiI6IjEifQ==",
          "dependencies": [
            "module.cert-manager.helm_release.cert_manager",
            "module.cert-manager.kubectl_manifest.letsencrypt_staging",
            "module.eks.aws_eks_access_entry.terraform_admin",
            "module.eks.aws_eks_access_policy_association.terraform_admin",
            "module.eks.aws_eks_addon.ebs_csi_driver",
            "module.eks.aws_eks_addon.kube-proxy",
            "module.eks.aws_eks_addon.metrics_server",
            "module.eks.aws_eks_addon.vpc_cni",
            "module.eks.aws_eks_cluster.eks_cluster",
            "module.eks.aws_eks_node_group.private_node_1",
            "module.eks.aws_eks_node_group.private_node_2",
            "module.eks.aws_iam_openid_connect_provider.eks",
            "module.eks.aws_iam_role.ebs_csi_driver",
            "module.eks.aws_iam_role.vpc_cni",
            "module.eks.aws_iam_role_policy_attachment.ebs_csi_driver_attach",
            "module.eks.aws_iam_role_policy_attachment.vpc_cni_policy",
            "module.eks.data.aws_eks_cluster.eks",
            "module.eks.data.tls_certificate.eks",
            "module.external-dns.aws_iam_role.external_dns",
            "module.external-dns.aws_iam_role_policy.external_dns_route53",
            "module.external-dns.helm_release.external_dns",
            "module.external-dns.kubectl_manifest.external_dns_namespace",
            "module.external-dns.kubernetes_service_account_v1.external_dns",
            "module.iam.aws_iam_instance_profile.nodes",
            "module.iam.aws_iam_policy.vpc_flow_logs_policy",
            "module.iam.aws_iam_role.cluster",
            "module.iam.aws_iam_role.nodes",
            "module.iam.aws_iam_role.vpc_flow_logs_role",
            "module.iam.aws_iam_role_policy_attachment.AmazonEC2ContainerRegistryReadOnly",
            "module.iam.aws_iam_role_policy_attachment.AmazonEKSWorkerNodePolicy",
            "module.iam.aws_iam_role_policy_attachment.AmazonEKS_CNI_Policy",
            "module.iam.aws_iam_role_policy_attachment.cluster_AmazonEKSClusterPolicy",
            "module.iam.aws_iam_role_policy_attachment.node_group_elb_policy",
            "module.iam.aws_iam_role_policy_attachment.vpc_flow_logs_attach",
            "module.manifests.kubectl_manifest.apps_namespace",
            "module.nginx-ingress.helm_release.nginx_ingress",
            "module.vpc.aws_cloudwatch_log_group.cloud_watch_logs",
            "module.vpc.aws_eip.ngw-eip",
            "module.vpc.aws_flow_log.cloud_watch",
            "module.vpc.aws_internet_gateway.igw",
            "module.vpc.aws_kms_alias.kms_alias",
            "module.vpc.aws_kms_key.kms_key",
            "module.vpc.aws_kms_key_policy.kms_key_policy",
            "module.vpc.aws_nat_gateway.ngw",
            "module.vpc.aws_route_table.private-rt",
            "module.vpc.aws_route_table.public-rt",
            "module.vpc.aws_route_table_association.private-route-association-2a",
            "module.vpc.aws_route_table_association.private-route-association-2b",
            "module.vpc.aws_route_table_association.pub-route-association-2a",
            "module.vpc.aws_route_table_association.pub-route-association-2b",
            "module.vpc.aws_subnet.private-subnet-2a",
            "module.vpc.aws_subnet.private-subnet-2b",
            "module.vpc.aws_subnet.public-subnet-2a",
            "module.vpc.aws_subnet.public-subnet-2b",
            "module.vpc.aws_vpc.eks_vpc"
          ]
        }
      ]
    },
    {
      "module": "module.manifests",
      "mode": "managed",
      "type": "kubectl_manifest",
      "name": "configmap-https",
      "provider": "provider[\"registry.terraform.io/gavinbunney/kubectl\"]",
      "instances": [
        {
          "schema_version": 1,
          "attributes": {
            "api_version": "v1",
            "apply_only": false,
            "force_conflicts": false,
            "force_new": false,
            "id": "/api/v1/namespaces/ingress-nginx/configmaps/custom-headers",
            "ignore_fields": null,
            "kind": "ConfigMap",
            "live_manifest_incluster": "dc4b393f4460dc7c1451a442b677e78ee6b02fb7dc294f470f88d6d2018ebdf8",
            "live_uid": "9f2d78d2-703a-4d37-b0c8-3deaf5393059",
            "name": "custom-headers",
            "namespace": "ingress-nginx",
            "override_namespace": null,
            "sensitive_fields": null,
            "server_side_apply": false,
            "timeouts": null,
            "uid": "9f2d78d2-703a-4d37-b0c8-3deaf5393059",
            "validate_schema": true,
            "wait": null,
            "wait_for_rollout": true,
            "yaml_body": "\r\napiVersion: v1\r\nkind: ConfigMap\r\nmetadata:\r\n  name: custom-headers\r\n  namespace: ingress-nginx\r\ndata:\r\n  X-Forwarded-Proto: \"https\"\r\n\r\n",
            "yaml_body_parsed": "apiVersion: v1\ndata:\n  X-Forwarded-Proto: https\nkind: ConfigMap\nmetadata:\n  name: custom-headers\n  namespace: ingress-nginx\n",
            "yaml_incluster": "dc4b393f4460dc7c1451a442b677e78ee6b02fb7dc294f470f88d6d2018ebdf8"
          },
          "sensitive_attributes": [
            [
              {
                "type": "get_attr",
                "value": "live_manifest_incluster"
              }
            ],
            [
              {
                "type": "get_attr",
                "value": "yaml_body"
              }
            ],
            [
              {
                "type": "get_attr",
                "value": "yaml_incluster"
              }
            ]
          ],
          "identity_schema_version": 0,
          "private": "eyJlMmJmYjczMC1lY2FhLTExZTYtOGY4OC0zNDM2M2JjN2M0YzAiOnsiY3JlYXRlIjo2MDAwMDAwMDAwMDB9LCJzY2hlbWFfdmVyc2lvbiI6IjEifQ==",
          "dependencies": [
            "module.cert-manager.helm_release.cert_manager",
            "module.cert-manager.kubectl_manifest.letsencrypt_staging",
            "module.eks.aws_eks_access_entry.terraform_admin",
            "module.eks.aws_eks_access_policy_association.terraform_admin",
            "module.eks.aws_eks_addon.ebs_csi_driver",
            "module.eks.aws_eks_addon.kube-proxy",
            "module.eks.aws_eks_addon.metrics_server",
            "module.eks.aws_eks_addon.vpc_cni",
            "module.eks.aws_eks_cluster.eks_cluster",
            "module.eks.aws_eks_node_group.private_node_1",
            "module.eks.aws_eks_node_group.private_node_2",
            "module.eks.aws_iam_openid_connect_provider.eks",
            "module.eks.aws_iam_role.ebs_csi_driver",
            "module.eks.aws_iam_role.vpc_cni",
            "module.eks.aws_iam_role_policy_attachment.ebs_csi_driver_attach",
            "module.eks.aws_iam_role_policy_attachment.vpc_cni_policy",
            "module.eks.data.aws_eks_cluster.eks",
            "module.eks.data.tls_certificate.eks",
            "module.external-dns.aws_iam_role.external_dns",
            "module.external-dns.aws_iam_role_policy.external_dns_route53",
            "module.external-dns.helm_release.external_dns",
            "module.external-dns.kubectl_manifest.external_dns_namespace",
            "module.external-dns.kubernetes_service_account_v1.external_dns",
            "module.iam.aws_iam_instance_profile.nodes",
            "module.iam.aws_iam_policy.vpc_flow_logs_policy",
            "module.iam.aws_iam_role.cluster",
            "module.iam.aws_iam_role.nodes",
            "module.iam.aws_iam_role.vpc_flow_logs_role",
            "module.iam.aws_iam_role_policy_attachment.AmazonEC2ContainerRegistryReadOnly",
            "module.iam.aws_iam_role_policy_attachment.AmazonEKSWorkerNodePolicy",
            "module.iam.aws_iam_role_policy_attachment.AmazonEKS_CNI_Policy",
            "module.iam.aws_iam_role_policy_attachment.cluster_AmazonEKSClusterPolicy",
            "module.iam.aws_iam_role_policy_attachment.node_group_elb_policy",
            "module.iam.aws_iam_role_policy_attachment.vpc_flow_logs_attach",
            "module.nginx-ingress.helm_release.nginx_ingress",
            "module.vpc.aws_cloudwatch_log_group.cloud_watch_logs",
            "module.vpc.aws_eip.ngw-eip",
            "module.vpc.aws_flow_log.cloud_watch",
            "module.vpc.aws_internet_gateway.igw",
            "module.vpc.aws_kms_alias.kms_alias",
            "module.vpc.aws_kms_key.kms_key",
            "module.vpc.aws_kms_key_policy.kms_key_policy",
            "module.vpc.aws_nat_gateway.ngw",
            "module.vpc.aws_route_table.private-rt",
            "module.vpc.aws_route_table.public-rt",
            "module.vpc.aws_route_table_association.private-route-association-2a",
            "module.vpc.aws_route_table_association.private-route-association-2b",
            "module.vpc.aws_route_table_association.pub-route-association-2a",
            "module.vpc.aws_route_table_association.pub-route-association-2b",
            "module.vpc.aws_subnet.private-subnet-2a",
            "module.vpc.aws_subnet.private-subnet-2b",
            "module.vpc.aws_subnet.public-subnet-2a",
            "module.vpc.aws_subnet.public-subnet-2b",
            "module.vpc.aws_vpc.eks_vpc"
          ]
        }
      ]
    },
    {
      "module": "module.manifests",
      "mode": "managed",
      "type": "kubectl_manifest",
      "name": "db_namespace",
      "provider": "provider[\"registry.terraform.io/gavinbunney/kubectl\"]",
      "instances": [
        {
          "schema_version": 1,
          "attributes": {
            "api_version": "v1",
            "apply_only": false,
            "force_conflicts": false,
            "force_new": false,
            "id": "/api/v1/namespaces/data-space",
            "ignore_fields": null,
            "kind": "Namespace",
            "live_manifest_incluster": "8928271c22c2ce03c0d366f7cdd64b3d15e17df18d5f5aaca09c9af5af3d508a",
            "live_uid": "c5c166ef-59da-4b7c-9613-3c4a99aec37f",
            "name": "data-space",
            "namespace": null,
            "override_namespace": null,
            "sensitive_fields": null,
            "server_side_apply": false,
            "timeouts": null,
            "uid": "c5c166ef-59da-4b7c-9613-3c4a99aec37f",
            "validate_schema": true,
            "wait": null,
            "wait_for_rollout": true,
            "yaml_body": "apiVersion: v1\r\nkind: Namespace\r\nmetadata:\r\n  name: data-space\r\n",
            "yaml_body_parsed": "apiVersion: v1\nkind: Namespace\nmetadata:\n  name: data-space\n",
            "yaml_incluster": "8928271c22c2ce03c0d366f7cdd64b3d15e17df18d5f5aaca09c9af5af3d508a"
          },
          "sensitive_attributes": [
            [
              {
                "type": "get_attr",
                "value": "live_manifest_incluster"
              }
            ],
            [
              {
                "type": "get_attr",
                "value": "yaml_body"
              }
            ],
            [
              {
                "type": "get_attr",
                "value": "yaml_incluster"
              }
            ]
          ],
          "identity_schema_version": 0,
          "private": "eyJlMmJmYjczMC1lY2FhLTExZTYtOGY4OC0zNDM2M2JjN2M0YzAiOnsiY3JlYXRlIjo2MDAwMDAwMDAwMDB9LCJzY2hlbWFfdmVyc2lvbiI6IjEifQ==",
          "dependencies": [
            "module.cert-manager.helm_release.cert_manager",
            "module.cert-manager.kubectl_manifest.letsencrypt_staging",
            "module.eks.aws_eks_access_entry.terraform_admin",
            "module.eks.aws_eks_access_policy_association.terraform_admin",
            "module.eks.aws_eks_addon.ebs_csi_driver",
            "module.eks.aws_eks_addon.kube-proxy",
            "module.eks.aws_eks_addon.metrics_server",
            "module.eks.aws_eks_addon.vpc_cni",
            "module.eks.aws_eks_cluster.eks_cluster",
            "module.eks.aws_eks_node_group.private_node_1",
            "module.eks.aws_eks_node_group.private_node_2",
            "module.eks.aws_iam_openid_connect_provider.eks",
            "module.eks.aws_iam_role.ebs_csi_driver",
            "module.eks.aws_iam_role.vpc_cni",
            "module.eks.aws_iam_role_policy_attachment.ebs_csi_driver_attach",
            "module.eks.aws_iam_role_policy_attachment.vpc_cni_policy",
            "module.eks.data.aws_eks_cluster.eks",
            "module.eks.data.tls_certificate.eks",
            "module.external-dns.aws_iam_role.external_dns",
            "module.external-dns.aws_iam_role_policy.external_dns_route53",
            "module.external-dns.helm_release.external_dns",
            "module.external-dns.kubectl_manifest.external_dns_namespace",
            "module.external-dns.kubernetes_service_account_v1.external_dns",
            "module.iam.aws_iam_instance_profile.nodes",
            "module.iam.aws_iam_policy.vpc_flow_logs_policy",
            "module.iam.aws_iam_role.cluster",
            "module.iam.aws_iam_role.nodes",
            "module.iam.aws_iam_role.vpc_flow_logs_role",
            "module.iam.aws_iam_role_policy_attachment.AmazonEC2ContainerRegistryReadOnly",
            "module.iam.aws_iam_role_policy_attachment.AmazonEKSWorkerNodePolicy",
            "module.iam.aws_iam_role_policy_attachment.AmazonEKS_CNI_Policy",
            "module.iam.aws_iam_role_policy_attachment.cluster_AmazonEKSClusterPolicy",
            "module.iam.aws_iam_role_policy_attachment.node_group_elb_policy",
            "module.iam.aws_iam_role_policy_attachment.vpc_flow_logs_attach",
            "module.nginx-ingress.helm_release.nginx_ingress",
            "module.vpc.aws_cloudwatch_log_group.cloud_watch_logs",
            "module.vpc.aws_eip.ngw-eip",
            "module.vpc.aws_flow_log.cloud_watch",
            "module.vpc.aws_internet_gateway.igw",
            "module.vpc.aws_kms_alias.kms_alias",
            "module.vpc.aws_kms_key.kms_key",
            "module.vpc.aws_kms_key_policy.kms_key_policy",
            "module.vpc.aws_nat_gateway.ngw",
            "module.vpc.aws_route_table.private-rt",
            "module.vpc.aws_route_table.public-rt",
            "module.vpc.aws_route_table_association.private-route-association-2a",
            "module.vpc.aws_route_table_association.private-route-association-2b",
            "module.vpc.aws_route_table_association.pub-route-association-2a",
            "module.vpc.aws_route_table_association.pub-route-association-2b",
            "module.vpc.aws_subnet.private-subnet-2a",
            "module.vpc.aws_subnet.private-subnet-2b",
            "module.vpc.aws_subnet.public-subnet-2a",
            "module.vpc.aws_subnet.public-subnet-2b",
            "module.vpc.aws_vpc.eks_vpc"
          ]
        }
      ]
    },
    {
      "module": "module.manifests",
      "mode": "managed",
      "type": "kubectl_manifest",
      "name": "deployment_cart",
      "provider": "provider[\"registry.terraform.io/gavinbunney/kubectl\"]",
      "instances": [
        {
          "schema_version": 1,
          "attributes": {
            "api_version": "apps/v1",
            "apply_only": false,
            "force_conflicts": false,
            "force_new": false,
            "id": "/apis/apps/v1/namespaces/app-space/deployments/robotshop-cart",
            "ignore_fields": null,
            "kind": "Deployment",
            "live_manifest_incluster": "c3c8b86aee8bcb4d4eecc17a3383ab404874d9ffba7f98d9fa3a543184d16b2b",
            "live_uid": "e776c469-6a37-4e36-8efb-d0ad1330bac2",
            "name": "robotshop-cart",
            "namespace": "app-space",
            "override_namespace": null,
            "sensitive_fields": null,
            "server_side_apply": false,
            "timeouts": null,
            "uid": "e776c469-6a37-4e36-8efb-d0ad1330bac2",
            "validate_schema": true,
            "wait": null,
            "wait_for_rollout": true,
            "yaml_body": "apiVersion: apps/v1\r\nkind: Deployment\r\nmetadata:\r\n  name: robotshop-cart\r\n  namespace: app-space\r\nspec:\r\n  replicas: 1\r\n  selector:\r\n    matchLabels:\r\n      app: cart\r\n  template:\r\n    metadata:\r\n      labels:\r\n        app: cart\r\n    spec:\r\n      containers:\r\n      - name: robot-app-cart\r\n        image: 038774803581.dkr.ecr.eu-west-2.amazonaws.com/cart:v1\r\n        imagePullPolicy: Always\r\n        ports:\r\n        - containerPort: 8080\r\n        env:\r\n        - name: REDIS_HOST\r\n          value: redis.data-space.svc.cluster.local\r\n        - name: REDIS_PORT\r\n          value: \"6379\"\r\n        - name: CATALOGUE_HOST\r\n          value: catalogue.app-space.svc.cluster.local\r\n        - name: INSTANA_DISABLE_AUTP_INSTR\r\n          value: \"true\"\r\n        resources:\r\n          requests:\r\n            cpu: \"100m\"\r\n            memory: \"128Mi\"\r\n          limits:\r\n            cpu: \"500m\"\r\n            memory: \"256Mi\"\r\n        livenessProbe:\r\n          httpGet:\r\n            path: /health\r\n            port: 8080\r\n          initialDelaySeconds: 30\r\n          periodSeconds: 10\r\n        readinessProbe:\r\n          httpGet:\r\n            path: /health\r\n            port: 8080\r\n          initialDelaySeconds: 30\r\n          periodSeconds: 10\r\n",
            "yaml_body_parsed": "apiVersion: apps/v1\nkind: Deployment\nmetadata:\n  name: robotshop-cart\n  namespace: app-space\nspec:\n  replicas: 1\n  selector:\n    matchLabels:\n      app: cart\n  template:\n    metadata:\n      labels:\n        app: cart\n    spec:\n      containers:\n      - env:\n        - name: REDIS_HOST\n          value: redis.data-space.svc.cluster.local\n        - name: REDIS_PORT\n          value: \"6379\"\n        - name: CATALOGUE_HOST\n          value: catalogue.app-space.svc.cluster.local\n        - name: INSTANA_DISABLE_AUTP_INSTR\n          value: \"true\"\n        image: 038774803581.dkr.ecr.eu-west-2.amazonaws.com/cart:v1\n        imagePullPolicy: Always\n        livenessProbe:\n          httpGet:\n            path: /health\n            port: 8080\n          initialDelaySeconds: 30\n          periodSeconds: 10\n        name: robot-app-cart\n        ports:\n        - containerPort: 8080\n        readinessProbe:\n          httpGet:\n            path: /health\n            port: 8080\n          initialDelaySeconds: 30\n          periodSeconds: 10\n        resources:\n          limits:\n            cpu: 500m\n            memory: 256Mi\n          requests:\n            cpu: 100m\n            memory: 128Mi\n",
            "yaml_incluster": "c3c8b86aee8bcb4d4eecc17a3383ab404874d9ffba7f98d9fa3a543184d16b2b"
          },
          "sensitive_attributes": [
            [
              {
                "type": "get_attr",
                "value": "live_manifest_incluster"
              }
            ],
            [
              {
                "type": "get_attr",
                "value": "yaml_body"
              }
            ],
            [
              {
                "type": "get_attr",
                "value": "yaml_incluster"
              }
            ]
          ],
          "identity_schema_version": 0,
          "private": "eyJlMmJmYjczMC1lY2FhLTExZTYtOGY4OC0zNDM2M2JjN2M0YzAiOnsiY3JlYXRlIjo2MDAwMDAwMDAwMDB9LCJzY2hlbWFfdmVyc2lvbiI6IjEifQ==",
          "dependencies": [
            "module.cert-manager.helm_release.cert_manager",
            "module.cert-manager.kubectl_manifest.letsencrypt_staging",
            "module.eks.aws_eks_access_entry.terraform_admin",
            "module.eks.aws_eks_access_policy_association.terraform_admin",
            "module.eks.aws_eks_addon.ebs_csi_driver",
            "module.eks.aws_eks_addon.kube-proxy",
            "module.eks.aws_eks_addon.metrics_server",
            "module.eks.aws_eks_addon.vpc_cni",
            "module.eks.aws_eks_cluster.eks_cluster",
            "module.eks.aws_eks_node_group.private_node_1",
            "module.eks.aws_eks_node_group.private_node_2",
            "module.eks.aws_iam_openid_connect_provider.eks",
            "module.eks.aws_iam_role.ebs_csi_driver",
            "module.eks.aws_iam_role.vpc_cni",
            "module.eks.aws_iam_role_policy_attachment.ebs_csi_driver_attach",
            "module.eks.aws_iam_role_policy_attachment.vpc_cni_policy",
            "module.eks.data.aws_eks_cluster.eks",
            "module.eks.data.tls_certificate.eks",
            "module.external-dns.aws_iam_role.external_dns",
            "module.external-dns.aws_iam_role_policy.external_dns_route53",
            "module.external-dns.helm_release.external_dns",
            "module.external-dns.kubectl_manifest.external_dns_namespace",
            "module.external-dns.kubernetes_service_account_v1.external_dns",
            "module.iam.aws_iam_instance_profile.nodes",
            "module.iam.aws_iam_policy.vpc_flow_logs_policy",
            "module.iam.aws_iam_role.cluster",
            "module.iam.aws_iam_role.nodes",
            "module.iam.aws_iam_role.vpc_flow_logs_role",
            "module.iam.aws_iam_role_policy_attachment.AmazonEC2ContainerRegistryReadOnly",
            "module.iam.aws_iam_role_policy_attachment.AmazonEKSWorkerNodePolicy",
            "module.iam.aws_iam_role_policy_attachment.AmazonEKS_CNI_Policy",
            "module.iam.aws_iam_role_policy_attachment.cluster_AmazonEKSClusterPolicy",
            "module.iam.aws_iam_role_policy_attachment.node_group_elb_policy",
            "module.iam.aws_iam_role_policy_attachment.vpc_flow_logs_attach",
            "module.manifests.kubectl_manifest.apps_namespace",
            "module.manifests.kubectl_manifest.cart_service",
            "module.manifests.kubectl_manifest.resource_quota_appspace",
            "module.nginx-ingress.helm_release.nginx_ingress",
            "module.vpc.aws_cloudwatch_log_group.cloud_watch_logs",
            "module.vpc.aws_eip.ngw-eip",
            "module.vpc.aws_flow_log.cloud_watch",
            "module.vpc.aws_internet_gateway.igw",
            "module.vpc.aws_kms_alias.kms_alias",
            "module.vpc.aws_kms_key.kms_key",
            "module.vpc.aws_kms_key_policy.kms_key_policy",
            "module.vpc.aws_nat_gateway.ngw",
            "module.vpc.aws_route_table.private-rt",
            "module.vpc.aws_route_table.public-rt",
            "module.vpc.aws_route_table_association.private-route-association-2a",
            "module.vpc.aws_route_table_association.private-route-association-2b",
            "module.vpc.aws_route_table_association.pub-route-association-2a",
            "module.vpc.aws_route_table_association.pub-route-association-2b",
            "module.vpc.aws_subnet.private-subnet-2a",
            "module.vpc.aws_subnet.private-subnet-2b",
            "module.vpc.aws_subnet.public-subnet-2a",
            "module.vpc.aws_subnet.public-subnet-2b",
            "module.vpc.aws_vpc.eks_vpc"
          ]
        }
      ]
    },
    {
      "module": "module.manifests",
      "mode": "managed",
      "type": "kubectl_manifest",
      "name": "deployment_catalogue",
      "provider": "provider[\"registry.terraform.io/gavinbunney/kubectl\"]",
      "instances": [
        {
          "schema_version": 1,
          "attributes": {
            "api_version": "apps/v1",
            "apply_only": false,
            "force_conflicts": false,
            "force_new": false,
            "id": "/apis/apps/v1/namespaces/app-space/deployments/robotshop-catalogue",
            "ignore_fields": null,
            "kind": "Deployment",
            "live_manifest_incluster": "9c669e37e6d8be1ec52cabd0b54d8e0f9d966e72a3b75bd08d5691281dc322ab",
            "live_uid": "358c253e-11cb-40e9-988b-37c8d4a6a205",
            "name": "robotshop-catalogue",
            "namespace": "app-space",
            "override_namespace": null,
            "sensitive_fields": null,
            "server_side_apply": false,
            "timeouts": null,
            "uid": "358c253e-11cb-40e9-988b-37c8d4a6a205",
            "validate_schema": true,
            "wait": null,
            "wait_for_rollout": true,
            "yaml_body": "apiVersion: apps/v1\r\nkind: Deployment\r\nmetadata:\r\n  name: robotshop-catalogue\r\n  namespace: app-space\r\nspec:\r\n  replicas: 1\r\n  selector:\r\n    matchLabels:\r\n      app: catalogue\r\n  template:\r\n    metadata:\r\n      labels:\r\n        app: catalogue\r\n    spec:\r\n      containers:\r\n      - name: robot-app-catalogue\r\n        image: 038774803581.dkr.ecr.eu-west-2.amazonaws.com/catalogue:v1\r\n        imagePullPolicy: Always\r\n        ports:\r\n        - containerPort: 8080\r\n        env:\r\n        - name: MONGO_URL\r\n          value: mongodb://mongo.data-space.svc.cluster.local:27017/catalogue\r\n        resources:\r\n          requests:\r\n            cpu: \"100m\"\r\n            memory: \"128Mi\"\r\n          limits:\r\n            cpu: \"500m\"\r\n            memory: \"256Mi\"\r\n        livenessProbe:\r\n          httpGet:\r\n            path: /health\r\n            port: 8080\r\n          initialDelaySeconds: 30\r\n          periodSeconds: 10\r\n        readinessProbe:\r\n          httpGet:\r\n            path: /health\r\n            port: 8080\r\n          initialDelaySeconds: 30\r\n          periodSeconds: 10\r\n",
            "yaml_body_parsed": "apiVersion: apps/v1\nkind: Deployment\nmetadata:\n  name: robotshop-catalogue\n  namespace: app-space\nspec:\n  replicas: 1\n  selector:\n    matchLabels:\n      app: catalogue\n  template:\n    metadata:\n      labels:\n        app: catalogue\n    spec:\n      containers:\n      - env:\n        - name: MONGO_URL\n          value: mongodb://mongo.data-space.svc.cluster.local:27017/catalogue\n        image: 038774803581.dkr.ecr.eu-west-2.amazonaws.com/catalogue:v1\n        imagePullPolicy: Always\n        livenessProbe:\n          httpGet:\n            path: /health\n            port: 8080\n          initialDelaySeconds: 30\n          periodSeconds: 10\n        name: robot-app-catalogue\n        ports:\n        - containerPort: 8080\n        readinessProbe:\n          httpGet:\n            path: /health\n            port: 8080\n          initialDelaySeconds: 30\n          periodSeconds: 10\n        resources:\n          limits:\n            cpu: 500m\n            memory: 256Mi\n          requests:\n            cpu: 100m\n            memory: 128Mi\n",
            "yaml_incluster": "9c669e37e6d8be1ec52cabd0b54d8e0f9d966e72a3b75bd08d5691281dc322ab"
          },
          "sensitive_attributes": [
            [
              {
                "type": "get_attr",
                "value": "live_manifest_incluster"
              }
            ],
            [
              {
                "type": "get_attr",
                "value": "yaml_body"
              }
            ],
            [
              {
                "type": "get_attr",
                "value": "yaml_incluster"
              }
            ]
          ],
          "identity_schema_version": 0,
          "private": "eyJlMmJmYjczMC1lY2FhLTExZTYtOGY4OC0zNDM2M2JjN2M0YzAiOnsiY3JlYXRlIjo2MDAwMDAwMDAwMDB9LCJzY2hlbWFfdmVyc2lvbiI6IjEifQ==",
          "dependencies": [
            "module.cert-manager.helm_release.cert_manager",
            "module.cert-manager.kubectl_manifest.letsencrypt_staging",
            "module.eks.aws_eks_access_entry.terraform_admin",
            "module.eks.aws_eks_access_policy_association.terraform_admin",
            "module.eks.aws_eks_addon.ebs_csi_driver",
            "module.eks.aws_eks_addon.kube-proxy",
            "module.eks.aws_eks_addon.metrics_server",
            "module.eks.aws_eks_addon.vpc_cni",
            "module.eks.aws_eks_cluster.eks_cluster",
            "module.eks.aws_eks_node_group.private_node_1",
            "module.eks.aws_eks_node_group.private_node_2",
            "module.eks.aws_iam_openid_connect_provider.eks",
            "module.eks.aws_iam_role.ebs_csi_driver",
            "module.eks.aws_iam_role.vpc_cni",
            "module.eks.aws_iam_role_policy_attachment.ebs_csi_driver_attach",
            "module.eks.aws_iam_role_policy_attachment.vpc_cni_policy",
            "module.eks.data.aws_eks_cluster.eks",
            "module.eks.data.tls_certificate.eks",
            "module.external-dns.aws_iam_role.external_dns",
            "module.external-dns.aws_iam_role_policy.external_dns_route53",
            "module.external-dns.helm_release.external_dns",
            "module.external-dns.kubectl_manifest.external_dns_namespace",
            "module.external-dns.kubernetes_service_account_v1.external_dns",
            "module.iam.aws_iam_instance_profile.nodes",
            "module.iam.aws_iam_policy.vpc_flow_logs_policy",
            "module.iam.aws_iam_role.cluster",
            "module.iam.aws_iam_role.nodes",
            "module.iam.aws_iam_role.vpc_flow_logs_role",
            "module.iam.aws_iam_role_policy_attachment.AmazonEC2ContainerRegistryReadOnly",
            "module.iam.aws_iam_role_policy_attachment.AmazonEKSWorkerNodePolicy",
            "module.iam.aws_iam_role_policy_attachment.AmazonEKS_CNI_Policy",
            "module.iam.aws_iam_role_policy_attachment.cluster_AmazonEKSClusterPolicy",
            "module.iam.aws_iam_role_policy_attachment.node_group_elb_policy",
            "module.iam.aws_iam_role_policy_attachment.vpc_flow_logs_attach",
            "module.manifests.kubectl_manifest.apps_namespace",
            "module.manifests.kubectl_manifest.catalogue_service",
            "module.manifests.kubectl_manifest.resource_quota_appspace",
            "module.nginx-ingress.helm_release.nginx_ingress",
            "module.vpc.aws_cloudwatch_log_group.cloud_watch_logs",
            "module.vpc.aws_eip.ngw-eip",
            "module.vpc.aws_flow_log.cloud_watch",
            "module.vpc.aws_internet_gateway.igw",
            "module.vpc.aws_kms_alias.kms_alias",
            "module.vpc.aws_kms_key.kms_key",
            "module.vpc.aws_kms_key_policy.kms_key_policy",
            "module.vpc.aws_nat_gateway.ngw",
            "module.vpc.aws_route_table.private-rt",
            "module.vpc.aws_route_table.public-rt",
            "module.vpc.aws_route_table_association.private-route-association-2a",
            "module.vpc.aws_route_table_association.private-route-association-2b",
            "module.vpc.aws_route_table_association.pub-route-association-2a",
            "module.vpc.aws_route_table_association.pub-route-association-2b",
            "module.vpc.aws_subnet.private-subnet-2a",
            "module.vpc.aws_subnet.private-subnet-2b",
            "module.vpc.aws_subnet.public-subnet-2a",
            "module.vpc.aws_subnet.public-subnet-2b",
            "module.vpc.aws_vpc.eks_vpc"
          ]
        }
      ]
    },
    {
      "module": "module.manifests",
      "mode": "managed",
      "type": "kubectl_manifest",
      "name": "deployment_dispatch",
      "provider": "provider[\"registry.terraform.io/gavinbunney/kubectl\"]",
      "instances": [
        {
          "schema_version": 1,
          "attributes": {
            "api_version": "apps/v1",
            "apply_only": false,
            "force_conflicts": false,
            "force_new": false,
            "id": "/apis/apps/v1/namespaces/app-space/deployments/robotshop-dispatch",
            "ignore_fields": null,
            "kind": "Deployment",
            "live_manifest_incluster": "e10d201b8a879c5478902f379b2afb9fa94e41bd96ef19f7a1fb201396224cae",
            "live_uid": "ec9768d2-a1d1-4ddb-8c34-c0b481bbace4",
            "name": "robotshop-dispatch",
            "namespace": "app-space",
            "override_namespace": null,
            "sensitive_fields": null,
            "server_side_apply": false,
            "timeouts": null,
            "uid": "ec9768d2-a1d1-4ddb-8c34-c0b481bbace4",
            "validate_schema": true,
            "wait": null,
            "wait_for_rollout": true,
            "yaml_body": "apiVersion: apps/v1\r\nkind: Deployment\r\nmetadata:\r\n  name: robotshop-dispatch\r\n  namespace: app-space\r\nspec:\r\n  replicas: 1\r\n  selector:\r\n    matchLabels:\r\n      app: dispatch\r\n  template:\r\n    metadata:\r\n      labels:\r\n        app: dispatch\r\n    spec:\r\n      containers:\r\n      - name: robot-app-dispatch\r\n        image: 038774803581.dkr.ecr.eu-west-2.amazonaws.com/dispatch:v1\r\n        imagePullPolicy: Always\r\n        resources:\r\n          requests:\r\n            cpu: \"100m\"\r\n            memory: \"128Mi\"\r\n          limits:\r\n            cpu: \"500m\"\r\n            memory: \"256Mi\"\r\n",
            "yaml_body_parsed": "apiVersion: apps/v1\nkind: Deployment\nmetadata:\n  name: robotshop-dispatch\n  namespace: app-space\nspec:\n  replicas: 1\n  selector:\n    matchLabels:\n      app: dispatch\n  template:\n    metadata:\n      labels:\n        app: dispatch\n    spec:\n      containers:\n      - image: 038774803581.dkr.ecr.eu-west-2.amazonaws.com/dispatch:v1\n        imagePullPolicy: Always\n        name: robot-app-dispatch\n        resources:\n          limits:\n            cpu: 500m\n            memory: 256Mi\n          requests:\n            cpu: 100m\n            memory: 128Mi\n",
            "yaml_incluster": "e10d201b8a879c5478902f379b2afb9fa94e41bd96ef19f7a1fb201396224cae"
          },
          "sensitive_attributes": [
            [
              {
                "type": "get_attr",
                "value": "live_manifest_incluster"
              }
            ],
            [
              {
                "type": "get_attr",
                "value": "yaml_body"
              }
            ],
            [
              {
                "type": "get_attr",
                "value": "yaml_incluster"
              }
            ]
          ],
          "identity_schema_version": 0,
          "private": "eyJlMmJmYjczMC1lY2FhLTExZTYtOGY4OC0zNDM2M2JjN2M0YzAiOnsiY3JlYXRlIjo2MDAwMDAwMDAwMDB9LCJzY2hlbWFfdmVyc2lvbiI6IjEifQ==",
          "dependencies": [
            "module.cert-manager.helm_release.cert_manager",
            "module.cert-manager.kubectl_manifest.letsencrypt_staging",
            "module.eks.aws_eks_access_entry.terraform_admin",
            "module.eks.aws_eks_access_policy_association.terraform_admin",
            "module.eks.aws_eks_addon.ebs_csi_driver",
            "module.eks.aws_eks_addon.kube-proxy",
            "module.eks.aws_eks_addon.metrics_server",
            "module.eks.aws_eks_addon.vpc_cni",
            "module.eks.aws_eks_cluster.eks_cluster",
            "module.eks.aws_eks_node_group.private_node_1",
            "module.eks.aws_eks_node_group.private_node_2",
            "module.eks.aws_iam_openid_connect_provider.eks",
            "module.eks.aws_iam_role.ebs_csi_driver",
            "module.eks.aws_iam_role.vpc_cni",
            "module.eks.aws_iam_role_policy_attachment.ebs_csi_driver_attach",
            "module.eks.aws_iam_role_policy_attachment.vpc_cni_policy",
            "module.eks.data.aws_eks_cluster.eks",
            "module.eks.data.tls_certificate.eks",
            "module.external-dns.aws_iam_role.external_dns",
            "module.external-dns.aws_iam_role_policy.external_dns_route53",
            "module.external-dns.helm_release.external_dns",
            "module.external-dns.kubectl_manifest.external_dns_namespace",
            "module.external-dns.kubernetes_service_account_v1.external_dns",
            "module.iam.aws_iam_instance_profile.nodes",
            "module.iam.aws_iam_policy.vpc_flow_logs_policy",
            "module.iam.aws_iam_role.cluster",
            "module.iam.aws_iam_role.nodes",
            "module.iam.aws_iam_role.vpc_flow_logs_role",
            "module.iam.aws_iam_role_policy_attachment.AmazonEC2ContainerRegistryReadOnly",
            "module.iam.aws_iam_role_policy_attachment.AmazonEKSWorkerNodePolicy",
            "module.iam.aws_iam_role_policy_attachment.AmazonEKS_CNI_Policy",
            "module.iam.aws_iam_role_policy_attachment.cluster_AmazonEKSClusterPolicy",
            "module.iam.aws_iam_role_policy_attachment.node_group_elb_policy",
            "module.iam.aws_iam_role_policy_attachment.vpc_flow_logs_attach",
            "module.manifests.kubectl_manifest.apps_namespace",
            "module.manifests.kubectl_manifest.dispatch_service",
            "module.manifests.kubectl_manifest.resource_quota_appspace",
            "module.nginx-ingress.helm_release.nginx_ingress",
            "module.vpc.aws_cloudwatch_log_group.cloud_watch_logs",
            "module.vpc.aws_eip.ngw-eip",
            "module.vpc.aws_flow_log.cloud_watch",
            "module.vpc.aws_internet_gateway.igw",
            "module.vpc.aws_kms_alias.kms_alias",
            "module.vpc.aws_kms_key.kms_key",
            "module.vpc.aws_kms_key_policy.kms_key_policy",
            "module.vpc.aws_nat_gateway.ngw",
            "module.vpc.aws_route_table.private-rt",
            "module.vpc.aws_route_table.public-rt",
            "module.vpc.aws_route_table_association.private-route-association-2a",
            "module.vpc.aws_route_table_association.private-route-association-2b",
            "module.vpc.aws_route_table_association.pub-route-association-2a",
            "module.vpc.aws_route_table_association.pub-route-association-2b",
            "module.vpc.aws_subnet.private-subnet-2a",
            "module.vpc.aws_subnet.private-subnet-2b",
            "module.vpc.aws_subnet.public-subnet-2a",
            "module.vpc.aws_subnet.public-subnet-2b",
            "module.vpc.aws_vpc.eks_vpc"
          ]
        }
      ]
    },
    {
      "module": "module.manifests",
      "mode": "managed",
      "type": "kubectl_manifest",
      "name": "deployment_payment",
      "provider": "provider[\"registry.terraform.io/gavinbunney/kubectl\"]",
      "instances": [
        {
          "schema_version": 1,
          "attributes": {
            "api_version": "apps/v1",
            "apply_only": false,
            "force_conflicts": false,
            "force_new": false,
            "id": "/apis/apps/v1/namespaces/app-space/deployments/robotshop-payment",
            "ignore_fields": null,
            "kind": "Deployment",
            "live_manifest_incluster": "87ffb8b524e48b997893dca61ec24fd93f5cd2e9610c1175c35d030a47112f5d",
            "live_uid": "b4709734-521d-4aec-a8ea-1900f7be5419",
            "name": "robotshop-payment",
            "namespace": "app-space",
            "override_namespace": null,
            "sensitive_fields": null,
            "server_side_apply": false,
            "timeouts": null,
            "uid": "b4709734-521d-4aec-a8ea-1900f7be5419",
            "validate_schema": true,
            "wait": null,
            "wait_for_rollout": true,
            "yaml_body": "apiVersion: apps/v1\r\nkind: Deployment\r\nmetadata:\r\n  name: robotshop-payment\r\n  namespace: app-space\r\nspec:\r\n  replicas: 1\r\n  selector:\r\n    matchLabels:\r\n      app: robotshop-payment\r\n  template:\r\n    metadata:\r\n      labels:\r\n        app: robotshop-payment\r\n    spec:\r\n      containers:\r\n      - name: robot-app-payment\r\n        image: 038774803581.dkr.ecr.eu-west-2.amazonaws.com/payment:v1\r\n        imagePullPolicy: Always\r\n        ports:\r\n        - containerPort: 8080\r\n        env:\r\n          - name: AMQP_HOST\r\n            value: rabbitmq.data-space.svc.cluster.local\r\n          - name: AMQP_PORT\r\n            value: \"5672\"\r\n          - name: RABBITMQ_PASSWORD\r\n            value: guest\r\n          - name: RABBITMQ_USER\r\n            value: guest\r\n        resources:\r\n          requests:\r\n            cpu: \"100m\"\r\n            memory: \"128Mi\"\r\n          limits:\r\n            cpu: \"500m\"\r\n            memory: \"256Mi\"\r\n        livenessProbe:\r\n          httpGet:\r\n            path: /health\r\n            port: 8080\r\n          initialDelaySeconds: 30\r\n          periodSeconds: 10\r\n        readinessProbe:\r\n          httpGet:\r\n            path: /health\r\n            port: 8080\r\n          initialDelaySeconds: 30\r\n          periodSeconds: 10\r\n",
            "yaml_body_parsed": "apiVersion: apps/v1\nkind: Deployment\nmetadata:\n  name: robotshop-payment\n  namespace: app-space\nspec:\n  replicas: 1\n  selector:\n    matchLabels:\n      app: robotshop-payment\n  template:\n    metadata:\n      labels:\n        app: robotshop-payment\n    spec:\n      containers:\n      - env:\n        - name: AMQP_HOST\n          value: rabbitmq.data-space.svc.cluster.local\n        - name: AMQP_PORT\n          value: \"5672\"\n        - name: RABBITMQ_PASSWORD\n          value: guest\n        - name: RABBITMQ_USER\n          value: guest\n        image: 038774803581.dkr.ecr.eu-west-2.amazonaws.com/payment:v1\n        imagePullPolicy: Always\n        livenessProbe:\n          httpGet:\n            path: /health\n            port: 8080\n          initialDelaySeconds: 30\n          periodSeconds: 10\n        name: robot-app-payment\n        ports:\n        - containerPort: 8080\n        readinessProbe:\n          httpGet:\n            path: /health\n            port: 8080\n          initialDelaySeconds: 30\n          periodSeconds: 10\n        resources:\n          limits:\n            cpu: 500m\n            memory: 256Mi\n          requests:\n            cpu: 100m\n            memory: 128Mi\n",
            "yaml_incluster": "87ffb8b524e48b997893dca61ec24fd93f5cd2e9610c1175c35d030a47112f5d"
          },
          "sensitive_attributes": [
            [
              {
                "type": "get_attr",
                "value": "live_manifest_incluster"
              }
            ],
            [
              {
                "type": "get_attr",
                "value": "yaml_body"
              }
            ],
            [
              {
                "type": "get_attr",
                "value": "yaml_incluster"
              }
            ]
          ],
          "identity_schema_version": 0,
          "private": "eyJlMmJmYjczMC1lY2FhLTExZTYtOGY4OC0zNDM2M2JjN2M0YzAiOnsiY3JlYXRlIjo2MDAwMDAwMDAwMDB9LCJzY2hlbWFfdmVyc2lvbiI6IjEifQ==",
          "dependencies": [
            "module.cert-manager.helm_release.cert_manager",
            "module.cert-manager.kubectl_manifest.letsencrypt_staging",
            "module.eks.aws_eks_access_entry.terraform_admin",
            "module.eks.aws_eks_access_policy_association.terraform_admin",
            "module.eks.aws_eks_addon.ebs_csi_driver",
            "module.eks.aws_eks_addon.kube-proxy",
            "module.eks.aws_eks_addon.metrics_server",
            "module.eks.aws_eks_addon.vpc_cni",
            "module.eks.aws_eks_cluster.eks_cluster",
            "module.eks.aws_eks_node_group.private_node_1",
            "module.eks.aws_eks_node_group.private_node_2",
            "module.eks.aws_iam_openid_connect_provider.eks",
            "module.eks.aws_iam_role.ebs_csi_driver",
            "module.eks.aws_iam_role.vpc_cni",
            "module.eks.aws_iam_role_policy_attachment.ebs_csi_driver_attach",
            "module.eks.aws_iam_role_policy_attachment.vpc_cni_policy",
            "module.eks.data.aws_eks_cluster.eks",
            "module.eks.data.tls_certificate.eks",
            "module.external-dns.aws_iam_role.external_dns",
            "module.external-dns.aws_iam_role_policy.external_dns_route53",
            "module.external-dns.helm_release.external_dns",
            "module.external-dns.kubectl_manifest.external_dns_namespace",
            "module.external-dns.kubernetes_service_account_v1.external_dns",
            "module.iam.aws_iam_instance_profile.nodes",
            "module.iam.aws_iam_policy.vpc_flow_logs_policy",
            "module.iam.aws_iam_role.cluster",
            "module.iam.aws_iam_role.nodes",
            "module.iam.aws_iam_role.vpc_flow_logs_role",
            "module.iam.aws_iam_role_policy_attachment.AmazonEC2ContainerRegistryReadOnly",
            "module.iam.aws_iam_role_policy_attachment.AmazonEKSWorkerNodePolicy",
            "module.iam.aws_iam_role_policy_attachment.AmazonEKS_CNI_Policy",
            "module.iam.aws_iam_role_policy_attachment.cluster_AmazonEKSClusterPolicy",
            "module.iam.aws_iam_role_policy_attachment.node_group_elb_policy",
            "module.iam.aws_iam_role_policy_attachment.vpc_flow_logs_attach",
            "module.manifests.kubectl_manifest.apps_namespace",
            "module.manifests.kubectl_manifest.payment_service",
            "module.manifests.kubectl_manifest.resource_quota_appspace",
            "module.nginx-ingress.helm_release.nginx_ingress",
            "module.vpc.aws_cloudwatch_log_group.cloud_watch_logs",
            "module.vpc.aws_eip.ngw-eip",
            "module.vpc.aws_flow_log.cloud_watch",
            "module.vpc.aws_internet_gateway.igw",
            "module.vpc.aws_kms_alias.kms_alias",
            "module.vpc.aws_kms_key.kms_key",
            "module.vpc.aws_kms_key_policy.kms_key_policy",
            "module.vpc.aws_nat_gateway.ngw",
            "module.vpc.aws_route_table.private-rt",
            "module.vpc.aws_route_table.public-rt",
            "module.vpc.aws_route_table_association.private-route-association-2a",
            "module.vpc.aws_route_table_association.private-route-association-2b",
            "module.vpc.aws_route_table_association.pub-route-association-2a",
            "module.vpc.aws_route_table_association.pub-route-association-2b",
            "module.vpc.aws_subnet.private-subnet-2a",
            "module.vpc.aws_subnet.private-subnet-2b",
            "module.vpc.aws_subnet.public-subnet-2a",
            "module.vpc.aws_subnet.public-subnet-2b",
            "module.vpc.aws_vpc.eks_vpc"
          ]
        }
      ]
    },
    {
      "module": "module.manifests",
      "mode": "managed",
      "type": "kubectl_manifest",
      "name": "deployment_ratings",
      "provider": "provider[\"registry.terraform.io/gavinbunney/kubectl\"]",
      "instances": [
        {
          "schema_version": 1,
          "attributes": {
            "api_version": "apps/v1",
            "apply_only": false,
            "force_conflicts": false,
            "force_new": false,
            "id": "/apis/apps/v1/namespaces/app-space/deployments/robotshop-ratings",
            "ignore_fields": null,
            "kind": "Deployment",
            "live_manifest_incluster": "1536bb4d4bb226fe3b7d5afe905035396686ee76a14eb80f70550761ffb4df69",
            "live_uid": "2e028fe0-a8c8-4e7e-afb6-f22579c90bc7",
            "name": "robotshop-ratings",
            "namespace": "app-space",
            "override_namespace": null,
            "sensitive_fields": null,
            "server_side_apply": false,
            "timeouts": null,
            "uid": "2e028fe0-a8c8-4e7e-afb6-f22579c90bc7",
            "validate_schema": true,
            "wait": null,
            "wait_for_rollout": true,
            "yaml_body": "apiVersion: apps/v1\r\nkind: Deployment\r\nmetadata:\r\n  name: robotshop-ratings\r\n  namespace: app-space\r\nspec:\r\n  replicas: 1\r\n  selector:\r\n    matchLabels:\r\n      app: robotshop-ratings\r\n  template:\r\n    metadata:\r\n      labels:\r\n        app: robotshop-ratings\r\n    spec:\r\n      containers:\r\n      - name: robot-app-ratings\r\n        image: 038774803581.dkr.ecr.eu-west-2.amazonaws.com/ratings:v1\r\n        imagePullPolicy: Always\r\n        ports:\r\n        - containerPort: 80\r\n        env:\r\n          - name: MONGO_HOST\r\n            value: mongo.data-space.svc.cluster.local\r\n          - name: MONGO_PORT\r\n            value: \"27017\"\r\n        resources:\r\n          requests:\r\n            cpu: \"100m\"\r\n            memory: \"128Mi\"\r\n          limits:\r\n            cpu: \"500m\"\r\n            memory: \"256Mi\"\r\n",
            "yaml_body_parsed": "apiVersion: apps/v1\nkind: Deployment\nmetadata:\n  name: robotshop-ratings\n  namespace: app-space\nspec:\n  replicas: 1\n  selector:\n    matchLabels:\n      app: robotshop-ratings\n  template:\n    metadata:\n      labels:\n        app: robotshop-ratings\n    spec:\n      containers:\n      - env:\n        - name: MONGO_HOST\n          value: mongo.data-space.svc.cluster.local\n        - name: MONGO_PORT\n          value: \"27017\"\n        image: 038774803581.dkr.ecr.eu-west-2.amazonaws.com/ratings:v1\n        imagePullPolicy: Always\n        name: robot-app-ratings\n        ports:\n        - containerPort: 80\n        resources:\n          limits:\n            cpu: 500m\n            memory: 256Mi\n          requests:\n            cpu: 100m\n            memory: 128Mi\n",
            "yaml_incluster": "1536bb4d4bb226fe3b7d5afe905035396686ee76a14eb80f70550761ffb4df69"
          },
          "sensitive_attributes": [
            [
              {
                "type": "get_attr",
                "value": "live_manifest_incluster"
              }
            ],
            [
              {
                "type": "get_attr",
                "value": "yaml_body"
              }
            ],
            [
              {
                "type": "get_attr",
                "value": "yaml_incluster"
              }
            ]
          ],
          "identity_schema_version": 0,
          "private": "eyJlMmJmYjczMC1lY2FhLTExZTYtOGY4OC0zNDM2M2JjN2M0YzAiOnsiY3JlYXRlIjo2MDAwMDAwMDAwMDB9LCJzY2hlbWFfdmVyc2lvbiI6IjEifQ==",
          "dependencies": [
            "module.cert-manager.helm_release.cert_manager",
            "module.cert-manager.kubectl_manifest.letsencrypt_staging",
            "module.eks.aws_eks_access_entry.terraform_admin",
            "module.eks.aws_eks_access_policy_association.terraform_admin",
            "module.eks.aws_eks_addon.ebs_csi_driver",
            "module.eks.aws_eks_addon.kube-proxy",
            "module.eks.aws_eks_addon.metrics_server",
            "module.eks.aws_eks_addon.vpc_cni",
            "module.eks.aws_eks_cluster.eks_cluster",
            "module.eks.aws_eks_node_group.private_node_1",
            "module.eks.aws_eks_node_group.private_node_2",
            "module.eks.aws_iam_openid_connect_provider.eks",
            "module.eks.aws_iam_role.ebs_csi_driver",
            "module.eks.aws_iam_role.vpc_cni",
            "module.eks.aws_iam_role_policy_attachment.ebs_csi_driver_attach",
            "module.eks.aws_iam_role_policy_attachment.vpc_cni_policy",
            "module.eks.data.aws_eks_cluster.eks",
            "module.eks.data.tls_certificate.eks",
            "module.external-dns.aws_iam_role.external_dns",
            "module.external-dns.aws_iam_role_policy.external_dns_route53",
            "module.external-dns.helm_release.external_dns",
            "module.external-dns.kubectl_manifest.external_dns_namespace",
            "module.external-dns.kubernetes_service_account_v1.external_dns",
            "module.iam.aws_iam_instance_profile.nodes",
            "module.iam.aws_iam_policy.vpc_flow_logs_policy",
            "module.iam.aws_iam_role.cluster",
            "module.iam.aws_iam_role.nodes",
            "module.iam.aws_iam_role.vpc_flow_logs_role",
            "module.iam.aws_iam_role_policy_attachment.AmazonEC2ContainerRegistryReadOnly",
            "module.iam.aws_iam_role_policy_attachment.AmazonEKSWorkerNodePolicy",
            "module.iam.aws_iam_role_policy_attachment.AmazonEKS_CNI_Policy",
            "module.iam.aws_iam_role_policy_attachment.cluster_AmazonEKSClusterPolicy",
            "module.iam.aws_iam_role_policy_attachment.node_group_elb_policy",
            "module.iam.aws_iam_role_policy_attachment.vpc_flow_logs_attach",
            "module.manifests.kubectl_manifest.apps_namespace",
            "module.manifests.kubectl_manifest.ratings_service",
            "module.manifests.kubectl_manifest.resource_quota_appspace",
            "module.nginx-ingress.helm_release.nginx_ingress",
            "module.vpc.aws_cloudwatch_log_group.cloud_watch_logs",
            "module.vpc.aws_eip.ngw-eip",
            "module.vpc.aws_flow_log.cloud_watch",
            "module.vpc.aws_internet_gateway.igw",
            "module.vpc.aws_kms_alias.kms_alias",
            "module.vpc.aws_kms_key.kms_key",
            "module.vpc.aws_kms_key_policy.kms_key_policy",
            "module.vpc.aws_nat_gateway.ngw",
            "module.vpc.aws_route_table.private-rt",
            "module.vpc.aws_route_table.public-rt",
            "module.vpc.aws_route_table_association.private-route-association-2a",
            "module.vpc.aws_route_table_association.private-route-association-2b",
            "module.vpc.aws_route_table_association.pub-route-association-2a",
            "module.vpc.aws_route_table_association.pub-route-association-2b",
            "module.vpc.aws_subnet.private-subnet-2a",
            "module.vpc.aws_subnet.private-subnet-2b",
            "module.vpc.aws_subnet.public-subnet-2a",
            "module.vpc.aws_subnet.public-subnet-2b",
            "module.vpc.aws_vpc.eks_vpc"
          ]
        }
      ]
    },
    {
      "module": "module.manifests",
      "mode": "managed",
      "type": "kubectl_manifest",
      "name": "deployment_shipping",
      "provider": "provider[\"registry.terraform.io/gavinbunney/kubectl\"]",
      "instances": [
        {
          "status": "tainted",
          "schema_version": 1,
          "attributes": {
            "api_version": "apps/v1",
            "apply_only": false,
            "force_conflicts": false,
            "force_new": false,
            "id": "/apis/apps/v1/namespaces/app-space/deployments/robotshop-shipping",
            "ignore_fields": null,
            "kind": "Deployment",
            "live_manifest_incluster": "58851405d8ca4778261863097e43a89c6ff9f55de61e20c3c95e37fa22ca33f7",
            "live_uid": "026296e3-a560-415e-8181-f649a62d95c0",
            "name": "robotshop-shipping",
            "namespace": "app-space",
            "override_namespace": null,
            "sensitive_fields": null,
            "server_side_apply": false,
            "timeouts": null,
            "uid": "026296e3-a560-415e-8181-f649a62d95c0",
            "validate_schema": true,
            "wait": null,
            "wait_for_rollout": true,
            "yaml_body": "apiVersion: apps/v1\r\nkind: Deployment\r\nmetadata:\r\n  name: robotshop-shipping\r\n  namespace: app-space\r\nspec:\r\n  replicas: 1\r\n  selector:\r\n    matchLabels:\r\n      app: shipping\r\n  template:\r\n    metadata:\r\n      labels:\r\n        app: shipping\r\n    spec:\r\n      containers:\r\n        - name: robot-app-shipping\r\n          image: 038774803581.dkr.ecr.eu-west-2.amazonaws.com/shipping:v1\r\n          imagePullPolicy: Always\r\n          envFrom:\r\n            - secretRef:\r\n                name: kube-secret\r\n          ports:\r\n            - containerPort: 8080\r\n          resources:\r\n            requests:\r\n              cpu: \"250m\"\r\n              memory: \"512Mi\"\r\n            limits:\r\n              cpu: \"500m\"\r\n              memory: \"1Gi\"\r\n\r\n          startupProbe:\r\n            httpGet:\r\n              path: /health\r\n              port: 8080\r\n            initialDelaySeconds: 60\r\n            periodSeconds: 10\r\n            failureThreshold: 18\r\n\r\n          readinessProbe:\r\n            httpGet:\r\n              path: /health\r\n              port: 8080\r\n            initialDelaySeconds: 60\r\n            periodSeconds: 10\r\n            failureThreshold: 6\r\n\r\n          livenessProbe:\r\n            httpGet:\r\n              path: /health\r\n              port: 8080\r\n            initialDelaySeconds: 120\r\n            periodSeconds: 20\r\n            failureThreshold: 3\r\n\r\n",
            "yaml_body_parsed": "apiVersion: apps/v1\nkind: Deployment\nmetadata:\n  name: robotshop-shipping\n  namespace: app-space\nspec:\n  replicas: 1\n  selector:\n    matchLabels:\n      app: shipping\n  template:\n    metadata:\n      labels:\n        app: shipping\n    spec:\n      containers:\n      - envFrom:\n        - secretRef:\n            name: kube-secret\n        image: 038774803581.dkr.ecr.eu-west-2.amazonaws.com/shipping:v1\n        imagePullPolicy: Always\n        livenessProbe:\n          failureThreshold: 3\n          httpGet:\n            path: /health\n            port: 8080\n          initialDelaySeconds: 120\n          periodSeconds: 20\n        name: robot-app-shipping\n        ports:\n        - containerPort: 8080\n        readinessProbe:\n          failureThreshold: 6\n          httpGet:\n            path: /health\n            port: 8080\n          initialDelaySeconds: 60\n          periodSeconds: 10\n        resources:\n          limits:\n            cpu: 500m\n            memory: 1Gi\n          requests:\n            cpu: 250m\n            memory: 512Mi\n        startupProbe:\n          failureThreshold: 18\n          httpGet:\n            path: /health\n            port: 8080\n          initialDelaySeconds: 60\n          periodSeconds: 10\n",
            "yaml_incluster": "58851405d8ca4778261863097e43a89c6ff9f55de61e20c3c95e37fa22ca33f7"
          },
          "sensitive_attributes": [
            [
              {
                "type": "get_attr",
                "value": "live_manifest_incluster"
              }
            ],
            [
              {
                "type": "get_attr",
                "value": "yaml_body"
              }
            ],
            [
              {
                "type": "get_attr",
                "value": "yaml_incluster"
              }
            ]
          ],
          "identity_schema_version": 0,
          "private": "eyJlMmJmYjczMC1lY2FhLTExZTYtOGY4OC0zNDM2M2JjN2M0YzAiOnsiY3JlYXRlIjo2MDAwMDAwMDAwMDB9LCJzY2hlbWFfdmVyc2lvbiI6IjEifQ==",
          "dependencies": [
            "module.cert-manager.helm_release.cert_manager",
            "module.cert-manager.kubectl_manifest.letsencrypt_staging",
            "module.eks.aws_eks_access_entry.terraform_admin",
            "module.eks.aws_eks_access_policy_association.terraform_admin",
            "module.eks.aws_eks_addon.ebs_csi_driver",
            "module.eks.aws_eks_addon.kube-proxy",
            "module.eks.aws_eks_addon.metrics_server",
            "module.eks.aws_eks_addon.vpc_cni",
            "module.eks.aws_eks_cluster.eks_cluster",
            "module.eks.aws_eks_node_group.private_node_1",
            "module.eks.aws_eks_node_group.private_node_2",
            "module.eks.aws_iam_openid_connect_provider.eks",
            "module.eks.aws_iam_role.ebs_csi_driver",
            "module.eks.aws_iam_role.vpc_cni",
            "module.eks.aws_iam_role_policy_attachment.ebs_csi_driver_attach",
            "module.eks.aws_iam_role_policy_attachment.vpc_cni_policy",
            "module.eks.data.aws_eks_cluster.eks",
            "module.eks.data.tls_certificate.eks",
            "module.external-dns.aws_iam_role.external_dns",
            "module.external-dns.aws_iam_role_policy.external_dns_route53",
            "module.external-dns.helm_release.external_dns",
            "module.external-dns.kubectl_manifest.external_dns_namespace",
            "module.external-dns.kubernetes_service_account_v1.external_dns",
            "module.iam.aws_iam_instance_profile.nodes",
            "module.iam.aws_iam_policy.vpc_flow_logs_policy",
            "module.iam.aws_iam_role.cluster",
            "module.iam.aws_iam_role.nodes",
            "module.iam.aws_iam_role.vpc_flow_logs_role",
            "module.iam.aws_iam_role_policy_attachment.AmazonEC2ContainerRegistryReadOnly",
            "module.iam.aws_iam_role_policy_attachment.AmazonEKSWorkerNodePolicy",
            "module.iam.aws_iam_role_policy_attachment.AmazonEKS_CNI_Policy",
            "module.iam.aws_iam_role_policy_attachment.cluster_AmazonEKSClusterPolicy",
            "module.iam.aws_iam_role_policy_attachment.node_group_elb_policy",
            "module.iam.aws_iam_role_policy_attachment.vpc_flow_logs_attach",
            "module.manifests.aws_iam_policy.iam_eso_policy",
            "module.manifests.aws_iam_role.iam_role_eso",
            "module.manifests.aws_iam_role_policy_attachment.iampolicyattach-eso",
            "module.manifests.aws_secretsmanager_secret.secrets",
            "module.manifests.aws_secretsmanager_secret_version.secrets",
            "module.manifests.helm_release.external_secrets",
            "module.manifests.kubectl_manifest.db_namespace",
            "module.manifests.kubectl_manifest.mysql_secret",
            "module.manifests.kubectl_manifest.mysql_statefulset",
            "module.manifests.kubectl_manifest.mysql_storageclass",
            "module.manifests.kubectl_manifest.resource_quota_dataspace",
            "module.manifests.kubernetes_manifest.external_secret",
            "module.manifests.kubernetes_manifest.secret_store",
            "module.manifests.kubernetes_service_account_v1.eso_serviceaact",
            "module.nginx-ingress.helm_release.nginx_ingress",
            "module.vpc.aws_cloudwatch_log_group.cloud_watch_logs",
            "module.vpc.aws_eip.ngw-eip",
            "module.vpc.aws_flow_log.cloud_watch",
            "module.vpc.aws_internet_gateway.igw",
            "module.vpc.aws_kms_alias.kms_alias",
            "module.vpc.aws_kms_key.kms_key",
            "module.vpc.aws_kms_key_policy.kms_key_policy",
            "module.vpc.aws_nat_gateway.ngw",
            "module.vpc.aws_route_table.private-rt",
            "module.vpc.aws_route_table.public-rt",
            "module.vpc.aws_route_table_association.private-route-association-2a",
            "module.vpc.aws_route_table_association.private-route-association-2b",
            "module.vpc.aws_route_table_association.pub-route-association-2a",
            "module.vpc.aws_route_table_association.pub-route-association-2b",
            "module.vpc.aws_subnet.private-subnet-2a",
            "module.vpc.aws_subnet.private-subnet-2b",
            "module.vpc.aws_subnet.public-subnet-2a",
            "module.vpc.aws_subnet.public-subnet-2b",
            "module.vpc.aws_vpc.eks_vpc"
          ]
        }
      ]
    },
    {
      "module": "module.manifests",
      "mode": "managed",
      "type": "kubectl_manifest",
      "name": "deployment_user",
      "provider": "provider[\"registry.terraform.io/gavinbunney/kubectl\"]",
      "instances": [
        {
          "schema_version": 1,
          "attributes": {
            "api_version": "apps/v1",
            "apply_only": false,
            "force_conflicts": false,
            "force_new": false,
            "id": "/apis/apps/v1/namespaces/app-space/deployments/robotshop-user",
            "ignore_fields": null,
            "kind": "Deployment",
            "live_manifest_incluster": "e18c73196b1582a48f99315e0a01ab2eda2378fab79d3d73862f0d219d30b81a",
            "live_uid": "45a195f0-e679-4c40-8291-0356f7532f5b",
            "name": "robotshop-user",
            "namespace": "app-space",
            "override_namespace": null,
            "sensitive_fields": null,
            "server_side_apply": false,
            "timeouts": null,
            "uid": "45a195f0-e679-4c40-8291-0356f7532f5b",
            "validate_schema": true,
            "wait": null,
            "wait_for_rollout": true,
            "yaml_body": "apiVersion: apps/v1\r\nkind: Deployment\r\nmetadata:\r\n  name: robotshop-user\r\n  namespace: app-space\r\nspec:\r\n  replicas: 1\r\n  selector:\r\n    matchLabels:\r\n      app: user\r\n  template:\r\n    metadata:\r\n      labels:\r\n        app: user\r\n    spec:\r\n      containers:\r\n      - name: robot-app-user\r\n        image: 038774803581.dkr.ecr.eu-west-2.amazonaws.com/user:v1\r\n        imagePullPolicy: Always\r\n        ports:\r\n        - containerPort: 8080\r\n        env:\r\n          - name: TRUST_PROXY\r\n            value: \"true\"\r\n          - name: INSTANA_DISABLE_AUTO_INSTR\r\n            value: \"true\"\r\n          - name: REDIS_HOST\r\n            value: redis.data-space.svc.cluster.local\r\n        resources:\r\n          requests:\r\n            cpu: \"100m\"\r\n            memory: \"128Mi\"\r\n          limits:\r\n            cpu: \"500m\"\r\n            memory: \"256Mi\"\r\n",
            "yaml_body_parsed": "apiVersion: apps/v1\nkind: Deployment\nmetadata:\n  name: robotshop-user\n  namespace: app-space\nspec:\n  replicas: 1\n  selector:\n    matchLabels:\n      app: user\n  template:\n    metadata:\n      labels:\n        app: user\n    spec:\n      containers:\n      - env:\n        - name: TRUST_PROXY\n          value: \"true\"\n        - name: INSTANA_DISABLE_AUTO_INSTR\n          value: \"true\"\n        - name: REDIS_HOST\n          value: redis.data-space.svc.cluster.local\n        image: 038774803581.dkr.ecr.eu-west-2.amazonaws.com/user:v1\n        imagePullPolicy: Always\n        name: robot-app-user\n        ports:\n        - containerPort: 8080\n        resources:\n          limits:\n            cpu: 500m\n            memory: 256Mi\n          requests:\n            cpu: 100m\n            memory: 128Mi\n",
            "yaml_incluster": "e18c73196b1582a48f99315e0a01ab2eda2378fab79d3d73862f0d219d30b81a"
          },
          "sensitive_attributes": [
            [
              {
                "type": "get_attr",
                "value": "live_manifest_incluster"
              }
            ],
            [
              {
                "type": "get_attr",
                "value": "yaml_body"
              }
            ],
            [
              {
                "type": "get_attr",
                "value": "yaml_incluster"
              }
            ]
          ],
          "identity_schema_version": 0,
          "private": "eyJlMmJmYjczMC1lY2FhLTExZTYtOGY4OC0zNDM2M2JjN2M0YzAiOnsiY3JlYXRlIjo2MDAwMDAwMDAwMDB9LCJzY2hlbWFfdmVyc2lvbiI6IjEifQ==",
          "dependencies": [
            "module.cert-manager.helm_release.cert_manager",
            "module.cert-manager.kubectl_manifest.letsencrypt_staging",
            "module.eks.aws_eks_access_entry.terraform_admin",
            "module.eks.aws_eks_access_policy_association.terraform_admin",
            "module.eks.aws_eks_addon.ebs_csi_driver",
            "module.eks.aws_eks_addon.kube-proxy",
            "module.eks.aws_eks_addon.metrics_server",
            "module.eks.aws_eks_addon.vpc_cni",
            "module.eks.aws_eks_cluster.eks_cluster",
            "module.eks.aws_eks_node_group.private_node_1",
            "module.eks.aws_eks_node_group.private_node_2",
            "module.eks.aws_iam_openid_connect_provider.eks",
            "module.eks.aws_iam_role.ebs_csi_driver",
            "module.eks.aws_iam_role.vpc_cni",
            "module.eks.aws_iam_role_policy_attachment.ebs_csi_driver_attach",
            "module.eks.aws_iam_role_policy_attachment.vpc_cni_policy",
            "module.eks.data.aws_eks_cluster.eks",
            "module.eks.data.tls_certificate.eks",
            "module.external-dns.aws_iam_role.external_dns",
            "module.external-dns.aws_iam_role_policy.external_dns_route53",
            "module.external-dns.helm_release.external_dns",
            "module.external-dns.kubectl_manifest.external_dns_namespace",
            "module.external-dns.kubernetes_service_account_v1.external_dns",
            "module.iam.aws_iam_instance_profile.nodes",
            "module.iam.aws_iam_policy.vpc_flow_logs_policy",
            "module.iam.aws_iam_role.cluster",
            "module.iam.aws_iam_role.nodes",
            "module.iam.aws_iam_role.vpc_flow_logs_role",
            "module.iam.aws_iam_role_policy_attachment.AmazonEC2ContainerRegistryReadOnly",
            "module.iam.aws_iam_role_policy_attachment.AmazonEKSWorkerNodePolicy",
            "module.iam.aws_iam_role_policy_attachment.AmazonEKS_CNI_Policy",
            "module.iam.aws_iam_role_policy_attachment.cluster_AmazonEKSClusterPolicy",
            "module.iam.aws_iam_role_policy_attachment.node_group_elb_policy",
            "module.iam.aws_iam_role_policy_attachment.vpc_flow_logs_attach",
            "module.manifests.kubectl_manifest.apps_namespace",
            "module.manifests.kubectl_manifest.resource_quota_appspace",
            "module.manifests.kubectl_manifest.user_service",
            "module.nginx-ingress.helm_release.nginx_ingress",
            "module.vpc.aws_cloudwatch_log_group.cloud_watch_logs",
            "module.vpc.aws_eip.ngw-eip",
            "module.vpc.aws_flow_log.cloud_watch",
            "module.vpc.aws_internet_gateway.igw",
            "module.vpc.aws_kms_alias.kms_alias",
            "module.vpc.aws_kms_key.kms_key",
            "module.vpc.aws_kms_key_policy.kms_key_policy",
            "module.vpc.aws_nat_gateway.ngw",
            "module.vpc.aws_route_table.private-rt",
            "module.vpc.aws_route_table.public-rt",
            "module.vpc.aws_route_table_association.private-route-association-2a",
            "module.vpc.aws_route_table_association.private-route-association-2b",
            "module.vpc.aws_route_table_association.pub-route-association-2a",
            "module.vpc.aws_route_table_association.pub-route-association-2b",
            "module.vpc.aws_subnet.private-subnet-2a",
            "module.vpc.aws_subnet.private-subnet-2b",
            "module.vpc.aws_subnet.public-subnet-2a",
            "module.vpc.aws_subnet.public-subnet-2b",
            "module.vpc.aws_vpc.eks_vpc"
          ]
        }
      ]
    },
    {
      "module": "module.manifests",
      "mode": "managed",
      "type": "kubectl_manifest",
      "name": "deployment_web",
      "provider": "provider[\"registry.terraform.io/gavinbunney/kubectl\"]",
      "instances": [
        {
          "schema_version": 1,
          "attributes": {
            "api_version": "apps/v1",
            "apply_only": false,
            "force_conflicts": false,
            "force_new": false,
            "id": "/apis/apps/v1/namespaces/app-space/deployments/web",
            "ignore_fields": null,
            "kind": "Deployment",
            "live_manifest_incluster": "0446cb45004793f46facae9d16d4db35c5256fae02389f8adc4b8d5010cb6452",
            "live_uid": "11bcb221-3580-4353-b8c7-63a696810ce7",
            "name": "web",
            "namespace": "app-space",
            "override_namespace": null,
            "sensitive_fields": null,
            "server_side_apply": false,
            "timeouts": null,
            "uid": "11bcb221-3580-4353-b8c7-63a696810ce7",
            "validate_schema": true,
            "wait": null,
            "wait_for_rollout": true,
            "yaml_body": "apiVersion: apps/v1\r\nkind: Deployment\r\nmetadata:\r\n  name: web\r\n  namespace: app-space\r\nspec:\r\n  replicas: 1\r\n  selector:\r\n    matchLabels:\r\n      app: web\r\n      version: v1\r\n  template:\r\n    metadata:\r\n      labels:\r\n        app: web\r\n        version: v1\r\n    spec:\r\n      containers:\r\n        # ===============================\r\n        # NGINX FRONT PROXY (SIDE CAR)\r\n        # ===============================\r\n        - name: web-nginx\r\n          image: nginx:1.21.6\r\n          ports:\r\n            - containerPort: 8080\r\n          resources:\r\n            requests:\r\n              cpu: \"50m\"\r\n              memory: \"50Mi\"\r\n            limits:\r\n              cpu: \"100m\"\r\n              memory: \"100Mi\"\r\n          volumeMounts:\r\n            - name: nginx-config\r\n              mountPath: /etc/nginx/conf.d\r\n\r\n\r\n        # ===============================\r\n        # EXISTING WEB CONTAINER\r\n        # ===============================\r\n        - name: robot-app-web\r\n          image: 038774803581.dkr.ecr.eu-west-2.amazonaws.com/web:v1\r\n          imagePullPolicy: Always\r\n          ports:\r\n            - containerPort: 3000\r\n          env:\r\n            - name: SESSION_SECURE\r\n              value: \"false\"\r\n            - name: SESSION_SAMESITE\r\n              value: \"lax\"\r\n            - name: INSTANA_DISABLE_AUTO_INSTR\r\n              value: \"true\"\r\n          resources:\r\n            requests:\r\n              cpu: \"100m\"\r\n              memory: \"60Mi\"\r\n            limits:\r\n              cpu: \"200m\"\r\n              memory: \"100Mi\"\r\n\r\n      volumes:\r\n        - name: nginx-config\r\n          configMap:\r\n            name: web-nginx-config\r\n",
            "yaml_body_parsed": "apiVersion: apps/v1\nkind: Deployment\nmetadata:\n  name: web\n  namespace: app-space\nspec:\n  replicas: 1\n  selector:\n    matchLabels:\n      app: web\n      version: v1\n  template:\n    metadata:\n      labels:\n        app: web\n        version: v1\n    spec:\n      containers:\n      - image: nginx:1.21.6\n        name: web-nginx\n        ports:\n        - containerPort: 8080\n        resources:\n          limits:\n            cpu: 100m\n            memory: 100Mi\n          requests:\n            cpu: 50m\n            memory: 50Mi\n        volumeMounts:\n        - mountPath: /etc/nginx/conf.d\n          name: nginx-config\n      - env:\n        - name: SESSION_SECURE\n          value: \"false\"\n        - name: SESSION_SAMESITE\n          value: lax\n        - name: INSTANA_DISABLE_AUTO_INSTR\n          value: \"true\"\n        image: 038774803581.dkr.ecr.eu-west-2.amazonaws.com/web:v1\n        imagePullPolicy: Always\n        name: robot-app-web\n        ports:\n        - containerPort: 3000\n        resources:\n          limits:\n            cpu: 200m\n            memory: 100Mi\n          requests:\n            cpu: 100m\n            memory: 60Mi\n      volumes:\n      - configMap:\n          name: web-nginx-config\n        name: nginx-config\n",
            "yaml_incluster": "0446cb45004793f46facae9d16d4db35c5256fae02389f8adc4b8d5010cb6452"
          },
          "sensitive_attributes": [
            [
              {
                "type": "get_attr",
                "value": "live_manifest_incluster"
              }
            ],
            [
              {
                "type": "get_attr",
                "value": "yaml_body"
              }
            ],
            [
              {
                "type": "get_attr",
                "value": "yaml_incluster"
              }
            ]
          ],
          "identity_schema_version": 0,
          "private": "eyJlMmJmYjczMC1lY2FhLTExZTYtOGY4OC0zNDM2M2JjN2M0YzAiOnsiY3JlYXRlIjo2MDAwMDAwMDAwMDB9LCJzY2hlbWFfdmVyc2lvbiI6IjEifQ==",
          "dependencies": [
            "module.cert-manager.helm_release.cert_manager",
            "module.cert-manager.kubectl_manifest.letsencrypt_staging",
            "module.eks.aws_eks_access_entry.terraform_admin",
            "module.eks.aws_eks_access_policy_association.terraform_admin",
            "module.eks.aws_eks_addon.ebs_csi_driver",
            "module.eks.aws_eks_addon.kube-proxy",
            "module.eks.aws_eks_addon.metrics_server",
            "module.eks.aws_eks_addon.vpc_cni",
            "module.eks.aws_eks_cluster.eks_cluster",
            "module.eks.aws_eks_node_group.private_node_1",
            "module.eks.aws_eks_node_group.private_node_2",
            "module.eks.aws_iam_openid_connect_provider.eks",
            "module.eks.aws_iam_role.ebs_csi_driver",
            "module.eks.aws_iam_role.vpc_cni",
            "module.eks.aws_iam_role_policy_attachment.ebs_csi_driver_attach",
            "module.eks.aws_iam_role_policy_attachment.vpc_cni_policy",
            "module.eks.data.aws_eks_cluster.eks",
            "module.eks.data.tls_certificate.eks",
            "module.external-dns.aws_iam_role.external_dns",
            "module.external-dns.aws_iam_role_policy.external_dns_route53",
            "module.external-dns.helm_release.external_dns",
            "module.external-dns.kubectl_manifest.external_dns_namespace",
            "module.external-dns.kubernetes_service_account_v1.external_dns",
            "module.iam.aws_iam_instance_profile.nodes",
            "module.iam.aws_iam_policy.vpc_flow_logs_policy",
            "module.iam.aws_iam_role.cluster",
            "module.iam.aws_iam_role.nodes",
            "module.iam.aws_iam_role.vpc_flow_logs_role",
            "module.iam.aws_iam_role_policy_attachment.AmazonEC2ContainerRegistryReadOnly",
            "module.iam.aws_iam_role_policy_attachment.AmazonEKSWorkerNodePolicy",
            "module.iam.aws_iam_role_policy_attachment.AmazonEKS_CNI_Policy",
            "module.iam.aws_iam_role_policy_attachment.cluster_AmazonEKSClusterPolicy",
            "module.iam.aws_iam_role_policy_attachment.node_group_elb_policy",
            "module.iam.aws_iam_role_policy_attachment.vpc_flow_logs_attach",
            "module.manifests.kubectl_manifest.apps_namespace",
            "module.manifests.kubectl_manifest.db_namespace",
            "module.manifests.kubectl_manifest.mysql_secret",
            "module.manifests.kubectl_manifest.mysql_statefulset",
            "module.manifests.kubectl_manifest.mysql_storageclass",
            "module.manifests.kubectl_manifest.resource_quota_appspace",
            "module.manifests.kubectl_manifest.resource_quota_dataspace",
            "module.manifests.kubectl_manifest.web_service",
            "module.nginx-ingress.helm_release.nginx_ingress",
            "module.vpc.aws_cloudwatch_log_group.cloud_watch_logs",
            "module.vpc.aws_eip.ngw-eip",
            "module.vpc.aws_flow_log.cloud_watch",
            "module.vpc.aws_internet_gateway.igw",
            "module.vpc.aws_kms_alias.kms_alias",
            "module.vpc.aws_kms_key.kms_key",
            "module.vpc.aws_kms_key_policy.kms_key_policy",
            "module.vpc.aws_nat_gateway.ngw",
            "module.vpc.aws_route_table.private-rt",
            "module.vpc.aws_route_table.public-rt",
            "module.vpc.aws_route_table_association.private-route-association-2a",
            "module.vpc.aws_route_table_association.private-route-association-2b",
            "module.vpc.aws_route_table_association.pub-route-association-2a",
            "module.vpc.aws_route_table_association.pub-route-association-2b",
            "module.vpc.aws_subnet.private-subnet-2a",
            "module.vpc.aws_subnet.private-subnet-2b",
            "module.vpc.aws_subnet.public-subnet-2a",
            "module.vpc.aws_subnet.public-subnet-2b",
            "module.vpc.aws_vpc.eks_vpc"
          ]
        }
      ]
    },
    {
      "module": "module.manifests",
      "mode": "managed",
      "type": "kubectl_manifest",
      "name": "dispatch_service",
      "provider": "provider[\"registry.terraform.io/gavinbunney/kubectl\"]",
      "instances": [
        {
          "schema_version": 1,
          "attributes": {
            "api_version": "v1",
            "apply_only": false,
            "force_conflicts": false,
            "force_new": false,
            "id": "/api/v1/namespaces/app-space/services/dispatch",
            "ignore_fields": null,
            "kind": "Service",
            "live_manifest_incluster": "080d1b34b049a2ba3aa90bc2139f94626da4d602ed5acbd6d88e10ecf2bf69a8",
            "live_uid": "f4c9417a-29a7-4b23-a366-a46603ffaa6b",
            "name": "dispatch",
            "namespace": "app-space",
            "override_namespace": null,
            "sensitive_fields": null,
            "server_side_apply": false,
            "timeouts": null,
            "uid": "f4c9417a-29a7-4b23-a366-a46603ffaa6b",
            "validate_schema": true,
            "wait": null,
            "wait_for_rollout": true,
            "yaml_body": "apiVersion: v1\r\nkind: Service\r\nmetadata:\r\n  name: dispatch\r\n  namespace: app-space\r\nspec:\r\n  selector:\r\n    app: dispatch\r\n  ports:\r\n  - port: 80\r\n    targetPort: 80\r\n",
            "yaml_body_parsed": "apiVersion: v1\nkind: Service\nmetadata:\n  name: dispatch\n  namespace: app-space\nspec:\n  ports:\n  - port: 80\n    targetPort: 80\n  selector:\n    app: dispatch\n",
            "yaml_incluster": "080d1b34b049a2ba3aa90bc2139f94626da4d602ed5acbd6d88e10ecf2bf69a8"
          },
          "sensitive_attributes": [
            [
              {
                "type": "get_attr",
                "value": "live_manifest_incluster"
              }
            ],
            [
              {
                "type": "get_attr",
                "value": "yaml_body"
              }
            ],
            [
              {
                "type": "get_attr",
                "value": "yaml_incluster"
              }
            ]
          ],
          "identity_schema_version": 0,
          "private": "eyJlMmJmYjczMC1lY2FhLTExZTYtOGY4OC0zNDM2M2JjN2M0YzAiOnsiY3JlYXRlIjo2MDAwMDAwMDAwMDB9LCJzY2hlbWFfdmVyc2lvbiI6IjEifQ==",
          "dependencies": [
            "module.cert-manager.helm_release.cert_manager",
            "module.cert-manager.kubectl_manifest.letsencrypt_staging",
            "module.eks.aws_eks_access_entry.terraform_admin",
            "module.eks.aws_eks_access_policy_association.terraform_admin",
            "module.eks.aws_eks_addon.ebs_csi_driver",
            "module.eks.aws_eks_addon.kube-proxy",
            "module.eks.aws_eks_addon.metrics_server",
            "module.eks.aws_eks_addon.vpc_cni",
            "module.eks.aws_eks_cluster.eks_cluster",
            "module.eks.aws_eks_node_group.private_node_1",
            "module.eks.aws_eks_node_group.private_node_2",
            "module.eks.aws_iam_openid_connect_provider.eks",
            "module.eks.aws_iam_role.ebs_csi_driver",
            "module.eks.aws_iam_role.vpc_cni",
            "module.eks.aws_iam_role_policy_attachment.ebs_csi_driver_attach",
            "module.eks.aws_iam_role_policy_attachment.vpc_cni_policy",
            "module.eks.data.aws_eks_cluster.eks",
            "module.eks.data.tls_certificate.eks",
            "module.external-dns.aws_iam_role.external_dns",
            "module.external-dns.aws_iam_role_policy.external_dns_route53",
            "module.external-dns.helm_release.external_dns",
            "module.external-dns.kubectl_manifest.external_dns_namespace",
            "module.external-dns.kubernetes_service_account_v1.external_dns",
            "module.iam.aws_iam_instance_profile.nodes",
            "module.iam.aws_iam_policy.vpc_flow_logs_policy",
            "module.iam.aws_iam_role.cluster",
            "module.iam.aws_iam_role.nodes",
            "module.iam.aws_iam_role.vpc_flow_logs_role",
            "module.iam.aws_iam_role_policy_attachment.AmazonEC2ContainerRegistryReadOnly",
            "module.iam.aws_iam_role_policy_attachment.AmazonEKSWorkerNodePolicy",
            "module.iam.aws_iam_role_policy_attachment.AmazonEKS_CNI_Policy",
            "module.iam.aws_iam_role_policy_attachment.cluster_AmazonEKSClusterPolicy",
            "module.iam.aws_iam_role_policy_attachment.node_group_elb_policy",
            "module.iam.aws_iam_role_policy_attachment.vpc_flow_logs_attach",
            "module.manifests.kubectl_manifest.apps_namespace",
            "module.nginx-ingress.helm_release.nginx_ingress",
            "module.vpc.aws_cloudwatch_log_group.cloud_watch_logs",
            "module.vpc.aws_eip.ngw-eip",
            "module.vpc.aws_flow_log.cloud_watch",
            "module.vpc.aws_internet_gateway.igw",
            "module.vpc.aws_kms_alias.kms_alias",
            "module.vpc.aws_kms_key.kms_key",
            "module.vpc.aws_kms_key_policy.kms_key_policy",
            "module.vpc.aws_nat_gateway.ngw",
            "module.vpc.aws_route_table.private-rt",
            "module.vpc.aws_route_table.public-rt",
            "module.vpc.aws_route_table_association.private-route-association-2a",
            "module.vpc.aws_route_table_association.private-route-association-2b",
            "module.vpc.aws_route_table_association.pub-route-association-2a",
            "module.vpc.aws_route_table_association.pub-route-association-2b",
            "module.vpc.aws_subnet.private-subnet-2a",
            "module.vpc.aws_subnet.private-subnet-2b",
            "module.vpc.aws_subnet.public-subnet-2a",
            "module.vpc.aws_subnet.public-subnet-2b",
            "module.vpc.aws_vpc.eks_vpc"
          ]
        }
      ]
    },
    {
      "module": "module.manifests",
      "mode": "managed",
      "type": "kubectl_manifest",
      "name": "external_secrets__namespace",
      "provider": "provider[\"registry.terraform.io/gavinbunney/kubectl\"]",
      "instances": [
        {
          "schema_version": 1,
          "attributes": {
            "api_version": "v1",
            "apply_only": false,
            "force_conflicts": false,
            "force_new": false,
            "id": "/api/v1/namespaces/external-secrets",
            "ignore_fields": null,
            "kind": "Namespace",
            "live_manifest_incluster": "0ee693ded32dce5c2333ee46b623d5dcc51f70e1913421c8547af2f77e3323d2",
            "live_uid": "3e70eddc-2079-4bd7-99a1-d863d36ac50e",
            "name": "external-secrets",
            "namespace": null,
            "override_namespace": null,
            "sensitive_fields": null,
            "server_side_apply": false,
            "timeouts": null,
            "uid": "3e70eddc-2079-4bd7-99a1-d863d36ac50e",
            "validate_schema": true,
            "wait": null,
            "wait_for_rollout": true,
            "yaml_body": "apiVersion: v1\r\nkind: Namespace\r\nmetadata:\r\n  name: external-secrets\r\n",
            "yaml_body_parsed": "apiVersion: v1\nkind: Namespace\nmetadata:\n  name: external-secrets\n",
            "yaml_incluster": "0ee693ded32dce5c2333ee46b623d5dcc51f70e1913421c8547af2f77e3323d2"
          },
          "sensitive_attributes": [
            [
              {
                "type": "get_attr",
                "value": "live_manifest_incluster"
              }
            ],
            [
              {
                "type": "get_attr",
                "value": "yaml_body"
              }
            ],
            [
              {
                "type": "get_attr",
                "value": "yaml_incluster"
              }
            ]
          ],
          "identity_schema_version": 0,
          "private": "eyJlMmJmYjczMC1lY2FhLTExZTYtOGY4OC0zNDM2M2JjN2M0YzAiOnsiY3JlYXRlIjo2MDAwMDAwMDAwMDB9LCJzY2hlbWFfdmVyc2lvbiI6IjEifQ==",
          "dependencies": [
            "module.cert-manager.helm_release.cert_manager",
            "module.cert-manager.kubectl_manifest.letsencrypt_staging",
            "module.eks.aws_eks_access_entry.terraform_admin",
            "module.eks.aws_eks_access_policy_association.terraform_admin",
            "module.eks.aws_eks_addon.ebs_csi_driver",
            "module.eks.aws_eks_addon.kube-proxy",
            "module.eks.aws_eks_addon.metrics_server",
            "module.eks.aws_eks_addon.vpc_cni",
            "module.eks.aws_eks_cluster.eks_cluster",
            "module.eks.aws_eks_node_group.private_node_1",
            "module.eks.aws_eks_node_group.private_node_2",
            "module.eks.aws_iam_openid_connect_provider.eks",
            "module.eks.aws_iam_role.ebs_csi_driver",
            "module.eks.aws_iam_role.vpc_cni",
            "module.eks.aws_iam_role_policy_attachment.ebs_csi_driver_attach",
            "module.eks.aws_iam_role_policy_attachment.vpc_cni_policy",
            "module.eks.data.aws_eks_cluster.eks",
            "module.eks.data.tls_certificate.eks",
            "module.external-dns.aws_iam_role.external_dns",
            "module.external-dns.aws_iam_role_policy.external_dns_route53",
            "module.external-dns.helm_release.external_dns",
            "module.external-dns.kubectl_manifest.external_dns_namespace",
            "module.external-dns.kubernetes_service_account_v1.external_dns",
            "module.iam.aws_iam_instance_profile.nodes",
            "module.iam.aws_iam_policy.vpc_flow_logs_policy",
            "module.iam.aws_iam_role.cluster",
            "module.iam.aws_iam_role.nodes",
            "module.iam.aws_iam_role.vpc_flow_logs_role",
            "module.iam.aws_iam_role_policy_attachment.AmazonEC2ContainerRegistryReadOnly",
            "module.iam.aws_iam_role_policy_attachment.AmazonEKSWorkerNodePolicy",
            "module.iam.aws_iam_role_policy_attachment.AmazonEKS_CNI_Policy",
            "module.iam.aws_iam_role_policy_attachment.cluster_AmazonEKSClusterPolicy",
            "module.iam.aws_iam_role_policy_attachment.node_group_elb_policy",
            "module.iam.aws_iam_role_policy_attachment.vpc_flow_logs_attach",
            "module.nginx-ingress.helm_release.nginx_ingress",
            "module.vpc.aws_cloudwatch_log_group.cloud_watch_logs",
            "module.vpc.aws_eip.ngw-eip",
            "module.vpc.aws_flow_log.cloud_watch",
            "module.vpc.aws_internet_gateway.igw",
            "module.vpc.aws_kms_alias.kms_alias",
            "module.vpc.aws_kms_key.kms_key",
            "module.vpc.aws_kms_key_policy.kms_key_policy",
            "module.vpc.aws_nat_gateway.ngw",
            "module.vpc.aws_route_table.private-rt",
            "module.vpc.aws_route_table.public-rt",
            "module.vpc.aws_route_table_association.private-route-association-2a",
            "module.vpc.aws_route_table_association.private-route-association-2b",
            "module.vpc.aws_route_table_association.pub-route-association-2a",
            "module.vpc.aws_route_table_association.pub-route-association-2b",
            "module.vpc.aws_subnet.private-subnet-2a",
            "module.vpc.aws_subnet.private-subnet-2b",
            "module.vpc.aws_subnet.public-subnet-2a",
            "module.vpc.aws_subnet.public-subnet-2b",
            "module.vpc.aws_vpc.eks_vpc"
          ]
        }
      ]
    },
    {
      "module": "module.manifests",
      "mode": "managed",
      "type": "kubectl_manifest",
      "name": "mongo_service",
      "provider": "provider[\"registry.terraform.io/gavinbunney/kubectl\"]",
      "instances": [
        {
          "schema_version": 1,
          "attributes": {
            "api_version": "v1",
            "apply_only": false,
            "force_conflicts": false,
            "force_new": false,
            "id": "/api/v1/namespaces/data-space/services/mongo",
            "ignore_fields": null,
            "kind": "Service",
            "live_manifest_incluster": "1bc54841553d7d6ebc27dc077b7c61a0c6c2cd6d7814f8a9f6a652526233bc4d",
            "live_uid": "26224a34-0c1c-4f31-bf89-9cfdab19fb7a",
            "name": "mongo",
            "namespace": "data-space",
            "override_namespace": null,
            "sensitive_fields": null,
            "server_side_apply": false,
            "timeouts": null,
            "uid": "26224a34-0c1c-4f31-bf89-9cfdab19fb7a",
            "validate_schema": true,
            "wait": null,
            "wait_for_rollout": true,
            "yaml_body": "apiVersion: v1\r\nkind: Service\r\nmetadata:\r\n  name: mongo\r\n  namespace: data-space\r\nspec:\r\n  type: ClusterIP\r\n  selector:\r\n    app: mongo\r\n  ports:\r\n  - port: 27017\r\n    targetPort: 27017\r\n",
            "yaml_body_parsed": "apiVersion: v1\nkind: Service\nmetadata:\n  name: mongo\n  namespace: data-space\nspec:\n  ports:\n  - port: 27017\n    targetPort: 27017\n  selector:\n    app: mongo\n  type: ClusterIP\n",
            "yaml_incluster": "1bc54841553d7d6ebc27dc077b7c61a0c6c2cd6d7814f8a9f6a652526233bc4d"
          },
          "sensitive_attributes": [
            [
              {
                "type": "get_attr",
                "value": "live_manifest_incluster"
              }
            ],
            [
              {
                "type": "get_attr",
                "value": "yaml_body"
              }
            ],
            [
              {
                "type": "get_attr",
                "value": "yaml_incluster"
              }
            ]
          ],
          "identity_schema_version": 0,
          "private": "eyJlMmJmYjczMC1lY2FhLTExZTYtOGY4OC0zNDM2M2JjN2M0YzAiOnsiY3JlYXRlIjo2MDAwMDAwMDAwMDB9LCJzY2hlbWFfdmVyc2lvbiI6IjEifQ==",
          "dependencies": [
            "module.cert-manager.helm_release.cert_manager",
            "module.cert-manager.kubectl_manifest.letsencrypt_staging",
            "module.eks.aws_eks_access_entry.terraform_admin",
            "module.eks.aws_eks_access_policy_association.terraform_admin",
            "module.eks.aws_eks_addon.ebs_csi_driver",
            "module.eks.aws_eks_addon.kube-proxy",
            "module.eks.aws_eks_addon.metrics_server",
            "module.eks.aws_eks_addon.vpc_cni",
            "module.eks.aws_eks_cluster.eks_cluster",
            "module.eks.aws_eks_node_group.private_node_1",
            "module.eks.aws_eks_node_group.private_node_2",
            "module.eks.aws_iam_openid_connect_provider.eks",
            "module.eks.aws_iam_role.ebs_csi_driver",
            "module.eks.aws_iam_role.vpc_cni",
            "module.eks.aws_iam_role_policy_attachment.ebs_csi_driver_attach",
            "module.eks.aws_iam_role_policy_attachment.vpc_cni_policy",
            "module.eks.data.aws_eks_cluster.eks",
            "module.eks.data.tls_certificate.eks",
            "module.external-dns.aws_iam_role.external_dns",
            "module.external-dns.aws_iam_role_policy.external_dns_route53",
            "module.external-dns.helm_release.external_dns",
            "module.external-dns.kubectl_manifest.external_dns_namespace",
            "module.external-dns.kubernetes_service_account_v1.external_dns",
            "module.iam.aws_iam_instance_profile.nodes",
            "module.iam.aws_iam_policy.vpc_flow_logs_policy",
            "module.iam.aws_iam_role.cluster",
            "module.iam.aws_iam_role.nodes",
            "module.iam.aws_iam_role.vpc_flow_logs_role",
            "module.iam.aws_iam_role_policy_attachment.AmazonEC2ContainerRegistryReadOnly",
            "module.iam.aws_iam_role_policy_attachment.AmazonEKSWorkerNodePolicy",
            "module.iam.aws_iam_role_policy_attachment.AmazonEKS_CNI_Policy",
            "module.iam.aws_iam_role_policy_attachment.cluster_AmazonEKSClusterPolicy",
            "module.iam.aws_iam_role_policy_attachment.node_group_elb_policy",
            "module.iam.aws_iam_role_policy_attachment.vpc_flow_logs_attach",
            "module.manifests.kubectl_manifest.db_namespace",
            "module.nginx-ingress.helm_release.nginx_ingress",
            "module.vpc.aws_cloudwatch_log_group.cloud_watch_logs",
            "module.vpc.aws_eip.ngw-eip",
            "module.vpc.aws_flow_log.cloud_watch",
            "module.vpc.aws_internet_gateway.igw",
            "module.vpc.aws_kms_alias.kms_alias",
            "module.vpc.aws_kms_key.kms_key",
            "module.vpc.aws_kms_key_policy.kms_key_policy",
            "module.vpc.aws_nat_gateway.ngw",
            "module.vpc.aws_route_table.private-rt",
            "module.vpc.aws_route_table.public-rt",
            "module.vpc.aws_route_table_association.private-route-association-2a",
            "module.vpc.aws_route_table_association.private-route-association-2b",
            "module.vpc.aws_route_table_association.pub-route-association-2a",
            "module.vpc.aws_route_table_association.pub-route-association-2b",
            "module.vpc.aws_subnet.private-subnet-2a",
            "module.vpc.aws_subnet.private-subnet-2b",
            "module.vpc.aws_subnet.public-subnet-2a",
            "module.vpc.aws_subnet.public-subnet-2b",
            "module.vpc.aws_vpc.eks_vpc"
          ]
        }
      ]
    },
    {
      "module": "module.manifests",
      "mode": "managed",
      "type": "kubectl_manifest",
      "name": "mongo_statefulset",
      "provider": "provider[\"registry.terraform.io/gavinbunney/kubectl\"]",
      "instances": [
        {
          "schema_version": 1,
          "attributes": {
            "api_version": "apps/v1",
            "apply_only": false,
            "force_conflicts": false,
            "force_new": false,
            "id": "/apis/apps/v1/namespaces/data-space/statefulsets/mongo",
            "ignore_fields": null,
            "kind": "StatefulSet",
            "live_manifest_incluster": "a32d5e7904e0f3bd0404aef2b33647d1b20692718c441261773bd0a60ace7b73",
            "live_uid": "f9ab9c13-fb87-4632-b142-7abe5c7f9c51",
            "name": "mongo",
            "namespace": "data-space",
            "override_namespace": null,
            "sensitive_fields": null,
            "server_side_apply": false,
            "timeouts": null,
            "uid": "f9ab9c13-fb87-4632-b142-7abe5c7f9c51",
            "validate_schema": true,
            "wait": null,
            "wait_for_rollout": true,
            "yaml_body": "apiVersion: apps/v1\r\nkind: StatefulSet\r\nmetadata:\r\n  name: mongo\r\n  namespace: data-space\r\nspec:\r\n  serviceName: mongo\r\n  replicas: 1\r\n  selector:\r\n    matchLabels:\r\n      app: mongo\r\n  template:\r\n    metadata:\r\n      labels:\r\n        app: mongo\r\n    spec:\r\n      affinity:\r\n        nodeAffinity:\r\n          requiredDuringSchedulingIgnoredDuringExecution:\r\n            nodeSelectorTerms:\r\n            - matchExpressions:\r\n              - key: workload\r\n                operator: In\r\n                values:\r\n                - database\r\n      containers:\r\n      - name: mongo\r\n        image: 038774803581.dkr.ecr.eu-west-2.amazonaws.com/mongo:v1\r\n        ports:\r\n        - containerPort: 27017\r\n        volumeMounts:\r\n        - name: mongo-data\r\n          mountPath: /data/db\r\n        resources:\r\n          requests:\r\n            cpu: \"100m\"\r\n            memory: \"256Mi\"\r\n          limits:\r\n            cpu: \"500m\"\r\n            memory: \"512Mi\"\r\n  volumeClaimTemplates:\r\n  - metadata:\r\n      name: mongo-data\r\n    spec:\r\n      accessModes:\r\n      - ReadWriteOnce\r\n      storageClassName: mongo-gp3\r\n      resources:\r\n        requests:\r\n          storage: 5Gi\r\n",
            "yaml_body_parsed": "apiVersion: apps/v1\nkind: StatefulSet\nmetadata:\n  name: mongo\n  namespace: data-space\nspec:\n  replicas: 1\n  selector:\n    matchLabels:\n      app: mongo\n  serviceName: mongo\n  template:\n    metadata:\n      labels:\n        app: mongo\n    spec:\n      affinity:\n        nodeAffinity:\n          requiredDuringSchedulingIgnoredDuringExecution:\n            nodeSelectorTerms:\n            - matchExpressions:\n              - key: workload\n                operator: In\n                values:\n                - database\n      containers:\n      - image: 038774803581.dkr.ecr.eu-west-2.amazonaws.com/mongo:v1\n        name: mongo\n        ports:\n        - containerPort: 27017\n        resources:\n          limits:\n            cpu: 500m\n            memory: 512Mi\n          requests:\n            cpu: 100m\n            memory: 256Mi\n        volumeMounts:\n        - mountPath: /data/db\n          name: mongo-data\n  volumeClaimTemplates:\n  - metadata:\n      name: mongo-data\n    spec:\n      accessModes:\n      - ReadWriteOnce\n      resources:\n        requests:\n          storage: 5Gi\n      storageClassName: mongo-gp3\n",
            "yaml_incluster": "a32d5e7904e0f3bd0404aef2b33647d1b20692718c441261773bd0a60ace7b73"
          },
          "sensitive_attributes": [
            [
              {
                "type": "get_attr",
                "value": "live_manifest_incluster"
              }
            ],
            [
              {
                "type": "get_attr",
                "value": "yaml_body"
              }
            ],
            [
              {
                "type": "get_attr",
                "value": "yaml_incluster"
              }
            ]
          ],
          "identity_schema_version": 0,
          "private": "eyJlMmJmYjczMC1lY2FhLTExZTYtOGY4OC0zNDM2M2JjN2M0YzAiOnsiY3JlYXRlIjo2MDAwMDAwMDAwMDB9LCJzY2hlbWFfdmVyc2lvbiI6IjEifQ==",
          "dependencies": [
            "module.cert-manager.helm_release.cert_manager",
            "module.cert-manager.kubectl_manifest.letsencrypt_staging",
            "module.eks.aws_eks_access_entry.terraform_admin",
            "module.eks.aws_eks_access_policy_association.terraform_admin",
            "module.eks.aws_eks_addon.ebs_csi_driver",
            "module.eks.aws_eks_addon.kube-proxy",
            "module.eks.aws_eks_addon.metrics_server",
            "module.eks.aws_eks_addon.vpc_cni",
            "module.eks.aws_eks_cluster.eks_cluster",
            "module.eks.aws_eks_node_group.private_node_1",
            "module.eks.aws_eks_node_group.private_node_2",
            "module.eks.aws_iam_openid_connect_provider.eks",
            "module.eks.aws_iam_role.ebs_csi_driver",
            "module.eks.aws_iam_role.vpc_cni",
            "module.eks.aws_iam_role_policy_attachment.ebs_csi_driver_attach",
            "module.eks.aws_iam_role_policy_attachment.vpc_cni_policy",
            "module.eks.data.aws_eks_cluster.eks",
            "module.eks.data.tls_certificate.eks",
            "module.external-dns.aws_iam_role.external_dns",
            "module.external-dns.aws_iam_role_policy.external_dns_route53",
            "module.external-dns.helm_release.external_dns",
            "module.external-dns.kubectl_manifest.external_dns_namespace",
            "module.external-dns.kubernetes_service_account_v1.external_dns",
            "module.iam.aws_iam_instance_profile.nodes",
            "module.iam.aws_iam_policy.vpc_flow_logs_policy",
            "module.iam.aws_iam_role.cluster",
            "module.iam.aws_iam_role.nodes",
            "module.iam.aws_iam_role.vpc_flow_logs_role",
            "module.iam.aws_iam_role_policy_attachment.AmazonEC2ContainerRegistryReadOnly",
            "module.iam.aws_iam_role_policy_attachment.AmazonEKSWorkerNodePolicy",
            "module.iam.aws_iam_role_policy_attachment.AmazonEKS_CNI_Policy",
            "module.iam.aws_iam_role_policy_attachment.cluster_AmazonEKSClusterPolicy",
            "module.iam.aws_iam_role_policy_attachment.node_group_elb_policy",
            "module.iam.aws_iam_role_policy_attachment.vpc_flow_logs_attach",
            "module.manifests.kubectl_manifest.db_namespace",
            "module.manifests.kubectl_manifest.mongo_service",
            "module.manifests.kubectl_manifest.mongo_storageclass",
            "module.manifests.kubectl_manifest.resource_quota_dataspace",
            "module.nginx-ingress.helm_release.nginx_ingress",
            "module.vpc.aws_cloudwatch_log_group.cloud_watch_logs",
            "module.vpc.aws_eip.ngw-eip",
            "module.vpc.aws_flow_log.cloud_watch",
            "module.vpc.aws_internet_gateway.igw",
            "module.vpc.aws_kms_alias.kms_alias",
            "module.vpc.aws_kms_key.kms_key",
            "module.vpc.aws_kms_key_policy.kms_key_policy",
            "module.vpc.aws_nat_gateway.ngw",
            "module.vpc.aws_route_table.private-rt",
            "module.vpc.aws_route_table.public-rt",
            "module.vpc.aws_route_table_association.private-route-association-2a",
            "module.vpc.aws_route_table_association.private-route-association-2b",
            "module.vpc.aws_route_table_association.pub-route-association-2a",
            "module.vpc.aws_route_table_association.pub-route-association-2b",
            "module.vpc.aws_subnet.private-subnet-2a",
            "module.vpc.aws_subnet.private-subnet-2b",
            "module.vpc.aws_subnet.public-subnet-2a",
            "module.vpc.aws_subnet.public-subnet-2b",
            "module.vpc.aws_vpc.eks_vpc"
          ]
        }
      ]
    },
    {
      "module": "module.manifests",
      "mode": "managed",
      "type": "kubectl_manifest",
      "name": "mongo_storageclass",
      "provider": "provider[\"registry.terraform.io/gavinbunney/kubectl\"]",
      "instances": [
        {
          "schema_version": 1,
          "attributes": {
            "api_version": "storage.k8s.io/v1",
            "apply_only": false,
            "force_conflicts": false,
            "force_new": false,
            "id": "/apis/storage.k8s.io/v1/storageclasses/mongo-gp3",
            "ignore_fields": null,
            "kind": "StorageClass",
            "live_manifest_incluster": "9f4a7027926c19fa5af7c01afe3eaf6fd8068d9d5bd3df3744a69024c1fcc94f",
            "live_uid": "22e33422-d066-43bf-af2a-8264c4606976",
            "name": "mongo-gp3",
            "namespace": null,
            "override_namespace": null,
            "sensitive_fields": null,
            "server_side_apply": false,
            "timeouts": null,
            "uid": "22e33422-d066-43bf-af2a-8264c4606976",
            "validate_schema": true,
            "wait": null,
            "wait_for_rollout": true,
            "yaml_body": "apiVersion: storage.k8s.io/v1\r\nkind: StorageClass\r\nmetadata:\r\n  name: mongo-gp3\r\nprovisioner: ebs.csi.aws.com\r\nvolumeBindingMode: WaitForFirstConsumer\r\nparameters:\r\n  type: gp3\r\n  encrypted: \"true\"\r\n  \r\n",
            "yaml_body_parsed": "apiVersion: storage.k8s.io/v1\nkind: StorageClass\nmetadata:\n  name: mongo-gp3\nparameters:\n  encrypted: \"true\"\n  type: gp3\nprovisioner: ebs.csi.aws.com\nvolumeBindingMode: WaitForFirstConsumer\n",
            "yaml_incluster": "9f4a7027926c19fa5af7c01afe3eaf6fd8068d9d5bd3df3744a69024c1fcc94f"
          },
          "sensitive_attributes": [
            [
              {
                "type": "get_attr",
                "value": "live_manifest_incluster"
              }
            ],
            [
              {
                "type": "get_attr",
                "value": "yaml_body"
              }
            ],
            [
              {
                "type": "get_attr",
                "value": "yaml_incluster"
              }
            ]
          ],
          "identity_schema_version": 0,
          "private": "eyJlMmJmYjczMC1lY2FhLTExZTYtOGY4OC0zNDM2M2JjN2M0YzAiOnsiY3JlYXRlIjo2MDAwMDAwMDAwMDB9LCJzY2hlbWFfdmVyc2lvbiI6IjEifQ==",
          "dependencies": [
            "module.cert-manager.helm_release.cert_manager",
            "module.cert-manager.kubectl_manifest.letsencrypt_staging",
            "module.eks.aws_eks_access_entry.terraform_admin",
            "module.eks.aws_eks_access_policy_association.terraform_admin",
            "module.eks.aws_eks_addon.ebs_csi_driver",
            "module.eks.aws_eks_addon.kube-proxy",
            "module.eks.aws_eks_addon.metrics_server",
            "module.eks.aws_eks_addon.vpc_cni",
            "module.eks.aws_eks_cluster.eks_cluster",
            "module.eks.aws_eks_node_group.private_node_1",
            "module.eks.aws_eks_node_group.private_node_2",
            "module.eks.aws_iam_openid_connect_provider.eks",
            "module.eks.aws_iam_role.ebs_csi_driver",
            "module.eks.aws_iam_role.vpc_cni",
            "module.eks.aws_iam_role_policy_attachment.ebs_csi_driver_attach",
            "module.eks.aws_iam_role_policy_attachment.vpc_cni_policy",
            "module.eks.data.aws_eks_cluster.eks",
            "module.eks.data.tls_certificate.eks",
            "module.external-dns.aws_iam_role.external_dns",
            "module.external-dns.aws_iam_role_policy.external_dns_route53",
            "module.external-dns.helm_release.external_dns",
            "module.external-dns.kubectl_manifest.external_dns_namespace",
            "module.external-dns.kubernetes_service_account_v1.external_dns",
            "module.iam.aws_iam_instance_profile.nodes",
            "module.iam.aws_iam_policy.vpc_flow_logs_policy",
            "module.iam.aws_iam_role.cluster",
            "module.iam.aws_iam_role.nodes",
            "module.iam.aws_iam_role.vpc_flow_logs_role",
            "module.iam.aws_iam_role_policy_attachment.AmazonEC2ContainerRegistryReadOnly",
            "module.iam.aws_iam_role_policy_attachment.AmazonEKSWorkerNodePolicy",
            "module.iam.aws_iam_role_policy_attachment.AmazonEKS_CNI_Policy",
            "module.iam.aws_iam_role_policy_attachment.cluster_AmazonEKSClusterPolicy",
            "module.iam.aws_iam_role_policy_attachment.node_group_elb_policy",
            "module.iam.aws_iam_role_policy_attachment.vpc_flow_logs_attach",
            "module.nginx-ingress.helm_release.nginx_ingress",
            "module.vpc.aws_cloudwatch_log_group.cloud_watch_logs",
            "module.vpc.aws_eip.ngw-eip",
            "module.vpc.aws_flow_log.cloud_watch",
            "module.vpc.aws_internet_gateway.igw",
            "module.vpc.aws_kms_alias.kms_alias",
            "module.vpc.aws_kms_key.kms_key",
            "module.vpc.aws_kms_key_policy.kms_key_policy",
            "module.vpc.aws_nat_gateway.ngw",
            "module.vpc.aws_route_table.private-rt",
            "module.vpc.aws_route_table.public-rt",
            "module.vpc.aws_route_table_association.private-route-association-2a",
            "module.vpc.aws_route_table_association.private-route-association-2b",
            "module.vpc.aws_route_table_association.pub-route-association-2a",
            "module.vpc.aws_route_table_association.pub-route-association-2b",
            "module.vpc.aws_subnet.private-subnet-2a",
            "module.vpc.aws_subnet.private-subnet-2b",
            "module.vpc.aws_subnet.public-subnet-2a",
            "module.vpc.aws_subnet.public-subnet-2b",
            "module.vpc.aws_vpc.eks_vpc"
          ]
        }
      ]
    },
    {
      "module": "module.manifests",
      "mode": "managed",
      "type": "kubectl_manifest",
      "name": "mysql_secret",
      "provider": "provider[\"registry.terraform.io/gavinbunney/kubectl\"]",
      "instances": [
        {
          "schema_version": 1,
          "attributes": {
            "api_version": "v1",
            "apply_only": false,
            "force_conflicts": false,
            "force_new": false,
            "id": "/api/v1/namespaces/app-space/secrets/mysql-secret",
            "ignore_fields": null,
            "kind": "Secret",
            "live_manifest_incluster": "2803f2118eb9c684c80911d1818b67b236b4777573c2eda7f89e6aef50f56aeb",
            "live_uid": "c2439cab-3111-468e-b5fd-2ead895dcc97",
            "name": "mysql-secret",
            "namespace": "app-space",
            "override_namespace": null,
            "sensitive_fields": null,
            "server_side_apply": false,
            "timeouts": null,
            "uid": "c2439cab-3111-468e-b5fd-2ead895dcc97",
            "validate_schema": true,
            "wait": null,
            "wait_for_rollout": true,
            "yaml_body": "apiVersion: v1\r\nkind: Secret\r\nmetadata:\r\n  name: mysql-secret\r\n  namespace: app-space    \r\ntype: Opaque\r\nstringData:\r\n  root-password: rootpass\r\n  user-password: secret\r\n",
            "yaml_body_parsed": "apiVersion: v1\nkind: Secret\nmetadata:\n  name: mysql-secret\n  namespace: app-space\nstringData:\n  root-password: rootpass\n  user-password: secret\ntype: Opaque\n",
            "yaml_incluster": "2803f2118eb9c684c80911d1818b67b236b4777573c2eda7f89e6aef50f56aeb"
          },
          "sensitive_attributes": [
            [
              {
                "type": "get_attr",
                "value": "live_manifest_incluster"
              }
            ],
            [
              {
                "type": "get_attr",
                "value": "yaml_body"
              }
            ],
            [
              {
                "type": "get_attr",
                "value": "yaml_incluster"
              }
            ]
          ],
          "identity_schema_version": 0,
          "private": "eyJlMmJmYjczMC1lY2FhLTExZTYtOGY4OC0zNDM2M2JjN2M0YzAiOnsiY3JlYXRlIjo2MDAwMDAwMDAwMDB9LCJzY2hlbWFfdmVyc2lvbiI6IjEifQ==",
          "dependencies": [
            "module.cert-manager.helm_release.cert_manager",
            "module.cert-manager.kubectl_manifest.letsencrypt_staging",
            "module.eks.aws_eks_access_entry.terraform_admin",
            "module.eks.aws_eks_access_policy_association.terraform_admin",
            "module.eks.aws_eks_addon.ebs_csi_driver",
            "module.eks.aws_eks_addon.kube-proxy",
            "module.eks.aws_eks_addon.metrics_server",
            "module.eks.aws_eks_addon.vpc_cni",
            "module.eks.aws_eks_cluster.eks_cluster",
            "module.eks.aws_eks_node_group.private_node_1",
            "module.eks.aws_eks_node_group.private_node_2",
            "module.eks.aws_iam_openid_connect_provider.eks",
            "module.eks.aws_iam_role.ebs_csi_driver",
            "module.eks.aws_iam_role.vpc_cni",
            "module.eks.aws_iam_role_policy_attachment.ebs_csi_driver_attach",
            "module.eks.aws_iam_role_policy_attachment.vpc_cni_policy",
            "module.eks.data.aws_eks_cluster.eks",
            "module.eks.data.tls_certificate.eks",
            "module.external-dns.aws_iam_role.external_dns",
            "module.external-dns.aws_iam_role_policy.external_dns_route53",
            "module.external-dns.helm_release.external_dns",
            "module.external-dns.kubectl_manifest.external_dns_namespace",
            "module.external-dns.kubernetes_service_account_v1.external_dns",
            "module.iam.aws_iam_instance_profile.nodes",
            "module.iam.aws_iam_policy.vpc_flow_logs_policy",
            "module.iam.aws_iam_role.cluster",
            "module.iam.aws_iam_role.nodes",
            "module.iam.aws_iam_role.vpc_flow_logs_role",
            "module.iam.aws_iam_role_policy_attachment.AmazonEC2ContainerRegistryReadOnly",
            "module.iam.aws_iam_role_policy_attachment.AmazonEKSWorkerNodePolicy",
            "module.iam.aws_iam_role_policy_attachment.AmazonEKS_CNI_Policy",
            "module.iam.aws_iam_role_policy_attachment.cluster_AmazonEKSClusterPolicy",
            "module.iam.aws_iam_role_policy_attachment.node_group_elb_policy",
            "module.iam.aws_iam_role_policy_attachment.vpc_flow_logs_attach",
            "module.manifests.kubectl_manifest.db_namespace",
            "module.nginx-ingress.helm_release.nginx_ingress",
            "module.vpc.aws_cloudwatch_log_group.cloud_watch_logs",
            "module.vpc.aws_eip.ngw-eip",
            "module.vpc.aws_flow_log.cloud_watch",
            "module.vpc.aws_internet_gateway.igw",
            "module.vpc.aws_kms_alias.kms_alias",
            "module.vpc.aws_kms_key.kms_key",
            "module.vpc.aws_kms_key_policy.kms_key_policy",
            "module.vpc.aws_nat_gateway.ngw",
            "module.vpc.aws_route_table.private-rt",
            "module.vpc.aws_route_table.public-rt",
            "module.vpc.aws_route_table_association.private-route-association-2a",
            "module.vpc.aws_route_table_association.private-route-association-2b",
            "module.vpc.aws_route_table_association.pub-route-association-2a",
            "module.vpc.aws_route_table_association.pub-route-association-2b",
            "module.vpc.aws_subnet.private-subnet-2a",
            "module.vpc.aws_subnet.private-subnet-2b",
            "module.vpc.aws_subnet.public-subnet-2a",
            "module.vpc.aws_subnet.public-subnet-2b",
            "module.vpc.aws_vpc.eks_vpc"
          ]
        }
      ]
    },
    {
      "module": "module.manifests",
      "mode": "managed",
      "type": "kubectl_manifest",
      "name": "mysql_service",
      "provider": "provider[\"registry.terraform.io/gavinbunney/kubectl\"]",
      "instances": [
        {
          "schema_version": 1,
          "attributes": {
            "api_version": "v1",
            "apply_only": false,
            "force_conflicts": false,
            "force_new": false,
            "id": "/api/v1/namespaces/app-space/services/mysql",
            "ignore_fields": null,
            "kind": "Service",
            "live_manifest_incluster": "a1568fc10d6827ff8b7bbf997ebcbac47fa7e56f2e4af29127f47877cfb2f32e",
            "live_uid": "5aa83b58-f59b-41f3-a166-9853355f79c8",
            "name": "mysql",
            "namespace": "app-space",
            "override_namespace": null,
            "sensitive_fields": null,
            "server_side_apply": false,
            "timeouts": null,
            "uid": "5aa83b58-f59b-41f3-a166-9853355f79c8",
            "validate_schema": true,
            "wait": null,
            "wait_for_rollout": true,
            "yaml_body": "apiVersion: v1\r\nkind: Service\r\nmetadata:\r\n  name: mysql\r\n  namespace: app-space    \r\nspec:\r\n  selector:\r\n    app: mysql\r\n  ports:\r\n  - port: 3306\r\n    targetPort: 3306\r\n",
            "yaml_body_parsed": "apiVersion: v1\nkind: Service\nmetadata:\n  name: mysql\n  namespace: app-space\nspec:\n  ports:\n  - port: 3306\n    targetPort: 3306\n  selector:\n    app: mysql\n",
            "yaml_incluster": "a1568fc10d6827ff8b7bbf997ebcbac47fa7e56f2e4af29127f47877cfb2f32e"
          },
          "sensitive_attributes": [
            [
              {
                "type": "get_attr",
                "value": "live_manifest_incluster"
              }
            ],
            [
              {
                "type": "get_attr",
                "value": "yaml_body"
              }
            ],
            [
              {
                "type": "get_attr",
                "value": "yaml_incluster"
              }
            ]
          ],
          "identity_schema_version": 0,
          "private": "eyJlMmJmYjczMC1lY2FhLTExZTYtOGY4OC0zNDM2M2JjN2M0YzAiOnsiY3JlYXRlIjo2MDAwMDAwMDAwMDB9LCJzY2hlbWFfdmVyc2lvbiI6IjEifQ==",
          "dependencies": [
            "module.cert-manager.helm_release.cert_manager",
            "module.cert-manager.kubectl_manifest.letsencrypt_staging",
            "module.eks.aws_eks_access_entry.terraform_admin",
            "module.eks.aws_eks_access_policy_association.terraform_admin",
            "module.eks.aws_eks_addon.ebs_csi_driver",
            "module.eks.aws_eks_addon.kube-proxy",
            "module.eks.aws_eks_addon.metrics_server",
            "module.eks.aws_eks_addon.vpc_cni",
            "module.eks.aws_eks_cluster.eks_cluster",
            "module.eks.aws_eks_node_group.private_node_1",
            "module.eks.aws_eks_node_group.private_node_2",
            "module.eks.aws_iam_openid_connect_provider.eks",
            "module.eks.aws_iam_role.ebs_csi_driver",
            "module.eks.aws_iam_role.vpc_cni",
            "module.eks.aws_iam_role_policy_attachment.ebs_csi_driver_attach",
            "module.eks.aws_iam_role_policy_attachment.vpc_cni_policy",
            "module.eks.data.aws_eks_cluster.eks",
            "module.eks.data.tls_certificate.eks",
            "module.external-dns.aws_iam_role.external_dns",
            "module.external-dns.aws_iam_role_policy.external_dns_route53",
            "module.external-dns.helm_release.external_dns",
            "module.external-dns.kubectl_manifest.external_dns_namespace",
            "module.external-dns.kubernetes_service_account_v1.external_dns",
            "module.iam.aws_iam_instance_profile.nodes",
            "module.iam.aws_iam_policy.vpc_flow_logs_policy",
            "module.iam.aws_iam_role.cluster",
            "module.iam.aws_iam_role.nodes",
            "module.iam.aws_iam_role.vpc_flow_logs_role",
            "module.iam.aws_iam_role_policy_attachment.AmazonEC2ContainerRegistryReadOnly",
            "module.iam.aws_iam_role_policy_attachment.AmazonEKSWorkerNodePolicy",
            "module.iam.aws_iam_role_policy_attachment.AmazonEKS_CNI_Policy",
            "module.iam.aws_iam_role_policy_attachment.cluster_AmazonEKSClusterPolicy",
            "module.iam.aws_iam_role_policy_attachment.node_group_elb_policy",
            "module.iam.aws_iam_role_policy_attachment.vpc_flow_logs_attach",
            "module.manifests.kubectl_manifest.db_namespace",
            "module.nginx-ingress.helm_release.nginx_ingress",
            "module.vpc.aws_cloudwatch_log_group.cloud_watch_logs",
            "module.vpc.aws_eip.ngw-eip",
            "module.vpc.aws_flow_log.cloud_watch",
            "module.vpc.aws_internet_gateway.igw",
            "module.vpc.aws_kms_alias.kms_alias",
            "module.vpc.aws_kms_key.kms_key",
            "module.vpc.aws_kms_key_policy.kms_key_policy",
            "module.vpc.aws_nat_gateway.ngw",
            "module.vpc.aws_route_table.private-rt",
            "module.vpc.aws_route_table.public-rt",
            "module.vpc.aws_route_table_association.private-route-association-2a",
            "module.vpc.aws_route_table_association.private-route-association-2b",
            "module.vpc.aws_route_table_association.pub-route-association-2a",
            "module.vpc.aws_route_table_association.pub-route-association-2b",
            "module.vpc.aws_subnet.private-subnet-2a",
            "module.vpc.aws_subnet.private-subnet-2b",
            "module.vpc.aws_subnet.public-subnet-2a",
            "module.vpc.aws_subnet.public-subnet-2b",
            "module.vpc.aws_vpc.eks_vpc"
          ]
        }
      ]
    },
    {
      "module": "module.manifests",
      "mode": "managed",
      "type": "kubectl_manifest",
      "name": "mysql_statefulset",
      "provider": "provider[\"registry.terraform.io/gavinbunney/kubectl\"]",
      "instances": [
        {
          "schema_version": 1,
          "attributes": {
            "api_version": "apps/v1",
            "apply_only": false,
            "force_conflicts": false,
            "force_new": false,
            "id": "/apis/apps/v1/namespaces/app-space/statefulsets/mysql",
            "ignore_fields": null,
            "kind": "StatefulSet",
            "live_manifest_incluster": "9c8e37c5cbccdf5a5b4a94531d43f3f7597a6a262ddb8d2296e60ae34b5fd3fe",
            "live_uid": "38d6e929-b323-4005-9a8c-acb431ee6d05",
            "name": "mysql",
            "namespace": "app-space",
            "override_namespace": null,
            "sensitive_fields": null,
            "server_side_apply": false,
            "timeouts": null,
            "uid": "38d6e929-b323-4005-9a8c-acb431ee6d05",
            "validate_schema": true,
            "wait": null,
            "wait_for_rollout": true,
            "yaml_body": "apiVersion: apps/v1\r\nkind: StatefulSet\r\nmetadata:\r\n  name: mysql\r\n  namespace: app-space   \r\nspec:\r\n  serviceName: mysql\r\n  replicas: 1\r\n  selector:\r\n    matchLabels:\r\n      app: mysql\r\n  template:\r\n    metadata:\r\n      labels:\r\n        app: mysql\r\n    spec:\r\n      containers:\r\n        - name: mysql\r\n          image: 038774803581.dkr.ecr.eu-west-2.amazonaws.com/mysql:v1\r\n          ports:\r\n            - containerPort: 3306\r\n              name: mysql\r\n          env:\r\n            - name: MYSQL_DATABASE\r\n              value: cities\r\n            - name: MYSQL_ROOT_PASSWORD\r\n              valueFrom:\r\n                secretKeyRef:\r\n                  name: mysql-secret\r\n                  key: root-password\r\n            - name: MYSQL_USER\r\n              value: shipping\r\n            - name: MYSQL_PASSWORD\r\n              valueFrom:\r\n                secretKeyRef:\r\n                  name: mysql-secret\r\n                  key: user-password\r\n          resources:\r\n            requests:\r\n              cpu: \"100m\"\r\n              memory: \"256Mi\"\r\n            limits:\r\n              cpu: \"500m\"\r\n              memory: \"512Mi\"\r\n          volumeMounts:\r\n            - name: mysql-data\r\n              mountPath: /var/lib/mysql\r\n              subPath: mysql\r\n          readinessProbe:\r\n            exec:\r\n              command:\r\n                - sh\r\n                - -c\r\n                - |\r\n                  mysqladmin ping \\\r\n                    -h 127.0.0.1 \\\r\n                    -u root \\\r\n                    -p\"$MYSQL_ROOT_PASSWORD\" \\\r\n                    --silent\r\n            initialDelaySeconds: 30\r\n            periodSeconds: 10\r\n\r\n  volumeClaimTemplates:\r\n    - metadata:\r\n        name: mysql-data\r\n      spec:\r\n        accessModes:\r\n          - ReadWriteOnce\r\n        storageClassName: mysql-gp3\r\n        resources:\r\n          requests:\r\n            storage: 5Gi\r\n",
            "yaml_body_parsed": "apiVersion: apps/v1\nkind: StatefulSet\nmetadata:\n  name: mysql\n  namespace: app-space\nspec:\n  replicas: 1\n  selector:\n    matchLabels:\n      app: mysql\n  serviceName: mysql\n  template:\n    metadata:\n      labels:\n        app: mysql\n    spec:\n      containers:\n      - env:\n        - name: MYSQL_DATABASE\n          value: cities\n        - name: MYSQL_ROOT_PASSWORD\n          valueFrom:\n            secretKeyRef:\n              key: root-password\n              name: mysql-secret\n        - name: MYSQL_USER\n          value: shipping\n        - name: MYSQL_PASSWORD\n          valueFrom:\n            secretKeyRef:\n              key: user-password\n              name: mysql-secret\n        image: 038774803581.dkr.ecr.eu-west-2.amazonaws.com/mysql:v1\n        name: mysql\n        ports:\n        - containerPort: 3306\n          name: mysql\n        readinessProbe:\n          exec:\n            command:\n            - sh\n            - -c\n            - |\n              mysqladmin ping \\\n                -h 127.0.0.1 \\\n                -u root \\\n                -p\"$MYSQL_ROOT_PASSWORD\" \\\n                --silent\n          initialDelaySeconds: 30\n          periodSeconds: 10\n        resources:\n          limits:\n            cpu: 500m\n            memory: 512Mi\n          requests:\n            cpu: 100m\n            memory: 256Mi\n        volumeMounts:\n        - mountPath: /var/lib/mysql\n          name: mysql-data\n          subPath: mysql\n  volumeClaimTemplates:\n  - metadata:\n      name: mysql-data\n    spec:\n      accessModes:\n      - ReadWriteOnce\n      resources:\n        requests:\n          storage: 5Gi\n      storageClassName: mysql-gp3\n",
            "yaml_incluster": "9c8e37c5cbccdf5a5b4a94531d43f3f7597a6a262ddb8d2296e60ae34b5fd3fe"
          },
          "sensitive_attributes": [
            [
              {
                "type": "get_attr",
                "value": "live_manifest_incluster"
              }
            ],
            [
              {
                "type": "get_attr",
                "value": "yaml_body"
              }
            ],
            [
              {
                "type": "get_attr",
                "value": "yaml_incluster"
              }
            ]
          ],
          "identity_schema_version": 0,
          "private": "eyJlMmJmYjczMC1lY2FhLTExZTYtOGY4OC0zNDM2M2JjN2M0YzAiOnsiY3JlYXRlIjo2MDAwMDAwMDAwMDB9LCJzY2hlbWFfdmVyc2lvbiI6IjEifQ==",
          "dependencies": [
            "module.cert-manager.helm_release.cert_manager",
            "module.cert-manager.kubectl_manifest.letsencrypt_staging",
            "module.eks.aws_eks_access_entry.terraform_admin",
            "module.eks.aws_eks_access_policy_association.terraform_admin",
            "module.eks.aws_eks_addon.ebs_csi_driver",
            "module.eks.aws_eks_addon.kube-proxy",
            "module.eks.aws_eks_addon.metrics_server",
            "module.eks.aws_eks_addon.vpc_cni",
            "module.eks.aws_eks_cluster.eks_cluster",
            "module.eks.aws_eks_node_group.private_node_1",
            "module.eks.aws_eks_node_group.private_node_2",
            "module.eks.aws_iam_openid_connect_provider.eks",
            "module.eks.aws_iam_role.ebs_csi_driver",
            "module.eks.aws_iam_role.vpc_cni",
            "module.eks.aws_iam_role_policy_attachment.ebs_csi_driver_attach",
            "module.eks.aws_iam_role_policy_attachment.vpc_cni_policy",
            "module.eks.data.aws_eks_cluster.eks",
            "module.eks.data.tls_certificate.eks",
            "module.external-dns.aws_iam_role.external_dns",
            "module.external-dns.aws_iam_role_policy.external_dns_route53",
            "module.external-dns.helm_release.external_dns",
            "module.external-dns.kubectl_manifest.external_dns_namespace",
            "module.external-dns.kubernetes_service_account_v1.external_dns",
            "module.iam.aws_iam_instance_profile.nodes",
            "module.iam.aws_iam_policy.vpc_flow_logs_policy",
            "module.iam.aws_iam_role.cluster",
            "module.iam.aws_iam_role.nodes",
            "module.iam.aws_iam_role.vpc_flow_logs_role",
            "module.iam.aws_iam_role_policy_attachment.AmazonEC2ContainerRegistryReadOnly",
            "module.iam.aws_iam_role_policy_attachment.AmazonEKSWorkerNodePolicy",
            "module.iam.aws_iam_role_policy_attachment.AmazonEKS_CNI_Policy",
            "module.iam.aws_iam_role_policy_attachment.cluster_AmazonEKSClusterPolicy",
            "module.iam.aws_iam_role_policy_attachment.node_group_elb_policy",
            "module.iam.aws_iam_role_policy_attachment.vpc_flow_logs_attach",
            "module.manifests.kubectl_manifest.db_namespace",
            "module.manifests.kubectl_manifest.mysql_secret",
            "module.manifests.kubectl_manifest.mysql_storageclass",
            "module.manifests.kubectl_manifest.resource_quota_dataspace",
            "module.nginx-ingress.helm_release.nginx_ingress",
            "module.vpc.aws_cloudwatch_log_group.cloud_watch_logs",
            "module.vpc.aws_eip.ngw-eip",
            "module.vpc.aws_flow_log.cloud_watch",
            "module.vpc.aws_internet_gateway.igw",
            "module.vpc.aws_kms_alias.kms_alias",
            "module.vpc.aws_kms_key.kms_key",
            "module.vpc.aws_kms_key_policy.kms_key_policy",
            "module.vpc.aws_nat_gateway.ngw",
            "module.vpc.aws_route_table.private-rt",
            "module.vpc.aws_route_table.public-rt",
            "module.vpc.aws_route_table_association.private-route-association-2a",
            "module.vpc.aws_route_table_association.private-route-association-2b",
            "module.vpc.aws_route_table_association.pub-route-association-2a",
            "module.vpc.aws_route_table_association.pub-route-association-2b",
            "module.vpc.aws_subnet.private-subnet-2a",
            "module.vpc.aws_subnet.private-subnet-2b",
            "module.vpc.aws_subnet.public-subnet-2a",
            "module.vpc.aws_subnet.public-subnet-2b",
            "module.vpc.aws_vpc.eks_vpc"
          ]
        }
      ]
    },
    {
      "module": "module.manifests",
      "mode": "managed",
      "type": "kubectl_manifest",
      "name": "mysql_storageclass",
      "provider": "provider[\"registry.terraform.io/gavinbunney/kubectl\"]",
      "instances": [
        {
          "schema_version": 1,
          "attributes": {
            "api_version": "storage.k8s.io/v1",
            "apply_only": false,
            "force_conflicts": false,
            "force_new": false,
            "id": "/apis/storage.k8s.io/v1/storageclasses/mysql-gp3",
            "ignore_fields": null,
            "kind": "StorageClass",
            "live_manifest_incluster": "6135b1a7788a86a7f8b5f588b11e5d73d0615886e9570dca573ca6522a655d4f",
            "live_uid": "7af35f31-2cdd-43d3-825d-853bc4189f73",
            "name": "mysql-gp3",
            "namespace": null,
            "override_namespace": null,
            "sensitive_fields": null,
            "server_side_apply": false,
            "timeouts": null,
            "uid": "7af35f31-2cdd-43d3-825d-853bc4189f73",
            "validate_schema": true,
            "wait": null,
            "wait_for_rollout": true,
            "yaml_body": "apiVersion: storage.k8s.io/v1\r\nkind: StorageClass\r\nmetadata:\r\n  name: mysql-gp3\r\nprovisioner: ebs.csi.aws.com\r\nvolumeBindingMode: WaitForFirstConsumer\r\nparameters:\r\n  type: gp3\r\n  encrypted: \"true\"\r\n  \r\n",
            "yaml_body_parsed": "apiVersion: storage.k8s.io/v1\nkind: StorageClass\nmetadata:\n  name: mysql-gp3\nparameters:\n  encrypted: \"true\"\n  type: gp3\nprovisioner: ebs.csi.aws.com\nvolumeBindingMode: WaitForFirstConsumer\n",
            "yaml_incluster": "6135b1a7788a86a7f8b5f588b11e5d73d0615886e9570dca573ca6522a655d4f"
          },
          "sensitive_attributes": [
            [
              {
                "type": "get_attr",
                "value": "live_manifest_incluster"
              }
            ],
            [
              {
                "type": "get_attr",
                "value": "yaml_body"
              }
            ],
            [
              {
                "type": "get_attr",
                "value": "yaml_incluster"
              }
            ]
          ],
          "identity_schema_version": 0,
          "private": "eyJlMmJmYjczMC1lY2FhLTExZTYtOGY4OC0zNDM2M2JjN2M0YzAiOnsiY3JlYXRlIjo2MDAwMDAwMDAwMDB9LCJzY2hlbWFfdmVyc2lvbiI6IjEifQ==",
          "dependencies": [
            "module.cert-manager.helm_release.cert_manager",
            "module.cert-manager.kubectl_manifest.letsencrypt_staging",
            "module.eks.aws_eks_access_entry.terraform_admin",
            "module.eks.aws_eks_access_policy_association.terraform_admin",
            "module.eks.aws_eks_addon.ebs_csi_driver",
            "module.eks.aws_eks_addon.kube-proxy",
            "module.eks.aws_eks_addon.metrics_server",
            "module.eks.aws_eks_addon.vpc_cni",
            "module.eks.aws_eks_cluster.eks_cluster",
            "module.eks.aws_eks_node_group.private_node_1",
            "module.eks.aws_eks_node_group.private_node_2",
            "module.eks.aws_iam_openid_connect_provider.eks",
            "module.eks.aws_iam_role.ebs_csi_driver",
            "module.eks.aws_iam_role.vpc_cni",
            "module.eks.aws_iam_role_policy_attachment.ebs_csi_driver_attach",
            "module.eks.aws_iam_role_policy_attachment.vpc_cni_policy",
            "module.eks.data.aws_eks_cluster.eks",
            "module.eks.data.tls_certificate.eks",
            "module.external-dns.aws_iam_role.external_dns",
            "module.external-dns.aws_iam_role_policy.external_dns_route53",
            "module.external-dns.helm_release.external_dns",
            "module.external-dns.kubectl_manifest.external_dns_namespace",
            "module.external-dns.kubernetes_service_account_v1.external_dns",
            "module.iam.aws_iam_instance_profile.nodes",
            "module.iam.aws_iam_policy.vpc_flow_logs_policy",
            "module.iam.aws_iam_role.cluster",
            "module.iam.aws_iam_role.nodes",
            "module.iam.aws_iam_role.vpc_flow_logs_role",
            "module.iam.aws_iam_role_policy_attachment.AmazonEC2ContainerRegistryReadOnly",
            "module.iam.aws_iam_role_policy_attachment.AmazonEKSWorkerNodePolicy",
            "module.iam.aws_iam_role_policy_attachment.AmazonEKS_CNI_Policy",
            "module.iam.aws_iam_role_policy_attachment.cluster_AmazonEKSClusterPolicy",
            "module.iam.aws_iam_role_policy_attachment.node_group_elb_policy",
            "module.iam.aws_iam_role_policy_attachment.vpc_flow_logs_attach",
            "module.nginx-ingress.helm_release.nginx_ingress",
            "module.vpc.aws_cloudwatch_log_group.cloud_watch_logs",
            "module.vpc.aws_eip.ngw-eip",
            "module.vpc.aws_flow_log.cloud_watch",
            "module.vpc.aws_internet_gateway.igw",
            "module.vpc.aws_kms_alias.kms_alias",
            "module.vpc.aws_kms_key.kms_key",
            "module.vpc.aws_kms_key_policy.kms_key_policy",
            "module.vpc.aws_nat_gateway.ngw",
            "module.vpc.aws_route_table.private-rt",
            "module.vpc.aws_route_table.public-rt",
            "module.vpc.aws_route_table_association.private-route-association-2a",
            "module.vpc.aws_route_table_association.private-route-association-2b",
            "module.vpc.aws_route_table_association.pub-route-association-2a",
            "module.vpc.aws_route_table_association.pub-route-association-2b",
            "module.vpc.aws_subnet.private-subnet-2a",
            "module.vpc.aws_subnet.private-subnet-2b",
            "module.vpc.aws_subnet.public-subnet-2a",
            "module.vpc.aws_subnet.public-subnet-2b",
            "module.vpc.aws_vpc.eks_vpc"
          ]
        }
      ]
    },
    {
      "module": "module.manifests",
      "mode": "managed",
      "type": "kubectl_manifest",
      "name": "payment_service",
      "provider": "provider[\"registry.terraform.io/gavinbunney/kubectl\"]",
      "instances": [
        {
          "schema_version": 1,
          "attributes": {
            "api_version": "v1",
            "apply_only": false,
            "force_conflicts": false,
            "force_new": false,
            "id": "/api/v1/namespaces/app-space/services/payment",
            "ignore_fields": null,
            "kind": "Service",
            "live_manifest_incluster": "e95b514e787dfb4f3018a76ea4668f612c324cca376c01ac917a7642a1f4ecfb",
            "live_uid": "5f9fd292-df1e-4e96-b693-c5a73c85e731",
            "name": "payment",
            "namespace": "app-space",
            "override_namespace": null,
            "sensitive_fields": null,
            "server_side_apply": false,
            "timeouts": null,
            "uid": "5f9fd292-df1e-4e96-b693-c5a73c85e731",
            "validate_schema": true,
            "wait": null,
            "wait_for_rollout": true,
            "yaml_body": "apiVersion: v1\r\nkind: Service\r\nmetadata:\r\n  name: payment\r\n  namespace: app-space\r\nspec:\r\n  selector:\r\n    app: robotshop-payment \r\n  ports:\r\n  - port: 8080\r\n    targetPort: 8080\r\n",
            "yaml_body_parsed": "apiVersion: v1\nkind: Service\nmetadata:\n  name: payment\n  namespace: app-space\nspec:\n  ports:\n  - port: 8080\n    targetPort: 8080\n  selector:\n    app: robotshop-payment\n",
            "yaml_incluster": "e95b514e787dfb4f3018a76ea4668f612c324cca376c01ac917a7642a1f4ecfb"
          },
          "sensitive_attributes": [
            [
              {
                "type": "get_attr",
                "value": "live_manifest_incluster"
              }
            ],
            [
              {
                "type": "get_attr",
                "value": "yaml_body"
              }
            ],
            [
              {
                "type": "get_attr",
                "value": "yaml_incluster"
              }
            ]
          ],
          "identity_schema_version": 0,
          "private": "eyJlMmJmYjczMC1lY2FhLTExZTYtOGY4OC0zNDM2M2JjN2M0YzAiOnsiY3JlYXRlIjo2MDAwMDAwMDAwMDB9LCJzY2hlbWFfdmVyc2lvbiI6IjEifQ==",
          "dependencies": [
            "module.cert-manager.helm_release.cert_manager",
            "module.cert-manager.kubectl_manifest.letsencrypt_staging",
            "module.eks.aws_eks_access_entry.terraform_admin",
            "module.eks.aws_eks_access_policy_association.terraform_admin",
            "module.eks.aws_eks_addon.ebs_csi_driver",
            "module.eks.aws_eks_addon.kube-proxy",
            "module.eks.aws_eks_addon.metrics_server",
            "module.eks.aws_eks_addon.vpc_cni",
            "module.eks.aws_eks_cluster.eks_cluster",
            "module.eks.aws_eks_node_group.private_node_1",
            "module.eks.aws_eks_node_group.private_node_2",
            "module.eks.aws_iam_openid_connect_provider.eks",
            "module.eks.aws_iam_role.ebs_csi_driver",
            "module.eks.aws_iam_role.vpc_cni",
            "module.eks.aws_iam_role_policy_attachment.ebs_csi_driver_attach",
            "module.eks.aws_iam_role_policy_attachment.vpc_cni_policy",
            "module.eks.data.aws_eks_cluster.eks",
            "module.eks.data.tls_certificate.eks",
            "module.external-dns.aws_iam_role.external_dns",
            "module.external-dns.aws_iam_role_policy.external_dns_route53",
            "module.external-dns.helm_release.external_dns",
            "module.external-dns.kubectl_manifest.external_dns_namespace",
            "module.external-dns.kubernetes_service_account_v1.external_dns",
            "module.iam.aws_iam_instance_profile.nodes",
            "module.iam.aws_iam_policy.vpc_flow_logs_policy",
            "module.iam.aws_iam_role.cluster",
            "module.iam.aws_iam_role.nodes",
            "module.iam.aws_iam_role.vpc_flow_logs_role",
            "module.iam.aws_iam_role_policy_attachment.AmazonEC2ContainerRegistryReadOnly",
            "module.iam.aws_iam_role_policy_attachment.AmazonEKSWorkerNodePolicy",
            "module.iam.aws_iam_role_policy_attachment.AmazonEKS_CNI_Policy",
            "module.iam.aws_iam_role_policy_attachment.cluster_AmazonEKSClusterPolicy",
            "module.iam.aws_iam_role_policy_attachment.node_group_elb_policy",
            "module.iam.aws_iam_role_policy_attachment.vpc_flow_logs_attach",
            "module.manifests.kubectl_manifest.apps_namespace",
            "module.nginx-ingress.helm_release.nginx_ingress",
            "module.vpc.aws_cloudwatch_log_group.cloud_watch_logs",
            "module.vpc.aws_eip.ngw-eip",
            "module.vpc.aws_flow_log.cloud_watch",
            "module.vpc.aws_internet_gateway.igw",
            "module.vpc.aws_kms_alias.kms_alias",
            "module.vpc.aws_kms_key.kms_key",
            "module.vpc.aws_kms_key_policy.kms_key_policy",
            "module.vpc.aws_nat_gateway.ngw",
            "module.vpc.aws_route_table.private-rt",
            "module.vpc.aws_route_table.public-rt",
            "module.vpc.aws_route_table_association.private-route-association-2a",
            "module.vpc.aws_route_table_association.private-route-association-2b",
            "module.vpc.aws_route_table_association.pub-route-association-2a",
            "module.vpc.aws_route_table_association.pub-route-association-2b",
            "module.vpc.aws_subnet.private-subnet-2a",
            "module.vpc.aws_subnet.private-subnet-2b",
            "module.vpc.aws_subnet.public-subnet-2a",
            "module.vpc.aws_subnet.public-subnet-2b",
            "module.vpc.aws_vpc.eks_vpc"
          ]
        }
      ]
    },
    {
      "module": "module.manifests",
      "mode": "managed",
      "type": "kubectl_manifest",
      "name": "pod_autoscaler_user",
      "provider": "provider[\"registry.terraform.io/gavinbunney/kubectl\"]",
      "instances": [
        {
          "schema_version": 1,
          "attributes": {
            "api_version": "autoscaling/v2",
            "apply_only": false,
            "force_conflicts": false,
            "force_new": false,
            "id": "/apis/autoscaling/v2/namespaces/data-space/horizontalpodautoscalers/user-hpa",
            "ignore_fields": null,
            "kind": "HorizontalPodAutoscaler",
            "live_manifest_incluster": "a0a41f43796590c121ae6103d611210790d94293dfac3d4d666dc2e8a882fa76",
            "live_uid": "2b411cba-9f85-409c-b7a4-40cd8e3a525b",
            "name": "user-hpa",
            "namespace": "data-space",
            "override_namespace": null,
            "sensitive_fields": null,
            "server_side_apply": false,
            "timeouts": null,
            "uid": "2b411cba-9f85-409c-b7a4-40cd8e3a525b",
            "validate_schema": true,
            "wait": null,
            "wait_for_rollout": true,
            "yaml_body": "apiVersion: autoscaling/v2\r\nkind: HorizontalPodAutoscaler\r\nmetadata:\r\n  name: user-hpa\r\n  namespace: data-space\r\n  labels:\r\n    app: user\r\nspec:\r\n  scaleTargetRef:\r\n    apiVersion: apps/v1\r\n    kind: Deployment\r\n    name: user\r\n\r\n  minReplicas: 3\r\n  maxReplicas: 10\r\n\r\n  metrics:\r\n    - type: Resource\r\n      resource:\r\n        name: cpu\r\n        target:\r\n          type: Utilization\r\n          averageUtilization: 70\r\n\r\n  behavior:\r\n    scaleUp:\r\n      stabilizationWindowSeconds: 0\r\n      selectPolicy: Max\r\n      policies:\r\n        - type: Percent\r\n          value: 100\r\n          periodSeconds: 15\r\n        - type: Pods\r\n          value: 4\r\n          periodSeconds: 15\r\n\r\n    scaleDown:\r\n      stabilizationWindowSeconds: 300\r\n      policies:\r\n        - type: Percent\r\n          value: 50\r\n          periodSeconds: 60\r\n",
            "yaml_body_parsed": "apiVersion: autoscaling/v2\nkind: HorizontalPodAutoscaler\nmetadata:\n  labels:\n    app: user\n  name: user-hpa\n  namespace: data-space\nspec:\n  behavior:\n    scaleDown:\n      policies:\n      - periodSeconds: 60\n        type: Percent\n        value: 50\n      stabilizationWindowSeconds: 300\n    scaleUp:\n      policies:\n      - periodSeconds: 15\n        type: Percent\n        value: 100\n      - periodSeconds: 15\n        type: Pods\n        value: 4\n      selectPolicy: Max\n      stabilizationWindowSeconds: 0\n  maxReplicas: 10\n  metrics:\n  - resource:\n      name: cpu\n      target:\n        averageUtilization: 70\n        type: Utilization\n    type: Resource\n  minReplicas: 3\n  scaleTargetRef:\n    apiVersion: apps/v1\n    kind: Deployment\n    name: user\n",
            "yaml_incluster": "a0a41f43796590c121ae6103d611210790d94293dfac3d4d666dc2e8a882fa76"
          },
          "sensitive_attributes": [
            [
              {
                "type": "get_attr",
                "value": "live_manifest_incluster"
              }
            ],
            [
              {
                "type": "get_attr",
                "value": "yaml_body"
              }
            ],
            [
              {
                "type": "get_attr",
                "value": "yaml_incluster"
              }
            ]
          ],
          "identity_schema_version": 0,
          "private": "eyJlMmJmYjczMC1lY2FhLTExZTYtOGY4OC0zNDM2M2JjN2M0YzAiOnsiY3JlYXRlIjo2MDAwMDAwMDAwMDB9LCJzY2hlbWFfdmVyc2lvbiI6IjEifQ==",
          "dependencies": [
            "module.cert-manager.helm_release.cert_manager",
            "module.cert-manager.kubectl_manifest.letsencrypt_staging",
            "module.eks.aws_eks_access_entry.terraform_admin",
            "module.eks.aws_eks_access_policy_association.terraform_admin",
            "module.eks.aws_eks_addon.ebs_csi_driver",
            "module.eks.aws_eks_addon.kube-proxy",
            "module.eks.aws_eks_addon.metrics_server",
            "module.eks.aws_eks_addon.vpc_cni",
            "module.eks.aws_eks_cluster.eks_cluster",
            "module.eks.aws_eks_node_group.private_node_1",
            "module.eks.aws_eks_node_group.private_node_2",
            "module.eks.aws_iam_openid_connect_provider.eks",
            "module.eks.aws_iam_role.ebs_csi_driver",
            "module.eks.aws_iam_role.vpc_cni",
            "module.eks.aws_iam_role_policy_attachment.ebs_csi_driver_attach",
            "module.eks.aws_iam_role_policy_attachment.vpc_cni_policy",
            "module.eks.data.aws_eks_cluster.eks",
            "module.eks.data.tls_certificate.eks",
            "module.external-dns.aws_iam_role.external_dns",
            "module.external-dns.aws_iam_role_policy.external_dns_route53",
            "module.external-dns.helm_release.external_dns",
            "module.external-dns.kubectl_manifest.external_dns_namespace",
            "module.external-dns.kubernetes_service_account_v1.external_dns",
            "module.iam.aws_iam_instance_profile.nodes",
            "module.iam.aws_iam_policy.vpc_flow_logs_policy",
            "module.iam.aws_iam_role.cluster",
            "module.iam.aws_iam_role.nodes",
            "module.iam.aws_iam_role.vpc_flow_logs_role",
            "module.iam.aws_iam_role_policy_attachment.AmazonEC2ContainerRegistryReadOnly",
            "module.iam.aws_iam_role_policy_attachment.AmazonEKSWorkerNodePolicy",
            "module.iam.aws_iam_role_policy_attachment.AmazonEKS_CNI_Policy",
            "module.iam.aws_iam_role_policy_attachment.cluster_AmazonEKSClusterPolicy",
            "module.iam.aws_iam_role_policy_attachment.node_group_elb_policy",
            "module.iam.aws_iam_role_policy_attachment.vpc_flow_logs_attach",
            "module.nginx-ingress.helm_release.nginx_ingress",
            "module.vpc.aws_cloudwatch_log_group.cloud_watch_logs",
            "module.vpc.aws_eip.ngw-eip",
            "module.vpc.aws_flow_log.cloud_watch",
            "module.vpc.aws_internet_gateway.igw",
            "module.vpc.aws_kms_alias.kms_alias",
            "module.vpc.aws_kms_key.kms_key",
            "module.vpc.aws_kms_key_policy.kms_key_policy",
            "module.vpc.aws_nat_gateway.ngw",
            "module.vpc.aws_route_table.private-rt",
            "module.vpc.aws_route_table.public-rt",
            "module.vpc.aws_route_table_association.private-route-association-2a",
            "module.vpc.aws_route_table_association.private-route-association-2b",
            "module.vpc.aws_route_table_association.pub-route-association-2a",
            "module.vpc.aws_route_table_association.pub-route-association-2b",
            "module.vpc.aws_subnet.private-subnet-2a",
            "module.vpc.aws_subnet.private-subnet-2b",
            "module.vpc.aws_subnet.public-subnet-2a",
            "module.vpc.aws_subnet.public-subnet-2b",
            "module.vpc.aws_vpc.eks_vpc"
          ]
        }
      ]
    },
    {
      "module": "module.manifests",
      "mode": "managed",
      "type": "kubectl_manifest",
      "name": "pod_autoscaler_web",
      "provider": "provider[\"registry.terraform.io/gavinbunney/kubectl\"]",
      "instances": [
        {
          "schema_version": 1,
          "attributes": {
            "api_version": "autoscaling/v2",
            "apply_only": false,
            "force_conflicts": false,
            "force_new": false,
            "id": "/apis/autoscaling/v2/namespaces/app-space/horizontalpodautoscalers/web-hpa",
            "ignore_fields": null,
            "kind": "HorizontalPodAutoscaler",
            "live_manifest_incluster": "a511164764f49bcbd6ec28e97ae9b5026697a06afa627e6617585c475e96c39a",
            "live_uid": "5e826aa7-7d5a-494c-af53-7e7ef7b0938b",
            "name": "web-hpa",
            "namespace": "app-space",
            "override_namespace": null,
            "sensitive_fields": null,
            "server_side_apply": false,
            "timeouts": null,
            "uid": "5e826aa7-7d5a-494c-af53-7e7ef7b0938b",
            "validate_schema": true,
            "wait": null,
            "wait_for_rollout": true,
            "yaml_body": "apiVersion: autoscaling/v2\r\nkind: HorizontalPodAutoscaler\r\nmetadata:\r\n  name: web-hpa\r\n  namespace: app-space\r\n  labels:\r\n    app: web\r\nspec:\r\n  scaleTargetRef:\r\n    apiVersion: apps/v1\r\n    kind: Deployment\r\n    name: web\r\n\r\n  minReplicas: 3\r\n  maxReplicas: 10\r\n\r\n  metrics:\r\n    - type: Resource\r\n      resource:\r\n        name: cpu\r\n        target:\r\n          type: Utilization\r\n          averageUtilization: 70\r\n\r\n  behavior:\r\n    scaleUp:\r\n      stabilizationWindowSeconds: 0\r\n      selectPolicy: Max\r\n      policies:\r\n        - type: Percent\r\n          value: 100\r\n          periodSeconds: 15\r\n        - type: Pods\r\n          value: 4\r\n          periodSeconds: 15\r\n\r\n    scaleDown:\r\n      stabilizationWindowSeconds: 300\r\n      policies:\r\n        - type: Percent\r\n          value: 50\r\n          periodSeconds: 60\r\n",
            "yaml_body_parsed": "apiVersion: autoscaling/v2\nkind: HorizontalPodAutoscaler\nmetadata:\n  labels:\n    app: web\n  name: web-hpa\n  namespace: app-space\nspec:\n  behavior:\n    scaleDown:\n      policies:\n      - periodSeconds: 60\n        type: Percent\n        value: 50\n      stabilizationWindowSeconds: 300\n    scaleUp:\n      policies:\n      - periodSeconds: 15\n        type: Percent\n        value: 100\n      - periodSeconds: 15\n        type: Pods\n        value: 4\n      selectPolicy: Max\n      stabilizationWindowSeconds: 0\n  maxReplicas: 10\n  metrics:\n  - resource:\n      name: cpu\n      target:\n        averageUtilization: 70\n        type: Utilization\n    type: Resource\n  minReplicas: 3\n  scaleTargetRef:\n    apiVersion: apps/v1\n    kind: Deployment\n    name: web\n",
            "yaml_incluster": "a511164764f49bcbd6ec28e97ae9b5026697a06afa627e6617585c475e96c39a"
          },
          "sensitive_attributes": [
            [
              {
                "type": "get_attr",
                "value": "live_manifest_incluster"
              }
            ],
            [
              {
                "type": "get_attr",
                "value": "yaml_body"
              }
            ],
            [
              {
                "type": "get_attr",
                "value": "yaml_incluster"
              }
            ]
          ],
          "identity_schema_version": 0,
          "private": "eyJlMmJmYjczMC1lY2FhLTExZTYtOGY4OC0zNDM2M2JjN2M0YzAiOnsiY3JlYXRlIjo2MDAwMDAwMDAwMDB9LCJzY2hlbWFfdmVyc2lvbiI6IjEifQ==",
          "dependencies": [
            "module.cert-manager.helm_release.cert_manager",
            "module.cert-manager.kubectl_manifest.letsencrypt_staging",
            "module.eks.aws_eks_access_entry.terraform_admin",
            "module.eks.aws_eks_access_policy_association.terraform_admin",
            "module.eks.aws_eks_addon.ebs_csi_driver",
            "module.eks.aws_eks_addon.kube-proxy",
            "module.eks.aws_eks_addon.metrics_server",
            "module.eks.aws_eks_addon.vpc_cni",
            "module.eks.aws_eks_cluster.eks_cluster",
            "module.eks.aws_eks_node_group.private_node_1",
            "module.eks.aws_eks_node_group.private_node_2",
            "module.eks.aws_iam_openid_connect_provider.eks",
            "module.eks.aws_iam_role.ebs_csi_driver",
            "module.eks.aws_iam_role.vpc_cni",
            "module.eks.aws_iam_role_policy_attachment.ebs_csi_driver_attach",
            "module.eks.aws_iam_role_policy_attachment.vpc_cni_policy",
            "module.eks.data.aws_eks_cluster.eks",
            "module.eks.data.tls_certificate.eks",
            "module.external-dns.aws_iam_role.external_dns",
            "module.external-dns.aws_iam_role_policy.external_dns_route53",
            "module.external-dns.helm_release.external_dns",
            "module.external-dns.kubectl_manifest.external_dns_namespace",
            "module.external-dns.kubernetes_service_account_v1.external_dns",
            "module.iam.aws_iam_instance_profile.nodes",
            "module.iam.aws_iam_policy.vpc_flow_logs_policy",
            "module.iam.aws_iam_role.cluster",
            "module.iam.aws_iam_role.nodes",
            "module.iam.aws_iam_role.vpc_flow_logs_role",
            "module.iam.aws_iam_role_policy_attachment.AmazonEC2ContainerRegistryReadOnly",
            "module.iam.aws_iam_role_policy_attachment.AmazonEKSWorkerNodePolicy",
            "module.iam.aws_iam_role_policy_attachment.AmazonEKS_CNI_Policy",
            "module.iam.aws_iam_role_policy_attachment.cluster_AmazonEKSClusterPolicy",
            "module.iam.aws_iam_role_policy_attachment.node_group_elb_policy",
            "module.iam.aws_iam_role_policy_attachment.vpc_flow_logs_attach",
            "module.nginx-ingress.helm_release.nginx_ingress",
            "module.vpc.aws_cloudwatch_log_group.cloud_watch_logs",
            "module.vpc.aws_eip.ngw-eip",
            "module.vpc.aws_flow_log.cloud_watch",
            "module.vpc.aws_internet_gateway.igw",
            "module.vpc.aws_kms_alias.kms_alias",
            "module.vpc.aws_kms_key.kms_key",
            "module.vpc.aws_kms_key_policy.kms_key_policy",
            "module.vpc.aws_nat_gateway.ngw",
            "module.vpc.aws_route_table.private-rt",
            "module.vpc.aws_route_table.public-rt",
            "module.vpc.aws_route_table_association.private-route-association-2a",
            "module.vpc.aws_route_table_association.private-route-association-2b",
            "module.vpc.aws_route_table_association.pub-route-association-2a",
            "module.vpc.aws_route_table_association.pub-route-association-2b",
            "module.vpc.aws_subnet.private-subnet-2a",
            "module.vpc.aws_subnet.private-subnet-2b",
            "module.vpc.aws_subnet.public-subnet-2a",
            "module.vpc.aws_subnet.public-subnet-2b",
            "module.vpc.aws_vpc.eks_vpc"
          ]
        }
      ]
    },
    {
      "module": "module.manifests",
      "mode": "managed",
      "type": "kubectl_manifest",
      "name": "rabbitmq_deployment",
      "provider": "provider[\"registry.terraform.io/gavinbunney/kubectl\"]",
      "instances": [
        {
          "schema_version": 1,
          "attributes": {
            "api_version": "apps/v1",
            "apply_only": false,
            "force_conflicts": false,
            "force_new": false,
            "id": "/apis/apps/v1/namespaces/data-space/deployments/rabbitmq",
            "ignore_fields": null,
            "kind": "Deployment",
            "live_manifest_incluster": "a5d84c25fbcea283f4ccba54a3f7397e58deea8f3caf4071e0366913156603d7",
            "live_uid": "8d74c943-f83d-4f30-8c03-82c2978fa589",
            "name": "rabbitmq",
            "namespace": "data-space",
            "override_namespace": null,
            "sensitive_fields": null,
            "server_side_apply": false,
            "timeouts": null,
            "uid": "8d74c943-f83d-4f30-8c03-82c2978fa589",
            "validate_schema": true,
            "wait": null,
            "wait_for_rollout": true,
            "yaml_body": "apiVersion: apps/v1\r\nkind: Deployment\r\nmetadata:\r\n  name: rabbitmq\r\n  namespace: data-space\r\nspec:\r\n  replicas: 1\r\n  selector:\r\n    matchLabels:\r\n      app: rabbitmq\r\n  template:\r\n    metadata:\r\n      labels:\r\n        app: rabbitmq\r\n    spec:\r\n      containers:\r\n      - name: rabbitmq\r\n        image: rabbitmq:3.8-management-alpine\r\n        ports:\r\n        - containerPort: 5672\r\n        env:\r\n          - name: RABBITMQ_DEFAULT_USER\r\n            value: guest\r\n          - name: RABBITMQ_DEFAULT_PASS\r\n            value: guest\r\n          - name: RABBITMQ_ALLOW_GUEST\r\n            value: \"true\"\r\n        resources:\r\n          requests:\r\n            cpu: \"100m\"\r\n            memory: \"128Mi\"\r\n          limits:\r\n            cpu: \"500m\"\r\n            memory: \"256Mi\"\r\n",
            "yaml_body_parsed": "apiVersion: apps/v1\nkind: Deployment\nmetadata:\n  name: rabbitmq\n  namespace: data-space\nspec:\n  replicas: 1\n  selector:\n    matchLabels:\n      app: rabbitmq\n  template:\n    metadata:\n      labels:\n        app: rabbitmq\n    spec:\n      containers:\n      - env:\n        - name: RABBITMQ_DEFAULT_USER\n          value: guest\n        - name: RABBITMQ_DEFAULT_PASS\n          value: guest\n        - name: RABBITMQ_ALLOW_GUEST\n          value: \"true\"\n        image: rabbitmq:3.8-management-alpine\n        name: rabbitmq\n        ports:\n        - containerPort: 5672\n        resources:\n          limits:\n            cpu: 500m\n            memory: 256Mi\n          requests:\n            cpu: 100m\n            memory: 128Mi\n",
            "yaml_incluster": "a5d84c25fbcea283f4ccba54a3f7397e58deea8f3caf4071e0366913156603d7"
          },
          "sensitive_attributes": [
            [
              {
                "type": "get_attr",
                "value": "live_manifest_incluster"
              }
            ],
            [
              {
                "type": "get_attr",
                "value": "yaml_body"
              }
            ],
            [
              {
                "type": "get_attr",
                "value": "yaml_incluster"
              }
            ]
          ],
          "identity_schema_version": 0,
          "private": "eyJlMmJmYjczMC1lY2FhLTExZTYtOGY4OC0zNDM2M2JjN2M0YzAiOnsiY3JlYXRlIjo2MDAwMDAwMDAwMDB9LCJzY2hlbWFfdmVyc2lvbiI6IjEifQ==",
          "dependencies": [
            "module.cert-manager.helm_release.cert_manager",
            "module.cert-manager.kubectl_manifest.letsencrypt_staging",
            "module.eks.aws_eks_access_entry.terraform_admin",
            "module.eks.aws_eks_access_policy_association.terraform_admin",
            "module.eks.aws_eks_addon.ebs_csi_driver",
            "module.eks.aws_eks_addon.kube-proxy",
            "module.eks.aws_eks_addon.metrics_server",
            "module.eks.aws_eks_addon.vpc_cni",
            "module.eks.aws_eks_cluster.eks_cluster",
            "module.eks.aws_eks_node_group.private_node_1",
            "module.eks.aws_eks_node_group.private_node_2",
            "module.eks.aws_iam_openid_connect_provider.eks",
            "module.eks.aws_iam_role.ebs_csi_driver",
            "module.eks.aws_iam_role.vpc_cni",
            "module.eks.aws_iam_role_policy_attachment.ebs_csi_driver_attach",
            "module.eks.aws_iam_role_policy_attachment.vpc_cni_policy",
            "module.eks.data.aws_eks_cluster.eks",
            "module.eks.data.tls_certificate.eks",
            "module.external-dns.aws_iam_role.external_dns",
            "module.external-dns.aws_iam_role_policy.external_dns_route53",
            "module.external-dns.helm_release.external_dns",
            "module.external-dns.kubectl_manifest.external_dns_namespace",
            "module.external-dns.kubernetes_service_account_v1.external_dns",
            "module.iam.aws_iam_instance_profile.nodes",
            "module.iam.aws_iam_policy.vpc_flow_logs_policy",
            "module.iam.aws_iam_role.cluster",
            "module.iam.aws_iam_role.nodes",
            "module.iam.aws_iam_role.vpc_flow_logs_role",
            "module.iam.aws_iam_role_policy_attachment.AmazonEC2ContainerRegistryReadOnly",
            "module.iam.aws_iam_role_policy_attachment.AmazonEKSWorkerNodePolicy",
            "module.iam.aws_iam_role_policy_attachment.AmazonEKS_CNI_Policy",
            "module.iam.aws_iam_role_policy_attachment.cluster_AmazonEKSClusterPolicy",
            "module.iam.aws_iam_role_policy_attachment.node_group_elb_policy",
            "module.iam.aws_iam_role_policy_attachment.vpc_flow_logs_attach",
            "module.manifests.kubectl_manifest.db_namespace",
            "module.manifests.kubectl_manifest.rabbitmq_service",
            "module.manifests.kubectl_manifest.resource_quota_dataspace",
            "module.nginx-ingress.helm_release.nginx_ingress",
            "module.vpc.aws_cloudwatch_log_group.cloud_watch_logs",
            "module.vpc.aws_eip.ngw-eip",
            "module.vpc.aws_flow_log.cloud_watch",
            "module.vpc.aws_internet_gateway.igw",
            "module.vpc.aws_kms_alias.kms_alias",
            "module.vpc.aws_kms_key.kms_key",
            "module.vpc.aws_kms_key_policy.kms_key_policy",
            "module.vpc.aws_nat_gateway.ngw",
            "module.vpc.aws_route_table.private-rt",
            "module.vpc.aws_route_table.public-rt",
            "module.vpc.aws_route_table_association.private-route-association-2a",
            "module.vpc.aws_route_table_association.private-route-association-2b",
            "module.vpc.aws_route_table_association.pub-route-association-2a",
            "module.vpc.aws_route_table_association.pub-route-association-2b",
            "module.vpc.aws_subnet.private-subnet-2a",
            "module.vpc.aws_subnet.private-subnet-2b",
            "module.vpc.aws_subnet.public-subnet-2a",
            "module.vpc.aws_subnet.public-subnet-2b",
            "module.vpc.aws_vpc.eks_vpc"
          ]
        }
      ]
    },
    {
      "module": "module.manifests",
      "mode": "managed",
      "type": "kubectl_manifest",
      "name": "rabbitmq_service",
      "provider": "provider[\"registry.terraform.io/gavinbunney/kubectl\"]",
      "instances": [
        {
          "schema_version": 1,
          "attributes": {
            "api_version": "v1",
            "apply_only": false,
            "force_conflicts": false,
            "force_new": false,
            "id": "/api/v1/namespaces/data-space/services/rabbitmq",
            "ignore_fields": null,
            "kind": "Service",
            "live_manifest_incluster": "342b8497591d24c432f3c7c5627af670186eb4ad0ea39c6c4e87d997868b2bc7",
            "live_uid": "e6c9ba73-8e52-4d34-a0dc-f8f033fa9c56",
            "name": "rabbitmq",
            "namespace": "data-space",
            "override_namespace": null,
            "sensitive_fields": null,
            "server_side_apply": false,
            "timeouts": null,
            "uid": "e6c9ba73-8e52-4d34-a0dc-f8f033fa9c56",
            "validate_schema": true,
            "wait": null,
            "wait_for_rollout": true,
            "yaml_body": "apiVersion: v1\r\nkind: Service\r\nmetadata:\r\n  name: rabbitmq\r\n  namespace: data-space\r\nspec:\r\n  selector:\r\n    app: rabbitmq\r\n  ports:\r\n    - name: amqp\r\n      port: 5672\r\n      targetPort: 5672\r\n",
            "yaml_body_parsed": "apiVersion: v1\nkind: Service\nmetadata:\n  name: rabbitmq\n  namespace: data-space\nspec:\n  ports:\n  - name: amqp\n    port: 5672\n    targetPort: 5672\n  selector:\n    app: rabbitmq\n",
            "yaml_incluster": "342b8497591d24c432f3c7c5627af670186eb4ad0ea39c6c4e87d997868b2bc7"
          },
          "sensitive_attributes": [
            [
              {
                "type": "get_attr",
                "value": "live_manifest_incluster"
              }
            ],
            [
              {
                "type": "get_attr",
                "value": "yaml_body"
              }
            ],
            [
              {
                "type": "get_attr",
                "value": "yaml_incluster"
              }
            ]
          ],
          "identity_schema_version": 0,
          "private": "eyJlMmJmYjczMC1lY2FhLTExZTYtOGY4OC0zNDM2M2JjN2M0YzAiOnsiY3JlYXRlIjo2MDAwMDAwMDAwMDB9LCJzY2hlbWFfdmVyc2lvbiI6IjEifQ==",
          "dependencies": [
            "module.cert-manager.helm_release.cert_manager",
            "module.cert-manager.kubectl_manifest.letsencrypt_staging",
            "module.eks.aws_eks_access_entry.terraform_admin",
            "module.eks.aws_eks_access_policy_association.terraform_admin",
            "module.eks.aws_eks_addon.ebs_csi_driver",
            "module.eks.aws_eks_addon.kube-proxy",
            "module.eks.aws_eks_addon.metrics_server",
            "module.eks.aws_eks_addon.vpc_cni",
            "module.eks.aws_eks_cluster.eks_cluster",
            "module.eks.aws_eks_node_group.private_node_1",
            "module.eks.aws_eks_node_group.private_node_2",
            "module.eks.aws_iam_openid_connect_provider.eks",
            "module.eks.aws_iam_role.ebs_csi_driver",
            "module.eks.aws_iam_role.vpc_cni",
            "module.eks.aws_iam_role_policy_attachment.ebs_csi_driver_attach",
            "module.eks.aws_iam_role_policy_attachment.vpc_cni_policy",
            "module.eks.data.aws_eks_cluster.eks",
            "module.eks.data.tls_certificate.eks",
            "module.external-dns.aws_iam_role.external_dns",
            "module.external-dns.aws_iam_role_policy.external_dns_route53",
            "module.external-dns.helm_release.external_dns",
            "module.external-dns.kubectl_manifest.external_dns_namespace",
            "module.external-dns.kubernetes_service_account_v1.external_dns",
            "module.iam.aws_iam_instance_profile.nodes",
            "module.iam.aws_iam_policy.vpc_flow_logs_policy",
            "module.iam.aws_iam_role.cluster",
            "module.iam.aws_iam_role.nodes",
            "module.iam.aws_iam_role.vpc_flow_logs_role",
            "module.iam.aws_iam_role_policy_attachment.AmazonEC2ContainerRegistryReadOnly",
            "module.iam.aws_iam_role_policy_attachment.AmazonEKSWorkerNodePolicy",
            "module.iam.aws_iam_role_policy_attachment.AmazonEKS_CNI_Policy",
            "module.iam.aws_iam_role_policy_attachment.cluster_AmazonEKSClusterPolicy",
            "module.iam.aws_iam_role_policy_attachment.node_group_elb_policy",
            "module.iam.aws_iam_role_policy_attachment.vpc_flow_logs_attach",
            "module.nginx-ingress.helm_release.nginx_ingress",
            "module.vpc.aws_cloudwatch_log_group.cloud_watch_logs",
            "module.vpc.aws_eip.ngw-eip",
            "module.vpc.aws_flow_log.cloud_watch",
            "module.vpc.aws_internet_gateway.igw",
            "module.vpc.aws_kms_alias.kms_alias",
            "module.vpc.aws_kms_key.kms_key",
            "module.vpc.aws_kms_key_policy.kms_key_policy",
            "module.vpc.aws_nat_gateway.ngw",
            "module.vpc.aws_route_table.private-rt",
            "module.vpc.aws_route_table.public-rt",
            "module.vpc.aws_route_table_association.private-route-association-2a",
            "module.vpc.aws_route_table_association.private-route-association-2b",
            "module.vpc.aws_route_table_association.pub-route-association-2a",
            "module.vpc.aws_route_table_association.pub-route-association-2b",
            "module.vpc.aws_subnet.private-subnet-2a",
            "module.vpc.aws_subnet.private-subnet-2b",
            "module.vpc.aws_subnet.public-subnet-2a",
            "module.vpc.aws_subnet.public-subnet-2b",
            "module.vpc.aws_vpc.eks_vpc"
          ]
        }
      ]
    },
    {
      "module": "module.manifests",
      "mode": "managed",
      "type": "kubectl_manifest",
      "name": "ratings_service",
      "provider": "provider[\"registry.terraform.io/gavinbunney/kubectl\"]",
      "instances": [
        {
          "schema_version": 1,
          "attributes": {
            "api_version": "v1",
            "apply_only": false,
            "force_conflicts": false,
            "force_new": false,
            "id": "/api/v1/namespaces/app-space/services/ratings",
            "ignore_fields": null,
            "kind": "Service",
            "live_manifest_incluster": "c69975375a2f782fb4b52fa47d63e3e372fa567ca6fdbf5635c1a96ccae7470f",
            "live_uid": "535f5151-2c61-493f-bc6a-710c00e440d3",
            "name": "ratings",
            "namespace": "app-space",
            "override_namespace": null,
            "sensitive_fields": null,
            "server_side_apply": false,
            "timeouts": null,
            "uid": "535f5151-2c61-493f-bc6a-710c00e440d3",
            "validate_schema": true,
            "wait": null,
            "wait_for_rollout": true,
            "yaml_body": "apiVersion: v1\r\nkind: Service\r\nmetadata:\r\n  name: ratings\r\n  namespace: app-space\r\nspec:\r\n  selector:\r\n    app: robotshop-ratings\r\n  ports:\r\n  - port: 80\r\n    targetPort: 80\r\n",
            "yaml_body_parsed": "apiVersion: v1\nkind: Service\nmetadata:\n  name: ratings\n  namespace: app-space\nspec:\n  ports:\n  - port: 80\n    targetPort: 80\n  selector:\n    app: robotshop-ratings\n",
            "yaml_incluster": "c69975375a2f782fb4b52fa47d63e3e372fa567ca6fdbf5635c1a96ccae7470f"
          },
          "sensitive_attributes": [
            [
              {
                "type": "get_attr",
                "value": "live_manifest_incluster"
              }
            ],
            [
              {
                "type": "get_attr",
                "value": "yaml_body"
              }
            ],
            [
              {
                "type": "get_attr",
                "value": "yaml_incluster"
              }
            ]
          ],
          "identity_schema_version": 0,
          "private": "eyJlMmJmYjczMC1lY2FhLTExZTYtOGY4OC0zNDM2M2JjN2M0YzAiOnsiY3JlYXRlIjo2MDAwMDAwMDAwMDB9LCJzY2hlbWFfdmVyc2lvbiI6IjEifQ==",
          "dependencies": [
            "module.cert-manager.helm_release.cert_manager",
            "module.cert-manager.kubectl_manifest.letsencrypt_staging",
            "module.eks.aws_eks_access_entry.terraform_admin",
            "module.eks.aws_eks_access_policy_association.terraform_admin",
            "module.eks.aws_eks_addon.ebs_csi_driver",
            "module.eks.aws_eks_addon.kube-proxy",
            "module.eks.aws_eks_addon.metrics_server",
            "module.eks.aws_eks_addon.vpc_cni",
            "module.eks.aws_eks_cluster.eks_cluster",
            "module.eks.aws_eks_node_group.private_node_1",
            "module.eks.aws_eks_node_group.private_node_2",
            "module.eks.aws_iam_openid_connect_provider.eks",
            "module.eks.aws_iam_role.ebs_csi_driver",
            "module.eks.aws_iam_role.vpc_cni",
            "module.eks.aws_iam_role_policy_attachment.ebs_csi_driver_attach",
            "module.eks.aws_iam_role_policy_attachment.vpc_cni_policy",
            "module.eks.data.aws_eks_cluster.eks",
            "module.eks.data.tls_certificate.eks",
            "module.external-dns.aws_iam_role.external_dns",
            "module.external-dns.aws_iam_role_policy.external_dns_route53",
            "module.external-dns.helm_release.external_dns",
            "module.external-dns.kubectl_manifest.external_dns_namespace",
            "module.external-dns.kubernetes_service_account_v1.external_dns",
            "module.iam.aws_iam_instance_profile.nodes",
            "module.iam.aws_iam_policy.vpc_flow_logs_policy",
            "module.iam.aws_iam_role.cluster",
            "module.iam.aws_iam_role.nodes",
            "module.iam.aws_iam_role.vpc_flow_logs_role",
            "module.iam.aws_iam_role_policy_attachment.AmazonEC2ContainerRegistryReadOnly",
            "module.iam.aws_iam_role_policy_attachment.AmazonEKSWorkerNodePolicy",
            "module.iam.aws_iam_role_policy_attachment.AmazonEKS_CNI_Policy",
            "module.iam.aws_iam_role_policy_attachment.cluster_AmazonEKSClusterPolicy",
            "module.iam.aws_iam_role_policy_attachment.node_group_elb_policy",
            "module.iam.aws_iam_role_policy_attachment.vpc_flow_logs_attach",
            "module.manifests.kubectl_manifest.apps_namespace",
            "module.nginx-ingress.helm_release.nginx_ingress",
            "module.vpc.aws_cloudwatch_log_group.cloud_watch_logs",
            "module.vpc.aws_eip.ngw-eip",
            "module.vpc.aws_flow_log.cloud_watch",
            "module.vpc.aws_internet_gateway.igw",
            "module.vpc.aws_kms_alias.kms_alias",
            "module.vpc.aws_kms_key.kms_key",
            "module.vpc.aws_kms_key_policy.kms_key_policy",
            "module.vpc.aws_nat_gateway.ngw",
            "module.vpc.aws_route_table.private-rt",
            "module.vpc.aws_route_table.public-rt",
            "module.vpc.aws_route_table_association.private-route-association-2a",
            "module.vpc.aws_route_table_association.private-route-association-2b",
            "module.vpc.aws_route_table_association.pub-route-association-2a",
            "module.vpc.aws_route_table_association.pub-route-association-2b",
            "module.vpc.aws_subnet.private-subnet-2a",
            "module.vpc.aws_subnet.private-subnet-2b",
            "module.vpc.aws_subnet.public-subnet-2a",
            "module.vpc.aws_subnet.public-subnet-2b",
            "module.vpc.aws_vpc.eks_vpc"
          ]
        }
      ]
    },
    {
      "module": "module.manifests",
      "mode": "managed",
      "type": "kubectl_manifest",
      "name": "redis_configmap",
      "provider": "provider[\"registry.terraform.io/gavinbunney/kubectl\"]",
      "instances": [
        {
          "schema_version": 1,
          "attributes": {
            "api_version": "v1",
            "apply_only": false,
            "force_conflicts": false,
            "force_new": false,
            "id": "/api/v1/namespaces/data-space/configmaps/redis-config",
            "ignore_fields": null,
            "kind": "ConfigMap",
            "live_manifest_incluster": "84e0220dc2d73f69101de55dcadd6ef496094741545779fbf69ddc53d15e6c5f",
            "live_uid": "11376c4c-5d2d-49c5-9945-78e7480bbd37",
            "name": "redis-config",
            "namespace": "data-space",
            "override_namespace": null,
            "sensitive_fields": null,
            "server_side_apply": false,
            "timeouts": null,
            "uid": "11376c4c-5d2d-49c5-9945-78e7480bbd37",
            "validate_schema": true,
            "wait": null,
            "wait_for_rollout": true,
            "yaml_body": "apiVersion: v1\r\nkind: ConfigMap\r\nmetadata:\r\n  name: redis-config\r\n  namespace: data-space \r\n  \r\ndata:\r\n  redis.conf: |\r\n    appendonly yes\r\n    appendfsync everysec\r\n",
            "yaml_body_parsed": "apiVersion: v1\ndata:\n  redis.conf: |\n    appendonly yes\n    appendfsync everysec\nkind: ConfigMap\nmetadata:\n  name: redis-config\n  namespace: data-space\n",
            "yaml_incluster": "84e0220dc2d73f69101de55dcadd6ef496094741545779fbf69ddc53d15e6c5f"
          },
          "sensitive_attributes": [
            [
              {
                "type": "get_attr",
                "value": "live_manifest_incluster"
              }
            ],
            [
              {
                "type": "get_attr",
                "value": "yaml_body"
              }
            ],
            [
              {
                "type": "get_attr",
                "value": "yaml_incluster"
              }
            ]
          ],
          "identity_schema_version": 0,
          "private": "eyJlMmJmYjczMC1lY2FhLTExZTYtOGY4OC0zNDM2M2JjN2M0YzAiOnsiY3JlYXRlIjo2MDAwMDAwMDAwMDB9LCJzY2hlbWFfdmVyc2lvbiI6IjEifQ==",
          "dependencies": [
            "module.cert-manager.helm_release.cert_manager",
            "module.cert-manager.kubectl_manifest.letsencrypt_staging",
            "module.eks.aws_eks_access_entry.terraform_admin",
            "module.eks.aws_eks_access_policy_association.terraform_admin",
            "module.eks.aws_eks_addon.ebs_csi_driver",
            "module.eks.aws_eks_addon.kube-proxy",
            "module.eks.aws_eks_addon.metrics_server",
            "module.eks.aws_eks_addon.vpc_cni",
            "module.eks.aws_eks_cluster.eks_cluster",
            "module.eks.aws_eks_node_group.private_node_1",
            "module.eks.aws_eks_node_group.private_node_2",
            "module.eks.aws_iam_openid_connect_provider.eks",
            "module.eks.aws_iam_role.ebs_csi_driver",
            "module.eks.aws_iam_role.vpc_cni",
            "module.eks.aws_iam_role_policy_attachment.ebs_csi_driver_attach",
            "module.eks.aws_iam_role_policy_attachment.vpc_cni_policy",
            "module.eks.data.aws_eks_cluster.eks",
            "module.eks.data.tls_certificate.eks",
            "module.external-dns.aws_iam_role.external_dns",
            "module.external-dns.aws_iam_role_policy.external_dns_route53",
            "module.external-dns.helm_release.external_dns",
            "module.external-dns.kubectl_manifest.external_dns_namespace",
            "module.external-dns.kubernetes_service_account_v1.external_dns",
            "module.iam.aws_iam_instance_profile.nodes",
            "module.iam.aws_iam_policy.vpc_flow_logs_policy",
            "module.iam.aws_iam_role.cluster",
            "module.iam.aws_iam_role.nodes",
            "module.iam.aws_iam_role.vpc_flow_logs_role",
            "module.iam.aws_iam_role_policy_attachment.AmazonEC2ContainerRegistryReadOnly",
            "module.iam.aws_iam_role_policy_attachment.AmazonEKSWorkerNodePolicy",
            "module.iam.aws_iam_role_policy_attachment.AmazonEKS_CNI_Policy",
            "module.iam.aws_iam_role_policy_attachment.cluster_AmazonEKSClusterPolicy",
            "module.iam.aws_iam_role_policy_attachment.node_group_elb_policy",
            "module.iam.aws_iam_role_policy_attachment.vpc_flow_logs_attach",
            "module.manifests.kubectl_manifest.db_namespace",
            "module.nginx-ingress.helm_release.nginx_ingress",
            "module.vpc.aws_cloudwatch_log_group.cloud_watch_logs",
            "module.vpc.aws_eip.ngw-eip",
            "module.vpc.aws_flow_log.cloud_watch",
            "module.vpc.aws_internet_gateway.igw",
            "module.vpc.aws_kms_alias.kms_alias",
            "module.vpc.aws_kms_key.kms_key",
            "module.vpc.aws_kms_key_policy.kms_key_policy",
            "module.vpc.aws_nat_gateway.ngw",
            "module.vpc.aws_route_table.private-rt",
            "module.vpc.aws_route_table.public-rt",
            "module.vpc.aws_route_table_association.private-route-association-2a",
            "module.vpc.aws_route_table_association.private-route-association-2b",
            "module.vpc.aws_route_table_association.pub-route-association-2a",
            "module.vpc.aws_route_table_association.pub-route-association-2b",
            "module.vpc.aws_subnet.private-subnet-2a",
            "module.vpc.aws_subnet.private-subnet-2b",
            "module.vpc.aws_subnet.public-subnet-2a",
            "module.vpc.aws_subnet.public-subnet-2b",
            "module.vpc.aws_vpc.eks_vpc"
          ]
        }
      ]
    },
    {
      "module": "module.manifests",
      "mode": "managed",
      "type": "kubectl_manifest",
      "name": "redis_service",
      "provider": "provider[\"registry.terraform.io/gavinbunney/kubectl\"]",
      "instances": [
        {
          "schema_version": 1,
          "attributes": {
            "api_version": "v1",
            "apply_only": false,
            "force_conflicts": false,
            "force_new": false,
            "id": "/api/v1/namespaces/data-space/services/redis",
            "ignore_fields": null,
            "kind": "Service",
            "live_manifest_incluster": "af24a8da862c6d8b9c56a573c5f7f90fb59343f0b94bce906f4fdc2a847427ed",
            "live_uid": "cdc90cb7-0569-4f2f-8908-2ed46ae6bd19",
            "name": "redis",
            "namespace": "data-space",
            "override_namespace": null,
            "sensitive_fields": null,
            "server_side_apply": false,
            "timeouts": null,
            "uid": "cdc90cb7-0569-4f2f-8908-2ed46ae6bd19",
            "validate_schema": true,
            "wait": null,
            "wait_for_rollout": true,
            "yaml_body": "apiVersion: v1\r\nkind: Service\r\nmetadata:\r\n  name: redis\r\n  namespace: data-space\r\nspec:\r\n  type: ClusterIP\r\n  selector:\r\n    app: redis\r\n  ports:\r\n  - port: 6379\r\n    targetPort: 6379\r\n",
            "yaml_body_parsed": "apiVersion: v1\nkind: Service\nmetadata:\n  name: redis\n  namespace: data-space\nspec:\n  ports:\n  - port: 6379\n    targetPort: 6379\n  selector:\n    app: redis\n  type: ClusterIP\n",
            "yaml_incluster": "af24a8da862c6d8b9c56a573c5f7f90fb59343f0b94bce906f4fdc2a847427ed"
          },
          "sensitive_attributes": [
            [
              {
                "type": "get_attr",
                "value": "live_manifest_incluster"
              }
            ],
            [
              {
                "type": "get_attr",
                "value": "yaml_body"
              }
            ],
            [
              {
                "type": "get_attr",
                "value": "yaml_incluster"
              }
            ]
          ],
          "identity_schema_version": 0,
          "private": "eyJlMmJmYjczMC1lY2FhLTExZTYtOGY4OC0zNDM2M2JjN2M0YzAiOnsiY3JlYXRlIjo2MDAwMDAwMDAwMDB9LCJzY2hlbWFfdmVyc2lvbiI6IjEifQ==",
          "dependencies": [
            "module.cert-manager.helm_release.cert_manager",
            "module.cert-manager.kubectl_manifest.letsencrypt_staging",
            "module.eks.aws_eks_access_entry.terraform_admin",
            "module.eks.aws_eks_access_policy_association.terraform_admin",
            "module.eks.aws_eks_addon.ebs_csi_driver",
            "module.eks.aws_eks_addon.kube-proxy",
            "module.eks.aws_eks_addon.metrics_server",
            "module.eks.aws_eks_addon.vpc_cni",
            "module.eks.aws_eks_cluster.eks_cluster",
            "module.eks.aws_eks_node_group.private_node_1",
            "module.eks.aws_eks_node_group.private_node_2",
            "module.eks.aws_iam_openid_connect_provider.eks",
            "module.eks.aws_iam_role.ebs_csi_driver",
            "module.eks.aws_iam_role.vpc_cni",
            "module.eks.aws_iam_role_policy_attachment.ebs_csi_driver_attach",
            "module.eks.aws_iam_role_policy_attachment.vpc_cni_policy",
            "module.eks.data.aws_eks_cluster.eks",
            "module.eks.data.tls_certificate.eks",
            "module.external-dns.aws_iam_role.external_dns",
            "module.external-dns.aws_iam_role_policy.external_dns_route53",
            "module.external-dns.helm_release.external_dns",
            "module.external-dns.kubectl_manifest.external_dns_namespace",
            "module.external-dns.kubernetes_service_account_v1.external_dns",
            "module.iam.aws_iam_instance_profile.nodes",
            "module.iam.aws_iam_policy.vpc_flow_logs_policy",
            "module.iam.aws_iam_role.cluster",
            "module.iam.aws_iam_role.nodes",
            "module.iam.aws_iam_role.vpc_flow_logs_role",
            "module.iam.aws_iam_role_policy_attachment.AmazonEC2ContainerRegistryReadOnly",
            "module.iam.aws_iam_role_policy_attachment.AmazonEKSWorkerNodePolicy",
            "module.iam.aws_iam_role_policy_attachment.AmazonEKS_CNI_Policy",
            "module.iam.aws_iam_role_policy_attachment.cluster_AmazonEKSClusterPolicy",
            "module.iam.aws_iam_role_policy_attachment.node_group_elb_policy",
            "module.iam.aws_iam_role_policy_attachment.vpc_flow_logs_attach",
            "module.manifests.kubectl_manifest.db_namespace",
            "module.nginx-ingress.helm_release.nginx_ingress",
            "module.vpc.aws_cloudwatch_log_group.cloud_watch_logs",
            "module.vpc.aws_eip.ngw-eip",
            "module.vpc.aws_flow_log.cloud_watch",
            "module.vpc.aws_internet_gateway.igw",
            "module.vpc.aws_kms_alias.kms_alias",
            "module.vpc.aws_kms_key.kms_key",
            "module.vpc.aws_kms_key_policy.kms_key_policy",
            "module.vpc.aws_nat_gateway.ngw",
            "module.vpc.aws_route_table.private-rt",
            "module.vpc.aws_route_table.public-rt",
            "module.vpc.aws_route_table_association.private-route-association-2a",
            "module.vpc.aws_route_table_association.private-route-association-2b",
            "module.vpc.aws_route_table_association.pub-route-association-2a",
            "module.vpc.aws_route_table_association.pub-route-association-2b",
            "module.vpc.aws_subnet.private-subnet-2a",
            "module.vpc.aws_subnet.private-subnet-2b",
            "module.vpc.aws_subnet.public-subnet-2a",
            "module.vpc.aws_subnet.public-subnet-2b",
            "module.vpc.aws_vpc.eks_vpc"
          ]
        }
      ]
    },
    {
      "module": "module.manifests",
      "mode": "managed",
      "type": "kubectl_manifest",
      "name": "redis_statefulset",
      "provider": "provider[\"registry.terraform.io/gavinbunney/kubectl\"]",
      "instances": [
        {
          "schema_version": 1,
          "attributes": {
            "api_version": "apps/v1",
            "apply_only": false,
            "force_conflicts": false,
            "force_new": false,
            "id": "/apis/apps/v1/namespaces/data-space/statefulsets/redis",
            "ignore_fields": null,
            "kind": "StatefulSet",
            "live_manifest_incluster": "30e424f2153e4eaac56d190501a57699e8429eb5c309cf9a1d845f9a6b209168",
            "live_uid": "b7bee674-82bf-43ed-9dc4-a65c4a2d40e6",
            "name": "redis",
            "namespace": "data-space",
            "override_namespace": null,
            "sensitive_fields": null,
            "server_side_apply": false,
            "timeouts": null,
            "uid": "b7bee674-82bf-43ed-9dc4-a65c4a2d40e6",
            "validate_schema": true,
            "wait": null,
            "wait_for_rollout": true,
            "yaml_body": "apiVersion: apps/v1\r\nkind: StatefulSet\r\nmetadata:\r\n  name: redis\r\n  namespace: data-space\r\nspec:\r\n  serviceName: redis\r\n  replicas: 1\r\n  selector:\r\n    matchLabels:\r\n      app: redis\r\n  template:\r\n    metadata:\r\n      labels:\r\n        app: redis\r\n    spec:\r\n      affinity:\r\n        nodeAffinity:\r\n          requiredDuringSchedulingIgnoredDuringExecution:\r\n            nodeSelectorTerms:\r\n            - matchExpressions:\r\n              - key: workload\r\n                operator: In\r\n                values:\r\n                - database\r\n      containers:\r\n      - name: redis\r\n        image: redis:6.2-alpine\r\n        resources:\r\n          requests:\r\n            cpu: \"100m\"\r\n            memory: \"256Mi\"\r\n          limits:\r\n            cpu: \"500m\"\r\n            memory: \"512Mi\"\r\n        volumeMounts:\r\n        - name: redis-data\r\n          mountPath: /data\r\n  volumeClaimTemplates:\r\n  - metadata:\r\n      name: redis-data\r\n    spec:\r\n      accessModes:\r\n      - ReadWriteOnce\r\n      storageClassName: redis-gp3\r\n      resources:\r\n        requests:\r\n          storage: 10Gi\r\n",
            "yaml_body_parsed": "apiVersion: apps/v1\nkind: StatefulSet\nmetadata:\n  name: redis\n  namespace: data-space\nspec:\n  replicas: 1\n  selector:\n    matchLabels:\n      app: redis\n  serviceName: redis\n  template:\n    metadata:\n      labels:\n        app: redis\n    spec:\n      affinity:\n        nodeAffinity:\n          requiredDuringSchedulingIgnoredDuringExecution:\n            nodeSelectorTerms:\n            - matchExpressions:\n              - key: workload\n                operator: In\n                values:\n                - database\n      containers:\n      - image: redis:6.2-alpine\n        name: redis\n        resources:\n          limits:\n            cpu: 500m\n            memory: 512Mi\n          requests:\n            cpu: 100m\n            memory: 256Mi\n        volumeMounts:\n        - mountPath: /data\n          name: redis-data\n  volumeClaimTemplates:\n  - metadata:\n      name: redis-data\n    spec:\n      accessModes:\n      - ReadWriteOnce\n      resources:\n        requests:\n          storage: 10Gi\n      storageClassName: redis-gp3\n",
            "yaml_incluster": "30e424f2153e4eaac56d190501a57699e8429eb5c309cf9a1d845f9a6b209168"
          },
          "sensitive_attributes": [
            [
              {
                "type": "get_attr",
                "value": "live_manifest_incluster"
              }
            ],
            [
              {
                "type": "get_attr",
                "value": "yaml_body"
              }
            ],
            [
              {
                "type": "get_attr",
                "value": "yaml_incluster"
              }
            ]
          ],
          "identity_schema_version": 0,
          "private": "eyJlMmJmYjczMC1lY2FhLTExZTYtOGY4OC0zNDM2M2JjN2M0YzAiOnsiY3JlYXRlIjo2MDAwMDAwMDAwMDB9LCJzY2hlbWFfdmVyc2lvbiI6IjEifQ==",
          "dependencies": [
            "module.cert-manager.helm_release.cert_manager",
            "module.cert-manager.kubectl_manifest.letsencrypt_staging",
            "module.eks.aws_eks_access_entry.terraform_admin",
            "module.eks.aws_eks_access_policy_association.terraform_admin",
            "module.eks.aws_eks_addon.ebs_csi_driver",
            "module.eks.aws_eks_addon.kube-proxy",
            "module.eks.aws_eks_addon.metrics_server",
            "module.eks.aws_eks_addon.vpc_cni",
            "module.eks.aws_eks_cluster.eks_cluster",
            "module.eks.aws_eks_node_group.private_node_1",
            "module.eks.aws_eks_node_group.private_node_2",
            "module.eks.aws_iam_openid_connect_provider.eks",
            "module.eks.aws_iam_role.ebs_csi_driver",
            "module.eks.aws_iam_role.vpc_cni",
            "module.eks.aws_iam_role_policy_attachment.ebs_csi_driver_attach",
            "module.eks.aws_iam_role_policy_attachment.vpc_cni_policy",
            "module.eks.data.aws_eks_cluster.eks",
            "module.eks.data.tls_certificate.eks",
            "module.external-dns.aws_iam_role.external_dns",
            "module.external-dns.aws_iam_role_policy.external_dns_route53",
            "module.external-dns.helm_release.external_dns",
            "module.external-dns.kubectl_manifest.external_dns_namespace",
            "module.external-dns.kubernetes_service_account_v1.external_dns",
            "module.iam.aws_iam_instance_profile.nodes",
            "module.iam.aws_iam_policy.vpc_flow_logs_policy",
            "module.iam.aws_iam_role.cluster",
            "module.iam.aws_iam_role.nodes",
            "module.iam.aws_iam_role.vpc_flow_logs_role",
            "module.iam.aws_iam_role_policy_attachment.AmazonEC2ContainerRegistryReadOnly",
            "module.iam.aws_iam_role_policy_attachment.AmazonEKSWorkerNodePolicy",
            "module.iam.aws_iam_role_policy_attachment.AmazonEKS_CNI_Policy",
            "module.iam.aws_iam_role_policy_attachment.cluster_AmazonEKSClusterPolicy",
            "module.iam.aws_iam_role_policy_attachment.node_group_elb_policy",
            "module.iam.aws_iam_role_policy_attachment.vpc_flow_logs_attach",
            "module.manifests.kubectl_manifest.db_namespace",
            "module.manifests.kubectl_manifest.redis_configmap",
            "module.manifests.kubectl_manifest.redis_service",
            "module.manifests.kubectl_manifest.resource_quota_dataspace",
            "module.manifests.kubectl_manifest.storageclass_redis",
            "module.nginx-ingress.helm_release.nginx_ingress",
            "module.vpc.aws_cloudwatch_log_group.cloud_watch_logs",
            "module.vpc.aws_eip.ngw-eip",
            "module.vpc.aws_flow_log.cloud_watch",
            "module.vpc.aws_internet_gateway.igw",
            "module.vpc.aws_kms_alias.kms_alias",
            "module.vpc.aws_kms_key.kms_key",
            "module.vpc.aws_kms_key_policy.kms_key_policy",
            "module.vpc.aws_nat_gateway.ngw",
            "module.vpc.aws_route_table.private-rt",
            "module.vpc.aws_route_table.public-rt",
            "module.vpc.aws_route_table_association.private-route-association-2a",
            "module.vpc.aws_route_table_association.private-route-association-2b",
            "module.vpc.aws_route_table_association.pub-route-association-2a",
            "module.vpc.aws_route_table_association.pub-route-association-2b",
            "module.vpc.aws_subnet.private-subnet-2a",
            "module.vpc.aws_subnet.private-subnet-2b",
            "module.vpc.aws_subnet.public-subnet-2a",
            "module.vpc.aws_subnet.public-subnet-2b",
            "module.vpc.aws_vpc.eks_vpc"
          ]
        }
      ]
    },
    {
      "module": "module.manifests",
      "mode": "managed",
      "type": "kubectl_manifest",
      "name": "resource_quota_appspace",
      "provider": "provider[\"registry.terraform.io/gavinbunney/kubectl\"]",
      "instances": [
        {
          "schema_version": 1,
          "attributes": {
            "api_version": "v1",
            "apply_only": false,
            "force_conflicts": false,
            "force_new": false,
            "id": "/api/v1/namespaces/app-space/resourcequotas/app-quota",
            "ignore_fields": null,
            "kind": "ResourceQuota",
            "live_manifest_incluster": "67f526de28f8bb73841daa6f3b1dd9bb7e525ae6f8166d856159a83cd009438c",
            "live_uid": "046fe24a-65ff-4707-9f30-f29ca2eafa5f",
            "name": "app-quota",
            "namespace": "app-space",
            "override_namespace": null,
            "sensitive_fields": null,
            "server_side_apply": false,
            "timeouts": null,
            "uid": "046fe24a-65ff-4707-9f30-f29ca2eafa5f",
            "validate_schema": true,
            "wait": null,
            "wait_for_rollout": true,
            "yaml_body": "apiVersion: v1\r\nkind: ResourceQuota\r\nmetadata:\r\n  name: app-quota\r\n  namespace: app-space\r\nspec:\r\n  hard:\r\n    requests.cpu: \"4\"\r\n    requests.memory: \"4Gi\"\r\n    limits.cpu: \"8\"\r\n    limits.memory: \"8Gi\"\r\n    pods: \"30\"\r\n",
            "yaml_body_parsed": "apiVersion: v1\nkind: ResourceQuota\nmetadata:\n  name: app-quota\n  namespace: app-space\nspec:\n  hard:\n    limits.cpu: \"8\"\n    limits.memory: 8Gi\n    pods: \"30\"\n    requests.cpu: \"4\"\n    requests.memory: 4Gi\n",
            "yaml_incluster": "67f526de28f8bb73841daa6f3b1dd9bb7e525ae6f8166d856159a83cd009438c"
          },
          "sensitive_attributes": [
            [
              {
                "type": "get_attr",
                "value": "live_manifest_incluster"
              }
            ],
            [
              {
                "type": "get_attr",
                "value": "yaml_body"
              }
            ],
            [
              {
                "type": "get_attr",
                "value": "yaml_incluster"
              }
            ]
          ],
          "identity_schema_version": 0,
          "private": "eyJlMmJmYjczMC1lY2FhLTExZTYtOGY4OC0zNDM2M2JjN2M0YzAiOnsiY3JlYXRlIjo2MDAwMDAwMDAwMDB9LCJzY2hlbWFfdmVyc2lvbiI6IjEifQ==",
          "dependencies": [
            "module.cert-manager.helm_release.cert_manager",
            "module.cert-manager.kubectl_manifest.letsencrypt_staging",
            "module.eks.aws_eks_access_entry.terraform_admin",
            "module.eks.aws_eks_access_policy_association.terraform_admin",
            "module.eks.aws_eks_addon.ebs_csi_driver",
            "module.eks.aws_eks_addon.kube-proxy",
            "module.eks.aws_eks_addon.metrics_server",
            "module.eks.aws_eks_addon.vpc_cni",
            "module.eks.aws_eks_cluster.eks_cluster",
            "module.eks.aws_eks_node_group.private_node_1",
            "module.eks.aws_eks_node_group.private_node_2",
            "module.eks.aws_iam_openid_connect_provider.eks",
            "module.eks.aws_iam_role.ebs_csi_driver",
            "module.eks.aws_iam_role.vpc_cni",
            "module.eks.aws_iam_role_policy_attachment.ebs_csi_driver_attach",
            "module.eks.aws_iam_role_policy_attachment.vpc_cni_policy",
            "module.eks.data.aws_eks_cluster.eks",
            "module.eks.data.tls_certificate.eks",
            "module.external-dns.aws_iam_role.external_dns",
            "module.external-dns.aws_iam_role_policy.external_dns_route53",
            "module.external-dns.helm_release.external_dns",
            "module.external-dns.kubectl_manifest.external_dns_namespace",
            "module.external-dns.kubernetes_service_account_v1.external_dns",
            "module.iam.aws_iam_instance_profile.nodes",
            "module.iam.aws_iam_policy.vpc_flow_logs_policy",
            "module.iam.aws_iam_role.cluster",
            "module.iam.aws_iam_role.nodes",
            "module.iam.aws_iam_role.vpc_flow_logs_role",
            "module.iam.aws_iam_role_policy_attachment.AmazonEC2ContainerRegistryReadOnly",
            "module.iam.aws_iam_role_policy_attachment.AmazonEKSWorkerNodePolicy",
            "module.iam.aws_iam_role_policy_attachment.AmazonEKS_CNI_Policy",
            "module.iam.aws_iam_role_policy_attachment.cluster_AmazonEKSClusterPolicy",
            "module.iam.aws_iam_role_policy_attachment.node_group_elb_policy",
            "module.iam.aws_iam_role_policy_attachment.vpc_flow_logs_attach",
            "module.manifests.kubectl_manifest.apps_namespace",
            "module.nginx-ingress.helm_release.nginx_ingress",
            "module.vpc.aws_cloudwatch_log_group.cloud_watch_logs",
            "module.vpc.aws_eip.ngw-eip",
            "module.vpc.aws_flow_log.cloud_watch",
            "module.vpc.aws_internet_gateway.igw",
            "module.vpc.aws_kms_alias.kms_alias",
            "module.vpc.aws_kms_key.kms_key",
            "module.vpc.aws_kms_key_policy.kms_key_policy",
            "module.vpc.aws_nat_gateway.ngw",
            "module.vpc.aws_route_table.private-rt",
            "module.vpc.aws_route_table.public-rt",
            "module.vpc.aws_route_table_association.private-route-association-2a",
            "module.vpc.aws_route_table_association.private-route-association-2b",
            "module.vpc.aws_route_table_association.pub-route-association-2a",
            "module.vpc.aws_route_table_association.pub-route-association-2b",
            "module.vpc.aws_subnet.private-subnet-2a",
            "module.vpc.aws_subnet.private-subnet-2b",
            "module.vpc.aws_subnet.public-subnet-2a",
            "module.vpc.aws_subnet.public-subnet-2b",
            "module.vpc.aws_vpc.eks_vpc"
          ]
        }
      ]
    },
    {
      "module": "module.manifests",
      "mode": "managed",
      "type": "kubectl_manifest",
      "name": "resource_quota_dataspace",
      "provider": "provider[\"registry.terraform.io/gavinbunney/kubectl\"]",
      "instances": [
        {
          "schema_version": 1,
          "attributes": {
            "api_version": "v1",
            "apply_only": false,
            "force_conflicts": false,
            "force_new": false,
            "id": "/api/v1/namespaces/data-space/resourcequotas/data-quota",
            "ignore_fields": null,
            "kind": "ResourceQuota",
            "live_manifest_incluster": "fafba89d776121ee36686e3a600c9d3c77483f23491a4ea91c98f3073f7e157e",
            "live_uid": "70ec5d10-4d7d-4934-9f66-cf8449b44584",
            "name": "data-quota",
            "namespace": "data-space",
            "override_namespace": null,
            "sensitive_fields": null,
            "server_side_apply": false,
            "timeouts": null,
            "uid": "70ec5d10-4d7d-4934-9f66-cf8449b44584",
            "validate_schema": true,
            "wait": null,
            "wait_for_rollout": true,
            "yaml_body": "apiVersion: v1\r\nkind: ResourceQuota\r\nmetadata:\r\n  name: data-quota\r\n  namespace: data-space\r\nspec:\r\n  hard:\r\n    requests.cpu: \"4\"\r\n    requests.memory: \"8Gi\"\r\n    limits.cpu: \"8\"\r\n    limits.memory: \"16Gi\"\r\n    pods: \"15\"\r\n",
            "yaml_body_parsed": "apiVersion: v1\nkind: ResourceQuota\nmetadata:\n  name: data-quota\n  namespace: data-space\nspec:\n  hard:\n    limits.cpu: \"8\"\n    limits.memory: 16Gi\n    pods: \"15\"\n    requests.cpu: \"4\"\n    requests.memory: 8Gi\n",
            "yaml_incluster": "fafba89d776121ee36686e3a600c9d3c77483f23491a4ea91c98f3073f7e157e"
          },
          "sensitive_attributes": [
            [
              {
                "type": "get_attr",
                "value": "live_manifest_incluster"
              }
            ],
            [
              {
                "type": "get_attr",
                "value": "yaml_body"
              }
            ],
            [
              {
                "type": "get_attr",
                "value": "yaml_incluster"
              }
            ]
          ],
          "identity_schema_version": 0,
          "private": "eyJlMmJmYjczMC1lY2FhLTExZTYtOGY4OC0zNDM2M2JjN2M0YzAiOnsiY3JlYXRlIjo2MDAwMDAwMDAwMDB9LCJzY2hlbWFfdmVyc2lvbiI6IjEifQ==",
          "dependencies": [
            "module.cert-manager.helm_release.cert_manager",
            "module.cert-manager.kubectl_manifest.letsencrypt_staging",
            "module.eks.aws_eks_access_entry.terraform_admin",
            "module.eks.aws_eks_access_policy_association.terraform_admin",
            "module.eks.aws_eks_addon.ebs_csi_driver",
            "module.eks.aws_eks_addon.kube-proxy",
            "module.eks.aws_eks_addon.metrics_server",
            "module.eks.aws_eks_addon.vpc_cni",
            "module.eks.aws_eks_cluster.eks_cluster",
            "module.eks.aws_eks_node_group.private_node_1",
            "module.eks.aws_eks_node_group.private_node_2",
            "module.eks.aws_iam_openid_connect_provider.eks",
            "module.eks.aws_iam_role.ebs_csi_driver",
            "module.eks.aws_iam_role.vpc_cni",
            "module.eks.aws_iam_role_policy_attachment.ebs_csi_driver_attach",
            "module.eks.aws_iam_role_policy_attachment.vpc_cni_policy",
            "module.eks.data.aws_eks_cluster.eks",
            "module.eks.data.tls_certificate.eks",
            "module.external-dns.aws_iam_role.external_dns",
            "module.external-dns.aws_iam_role_policy.external_dns_route53",
            "module.external-dns.helm_release.external_dns",
            "module.external-dns.kubectl_manifest.external_dns_namespace",
            "module.external-dns.kubernetes_service_account_v1.external_dns",
            "module.iam.aws_iam_instance_profile.nodes",
            "module.iam.aws_iam_policy.vpc_flow_logs_policy",
            "module.iam.aws_iam_role.cluster",
            "module.iam.aws_iam_role.nodes",
            "module.iam.aws_iam_role.vpc_flow_logs_role",
            "module.iam.aws_iam_role_policy_attachment.AmazonEC2ContainerRegistryReadOnly",
            "module.iam.aws_iam_role_policy_attachment.AmazonEKSWorkerNodePolicy",
            "module.iam.aws_iam_role_policy_attachment.AmazonEKS_CNI_Policy",
            "module.iam.aws_iam_role_policy_attachment.cluster_AmazonEKSClusterPolicy",
            "module.iam.aws_iam_role_policy_attachment.node_group_elb_policy",
            "module.iam.aws_iam_role_policy_attachment.vpc_flow_logs_attach",
            "module.manifests.kubectl_manifest.db_namespace",
            "module.nginx-ingress.helm_release.nginx_ingress",
            "module.vpc.aws_cloudwatch_log_group.cloud_watch_logs",
            "module.vpc.aws_eip.ngw-eip",
            "module.vpc.aws_flow_log.cloud_watch",
            "module.vpc.aws_internet_gateway.igw",
            "module.vpc.aws_kms_alias.kms_alias",
            "module.vpc.aws_kms_key.kms_key",
            "module.vpc.aws_kms_key_policy.kms_key_policy",
            "module.vpc.aws_nat_gateway.ngw",
            "module.vpc.aws_route_table.private-rt",
            "module.vpc.aws_route_table.public-rt",
            "module.vpc.aws_route_table_association.private-route-association-2a",
            "module.vpc.aws_route_table_association.private-route-association-2b",
            "module.vpc.aws_route_table_association.pub-route-association-2a",
            "module.vpc.aws_route_table_association.pub-route-association-2b",
            "module.vpc.aws_subnet.private-subnet-2a",
            "module.vpc.aws_subnet.private-subnet-2b",
            "module.vpc.aws_subnet.public-subnet-2a",
            "module.vpc.aws_subnet.public-subnet-2b",
            "module.vpc.aws_vpc.eks_vpc"
          ]
        }
      ]
    },
    {
      "module": "module.manifests",
      "mode": "managed",
      "type": "kubectl_manifest",
      "name": "robotshop_config",
      "provider": "provider[\"registry.terraform.io/gavinbunney/kubectl\"]",
      "instances": [
        {
          "schema_version": 1,
          "attributes": {
            "api_version": "v1",
            "apply_only": false,
            "force_conflicts": false,
            "force_new": false,
            "id": "/api/v1/namespaces/app-space/configmaps/web-nginx-config",
            "ignore_fields": null,
            "kind": "ConfigMap",
            "live_manifest_incluster": "9480373c3e0a62e3d3749b32029b6e89b5e40e03b2cf9e9439b63f99333de64c",
            "live_uid": "08130e31-ea6a-4520-a0d6-794659dd97bd",
            "name": "web-nginx-config",
            "namespace": "app-space",
            "override_namespace": null,
            "sensitive_fields": null,
            "server_side_apply": false,
            "timeouts": null,
            "uid": "08130e31-ea6a-4520-a0d6-794659dd97bd",
            "validate_schema": true,
            "wait": null,
            "wait_for_rollout": true,
            "yaml_body": "apiVersion: v1\r\nkind: ConfigMap\r\nmetadata:\r\n  name: web-nginx-config\r\n  namespace: app-space\r\ndata:\r\n  default.conf: |\r\n    server {\r\n      listen 8080;\r\n      server_name mubashir.site;\r\n\r\n      proxy_http_version 1.1;\r\n\r\n      root /usr/share/nginx/html;\r\n      index index.html;\r\n\r\n      location ^~ /api/catalogue/ {\r\n          proxy_pass http://catalogue:8080/;\r\n      }\r\n\r\n      location ^~ /api/user/ {\r\n          proxy_pass http://user:8080/;\r\n      }\r\n\r\n      location ^~ /api/cart/ {\r\n          proxy_pass http://cart:8080/;\r\n      }\r\n\r\n      location ^~ /api/shipping/ {\r\n          rewrite ^/api/shipping/?(.*)$ /$1 break;\r\n          proxy_pass http://shipping:8080/shipping/;\r\n      }\r\n\r\n      location ^~ /api/payment/ {\r\n          rewrite ^/api/payment/?(.*)$ /$1 break;\r\n          proxy_pass http://payment:8080/payment/;\r\n      }\r\n\r\n      location ^~ /api/ratings/ {\r\n          proxy_pass http://ratings:80/;\r\n      }\r\n\r\n      # PROXY ALL WEB REQUESTS TO NODE (same Pod)\r\n      location / {\r\n          proxy_pass http://127.0.0.1:3000;\r\n          proxy_set_header Host $host;\r\n          proxy_set_header X-Real-IP $remote_addr;\r\n          proxy_set_header X-Forwarded-For $proxy_add_x_forwarded_for;\r\n          proxy_set_header X-Forwarded-Proto $scheme;\r\n      }\r\n\r\n      # STATIC FILES (images) ALSO TO NODE\r\n      location /images/ {\r\n          proxy_pass http://127.0.0.1:3000;\r\n          proxy_set_header Host \"localhost\";\r\n          proxy_set_header X-Real-IP $remote_addr;\r\n          proxy_set_header X-Forwarded-For $proxy_add_x_forwarded_for;\r\n          proxy_set_header X-Forwarded-Proto $scheme;\r\n      }\r\n    }\r\n",
            "yaml_body_parsed": "apiVersion: v1\ndata:\n  default.conf: |\n    server {\n      listen 8080;\n      server_name mubashir.site;\n\n      proxy_http_version 1.1;\n\n      root /usr/share/nginx/html;\n      index index.html;\n\n      location ^~ /api/catalogue/ {\n          proxy_pass http://catalogue:8080/;\n      }\n\n      location ^~ /api/user/ {\n          proxy_pass http://user:8080/;\n      }\n\n      location ^~ /api/cart/ {\n          proxy_pass http://cart:8080/;\n      }\n\n      location ^~ /api/shipping/ {\n          rewrite ^/api/shipping/?(.*)$ /$1 break;\n          proxy_pass http://shipping:8080/shipping/;\n      }\n\n      location ^~ /api/payment/ {\n          rewrite ^/api/payment/?(.*)$ /$1 break;\n          proxy_pass http://payment:8080/payment/;\n      }\n\n      location ^~ /api/ratings/ {\n          proxy_pass http://ratings:80/;\n      }\n\n      # PROXY ALL WEB REQUESTS TO NODE (same Pod)\n      location / {\n          proxy_pass http://127.0.0.1:3000;\n          proxy_set_header Host $host;\n          proxy_set_header X-Real-IP $remote_addr;\n          proxy_set_header X-Forwarded-For $proxy_add_x_forwarded_for;\n          proxy_set_header X-Forwarded-Proto $scheme;\n      }\n\n      # STATIC FILES (images) ALSO TO NODE\n      location /images/ {\n          proxy_pass http://127.0.0.1:3000;\n          proxy_set_header Host \"localhost\";\n          proxy_set_header X-Real-IP $remote_addr;\n          proxy_set_header X-Forwarded-For $proxy_add_x_forwarded_for;\n          proxy_set_header X-Forwarded-Proto $scheme;\n      }\n    }\nkind: ConfigMap\nmetadata:\n  name: web-nginx-config\n  namespace: app-space\n",
            "yaml_incluster": "9480373c3e0a62e3d3749b32029b6e89b5e40e03b2cf9e9439b63f99333de64c"
          },
          "sensitive_attributes": [
            [
              {
                "type": "get_attr",
                "value": "live_manifest_incluster"
              }
            ],
            [
              {
                "type": "get_attr",
                "value": "yaml_body"
              }
            ],
            [
              {
                "type": "get_attr",
                "value": "yaml_incluster"
              }
            ]
          ],
          "identity_schema_version": 0,
          "private": "eyJlMmJmYjczMC1lY2FhLTExZTYtOGY4OC0zNDM2M2JjN2M0YzAiOnsiY3JlYXRlIjo2MDAwMDAwMDAwMDB9LCJzY2hlbWFfdmVyc2lvbiI6IjEifQ==",
          "dependencies": [
            "module.cert-manager.helm_release.cert_manager",
            "module.cert-manager.kubectl_manifest.letsencrypt_staging",
            "module.eks.aws_eks_access_entry.terraform_admin",
            "module.eks.aws_eks_access_policy_association.terraform_admin",
            "module.eks.aws_eks_addon.ebs_csi_driver",
            "module.eks.aws_eks_addon.kube-proxy",
            "module.eks.aws_eks_addon.metrics_server",
            "module.eks.aws_eks_addon.vpc_cni",
            "module.eks.aws_eks_cluster.eks_cluster",
            "module.eks.aws_eks_node_group.private_node_1",
            "module.eks.aws_eks_node_group.private_node_2",
            "module.eks.aws_iam_openid_connect_provider.eks",
            "module.eks.aws_iam_role.ebs_csi_driver",
            "module.eks.aws_iam_role.vpc_cni",
            "module.eks.aws_iam_role_policy_attachment.ebs_csi_driver_attach",
            "module.eks.aws_iam_role_policy_attachment.vpc_cni_policy",
            "module.eks.data.aws_eks_cluster.eks",
            "module.eks.data.tls_certificate.eks",
            "module.external-dns.aws_iam_role.external_dns",
            "module.external-dns.aws_iam_role_policy.external_dns_route53",
            "module.external-dns.helm_release.external_dns",
            "module.external-dns.kubectl_manifest.external_dns_namespace",
            "module.external-dns.kubernetes_service_account_v1.external_dns",
            "module.iam.aws_iam_instance_profile.nodes",
            "module.iam.aws_iam_policy.vpc_flow_logs_policy",
            "module.iam.aws_iam_role.cluster",
            "module.iam.aws_iam_role.nodes",
            "module.iam.aws_iam_role.vpc_flow_logs_role",
            "module.iam.aws_iam_role_policy_attachment.AmazonEC2ContainerRegistryReadOnly",
            "module.iam.aws_iam_role_policy_attachment.AmazonEKSWorkerNodePolicy",
            "module.iam.aws_iam_role_policy_attachment.AmazonEKS_CNI_Policy",
            "module.iam.aws_iam_role_policy_attachment.cluster_AmazonEKSClusterPolicy",
            "module.iam.aws_iam_role_policy_attachment.node_group_elb_policy",
            "module.iam.aws_iam_role_policy_attachment.vpc_flow_logs_attach",
            "module.nginx-ingress.helm_release.nginx_ingress",
            "module.vpc.aws_cloudwatch_log_group.cloud_watch_logs",
            "module.vpc.aws_eip.ngw-eip",
            "module.vpc.aws_flow_log.cloud_watch",
            "module.vpc.aws_internet_gateway.igw",
            "module.vpc.aws_kms_alias.kms_alias",
            "module.vpc.aws_kms_key.kms_key",
            "module.vpc.aws_kms_key_policy.kms_key_policy",
            "module.vpc.aws_nat_gateway.ngw",
            "module.vpc.aws_route_table.private-rt",
            "module.vpc.aws_route_table.public-rt",
            "module.vpc.aws_route_table_association.private-route-association-2a",
            "module.vpc.aws_route_table_association.private-route-association-2b",
            "module.vpc.aws_route_table_association.pub-route-association-2a",
            "module.vpc.aws_route_table_association.pub-route-association-2b",
            "module.vpc.aws_subnet.private-subnet-2a",
            "module.vpc.aws_subnet.private-subnet-2b",
            "module.vpc.aws_subnet.public-subnet-2a",
            "module.vpc.aws_subnet.public-subnet-2b",
            "module.vpc.aws_vpc.eks_vpc"
          ]
        }
      ]
    },
    {
      "module": "module.manifests",
      "mode": "managed",
      "type": "kubectl_manifest",
      "name": "robotshop_web_ingress",
      "provider": "provider[\"registry.terraform.io/gavinbunney/kubectl\"]",
      "instances": [
        {
          "schema_version": 1,
          "attributes": {
            "api_version": "networking.k8s.io/v1",
            "apply_only": false,
            "force_conflicts": false,
            "force_new": false,
            "id": "/apis/networking.k8s.io/v1/namespaces/app-space/ingresses/robotshop-web",
            "ignore_fields": null,
            "kind": "Ingress",
            "live_manifest_incluster": "e6c3941240031914c0a8504d737e4387703bf688f3b8a4028e497d7778a25f34",
            "live_uid": "d611ab7f-c77b-480e-ba1f-e3df5b5db198",
            "name": "robotshop-web",
            "namespace": "app-space",
            "override_namespace": null,
            "sensitive_fields": null,
            "server_side_apply": false,
            "timeouts": null,
            "uid": "d611ab7f-c77b-480e-ba1f-e3df5b5db198",
            "validate_schema": true,
            "wait": null,
            "wait_for_rollout": true,
            "yaml_body": "apiVersion: networking.k8s.io/v1\r\nkind: Ingress\r\nmetadata:\r\n  name: robotshop-web\r\n  namespace: app-space\r\n  annotations:\r\n    cert-manager.io/cluster-issuer: letsencrypt-staging\r\n    nginx.ingress.kubernetes.io/proxy-set-headers: \"ingress-nginx/custom-headers\"\r\nspec:\r\n  ingressClassName: nginx\r\n  tls:\r\n    - hosts:\r\n        - mubashir.site\r\n      secretName: mubashir-site-tls\r\n  rules:\r\n    - host: mubashir.site\r\n      http:\r\n        paths:\r\n          - path: /\r\n            pathType: Prefix\r\n            backend:\r\n              service:\r\n                name: web\r\n                port:\r\n                  number: 8080\r\n",
            "yaml_body_parsed": "apiVersion: networking.k8s.io/v1\nkind: Ingress\nmetadata:\n  annotations:\n    cert-manager.io/cluster-issuer: letsencrypt-staging\n    nginx.ingress.kubernetes.io/proxy-set-headers: ingress-nginx/custom-headers\n  name: robotshop-web\n  namespace: app-space\nspec:\n  ingressClassName: nginx\n  rules:\n  - host: mubashir.site\n    http:\n      paths:\n      - backend:\n          service:\n            name: web\n            port:\n              number: 8080\n        path: /\n        pathType: Prefix\n  tls:\n  - hosts:\n    - mubashir.site\n    secretName: mubashir-site-tls\n",
            "yaml_incluster": "e6c3941240031914c0a8504d737e4387703bf688f3b8a4028e497d7778a25f34"
          },
          "sensitive_attributes": [
            [
              {
                "type": "get_attr",
                "value": "live_manifest_incluster"
              }
            ],
            [
              {
                "type": "get_attr",
                "value": "yaml_body"
              }
            ],
            [
              {
                "type": "get_attr",
                "value": "yaml_incluster"
              }
            ]
          ],
          "identity_schema_version": 0,
          "private": "eyJlMmJmYjczMC1lY2FhLTExZTYtOGY4OC0zNDM2M2JjN2M0YzAiOnsiY3JlYXRlIjo2MDAwMDAwMDAwMDB9LCJzY2hlbWFfdmVyc2lvbiI6IjEifQ==",
          "dependencies": [
            "module.cert-manager.helm_release.cert_manager",
            "module.cert-manager.kubectl_manifest.letsencrypt_staging",
            "module.eks.aws_eks_access_entry.terraform_admin",
            "module.eks.aws_eks_access_policy_association.terraform_admin",
            "module.eks.aws_eks_addon.ebs_csi_driver",
            "module.eks.aws_eks_addon.kube-proxy",
            "module.eks.aws_eks_addon.metrics_server",
            "module.eks.aws_eks_addon.vpc_cni",
            "module.eks.aws_eks_cluster.eks_cluster",
            "module.eks.aws_eks_node_group.private_node_1",
            "module.eks.aws_eks_node_group.private_node_2",
            "module.eks.aws_iam_openid_connect_provider.eks",
            "module.eks.aws_iam_role.ebs_csi_driver",
            "module.eks.aws_iam_role.vpc_cni",
            "module.eks.aws_iam_role_policy_attachment.ebs_csi_driver_attach",
            "module.eks.aws_iam_role_policy_attachment.vpc_cni_policy",
            "module.eks.data.aws_eks_cluster.eks",
            "module.eks.data.tls_certificate.eks",
            "module.external-dns.aws_iam_role.external_dns",
            "module.external-dns.aws_iam_role_policy.external_dns_route53",
            "module.external-dns.helm_release.external_dns",
            "module.external-dns.kubectl_manifest.external_dns_namespace",
            "module.external-dns.kubernetes_service_account_v1.external_dns",
            "module.iam.aws_iam_instance_profile.nodes",
            "module.iam.aws_iam_policy.vpc_flow_logs_policy",
            "module.iam.aws_iam_role.cluster",
            "module.iam.aws_iam_role.nodes",
            "module.iam.aws_iam_role.vpc_flow_logs_role",
            "module.iam.aws_iam_role_policy_attachment.AmazonEC2ContainerRegistryReadOnly",
            "module.iam.aws_iam_role_policy_attachment.AmazonEKSWorkerNodePolicy",
            "module.iam.aws_iam_role_policy_attachment.AmazonEKS_CNI_Policy",
            "module.iam.aws_iam_role_policy_attachment.cluster_AmazonEKSClusterPolicy",
            "module.iam.aws_iam_role_policy_attachment.node_group_elb_policy",
            "module.iam.aws_iam_role_policy_attachment.vpc_flow_logs_attach",
            "module.nginx-ingress.helm_release.nginx_ingress",
            "module.vpc.aws_cloudwatch_log_group.cloud_watch_logs",
            "module.vpc.aws_eip.ngw-eip",
            "module.vpc.aws_flow_log.cloud_watch",
            "module.vpc.aws_internet_gateway.igw",
            "module.vpc.aws_kms_alias.kms_alias",
            "module.vpc.aws_kms_key.kms_key",
            "module.vpc.aws_kms_key_policy.kms_key_policy",
            "module.vpc.aws_nat_gateway.ngw",
            "module.vpc.aws_route_table.private-rt",
            "module.vpc.aws_route_table.public-rt",
            "module.vpc.aws_route_table_association.private-route-association-2a",
            "module.vpc.aws_route_table_association.private-route-association-2b",
            "module.vpc.aws_route_table_association.pub-route-association-2a",
            "module.vpc.aws_route_table_association.pub-route-association-2b",
            "module.vpc.aws_subnet.private-subnet-2a",
            "module.vpc.aws_subnet.private-subnet-2b",
            "module.vpc.aws_subnet.public-subnet-2a",
            "module.vpc.aws_subnet.public-subnet-2b",
            "module.vpc.aws_vpc.eks_vpc"
          ]
        }
      ]
    },
    {
      "module": "module.manifests",
      "mode": "managed",
      "type": "kubectl_manifest",
      "name": "shipping_service",
      "provider": "provider[\"registry.terraform.io/gavinbunney/kubectl\"]",
      "instances": [
        {
          "schema_version": 1,
          "attributes": {
            "api_version": "v1",
            "apply_only": false,
            "force_conflicts": false,
            "force_new": false,
            "id": "/api/v1/namespaces/app-space/services/shipping",
            "ignore_fields": null,
            "kind": "Service",
            "live_manifest_incluster": "7b93ee4d452bbec78b0dc57b65f17836de3615b1bbab1a3985a25b98d003b919",
            "live_uid": "58e5adb5-6e02-43ee-95a6-1b6480271a07",
            "name": "shipping",
            "namespace": "app-space",
            "override_namespace": null,
            "sensitive_fields": null,
            "server_side_apply": false,
            "timeouts": null,
            "uid": "58e5adb5-6e02-43ee-95a6-1b6480271a07",
            "validate_schema": true,
            "wait": null,
            "wait_for_rollout": true,
            "yaml_body": "apiVersion: v1\r\nkind: Service\r\nmetadata:\r\n  name: shipping\r\n  namespace: app-space\r\nspec:\r\n  selector:\r\n    app: shipping\r\n  ports:\r\n  - port: 8080\r\n    targetPort: 8080\r\n",
            "yaml_body_parsed": "apiVersion: v1\nkind: Service\nmetadata:\n  name: shipping\n  namespace: app-space\nspec:\n  ports:\n  - port: 8080\n    targetPort: 8080\n  selector:\n    app: shipping\n",
            "yaml_incluster": "7b93ee4d452bbec78b0dc57b65f17836de3615b1bbab1a3985a25b98d003b919"
          },
          "sensitive_attributes": [
            [
              {
                "type": "get_attr",
                "value": "live_manifest_incluster"
              }
            ],
            [
              {
                "type": "get_attr",
                "value": "yaml_body"
              }
            ],
            [
              {
                "type": "get_attr",
                "value": "yaml_incluster"
              }
            ]
          ],
          "identity_schema_version": 0,
          "private": "eyJlMmJmYjczMC1lY2FhLTExZTYtOGY4OC0zNDM2M2JjN2M0YzAiOnsiY3JlYXRlIjo2MDAwMDAwMDAwMDB9LCJzY2hlbWFfdmVyc2lvbiI6IjEifQ==",
          "dependencies": [
            "module.cert-manager.helm_release.cert_manager",
            "module.cert-manager.kubectl_manifest.letsencrypt_staging",
            "module.eks.aws_eks_access_entry.terraform_admin",
            "module.eks.aws_eks_access_policy_association.terraform_admin",
            "module.eks.aws_eks_addon.ebs_csi_driver",
            "module.eks.aws_eks_addon.kube-proxy",
            "module.eks.aws_eks_addon.metrics_server",
            "module.eks.aws_eks_addon.vpc_cni",
            "module.eks.aws_eks_cluster.eks_cluster",
            "module.eks.aws_eks_node_group.private_node_1",
            "module.eks.aws_eks_node_group.private_node_2",
            "module.eks.aws_iam_openid_connect_provider.eks",
            "module.eks.aws_iam_role.ebs_csi_driver",
            "module.eks.aws_iam_role.vpc_cni",
            "module.eks.aws_iam_role_policy_attachment.ebs_csi_driver_attach",
            "module.eks.aws_iam_role_policy_attachment.vpc_cni_policy",
            "module.eks.data.aws_eks_cluster.eks",
            "module.eks.data.tls_certificate.eks",
            "module.external-dns.aws_iam_role.external_dns",
            "module.external-dns.aws_iam_role_policy.external_dns_route53",
            "module.external-dns.helm_release.external_dns",
            "module.external-dns.kubectl_manifest.external_dns_namespace",
            "module.external-dns.kubernetes_service_account_v1.external_dns",
            "module.iam.aws_iam_instance_profile.nodes",
            "module.iam.aws_iam_policy.vpc_flow_logs_policy",
            "module.iam.aws_iam_role.cluster",
            "module.iam.aws_iam_role.nodes",
            "module.iam.aws_iam_role.vpc_flow_logs_role",
            "module.iam.aws_iam_role_policy_attachment.AmazonEC2ContainerRegistryReadOnly",
            "module.iam.aws_iam_role_policy_attachment.AmazonEKSWorkerNodePolicy",
            "module.iam.aws_iam_role_policy_attachment.AmazonEKS_CNI_Policy",
            "module.iam.aws_iam_role_policy_attachment.cluster_AmazonEKSClusterPolicy",
            "module.iam.aws_iam_role_policy_attachment.node_group_elb_policy",
            "module.iam.aws_iam_role_policy_attachment.vpc_flow_logs_attach",
            "module.nginx-ingress.helm_release.nginx_ingress",
            "module.vpc.aws_cloudwatch_log_group.cloud_watch_logs",
            "module.vpc.aws_eip.ngw-eip",
            "module.vpc.aws_flow_log.cloud_watch",
            "module.vpc.aws_internet_gateway.igw",
            "module.vpc.aws_kms_alias.kms_alias",
            "module.vpc.aws_kms_key.kms_key",
            "module.vpc.aws_kms_key_policy.kms_key_policy",
            "module.vpc.aws_nat_gateway.ngw",
            "module.vpc.aws_route_table.private-rt",
            "module.vpc.aws_route_table.public-rt",
            "module.vpc.aws_route_table_association.private-route-association-2a",
            "module.vpc.aws_route_table_association.private-route-association-2b",
            "module.vpc.aws_route_table_association.pub-route-association-2a",
            "module.vpc.aws_route_table_association.pub-route-association-2b",
            "module.vpc.aws_subnet.private-subnet-2a",
            "module.vpc.aws_subnet.private-subnet-2b",
            "module.vpc.aws_subnet.public-subnet-2a",
            "module.vpc.aws_subnet.public-subnet-2b",
            "module.vpc.aws_vpc.eks_vpc"
          ]
        }
      ]
    },
    {
      "module": "module.manifests",
      "mode": "managed",
      "type": "kubectl_manifest",
      "name": "storageclass_redis",
      "provider": "provider[\"registry.terraform.io/gavinbunney/kubectl\"]",
      "instances": [
        {
          "schema_version": 1,
          "attributes": {
            "api_version": "storage.k8s.io/v1",
            "apply_only": false,
            "force_conflicts": false,
            "force_new": false,
            "id": "/apis/storage.k8s.io/v1/storageclasses/redis-gp3",
            "ignore_fields": null,
            "kind": "StorageClass",
            "live_manifest_incluster": "7b27874aad2af2e06cc71ac21eaceecfe4f454e992e27a8a556eb0c560a4b5be",
            "live_uid": "13eccb94-a69e-4bdf-ab4a-5d245816ecad",
            "name": "redis-gp3",
            "namespace": null,
            "override_namespace": null,
            "sensitive_fields": null,
            "server_side_apply": false,
            "timeouts": null,
            "uid": "13eccb94-a69e-4bdf-ab4a-5d245816ecad",
            "validate_schema": true,
            "wait": null,
            "wait_for_rollout": true,
            "yaml_body": "apiVersion: storage.k8s.io/v1\r\nkind: StorageClass\r\nmetadata:\r\n  name: redis-gp3\r\nprovisioner: ebs.csi.aws.com\r\nvolumeBindingMode: WaitForFirstConsumer\r\nparameters:\r\n  type: gp3\r\n  encrypted: \"true\"\r\n  \r\n",
            "yaml_body_parsed": "apiVersion: storage.k8s.io/v1\nkind: StorageClass\nmetadata:\n  name: redis-gp3\nparameters:\n  encrypted: \"true\"\n  type: gp3\nprovisioner: ebs.csi.aws.com\nvolumeBindingMode: WaitForFirstConsumer\n",
            "yaml_incluster": "7b27874aad2af2e06cc71ac21eaceecfe4f454e992e27a8a556eb0c560a4b5be"
          },
          "sensitive_attributes": [
            [
              {
                "type": "get_attr",
                "value": "live_manifest_incluster"
              }
            ],
            [
              {
                "type": "get_attr",
                "value": "yaml_body"
              }
            ],
            [
              {
                "type": "get_attr",
                "value": "yaml_incluster"
              }
            ]
          ],
          "identity_schema_version": 0,
          "private": "eyJlMmJmYjczMC1lY2FhLTExZTYtOGY4OC0zNDM2M2JjN2M0YzAiOnsiY3JlYXRlIjo2MDAwMDAwMDAwMDB9LCJzY2hlbWFfdmVyc2lvbiI6IjEifQ==",
          "dependencies": [
            "module.cert-manager.helm_release.cert_manager",
            "module.cert-manager.kubectl_manifest.letsencrypt_staging",
            "module.eks.aws_eks_access_entry.terraform_admin",
            "module.eks.aws_eks_access_policy_association.terraform_admin",
            "module.eks.aws_eks_addon.ebs_csi_driver",
            "module.eks.aws_eks_addon.kube-proxy",
            "module.eks.aws_eks_addon.metrics_server",
            "module.eks.aws_eks_addon.vpc_cni",
            "module.eks.aws_eks_cluster.eks_cluster",
            "module.eks.aws_eks_node_group.private_node_1",
            "module.eks.aws_eks_node_group.private_node_2",
            "module.eks.aws_iam_openid_connect_provider.eks",
            "module.eks.aws_iam_role.ebs_csi_driver",
            "module.eks.aws_iam_role.vpc_cni",
            "module.eks.aws_iam_role_policy_attachment.ebs_csi_driver_attach",
            "module.eks.aws_iam_role_policy_attachment.vpc_cni_policy",
            "module.eks.data.aws_eks_cluster.eks",
            "module.eks.data.tls_certificate.eks",
            "module.external-dns.aws_iam_role.external_dns",
            "module.external-dns.aws_iam_role_policy.external_dns_route53",
            "module.external-dns.helm_release.external_dns",
            "module.external-dns.kubectl_manifest.external_dns_namespace",
            "module.external-dns.kubernetes_service_account_v1.external_dns",
            "module.iam.aws_iam_instance_profile.nodes",
            "module.iam.aws_iam_policy.vpc_flow_logs_policy",
            "module.iam.aws_iam_role.cluster",
            "module.iam.aws_iam_role.nodes",
            "module.iam.aws_iam_role.vpc_flow_logs_role",
            "module.iam.aws_iam_role_policy_attachment.AmazonEC2ContainerRegistryReadOnly",
            "module.iam.aws_iam_role_policy_attachment.AmazonEKSWorkerNodePolicy",
            "module.iam.aws_iam_role_policy_attachment.AmazonEKS_CNI_Policy",
            "module.iam.aws_iam_role_policy_attachment.cluster_AmazonEKSClusterPolicy",
            "module.iam.aws_iam_role_policy_attachment.node_group_elb_policy",
            "module.iam.aws_iam_role_policy_attachment.vpc_flow_logs_attach",
            "module.nginx-ingress.helm_release.nginx_ingress",
            "module.vpc.aws_cloudwatch_log_group.cloud_watch_logs",
            "module.vpc.aws_eip.ngw-eip",
            "module.vpc.aws_flow_log.cloud_watch",
            "module.vpc.aws_internet_gateway.igw",
            "module.vpc.aws_kms_alias.kms_alias",
            "module.vpc.aws_kms_key.kms_key",
            "module.vpc.aws_kms_key_policy.kms_key_policy",
            "module.vpc.aws_nat_gateway.ngw",
            "module.vpc.aws_route_table.private-rt",
            "module.vpc.aws_route_table.public-rt",
            "module.vpc.aws_route_table_association.private-route-association-2a",
            "module.vpc.aws_route_table_association.private-route-association-2b",
            "module.vpc.aws_route_table_association.pub-route-association-2a",
            "module.vpc.aws_route_table_association.pub-route-association-2b",
            "module.vpc.aws_subnet.private-subnet-2a",
            "module.vpc.aws_subnet.private-subnet-2b",
            "module.vpc.aws_subnet.public-subnet-2a",
            "module.vpc.aws_subnet.public-subnet-2b",
            "module.vpc.aws_vpc.eks_vpc"
          ]
        }
      ]
    },
    {
      "module": "module.manifests",
      "mode": "managed",
      "type": "kubectl_manifest",
      "name": "user_service",
      "provider": "provider[\"registry.terraform.io/gavinbunney/kubectl\"]",
      "instances": [
        {
          "schema_version": 1,
          "attributes": {
            "api_version": "v1",
            "apply_only": false,
            "force_conflicts": false,
            "force_new": false,
            "id": "/api/v1/namespaces/app-space/services/user",
            "ignore_fields": null,
            "kind": "Service",
            "live_manifest_incluster": "903253d6f8d1b73410dfdb5f9b32048cb195d034c0afbda9efc81613781cd562",
            "live_uid": "fa04b6bc-7bd7-4f6d-938c-d4b000239e50",
            "name": "user",
            "namespace": "app-space",
            "override_namespace": null,
            "sensitive_fields": null,
            "server_side_apply": false,
            "timeouts": null,
            "uid": "fa04b6bc-7bd7-4f6d-938c-d4b000239e50",
            "validate_schema": true,
            "wait": null,
            "wait_for_rollout": true,
            "yaml_body": "apiVersion: v1\r\nkind: Service\r\nmetadata:\r\n  name: user\r\n  namespace: app-space\r\nspec:\r\n  selector:\r\n    app: user\r\n  ports:\r\n  - port: 8080\r\n    targetPort: 8080\r\n",
            "yaml_body_parsed": "apiVersion: v1\nkind: Service\nmetadata:\n  name: user\n  namespace: app-space\nspec:\n  ports:\n  - port: 8080\n    targetPort: 8080\n  selector:\n    app: user\n",
            "yaml_incluster": "903253d6f8d1b73410dfdb5f9b32048cb195d034c0afbda9efc81613781cd562"
          },
          "sensitive_attributes": [
            [
              {
                "type": "get_attr",
                "value": "live_manifest_incluster"
              }
            ],
            [
              {
                "type": "get_attr",
                "value": "yaml_body"
              }
            ],
            [
              {
                "type": "get_attr",
                "value": "yaml_incluster"
              }
            ]
          ],
          "identity_schema_version": 0,
          "private": "eyJlMmJmYjczMC1lY2FhLTExZTYtOGY4OC0zNDM2M2JjN2M0YzAiOnsiY3JlYXRlIjo2MDAwMDAwMDAwMDB9LCJzY2hlbWFfdmVyc2lvbiI6IjEifQ==",
          "dependencies": [
            "module.cert-manager.helm_release.cert_manager",
            "module.cert-manager.kubectl_manifest.letsencrypt_staging",
            "module.eks.aws_eks_access_entry.terraform_admin",
            "module.eks.aws_eks_access_policy_association.terraform_admin",
            "module.eks.aws_eks_addon.ebs_csi_driver",
            "module.eks.aws_eks_addon.kube-proxy",
            "module.eks.aws_eks_addon.metrics_server",
            "module.eks.aws_eks_addon.vpc_cni",
            "module.eks.aws_eks_cluster.eks_cluster",
            "module.eks.aws_eks_node_group.private_node_1",
            "module.eks.aws_eks_node_group.private_node_2",
            "module.eks.aws_iam_openid_connect_provider.eks",
            "module.eks.aws_iam_role.ebs_csi_driver",
            "module.eks.aws_iam_role.vpc_cni",
            "module.eks.aws_iam_role_policy_attachment.ebs_csi_driver_attach",
            "module.eks.aws_iam_role_policy_attachment.vpc_cni_policy",
            "module.eks.data.aws_eks_cluster.eks",
            "module.eks.data.tls_certificate.eks",
            "module.external-dns.aws_iam_role.external_dns",
            "module.external-dns.aws_iam_role_policy.external_dns_route53",
            "module.external-dns.helm_release.external_dns",
            "module.external-dns.kubectl_manifest.external_dns_namespace",
            "module.external-dns.kubernetes_service_account_v1.external_dns",
            "module.iam.aws_iam_instance_profile.nodes",
            "module.iam.aws_iam_policy.vpc_flow_logs_policy",
            "module.iam.aws_iam_role.cluster",
            "module.iam.aws_iam_role.nodes",
            "module.iam.aws_iam_role.vpc_flow_logs_role",
            "module.iam.aws_iam_role_policy_attachment.AmazonEC2ContainerRegistryReadOnly",
            "module.iam.aws_iam_role_policy_attachment.AmazonEKSWorkerNodePolicy",
            "module.iam.aws_iam_role_policy_attachment.AmazonEKS_CNI_Policy",
            "module.iam.aws_iam_role_policy_attachment.cluster_AmazonEKSClusterPolicy",
            "module.iam.aws_iam_role_policy_attachment.node_group_elb_policy",
            "module.iam.aws_iam_role_policy_attachment.vpc_flow_logs_attach",
            "module.manifests.kubectl_manifest.apps_namespace",
            "module.nginx-ingress.helm_release.nginx_ingress",
            "module.vpc.aws_cloudwatch_log_group.cloud_watch_logs",
            "module.vpc.aws_eip.ngw-eip",
            "module.vpc.aws_flow_log.cloud_watch",
            "module.vpc.aws_internet_gateway.igw",
            "module.vpc.aws_kms_alias.kms_alias",
            "module.vpc.aws_kms_key.kms_key",
            "module.vpc.aws_kms_key_policy.kms_key_policy",
            "module.vpc.aws_nat_gateway.ngw",
            "module.vpc.aws_route_table.private-rt",
            "module.vpc.aws_route_table.public-rt",
            "module.vpc.aws_route_table_association.private-route-association-2a",
            "module.vpc.aws_route_table_association.private-route-association-2b",
            "module.vpc.aws_route_table_association.pub-route-association-2a",
            "module.vpc.aws_route_table_association.pub-route-association-2b",
            "module.vpc.aws_subnet.private-subnet-2a",
            "module.vpc.aws_subnet.private-subnet-2b",
            "module.vpc.aws_subnet.public-subnet-2a",
            "module.vpc.aws_subnet.public-subnet-2b",
            "module.vpc.aws_vpc.eks_vpc"
          ]
        }
      ]
    },
    {
      "module": "module.manifests",
      "mode": "managed",
      "type": "kubectl_manifest",
      "name": "web_service",
      "provider": "provider[\"registry.terraform.io/gavinbunney/kubectl\"]",
      "instances": [
        {
          "schema_version": 1,
          "attributes": {
            "api_version": "v1",
            "apply_only": false,
            "force_conflicts": false,
            "force_new": false,
            "id": "/api/v1/namespaces/app-space/services/web",
            "ignore_fields": null,
            "kind": "Service",
            "live_manifest_incluster": "f26e7dfb519be71acf1b55a350f6bbac05d24dba2dcfbe1e27459068e986060d",
            "live_uid": "3c353820-967c-45c1-a82e-cae9f520b23a",
            "name": "web",
            "namespace": "app-space",
            "override_namespace": null,
            "sensitive_fields": null,
            "server_side_apply": false,
            "timeouts": null,
            "uid": "3c353820-967c-45c1-a82e-cae9f520b23a",
            "validate_schema": true,
            "wait": null,
            "wait_for_rollout": true,
            "yaml_body": "apiVersion: v1\r\nkind: Service\r\nmetadata:\r\n  name: web\r\n  namespace: app-space\r\nspec:\r\n  selector:\r\n    app: web\r\n    version: v1\r\n  ports:\r\n  - port: 8080\r\n    targetPort: 8080\r\n",
            "yaml_body_parsed": "apiVersion: v1\nkind: Service\nmetadata:\n  name: web\n  namespace: app-space\nspec:\n  ports:\n  - port: 8080\n    targetPort: 8080\n  selector:\n    app: web\n    version: v1\n",
            "yaml_incluster": "f26e7dfb519be71acf1b55a350f6bbac05d24dba2dcfbe1e27459068e986060d"
          },
          "sensitive_attributes": [
            [
              {
                "type": "get_attr",
                "value": "live_manifest_incluster"
              }
            ],
            [
              {
                "type": "get_attr",
                "value": "yaml_body"
              }
            ],
            [
              {
                "type": "get_attr",
                "value": "yaml_incluster"
              }
            ]
          ],
          "identity_schema_version": 0,
          "private": "eyJlMmJmYjczMC1lY2FhLTExZTYtOGY4OC0zNDM2M2JjN2M0YzAiOnsiY3JlYXRlIjo2MDAwMDAwMDAwMDB9LCJzY2hlbWFfdmVyc2lvbiI6IjEifQ==",
          "dependencies": [
            "module.cert-manager.helm_release.cert_manager",
            "module.cert-manager.kubectl_manifest.letsencrypt_staging",
            "module.eks.aws_eks_access_entry.terraform_admin",
            "module.eks.aws_eks_access_policy_association.terraform_admin",
            "module.eks.aws_eks_addon.ebs_csi_driver",
            "module.eks.aws_eks_addon.kube-proxy",
            "module.eks.aws_eks_addon.metrics_server",
            "module.eks.aws_eks_addon.vpc_cni",
            "module.eks.aws_eks_cluster.eks_cluster",
            "module.eks.aws_eks_node_group.private_node_1",
            "module.eks.aws_eks_node_group.private_node_2",
            "module.eks.aws_iam_openid_connect_provider.eks",
            "module.eks.aws_iam_role.ebs_csi_driver",
            "module.eks.aws_iam_role.vpc_cni",
            "module.eks.aws_iam_role_policy_attachment.ebs_csi_driver_attach",
            "module.eks.aws_iam_role_policy_attachment.vpc_cni_policy",
            "module.eks.data.aws_eks_cluster.eks",
            "module.eks.data.tls_certificate.eks",
            "module.external-dns.aws_iam_role.external_dns",
            "module.external-dns.aws_iam_role_policy.external_dns_route53",
            "module.external-dns.helm_release.external_dns",
            "module.external-dns.kubectl_manifest.external_dns_namespace",
            "module.external-dns.kubernetes_service_account_v1.external_dns",
            "module.iam.aws_iam_instance_profile.nodes",
            "module.iam.aws_iam_policy.vpc_flow_logs_policy",
            "module.iam.aws_iam_role.cluster",
            "module.iam.aws_iam_role.nodes",
            "module.iam.aws_iam_role.vpc_flow_logs_role",
            "module.iam.aws_iam_role_policy_attachment.AmazonEC2ContainerRegistryReadOnly",
            "module.iam.aws_iam_role_policy_attachment.AmazonEKSWorkerNodePolicy",
            "module.iam.aws_iam_role_policy_attachment.AmazonEKS_CNI_Policy",
            "module.iam.aws_iam_role_policy_attachment.cluster_AmazonEKSClusterPolicy",
            "module.iam.aws_iam_role_policy_attachment.node_group_elb_policy",
            "module.iam.aws_iam_role_policy_attachment.vpc_flow_logs_attach",
            "module.manifests.kubectl_manifest.apps_namespace",
            "module.nginx-ingress.helm_release.nginx_ingress",
            "module.vpc.aws_cloudwatch_log_group.cloud_watch_logs",
            "module.vpc.aws_eip.ngw-eip",
            "module.vpc.aws_flow_log.cloud_watch",
            "module.vpc.aws_internet_gateway.igw",
            "module.vpc.aws_kms_alias.kms_alias",
            "module.vpc.aws_kms_key.kms_key",
            "module.vpc.aws_kms_key_policy.kms_key_policy",
            "module.vpc.aws_nat_gateway.ngw",
            "module.vpc.aws_route_table.private-rt",
            "module.vpc.aws_route_table.public-rt",
            "module.vpc.aws_route_table_association.private-route-association-2a",
            "module.vpc.aws_route_table_association.private-route-association-2b",
            "module.vpc.aws_route_table_association.pub-route-association-2a",
            "module.vpc.aws_route_table_association.pub-route-association-2b",
            "module.vpc.aws_subnet.private-subnet-2a",
            "module.vpc.aws_subnet.private-subnet-2b",
            "module.vpc.aws_subnet.public-subnet-2a",
            "module.vpc.aws_subnet.public-subnet-2b",
            "module.vpc.aws_vpc.eks_vpc"
          ]
        }
      ]
    },
    {
      "module": "module.manifests",
      "mode": "managed",
      "type": "kubernetes_manifest",
      "name": "external_secret",
      "provider": "provider[\"registry.terraform.io/hashicorp/kubernetes\"]",
      "instances": [
        {
          "schema_version": 1,
          "attributes": {
            "computed_fields": null,
            "field_manager": [],
            "manifest": {
              "value": {
                "apiVersion": "external-secrets.io/v1beta1",
                "kind": "ExternalSecret",
                "metadata": {
                  "name": "shipping-db-secret",
                  "namespace": "app-space"
                },
                "spec": {
                  "data": [
                    {
                      "remoteRef": {
                        "key": "db-creds",
                        "property": "DB_USER"
                      },
                      "secretKey": "DB_USER"
                    },
                    {
                      "remoteRef": {
                        "key": "db-creds",
                        "property": "DB_PASSWORD"
                      },
                      "secretKey": "DB_PASSWORD"
                    }
                  ],
                  "refreshInterval": "1h",
                  "secretStoreRef": {
                    "kind": "SecretStore",
                    "name": "secretstore"
                  },
                  "target": {
                    "name": "kube-secret"
                  }
                }
              },
              "type": [
                "object",
                {
                  "apiVersion": "string",
                  "kind": "string",
                  "metadata": [
                    "object",
                    {
                      "name": "string",
                      "namespace": "string"
                    }
                  ],
                  "spec": [
                    "object",
                    {
                      "data": [
                        "tuple",
                        [
                          [
                            "object",
                            {
                              "remoteRef": [
                                "object",
                                {
                                  "key": "string",
                                  "property": "string"
                                }
                              ],
                              "secretKey": "string"
                            }
                          ],
                          [
                            "object",
                            {
                              "remoteRef": [
                                "object",
                                {
                                  "key": "string",
                                  "property": "string"
                                }
                              ],
                              "secretKey": "string"
                            }
                          ]
                        ]
                      ],
                      "refreshInterval": "string",
                      "secretStoreRef": [
                        "object",
                        {
                          "kind": "string",
                          "name": "string"
                        }
                      ],
                      "target": [
                        "object",
                        {
                          "name": "string"
                        }
                      ]
                    }
                  ]
                }
              ]
            },
            "object": {
              "value": {
                "apiVersion": "external-secrets.io/v1beta1",
                "kind": "ExternalSecret",
                "metadata": {
                  "annotations": null,
                  "creationTimestamp": null,
                  "deletionGracePeriodSeconds": null,
                  "deletionTimestamp": null,
                  "finalizers": null,
                  "generateName": null,
                  "generation": null,
                  "labels": null,
                  "managedFields": null,
                  "name": "shipping-db-secret",
                  "namespace": "app-space",
                  "ownerReferences": null,
                  "resourceVersion": null,
                  "selfLink": null,
                  "uid": null
                },
                "spec": {
                  "data": [
                    {
                      "remoteRef": {
                        "conversionStrategy": "Default",
                        "decodingStrategy": "None",
                        "key": "db-creds",
                        "metadataPolicy": "None",
                        "property": "DB_USER",
                        "version": null
                      },
                      "secretKey": "DB_USER",
                      "sourceRef": {
                        "generatorRef": {
                          "apiVersion": null,
                          "kind": null,
                          "name": null
                        },
                        "storeRef": {
                          "kind": null,
                          "name": null
                        }
                      }
                    },
                    {
                      "remoteRef": {
                        "conversionStrategy": "Default",
                        "decodingStrategy": "None",
                        "key": "db-creds",
                        "metadataPolicy": "None",
                        "property": "DB_PASSWORD",
                        "version": null
                      },
                      "secretKey": "DB_PASSWORD",
                      "sourceRef": {
                        "generatorRef": {
                          "apiVersion": null,
                          "kind": null,
                          "name": null
                        },
                        "storeRef": {
                          "kind": null,
                          "name": null
                        }
                      }
                    }
                  ],
                  "dataFrom": null,
                  "refreshInterval": "1h",
                  "secretStoreRef": {
                    "kind": "SecretStore",
                    "name": "secretstore"
                  },
                  "target": {
                    "creationPolicy": "Owner",
                    "deletionPolicy": "Retain",
                    "immutable": null,
                    "name": "kube-secret",
                    "template": {
                      "data": null,
                      "engineVersion": null,
                      "mergePolicy": null,
                      "metadata": {
                        "annotations": null,
                        "labels": null
                      },
                      "templateFrom": null,
                      "type": null
                    }
                  }
                }
              },
              "type": [
                "object",
                {
                  "apiVersion": "string",
                  "kind": "string",
                  "metadata": [
                    "object",
                    {
                      "annotations": [
                        "map",
                        "string"
                      ],
                      "creationTimestamp": "string",
                      "deletionGracePeriodSeconds": "number",
                      "deletionTimestamp": "string",
                      "finalizers": [
                        "list",
                        "string"
                      ],
                      "generateName": "string",
                      "generation": "number",
                      "labels": [
                        "map",
                        "string"
                      ],
                      "managedFields": [
                        "tuple",
                        [
                          [
                            "object",
                            {
                              "apiVersion": "string",
                              "fieldsType": "string",
                              "fieldsV1": "dynamic",
                              "manager": "string",
                              "operation": "string",
                              "subresource": "string",
                              "time": "string"
                            }
                          ]
                        ]
                      ],
                      "name": "string",
                      "namespace": "string",
                      "ownerReferences": [
                        "list",
                        [
                          "object",
                          {
                            "apiVersion": "string",
                            "blockOwnerDeletion": "bool",
                            "controller": "bool",
                            "kind": "string",
                            "name": "string",
                            "uid": "string"
                          }
                        ]
                      ],
                      "resourceVersion": "string",
                      "selfLink": "string",
                      "uid": "string"
                    }
                  ],
                  "spec": [
                    "object",
                    {
                      "data": [
                        "list",
                        [
                          "object",
                          {
                            "remoteRef": [
                              "object",
                              {
                                "conversionStrategy": "string",
                                "decodingStrategy": "string",
                                "key": "string",
                                "metadataPolicy": "string",
                                "property": "string",
                                "version": "string"
                              }
                            ],
                            "secretKey": "string",
                            "sourceRef": [
                              "object",
                              {
                                "generatorRef": [
                                  "object",
                                  {
                                    "apiVersion": "string",
                                    "kind": "string",
                                    "name": "string"
                                  }
                                ],
                                "storeRef": [
                                  "object",
                                  {
                                    "kind": "string",
                                    "name": "string"
                                  }
                                ]
                              }
                            ]
                          }
                        ]
                      ],
                      "dataFrom": [
                        "list",
                        [
                          "object",
                          {
                            "extract": [
                              "object",
                              {
                                "conversionStrategy": "string",
                                "decodingStrategy": "string",
                                "key": "string",
                                "metadataPolicy": "string",
                                "property": "string",
                                "version": "string"
                              }
                            ],
                            "find": [
                              "object",
                              {
                                "conversionStrategy": "string",
                                "decodingStrategy": "string",
                                "name": [
                                  "object",
                                  {
                                    "regexp": "string"
                                  }
                                ],
                                "path": "string",
                                "tags": [
                                  "map",
                                  "string"
                                ]
                              }
                            ],
                            "rewrite": [
                              "list",
                              [
                                "object",
                                {
                                  "regexp": [
                                    "object",
                                    {
                                      "source": "string",
                                      "target": "string"
                                    }
                                  ],
                                  "transform": [
                                    "object",
                                    {
                                      "template": "string"
                                    }
                                  ]
                                }
                              ]
                            ],
                            "sourceRef": [
                              "object",
                              {
                                "generatorRef": [
                                  "object",
                                  {
                                    "apiVersion": "string",
                                    "kind": "string",
                                    "name": "string"
                                  }
                                ],
                                "storeRef": [
                                  "object",
                                  {
                                    "kind": "string",
                                    "name": "string"
                                  }
                                ]
                              }
                            ]
                          }
                        ]
                      ],
                      "refreshInterval": "string",
                      "secretStoreRef": [
                        "object",
                        {
                          "kind": "string",
                          "name": "string"
                        }
                      ],
                      "target": [
                        "object",
                        {
                          "creationPolicy": "string",
                          "deletionPolicy": "string",
                          "immutable": "bool",
                          "name": "string",
                          "template": [
                            "object",
                            {
                              "data": [
                                "map",
                                "string"
                              ],
                              "engineVersion": "string",
                              "mergePolicy": "string",
                              "metadata": [
                                "object",
                                {
                                  "annotations": [
                                    "map",
                                    "string"
                                  ],
                                  "labels": [
                                    "map",
                                    "string"
                                  ]
                                }
                              ],
                              "templateFrom": [
                                "list",
                                [
                                  "object",
                                  {
                                    "configMap": [
                                      "object",
                                      {
                                        "items": [
                                          "list",
                                          [
                                            "object",
                                            {
                                              "key": "string",
                                              "templateAs": "string"
                                            }
                                          ]
                                        ],
                                        "name": "string"
                                      }
                                    ],
                                    "literal": "string",
                                    "secret": [
                                      "object",
                                      {
                                        "items": [
                                          "list",
                                          [
                                            "object",
                                            {
                                              "key": "string",
                                              "templateAs": "string"
                                            }
                                          ]
                                        ],
                                        "name": "string"
                                      }
                                    ],
                                    "target": "string"
                                  }
                                ]
                              ],
                              "type": "string"
                            }
                          ]
                        }
                      ]
                    }
                  ]
                }
              ]
            },
            "timeouts": [],
            "wait": [],
            "wait_for": null
          },
          "sensitive_attributes": [],
          "identity_schema_version": 1,
          "identity": {
            "api_version": "external-secrets.io/v1beta1",
            "kind": "ExternalSecret",
            "name": "shipping-db-secret",
            "namespace": "app-space"
          },
          "dependencies": [
            "module.cert-manager.helm_release.cert_manager",
            "module.cert-manager.kubectl_manifest.letsencrypt_staging",
            "module.eks.aws_eks_access_entry.terraform_admin",
            "module.eks.aws_eks_access_policy_association.terraform_admin",
            "module.eks.aws_eks_addon.ebs_csi_driver",
            "module.eks.aws_eks_addon.kube-proxy",
            "module.eks.aws_eks_addon.metrics_server",
            "module.eks.aws_eks_addon.vpc_cni",
            "module.eks.aws_eks_cluster.eks_cluster",
            "module.eks.aws_eks_node_group.private_node_1",
            "module.eks.aws_eks_node_group.private_node_2",
            "module.eks.aws_iam_openid_connect_provider.eks",
            "module.eks.aws_iam_role.ebs_csi_driver",
            "module.eks.aws_iam_role.vpc_cni",
            "module.eks.aws_iam_role_policy_attachment.ebs_csi_driver_attach",
            "module.eks.aws_iam_role_policy_attachment.vpc_cni_policy",
            "module.eks.data.aws_eks_cluster.eks",
            "module.eks.data.tls_certificate.eks",
            "module.external-dns.aws_iam_role.external_dns",
            "module.external-dns.aws_iam_role_policy.external_dns_route53",
            "module.external-dns.helm_release.external_dns",
            "module.external-dns.kubectl_manifest.external_dns_namespace",
            "module.external-dns.kubernetes_service_account_v1.external_dns",
            "module.iam.aws_iam_instance_profile.nodes",
            "module.iam.aws_iam_policy.vpc_flow_logs_policy",
            "module.iam.aws_iam_role.cluster",
            "module.iam.aws_iam_role.nodes",
            "module.iam.aws_iam_role.vpc_flow_logs_role",
            "module.iam.aws_iam_role_policy_attachment.AmazonEC2ContainerRegistryReadOnly",
            "module.iam.aws_iam_role_policy_attachment.AmazonEKSWorkerNodePolicy",
            "module.iam.aws_iam_role_policy_attachment.AmazonEKS_CNI_Policy",
            "module.iam.aws_iam_role_policy_attachment.cluster_AmazonEKSClusterPolicy",
            "module.iam.aws_iam_role_policy_attachment.node_group_elb_policy",
            "module.iam.aws_iam_role_policy_attachment.vpc_flow_logs_attach",
            "module.manifests.aws_iam_policy.iam_eso_policy",
            "module.manifests.aws_iam_role.iam_role_eso",
            "module.manifests.aws_iam_role_policy_attachment.iampolicyattach-eso",
            "module.manifests.aws_secretsmanager_secret.secrets",
            "module.manifests.aws_secretsmanager_secret_version.secrets",
            "module.manifests.helm_release.external_secrets",
            "module.manifests.kubernetes_manifest.secret_store",
            "module.manifests.kubernetes_service_account_v1.eso_serviceaact",
            "module.nginx-ingress.helm_release.nginx_ingress",
            "module.vpc.aws_cloudwatch_log_group.cloud_watch_logs",
            "module.vpc.aws_eip.ngw-eip",
            "module.vpc.aws_flow_log.cloud_watch",
            "module.vpc.aws_internet_gateway.igw",
            "module.vpc.aws_kms_alias.kms_alias",
            "module.vpc.aws_kms_key.kms_key",
            "module.vpc.aws_kms_key_policy.kms_key_policy",
            "module.vpc.aws_nat_gateway.ngw",
            "module.vpc.aws_route_table.private-rt",
            "module.vpc.aws_route_table.public-rt",
            "module.vpc.aws_route_table_association.private-route-association-2a",
            "module.vpc.aws_route_table_association.private-route-association-2b",
            "module.vpc.aws_route_table_association.pub-route-association-2a",
            "module.vpc.aws_route_table_association.pub-route-association-2b",
            "module.vpc.aws_subnet.private-subnet-2a",
            "module.vpc.aws_subnet.private-subnet-2b",
            "module.vpc.aws_subnet.public-subnet-2a",
            "module.vpc.aws_subnet.public-subnet-2b",
            "module.vpc.aws_vpc.eks_vpc"
          ]
        }
      ]
    },
    {
      "module": "module.manifests",
      "mode": "managed",
      "type": "kubernetes_manifest",
      "name": "secret_store",
      "provider": "provider[\"registry.terraform.io/hashicorp/kubernetes\"]",
      "instances": [
        {
          "schema_version": 1,
          "attributes": {
            "computed_fields": null,
            "field_manager": [],
            "manifest": {
              "value": {
                "apiVersion": "external-secrets.io/v1beta1",
                "kind": "SecretStore",
                "metadata": {
                  "name": "secretstore",
                  "namespace": "external-secrets"
                },
                "spec": {
                  "provider": {
                    "aws": {
                      "auth": {
                        "jwt": {
                          "serviceAccountRef": {
                            "name": "eso-sa",
                            "namespace": "external-secrets"
                          }
                        }
                      },
                      "region": "eu-west-2",
                      "service": "SecretsManager"
                    }
                  }
                }
              },
              "type": [
                "object",
                {
                  "apiVersion": "string",
                  "kind": "string",
                  "metadata": [
                    "object",
                    {
                      "name": "string",
                      "namespace": "string"
                    }
                  ],
                  "spec": [
                    "object",
                    {
                      "provider": [
                        "object",
                        {
                          "aws": [
                            "object",
                            {
                              "auth": [
                                "object",
                                {
                                  "jwt": [
                                    "object",
                                    {
                                      "serviceAccountRef": [
                                        "object",
                                        {
                                          "name": "string",
                                          "namespace": "string"
                                        }
                                      ]
                                    }
                                  ]
                                }
                              ],
                              "region": "string",
                              "service": "string"
                            }
                          ]
                        }
                      ]
                    }
                  ]
                }
              ]
            },
            "object": {
              "value": {
                "apiVersion": "external-secrets.io/v1beta1",
                "kind": "SecretStore",
                "metadata": {
                  "annotations": null,
                  "creationTimestamp": null,
                  "deletionGracePeriodSeconds": null,
                  "deletionTimestamp": null,
                  "finalizers": null,
                  "generateName": null,
                  "generation": null,
                  "labels": null,
                  "managedFields": null,
                  "name": "secretstore",
                  "namespace": "external-secrets",
                  "ownerReferences": null,
                  "resourceVersion": null,
                  "selfLink": null,
                  "uid": null
                },
                "spec": {
                  "conditions": null,
                  "controller": null,
                  "provider": {
                    "akeyless": {
                      "akeylessGWApiURL": null,
                      "authSecretRef": {
                        "kubernetesAuth": {
                          "accessID": null,
                          "k8sConfName": null,
                          "secretRef": {
                            "key": null,
                            "name": null,
                            "namespace": null
                          },
                          "serviceAccountRef": {
                            "audiences": null,
                            "name": null,
                            "namespace": null
                          }
                        },
                        "secretRef": {
                          "accessID": {
                            "key": null,
                            "name": null,
                            "namespace": null
                          },
                          "accessType": {
                            "key": null,
                            "name": null,
                            "namespace": null
                          },
                          "accessTypeParam": {
                            "key": null,
                            "name": null,
                            "namespace": null
                          }
                        }
                      },
                      "caBundle": null,
                      "caProvider": {
                        "key": null,
                        "name": null,
                        "namespace": null,
                        "type": null
                      }
                    },
                    "alibaba": {
                      "auth": {
                        "rrsa": {
                          "oidcProviderArn": null,
                          "oidcTokenFilePath": null,
                          "roleArn": null,
                          "sessionName": null
                        },
                        "secretRef": {
                          "accessKeyIDSecretRef": {
                            "key": null,
                            "name": null,
                            "namespace": null
                          },
                          "accessKeySecretSecretRef": {
                            "key": null,
                            "name": null,
                            "namespace": null
                          }
                        }
                      },
                      "regionID": null
                    },
                    "aws": {
                      "additionalRoles": null,
                      "auth": {
                        "jwt": {
                          "serviceAccountRef": {
                            "audiences": null,
                            "name": "eso-sa",
                            "namespace": "external-secrets"
                          }
                        },
                        "secretRef": {
                          "accessKeyIDSecretRef": {
                            "key": null,
                            "name": null,
                            "namespace": null
                          },
                          "secretAccessKeySecretRef": {
                            "key": null,
                            "name": null,
                            "namespace": null
                          },
                          "sessionTokenSecretRef": {
                            "key": null,
                            "name": null,
                            "namespace": null
                          }
                        }
                      },
                      "externalID": null,
                      "prefix": null,
                      "region": "eu-west-2",
                      "role": null,
                      "secretsManager": {
                        "forceDeleteWithoutRecovery": null,
                        "recoveryWindowInDays": null
                      },
                      "service": "SecretsManager",
                      "sessionTags": null,
                      "transitiveTagKeys": null
                    },
                    "azurekv": {
                      "authSecretRef": {
                        "clientCertificate": {
                          "key": null,
                          "name": null,
                          "namespace": null
                        },
                        "clientId": {
                          "key": null,
                          "name": null,
                          "namespace": null
                        },
                        "clientSecret": {
                          "key": null,
                          "name": null,
                          "namespace": null
                        },
                        "tenantId": {
                          "key": null,
                          "name": null,
                          "namespace": null
                        }
                      },
                      "authType": null,
                      "environmentType": null,
                      "identityId": null,
                      "serviceAccountRef": {
                        "audiences": null,
                        "name": null,
                        "namespace": null
                      },
                      "tenantId": null,
                      "vaultUrl": null
                    },
                    "beyondtrust": {
                      "auth": {
                        "certificate": {
                          "secretRef": {
                            "key": null,
                            "name": null,
                            "namespace": null
                          },
                          "value": null
                        },
                        "certificateKey": {
                          "secretRef": {
                            "key": null,
                            "name": null,
                            "namespace": null
                          },
                          "value": null
                        },
                        "clientId": {
                          "secretRef": {
                            "key": null,
                            "name": null,
                            "namespace": null
                          },
                          "value": null
                        },
                        "clientSecret": {
                          "secretRef": {
                            "key": null,
                            "name": null,
                            "namespace": null
                          },
                          "value": null
                        }
                      },
                      "server": {
                        "apiUrl": null,
                        "clientTimeOutSeconds": null,
                        "retrievalType": null,
                        "separator": null,
                        "verifyCA": null
                      }
                    },
                    "bitwardensecretsmanager": {
                      "apiURL": null,
                      "auth": {
                        "secretRef": {
                          "credentials": {
                            "key": null,
                            "name": null,
                            "namespace": null
                          }
                        }
                      },
                      "bitwardenServerSDKURL": null,
                      "caBundle": null,
                      "caProvider": {
                        "key": null,
                        "name": null,
                        "namespace": null,
                        "type": null
                      },
                      "identityURL": null,
                      "organizationID": null,
                      "projectID": null
                    },
                    "chef": {
                      "auth": {
                        "secretRef": {
                          "privateKeySecretRef": {
                            "key": null,
                            "name": null,
                            "namespace": null
                          }
                        }
                      },
                      "serverUrl": null,
                      "username": null
                    },
                    "conjur": {
                      "auth": {
                        "apikey": {
                          "account": null,
                          "apiKeyRef": {
                            "key": null,
                            "name": null,
                            "namespace": null
                          },
                          "userRef": {
                            "key": null,
                            "name": null,
                            "namespace": null
                          }
                        },
                        "jwt": {
                          "account": null,
                          "hostId": null,
                          "secretRef": {
                            "key": null,
                            "name": null,
                            "namespace": null
                          },
                          "serviceAccountRef": {
                            "audiences": null,
                            "name": null,
                            "namespace": null
                          },
                          "serviceID": null
                        }
                      },
                      "caBundle": null,
                      "caProvider": {
                        "key": null,
                        "name": null,
                        "namespace": null,
                        "type": null
                      },
                      "url": null
                    },
                    "delinea": {
                      "clientId": {
                        "secretRef": {
                          "key": null,
                          "name": null,
                          "namespace": null
                        },
                        "value": null
                      },
                      "clientSecret": {
                        "secretRef": {
                          "key": null,
                          "name": null,
                          "namespace": null
                        },
                        "value": null
                      },
                      "tenant": null,
                      "tld": null,
                      "urlTemplate": null
                    },
                    "device42": {
                      "auth": {
                        "secretRef": {
                          "credentials": {
                            "key": null,
                            "name": null,
                            "namespace": null
                          }
                        }
                      },
                      "host": null
                    },
                    "doppler": {
                      "auth": {
                        "secretRef": {
                          "dopplerToken": {
                            "key": null,
                            "name": null,
                            "namespace": null
                          }
                        }
                      },
                      "config": null,
                      "format": null,
                      "nameTransformer": null,
                      "project": null
                    },
                    "fake": {
                      "data": null
                    },
                    "fortanix": {
                      "apiKey": {
                        "secretRef": {
                          "key": null,
                          "name": null,
                          "namespace": null
                        }
                      },
                      "apiUrl": null
                    },
                    "gcpsm": {
                      "auth": {
                        "secretRef": {
                          "secretAccessKeySecretRef": {
                            "key": null,
                            "name": null,
                            "namespace": null
                          }
                        },
                        "workloadIdentity": {
                          "clusterLocation": null,
                          "clusterName": null,
                          "clusterProjectID": null,
                          "serviceAccountRef": {
                            "audiences": null,
                            "name": null,
                            "namespace": null
                          }
                        }
                      },
                      "location": null,
                      "projectID": null
                    },
                    "gitlab": {
                      "auth": {
                        "SecretRef": {
                          "accessToken": {
                            "key": null,
                            "name": null,
                            "namespace": null
                          }
                        }
                      },
                      "environment": null,
                      "groupIDs": null,
                      "inheritFromGroups": null,
                      "projectID": null,
                      "url": null
                    },
                    "ibm": {
                      "auth": {
                        "containerAuth": {
                          "iamEndpoint": null,
                          "profile": null,
                          "tokenLocation": null
                        },
                        "secretRef": {
                          "secretApiKeySecretRef": {
                            "key": null,
                            "name": null,
                            "namespace": null
                          }
                        }
                      },
                      "serviceUrl": null
                    },
                    "infisical": {
                      "auth": {
                        "universalAuthCredentials": {
                          "clientId": {
                            "key": null,
                            "name": null,
                            "namespace": null
                          },
                          "clientSecret": {
                            "key": null,
                            "name": null,
                            "namespace": null
                          }
                        }
                      },
                      "hostAPI": null,
                      "secretsScope": {
                        "environmentSlug": null,
                        "projectSlug": null,
                        "recursive": null,
                        "secretsPath": null
                      }
                    },
                    "keepersecurity": {
                      "authRef": {
                        "key": null,
                        "name": null,
                        "namespace": null
                      },
                      "folderID": null
                    },
                    "kubernetes": {
                      "auth": {
                        "cert": {
                          "clientCert": {
                            "key": null,
                            "name": null,
                            "namespace": null
                          },
                          "clientKey": {
                            "key": null,
                            "name": null,
                            "namespace": null
                          }
                        },
                        "serviceAccount": {
                          "audiences": null,
                          "name": null,
                          "namespace": null
                        },
                        "token": {
                          "bearerToken": {
                            "key": null,
                            "name": null,
                            "namespace": null
                          }
                        }
                      },
                      "authRef": {
                        "key": null,
                        "name": null,
                        "namespace": null
                      },
                      "remoteNamespace": null,
                      "server": {
                        "caBundle": null,
                        "caProvider": {
                          "key": null,
                          "name": null,
                          "namespace": null,
                          "type": null
                        },
                        "url": null
                      }
                    },
                    "onboardbase": {
                      "apiHost": null,
                      "auth": {
                        "apiKeyRef": {
                          "key": null,
                          "name": null,
                          "namespace": null
                        },
                        "passcodeRef": {
                          "key": null,
                          "name": null,
                          "namespace": null
                        }
                      },
                      "environment": null,
                      "project": null
                    },
                    "onepassword": {
                      "auth": {
                        "secretRef": {
                          "connectTokenSecretRef": {
                            "key": null,
                            "name": null,
                            "namespace": null
                          }
                        }
                      },
                      "connectHost": null,
                      "vaults": null
                    },
                    "oracle": {
                      "auth": {
                        "secretRef": {
                          "fingerprint": {
                            "key": null,
                            "name": null,
                            "namespace": null
                          },
                          "privatekey": {
                            "key": null,
                            "name": null,
                            "namespace": null
                          }
                        },
                        "tenancy": null,
                        "user": null
                      },
                      "compartment": null,
                      "encryptionKey": null,
                      "principalType": null,
                      "region": null,
                      "serviceAccountRef": {
                        "audiences": null,
                        "name": null,
                        "namespace": null
                      },
                      "vault": null
                    },
                    "passbolt": {
                      "auth": {
                        "passwordSecretRef": {
                          "key": null,
                          "name": null,
                          "namespace": null
                        },
                        "privateKeySecretRef": {
                          "key": null,
                          "name": null,
                          "namespace": null
                        }
                      },
                      "host": null
                    },
                    "passworddepot": {
                      "auth": {
                        "secretRef": {
                          "credentials": {
                            "key": null,
                            "name": null,
                            "namespace": null
                          }
                        }
                      },
                      "database": null,
                      "host": null
                    },
                    "previder": {
                      "auth": {
                        "secretRef": {
                          "accessToken": {
                            "key": null,
                            "name": null,
                            "namespace": null
                          }
                        }
                      },
                      "baseUri": null
                    },
                    "pulumi": {
                      "accessToken": {
                        "secretRef": {
                          "key": null,
                          "name": null,
                          "namespace": null
                        }
                      },
                      "apiUrl": null,
                      "environment": null,
                      "organization": null,
                      "project": null
                    },
                    "scaleway": {
                      "accessKey": {
                        "secretRef": {
                          "key": null,
                          "name": null,
                          "namespace": null
                        },
                        "value": null
                      },
                      "apiUrl": null,
                      "projectId": null,
                      "region": null,
                      "secretKey": {
                        "secretRef": {
                          "key": null,
                          "name": null,
                          "namespace": null
                        },
                        "value": null
                      }
                    },
                    "secretserver": {
                      "password": {
                        "secretRef": {
                          "key": null,
                          "name": null,
                          "namespace": null
                        },
                        "value": null
                      },
                      "serverURL": null,
                      "username": {
                        "secretRef": {
                          "key": null,
                          "name": null,
                          "namespace": null
                        },
                        "value": null
                      }
                    },
                    "senhasegura": {
                      "auth": {
                        "clientId": null,
                        "clientSecretSecretRef": {
                          "key": null,
                          "name": null,
                          "namespace": null
                        }
                      },
                      "ignoreSslCertificate": null,
                      "module": null,
                      "url": null
                    },
                    "vault": {
                      "auth": {
                        "appRole": {
                          "path": null,
                          "roleId": null,
                          "roleRef": {
                            "key": null,
                            "name": null,
                            "namespace": null
                          },
                          "secretRef": {
                            "key": null,
                            "name": null,
                            "namespace": null
                          }
                        },
                        "cert": {
                          "clientCert": {
                            "key": null,
                            "name": null,
                            "namespace": null
                          },
                          "secretRef": {
                            "key": null,
                            "name": null,
                            "namespace": null
                          }
                        },
                        "iam": {
                          "externalID": null,
                          "jwt": {
                            "serviceAccountRef": {
                              "audiences": null,
                              "name": null,
                              "namespace": null
                            }
                          },
                          "path": null,
                          "region": null,
                          "role": null,
                          "secretRef": {
                            "accessKeyIDSecretRef": {
                              "key": null,
                              "name": null,
                              "namespace": null
                            },
                            "secretAccessKeySecretRef": {
                              "key": null,
                              "name": null,
                              "namespace": null
                            },
                            "sessionTokenSecretRef": {
                              "key": null,
                              "name": null,
                              "namespace": null
                            }
                          },
                          "vaultAwsIamServerID": null,
                          "vaultRole": null
                        },
                        "jwt": {
                          "kubernetesServiceAccountToken": {
                            "audiences": null,
                            "expirationSeconds": null,
                            "serviceAccountRef": {
                              "audiences": null,
                              "name": null,
                              "namespace": null
                            }
                          },
                          "path": null,
                          "role": null,
                          "secretRef": {
                            "key": null,
                            "name": null,
                            "namespace": null
                          }
                        },
                        "kubernetes": {
                          "mountPath": null,
                          "role": null,
                          "secretRef": {
                            "key": null,
                            "name": null,
                            "namespace": null
                          },
                          "serviceAccountRef": {
                            "audiences": null,
                            "name": null,
                            "namespace": null
                          }
                        },
                        "ldap": {
                          "path": null,
                          "secretRef": {
                            "key": null,
                            "name": null,
                            "namespace": null
                          },
                          "username": null
                        },
                        "namespace": null,
                        "tokenSecretRef": {
                          "key": null,
                          "name": null,
                          "namespace": null
                        },
                        "userPass": {
                          "path": null,
                          "secretRef": {
                            "key": null,
                            "name": null,
                            "namespace": null
                          },
                          "username": null
                        }
                      },
                      "caBundle": null,
                      "caProvider": {
                        "key": null,
                        "name": null,
                        "namespace": null,
                        "type": null
                      },
                      "forwardInconsistent": null,
                      "headers": null,
                      "namespace": null,
                      "path": null,
                      "readYourWrites": null,
                      "server": null,
                      "tls": {
                        "certSecretRef": {
                          "key": null,
                          "name": null,
                          "namespace": null
                        },
                        "keySecretRef": {
                          "key": null,
                          "name": null,
                          "namespace": null
                        }
                      },
                      "version": null
                    },
                    "webhook": {
                      "body": null,
                      "caBundle": null,
                      "caProvider": {
                        "key": null,
                        "name": null,
                        "namespace": null,
                        "type": null
                      },
                      "headers": null,
                      "method": null,
                      "result": {
                        "jsonPath": null
                      },
                      "secrets": null,
                      "timeout": null,
                      "url": null
                    },
                    "yandexcertificatemanager": {
                      "apiEndpoint": null,
                      "auth": {
                        "authorizedKeySecretRef": {
                          "key": null,
                          "name": null,
                          "namespace": null
                        }
                      },
                      "caProvider": {
                        "certSecretRef": {
                          "key": null,
                          "name": null,
                          "namespace": null
                        }
                      }
                    },
                    "yandexlockbox": {
                      "apiEndpoint": null,
                      "auth": {
                        "authorizedKeySecretRef": {
                          "key": null,
                          "name": null,
                          "namespace": null
                        }
                      },
                      "caProvider": {
                        "certSecretRef": {
                          "key": null,
                          "name": null,
                          "namespace": null
                        }
                      }
                    }
                  },
                  "refreshInterval": null,
                  "retrySettings": {
                    "maxRetries": null,
                    "retryInterval": null
                  }
                }
              },
              "type": [
                "object",
                {
                  "apiVersion": "string",
                  "kind": "string",
                  "metadata": [
                    "object",
                    {
                      "annotations": [
                        "map",
                        "string"
                      ],
                      "creationTimestamp": "string",
                      "deletionGracePeriodSeconds": "number",
                      "deletionTimestamp": "string",
                      "finalizers": [
                        "list",
                        "string"
                      ],
                      "generateName": "string",
                      "generation": "number",
                      "labels": [
                        "map",
                        "string"
                      ],
                      "managedFields": [
                        "tuple",
                        [
                          [
                            "object",
                            {
                              "apiVersion": "string",
                              "fieldsType": "string",
                              "fieldsV1": "dynamic",
                              "manager": "string",
                              "operation": "string",
                              "subresource": "string",
                              "time": "string"
                            }
                          ]
                        ]
                      ],
                      "name": "string",
                      "namespace": "string",
                      "ownerReferences": [
                        "list",
                        [
                          "object",
                          {
                            "apiVersion": "string",
                            "blockOwnerDeletion": "bool",
                            "controller": "bool",
                            "kind": "string",
                            "name": "string",
                            "uid": "string"
                          }
                        ]
                      ],
                      "resourceVersion": "string",
                      "selfLink": "string",
                      "uid": "string"
                    }
                  ],
                  "spec": [
                    "object",
                    {
                      "conditions": [
                        "list",
                        [
                          "object",
                          {
                            "namespaceRegexes": [
                              "list",
                              "string"
                            ],
                            "namespaceSelector": [
                              "object",
                              {
                                "matchExpressions": [
                                  "list",
                                  [
                                    "object",
                                    {
                                      "key": "string",
                                      "operator": "string",
                                      "values": [
                                        "list",
                                        "string"
                                      ]
                                    }
                                  ]
                                ],
                                "matchLabels": [
                                  "map",
                                  "string"
                                ]
                              }
                            ],
                            "namespaces": [
                              "list",
                              "string"
                            ]
                          }
                        ]
                      ],
                      "controller": "string",
                      "provider": [
                        "object",
                        {
                          "akeyless": [
                            "object",
                            {
                              "akeylessGWApiURL": "string",
                              "authSecretRef": [
                                "object",
                                {
                                  "kubernetesAuth": [
                                    "object",
                                    {
                                      "accessID": "string",
                                      "k8sConfName": "string",
                                      "secretRef": [
                                        "object",
                                        {
                                          "key": "string",
                                          "name": "string",
                                          "namespace": "string"
                                        }
                                      ],
                                      "serviceAccountRef": [
                                        "object",
                                        {
                                          "audiences": [
                                            "list",
                                            "string"
                                          ],
                                          "name": "string",
                                          "namespace": "string"
                                        }
                                      ]
                                    }
                                  ],
                                  "secretRef": [
                                    "object",
                                    {
                                      "accessID": [
                                        "object",
                                        {
                                          "key": "string",
                                          "name": "string",
                                          "namespace": "string"
                                        }
                                      ],
                                      "accessType": [
                                        "object",
                                        {
                                          "key": "string",
                                          "name": "string",
                                          "namespace": "string"
                                        }
                                      ],
                                      "accessTypeParam": [
                                        "object",
                                        {
                                          "key": "string",
                                          "name": "string",
                                          "namespace": "string"
                                        }
                                      ]
                                    }
                                  ]
                                }
                              ],
                              "caBundle": "string",
                              "caProvider": [
                                "object",
                                {
                                  "key": "string",
                                  "name": "string",
                                  "namespace": "string",
                                  "type": "string"
                                }
                              ]
                            }
                          ],
                          "alibaba": [
                            "object",
                            {
                              "auth": [
                                "object",
                                {
                                  "rrsa": [
                                    "object",
                                    {
                                      "oidcProviderArn": "string",
                                      "oidcTokenFilePath": "string",
                                      "roleArn": "string",
                                      "sessionName": "string"
                                    }
                                  ],
                                  "secretRef": [
                                    "object",
                                    {
                                      "accessKeyIDSecretRef": [
                                        "object",
                                        {
                                          "key": "string",
                                          "name": "string",
                                          "namespace": "string"
                                        }
                                      ],
                                      "accessKeySecretSecretRef": [
                                        "object",
                                        {
                                          "key": "string",
                                          "name": "string",
                                          "namespace": "string"
                                        }
                                      ]
                                    }
                                  ]
                                }
                              ],
                              "regionID": "string"
                            }
                          ],
                          "aws": [
                            "object",
                            {
                              "additionalRoles": [
                                "list",
                                "string"
                              ],
                              "auth": [
                                "object",
                                {
                                  "jwt": [
                                    "object",
                                    {
                                      "serviceAccountRef": [
                                        "object",
                                        {
                                          "audiences": [
                                            "list",
                                            "string"
                                          ],
                                          "name": "string",
                                          "namespace": "string"
                                        }
                                      ]
                                    }
                                  ],
                                  "secretRef": [
                                    "object",
                                    {
                                      "accessKeyIDSecretRef": [
                                        "object",
                                        {
                                          "key": "string",
                                          "name": "string",
                                          "namespace": "string"
                                        }
                                      ],
                                      "secretAccessKeySecretRef": [
                                        "object",
                                        {
                                          "key": "string",
                                          "name": "string",
                                          "namespace": "string"
                                        }
                                      ],
                                      "sessionTokenSecretRef": [
                                        "object",
                                        {
                                          "key": "string",
                                          "name": "string",
                                          "namespace": "string"
                                        }
                                      ]
                                    }
                                  ]
                                }
                              ],
                              "externalID": "string",
                              "prefix": "string",
                              "region": "string",
                              "role": "string",
                              "secretsManager": [
                                "object",
                                {
                                  "forceDeleteWithoutRecovery": "bool",
                                  "recoveryWindowInDays": "number"
                                }
                              ],
                              "service": "string",
                              "sessionTags": [
                                "list",
                                [
                                  "object",
                                  {
                                    "key": "string",
                                    "value": "string"
                                  }
                                ]
                              ],
                              "transitiveTagKeys": [
                                "list",
                                "string"
                              ]
                            }
                          ],
                          "azurekv": [
                            "object",
                            {
                              "authSecretRef": [
                                "object",
                                {
                                  "clientCertificate": [
                                    "object",
                                    {
                                      "key": "string",
                                      "name": "string",
                                      "namespace": "string"
                                    }
                                  ],
                                  "clientId": [
                                    "object",
                                    {
                                      "key": "string",
                                      "name": "string",
                                      "namespace": "string"
                                    }
                                  ],
                                  "clientSecret": [
                                    "object",
                                    {
                                      "key": "string",
                                      "name": "string",
                                      "namespace": "string"
                                    }
                                  ],
                                  "tenantId": [
                                    "object",
                                    {
                                      "key": "string",
                                      "name": "string",
                                      "namespace": "string"
                                    }
                                  ]
                                }
                              ],
                              "authType": "string",
                              "environmentType": "string",
                              "identityId": "string",
                              "serviceAccountRef": [
                                "object",
                                {
                                  "audiences": [
                                    "list",
                                    "string"
                                  ],
                                  "name": "string",
                                  "namespace": "string"
                                }
                              ],
                              "tenantId": "string",
                              "vaultUrl": "string"
                            }
                          ],
                          "beyondtrust": [
                            "object",
                            {
                              "auth": [
                                "object",
                                {
                                  "certificate": [
                                    "object",
                                    {
                                      "secretRef": [
                                        "object",
                                        {
                                          "key": "string",
                                          "name": "string",
                                          "namespace": "string"
                                        }
                                      ],
                                      "value": "string"
                                    }
                                  ],
                                  "certificateKey": [
                                    "object",
                                    {
                                      "secretRef": [
                                        "object",
                                        {
                                          "key": "string",
                                          "name": "string",
                                          "namespace": "string"
                                        }
                                      ],
                                      "value": "string"
                                    }
                                  ],
                                  "clientId": [
                                    "object",
                                    {
                                      "secretRef": [
                                        "object",
                                        {
                                          "key": "string",
                                          "name": "string",
                                          "namespace": "string"
                                        }
                                      ],
                                      "value": "string"
                                    }
                                  ],
                                  "clientSecret": [
                                    "object",
                                    {
                                      "secretRef": [
                                        "object",
                                        {
                                          "key": "string",
                                          "name": "string",
                                          "namespace": "string"
                                        }
                                      ],
                                      "value": "string"
                                    }
                                  ]
                                }
                              ],
                              "server": [
                                "object",
                                {
                                  "apiUrl": "string",
                                  "clientTimeOutSeconds": "number",
                                  "retrievalType": "string",
                                  "separator": "string",
                                  "verifyCA": "bool"
                                }
                              ]
                            }
                          ],
                          "bitwardensecretsmanager": [
                            "object",
                            {
                              "apiURL": "string",
                              "auth": [
                                "object",
                                {
                                  "secretRef": [
                                    "object",
                                    {
                                      "credentials": [
                                        "object",
                                        {
                                          "key": "string",
                                          "name": "string",
                                          "namespace": "string"
                                        }
                                      ]
                                    }
                                  ]
                                }
                              ],
                              "bitwardenServerSDKURL": "string",
                              "caBundle": "string",
                              "caProvider": [
                                "object",
                                {
                                  "key": "string",
                                  "name": "string",
                                  "namespace": "string",
                                  "type": "string"
                                }
                              ],
                              "identityURL": "string",
                              "organizationID": "string",
                              "projectID": "string"
                            }
                          ],
                          "chef": [
                            "object",
                            {
                              "auth": [
                                "object",
                                {
                                  "secretRef": [
                                    "object",
                                    {
                                      "privateKeySecretRef": [
                                        "object",
                                        {
                                          "key": "string",
                                          "name": "string",
                                          "namespace": "string"
                                        }
                                      ]
                                    }
                                  ]
                                }
                              ],
                              "serverUrl": "string",
                              "username": "string"
                            }
                          ],
                          "conjur": [
                            "object",
                            {
                              "auth": [
                                "object",
                                {
                                  "apikey": [
                                    "object",
                                    {
                                      "account": "string",
                                      "apiKeyRef": [
                                        "object",
                                        {
                                          "key": "string",
                                          "name": "string",
                                          "namespace": "string"
                                        }
                                      ],
                                      "userRef": [
                                        "object",
                                        {
                                          "key": "string",
                                          "name": "string",
                                          "namespace": "string"
                                        }
                                      ]
                                    }
                                  ],
                                  "jwt": [
                                    "object",
                                    {
                                      "account": "string",
                                      "hostId": "string",
                                      "secretRef": [
                                        "object",
                                        {
                                          "key": "string",
                                          "name": "string",
                                          "namespace": "string"
                                        }
                                      ],
                                      "serviceAccountRef": [
                                        "object",
                                        {
                                          "audiences": [
                                            "list",
                                            "string"
                                          ],
                                          "name": "string",
                                          "namespace": "string"
                                        }
                                      ],
                                      "serviceID": "string"
                                    }
                                  ]
                                }
                              ],
                              "caBundle": "string",
                              "caProvider": [
                                "object",
                                {
                                  "key": "string",
                                  "name": "string",
                                  "namespace": "string",
                                  "type": "string"
                                }
                              ],
                              "url": "string"
                            }
                          ],
                          "delinea": [
                            "object",
                            {
                              "clientId": [
                                "object",
                                {
                                  "secretRef": [
                                    "object",
                                    {
                                      "key": "string",
                                      "name": "string",
                                      "namespace": "string"
                                    }
                                  ],
                                  "value": "string"
                                }
                              ],
                              "clientSecret": [
                                "object",
                                {
                                  "secretRef": [
                                    "object",
                                    {
                                      "key": "string",
                                      "name": "string",
                                      "namespace": "string"
                                    }
                                  ],
                                  "value": "string"
                                }
                              ],
                              "tenant": "string",
                              "tld": "string",
                              "urlTemplate": "string"
                            }
                          ],
                          "device42": [
                            "object",
                            {
                              "auth": [
                                "object",
                                {
                                  "secretRef": [
                                    "object",
                                    {
                                      "credentials": [
                                        "object",
                                        {
                                          "key": "string",
                                          "name": "string",
                                          "namespace": "string"
                                        }
                                      ]
                                    }
                                  ]
                                }
                              ],
                              "host": "string"
                            }
                          ],
                          "doppler": [
                            "object",
                            {
                              "auth": [
                                "object",
                                {
                                  "secretRef": [
                                    "object",
                                    {
                                      "dopplerToken": [
                                        "object",
                                        {
                                          "key": "string",
                                          "name": "string",
                                          "namespace": "string"
                                        }
                                      ]
                                    }
                                  ]
                                }
                              ],
                              "config": "string",
                              "format": "string",
                              "nameTransformer": "string",
                              "project": "string"
                            }
                          ],
                          "fake": [
                            "object",
                            {
                              "data": [
                                "list",
                                [
                                  "object",
                                  {
                                    "key": "string",
                                    "value": "string",
                                    "valueMap": [
                                      "map",
                                      "string"
                                    ],
                                    "version": "string"
                                  }
                                ]
                              ]
                            }
                          ],
                          "fortanix": [
                            "object",
                            {
                              "apiKey": [
                                "object",
                                {
                                  "secretRef": [
                                    "object",
                                    {
                                      "key": "string",
                                      "name": "string",
                                      "namespace": "string"
                                    }
                                  ]
                                }
                              ],
                              "apiUrl": "string"
                            }
                          ],
                          "gcpsm": [
                            "object",
                            {
                              "auth": [
                                "object",
                                {
                                  "secretRef": [
                                    "object",
                                    {
                                      "secretAccessKeySecretRef": [
                                        "object",
                                        {
                                          "key": "string",
                                          "name": "string",
                                          "namespace": "string"
                                        }
                                      ]
                                    }
                                  ],
                                  "workloadIdentity": [
                                    "object",
                                    {
                                      "clusterLocation": "string",
                                      "clusterName": "string",
                                      "clusterProjectID": "string",
                                      "serviceAccountRef": [
                                        "object",
                                        {
                                          "audiences": [
                                            "list",
                                            "string"
                                          ],
                                          "name": "string",
                                          "namespace": "string"
                                        }
                                      ]
                                    }
                                  ]
                                }
                              ],
                              "location": "string",
                              "projectID": "string"
                            }
                          ],
                          "gitlab": [
                            "object",
                            {
                              "auth": [
                                "object",
                                {
                                  "SecretRef": [
                                    "object",
                                    {
                                      "accessToken": [
                                        "object",
                                        {
                                          "key": "string",
                                          "name": "string",
                                          "namespace": "string"
                                        }
                                      ]
                                    }
                                  ]
                                }
                              ],
                              "environment": "string",
                              "groupIDs": [
                                "list",
                                "string"
                              ],
                              "inheritFromGroups": "bool",
                              "projectID": "string",
                              "url": "string"
                            }
                          ],
                          "ibm": [
                            "object",
                            {
                              "auth": [
                                "object",
                                {
                                  "containerAuth": [
                                    "object",
                                    {
                                      "iamEndpoint": "string",
                                      "profile": "string",
                                      "tokenLocation": "string"
                                    }
                                  ],
                                  "secretRef": [
                                    "object",
                                    {
                                      "secretApiKeySecretRef": [
                                        "object",
                                        {
                                          "key": "string",
                                          "name": "string",
                                          "namespace": "string"
                                        }
                                      ]
                                    }
                                  ]
                                }
                              ],
                              "serviceUrl": "string"
                            }
                          ],
                          "infisical": [
                            "object",
                            {
                              "auth": [
                                "object",
                                {
                                  "universalAuthCredentials": [
                                    "object",
                                    {
                                      "clientId": [
                                        "object",
                                        {
                                          "key": "string",
                                          "name": "string",
                                          "namespace": "string"
                                        }
                                      ],
                                      "clientSecret": [
                                        "object",
                                        {
                                          "key": "string",
                                          "name": "string",
                                          "namespace": "string"
                                        }
                                      ]
                                    }
                                  ]
                                }
                              ],
                              "hostAPI": "string",
                              "secretsScope": [
                                "object",
                                {
                                  "environmentSlug": "string",
                                  "projectSlug": "string",
                                  "recursive": "bool",
                                  "secretsPath": "string"
                                }
                              ]
                            }
                          ],
                          "keepersecurity": [
                            "object",
                            {
                              "authRef": [
                                "object",
                                {
                                  "key": "string",
                                  "name": "string",
                                  "namespace": "string"
                                }
                              ],
                              "folderID": "string"
                            }
                          ],
                          "kubernetes": [
                            "object",
                            {
                              "auth": [
                                "object",
                                {
                                  "cert": [
                                    "object",
                                    {
                                      "clientCert": [
                                        "object",
                                        {
                                          "key": "string",
                                          "name": "string",
                                          "namespace": "string"
                                        }
                                      ],
                                      "clientKey": [
                                        "object",
                                        {
                                          "key": "string",
                                          "name": "string",
                                          "namespace": "string"
                                        }
                                      ]
                                    }
                                  ],
                                  "serviceAccount": [
                                    "object",
                                    {
                                      "audiences": [
                                        "list",
                                        "string"
                                      ],
                                      "name": "string",
                                      "namespace": "string"
                                    }
                                  ],
                                  "token": [
                                    "object",
                                    {
                                      "bearerToken": [
                                        "object",
                                        {
                                          "key": "string",
                                          "name": "string",
                                          "namespace": "string"
                                        }
                                      ]
                                    }
                                  ]
                                }
                              ],
                              "authRef": [
                                "object",
                                {
                                  "key": "string",
                                  "name": "string",
                                  "namespace": "string"
                                }
                              ],
                              "remoteNamespace": "string",
                              "server": [
                                "object",
                                {
                                  "caBundle": "string",
                                  "caProvider": [
                                    "object",
                                    {
                                      "key": "string",
                                      "name": "string",
                                      "namespace": "string",
                                      "type": "string"
                                    }
                                  ],
                                  "url": "string"
                                }
                              ]
                            }
                          ],
                          "onboardbase": [
                            "object",
                            {
                              "apiHost": "string",
                              "auth": [
                                "object",
                                {
                                  "apiKeyRef": [
                                    "object",
                                    {
                                      "key": "string",
                                      "name": "string",
                                      "namespace": "string"
                                    }
                                  ],
                                  "passcodeRef": [
                                    "object",
                                    {
                                      "key": "string",
                                      "name": "string",
                                      "namespace": "string"
                                    }
                                  ]
                                }
                              ],
                              "environment": "string",
                              "project": "string"
                            }
                          ],
                          "onepassword": [
                            "object",
                            {
                              "auth": [
                                "object",
                                {
                                  "secretRef": [
                                    "object",
                                    {
                                      "connectTokenSecretRef": [
                                        "object",
                                        {
                                          "key": "string",
                                          "name": "string",
                                          "namespace": "string"
                                        }
                                      ]
                                    }
                                  ]
                                }
                              ],
                              "connectHost": "string",
                              "vaults": [
                                "map",
                                "number"
                              ]
                            }
                          ],
                          "oracle": [
                            "object",
                            {
                              "auth": [
                                "object",
                                {
                                  "secretRef": [
                                    "object",
                                    {
                                      "fingerprint": [
                                        "object",
                                        {
                                          "key": "string",
                                          "name": "string",
                                          "namespace": "string"
                                        }
                                      ],
                                      "privatekey": [
                                        "object",
                                        {
                                          "key": "string",
                                          "name": "string",
                                          "namespace": "string"
                                        }
                                      ]
                                    }
                                  ],
                                  "tenancy": "string",
                                  "user": "string"
                                }
                              ],
                              "compartment": "string",
                              "encryptionKey": "string",
                              "principalType": "string",
                              "region": "string",
                              "serviceAccountRef": [
                                "object",
                                {
                                  "audiences": [
                                    "list",
                                    "string"
                                  ],
                                  "name": "string",
                                  "namespace": "string"
                                }
                              ],
                              "vault": "string"
                            }
                          ],
                          "passbolt": [
                            "object",
                            {
                              "auth": [
                                "object",
                                {
                                  "passwordSecretRef": [
                                    "object",
                                    {
                                      "key": "string",
                                      "name": "string",
                                      "namespace": "string"
                                    }
                                  ],
                                  "privateKeySecretRef": [
                                    "object",
                                    {
                                      "key": "string",
                                      "name": "string",
                                      "namespace": "string"
                                    }
                                  ]
                                }
                              ],
                              "host": "string"
                            }
                          ],
                          "passworddepot": [
                            "object",
                            {
                              "auth": [
                                "object",
                                {
                                  "secretRef": [
                                    "object",
                                    {
                                      "credentials": [
                                        "object",
                                        {
                                          "key": "string",
                                          "name": "string",
                                          "namespace": "string"
                                        }
                                      ]
                                    }
                                  ]
                                }
                              ],
                              "database": "string",
                              "host": "string"
                            }
                          ],
                          "previder": [
                            "object",
                            {
                              "auth": [
                                "object",
                                {
                                  "secretRef": [
                                    "object",
                                    {
                                      "accessToken": [
                                        "object",
                                        {
                                          "key": "string",
                                          "name": "string",
                                          "namespace": "string"
                                        }
                                      ]
                                    }
                                  ]
                                }
                              ],
                              "baseUri": "string"
                            }
                          ],
                          "pulumi": [
                            "object",
                            {
                              "accessToken": [
                                "object",
                                {
                                  "secretRef": [
                                    "object",
                                    {
                                      "key": "string",
                                      "name": "string",
                                      "namespace": "string"
                                    }
                                  ]
                                }
                              ],
                              "apiUrl": "string",
                              "environment": "string",
                              "organization": "string",
                              "project": "string"
                            }
                          ],
                          "scaleway": [
                            "object",
                            {
                              "accessKey": [
                                "object",
                                {
                                  "secretRef": [
                                    "object",
                                    {
                                      "key": "string",
                                      "name": "string",
                                      "namespace": "string"
                                    }
                                  ],
                                  "value": "string"
                                }
                              ],
                              "apiUrl": "string",
                              "projectId": "string",
                              "region": "string",
                              "secretKey": [
                                "object",
                                {
                                  "secretRef": [
                                    "object",
                                    {
                                      "key": "string",
                                      "name": "string",
                                      "namespace": "string"
                                    }
                                  ],
                                  "value": "string"
                                }
                              ]
                            }
                          ],
                          "secretserver": [
                            "object",
                            {
                              "password": [
                                "object",
                                {
                                  "secretRef": [
                                    "object",
                                    {
                                      "key": "string",
                                      "name": "string",
                                      "namespace": "string"
                                    }
                                  ],
                                  "value": "string"
                                }
                              ],
                              "serverURL": "string",
                              "username": [
                                "object",
                                {
                                  "secretRef": [
                                    "object",
                                    {
                                      "key": "string",
                                      "name": "string",
                                      "namespace": "string"
                                    }
                                  ],
                                  "value": "string"
                                }
                              ]
                            }
                          ],
                          "senhasegura": [
                            "object",
                            {
                              "auth": [
                                "object",
                                {
                                  "clientId": "string",
                                  "clientSecretSecretRef": [
                                    "object",
                                    {
                                      "key": "string",
                                      "name": "string",
                                      "namespace": "string"
                                    }
                                  ]
                                }
                              ],
                              "ignoreSslCertificate": "bool",
                              "module": "string",
                              "url": "string"
                            }
                          ],
                          "vault": [
                            "object",
                            {
                              "auth": [
                                "object",
                                {
                                  "appRole": [
                                    "object",
                                    {
                                      "path": "string",
                                      "roleId": "string",
                                      "roleRef": [
                                        "object",
                                        {
                                          "key": "string",
                                          "name": "string",
                                          "namespace": "string"
                                        }
                                      ],
                                      "secretRef": [
                                        "object",
                                        {
                                          "key": "string",
                                          "name": "string",
                                          "namespace": "string"
                                        }
                                      ]
                                    }
                                  ],
                                  "cert": [
                                    "object",
                                    {
                                      "clientCert": [
                                        "object",
                                        {
                                          "key": "string",
                                          "name": "string",
                                          "namespace": "string"
                                        }
                                      ],
                                      "secretRef": [
                                        "object",
                                        {
                                          "key": "string",
                                          "name": "string",
                                          "namespace": "string"
                                        }
                                      ]
                                    }
                                  ],
                                  "iam": [
                                    "object",
                                    {
                                      "externalID": "string",
                                      "jwt": [
                                        "object",
                                        {
                                          "serviceAccountRef": [
                                            "object",
                                            {
                                              "audiences": [
                                                "list",
                                                "string"
                                              ],
                                              "name": "string",
                                              "namespace": "string"
                                            }
                                          ]
                                        }
                                      ],
                                      "path": "string",
                                      "region": "string",
                                      "role": "string",
                                      "secretRef": [
                                        "object",
                                        {
                                          "accessKeyIDSecretRef": [
                                            "object",
                                            {
                                              "key": "string",
                                              "name": "string",
                                              "namespace": "string"
                                            }
                                          ],
                                          "secretAccessKeySecretRef": [
                                            "object",
                                            {
                                              "key": "string",
                                              "name": "string",
                                              "namespace": "string"
                                            }
                                          ],
                                          "sessionTokenSecretRef": [
                                            "object",
                                            {
                                              "key": "string",
                                              "name": "string",
                                              "namespace": "string"
                                            }
                                          ]
                                        }
                                      ],
                                      "vaultAwsIamServerID": "string",
                                      "vaultRole": "string"
                                    }
                                  ],
                                  "jwt": [
                                    "object",
                                    {
                                      "kubernetesServiceAccountToken": [
                                        "object",
                                        {
                                          "audiences": [
                                            "list",
                                            "string"
                                          ],
                                          "expirationSeconds": "number",
                                          "serviceAccountRef": [
                                            "object",
                                            {
                                              "audiences": [
                                                "list",
                                                "string"
                                              ],
                                              "name": "string",
                                              "namespace": "string"
                                            }
                                          ]
                                        }
                                      ],
                                      "path": "string",
                                      "role": "string",
                                      "secretRef": [
                                        "object",
                                        {
                                          "key": "string",
                                          "name": "string",
                                          "namespace": "string"
                                        }
                                      ]
                                    }
                                  ],
                                  "kubernetes": [
                                    "object",
                                    {
                                      "mountPath": "string",
                                      "role": "string",
                                      "secretRef": [
                                        "object",
                                        {
                                          "key": "string",
                                          "name": "string",
                                          "namespace": "string"
                                        }
                                      ],
                                      "serviceAccountRef": [
                                        "object",
                                        {
                                          "audiences": [
                                            "list",
                                            "string"
                                          ],
                                          "name": "string",
                                          "namespace": "string"
                                        }
                                      ]
                                    }
                                  ],
                                  "ldap": [
                                    "object",
                                    {
                                      "path": "string",
                                      "secretRef": [
                                        "object",
                                        {
                                          "key": "string",
                                          "name": "string",
                                          "namespace": "string"
                                        }
                                      ],
                                      "username": "string"
                                    }
                                  ],
                                  "namespace": "string",
                                  "tokenSecretRef": [
                                    "object",
                                    {
                                      "key": "string",
                                      "name": "string",
                                      "namespace": "string"
                                    }
                                  ],
                                  "userPass": [
                                    "object",
                                    {
                                      "path": "string",
                                      "secretRef": [
                                        "object",
                                        {
                                          "key": "string",
                                          "name": "string",
                                          "namespace": "string"
                                        }
                                      ],
                                      "username": "string"
                                    }
                                  ]
                                }
                              ],
                              "caBundle": "string",
                              "caProvider": [
                                "object",
                                {
                                  "key": "string",
                                  "name": "string",
                                  "namespace": "string",
                                  "type": "string"
                                }
                              ],
                              "forwardInconsistent": "bool",
                              "headers": [
                                "map",
                                "string"
                              ],
                              "namespace": "string",
                              "path": "string",
                              "readYourWrites": "bool",
                              "server": "string",
                              "tls": [
                                "object",
                                {
                                  "certSecretRef": [
                                    "object",
                                    {
                                      "key": "string",
                                      "name": "string",
                                      "namespace": "string"
                                    }
                                  ],
                                  "keySecretRef": [
                                    "object",
                                    {
                                      "key": "string",
                                      "name": "string",
                                      "namespace": "string"
                                    }
                                  ]
                                }
                              ],
                              "version": "string"
                            }
                          ],
                          "webhook": [
                            "object",
                            {
                              "body": "string",
                              "caBundle": "string",
                              "caProvider": [
                                "object",
                                {
                                  "key": "string",
                                  "name": "string",
                                  "namespace": "string",
                                  "type": "string"
                                }
                              ],
                              "headers": [
                                "map",
                                "string"
                              ],
                              "method": "string",
                              "result": [
                                "object",
                                {
                                  "jsonPath": "string"
                                }
                              ],
                              "secrets": [
                                "list",
                                [
                                  "object",
                                  {
                                    "name": "string",
                                    "secretRef": [
                                      "object",
                                      {
                                        "key": "string",
                                        "name": "string",
                                        "namespace": "string"
                                      }
                                    ]
                                  }
                                ]
                              ],
                              "timeout": "string",
                              "url": "string"
                            }
                          ],
                          "yandexcertificatemanager": [
                            "object",
                            {
                              "apiEndpoint": "string",
                              "auth": [
                                "object",
                                {
                                  "authorizedKeySecretRef": [
                                    "object",
                                    {
                                      "key": "string",
                                      "name": "string",
                                      "namespace": "string"
                                    }
                                  ]
                                }
                              ],
                              "caProvider": [
                                "object",
                                {
                                  "certSecretRef": [
                                    "object",
                                    {
                                      "key": "string",
                                      "name": "string",
                                      "namespace": "string"
                                    }
                                  ]
                                }
                              ]
                            }
                          ],
                          "yandexlockbox": [
                            "object",
                            {
                              "apiEndpoint": "string",
                              "auth": [
                                "object",
                                {
                                  "authorizedKeySecretRef": [
                                    "object",
                                    {
                                      "key": "string",
                                      "name": "string",
                                      "namespace": "string"
                                    }
                                  ]
                                }
                              ],
                              "caProvider": [
                                "object",
                                {
                                  "certSecretRef": [
                                    "object",
                                    {
                                      "key": "string",
                                      "name": "string",
                                      "namespace": "string"
                                    }
                                  ]
                                }
                              ]
                            }
                          ]
                        }
                      ],
                      "refreshInterval": "number",
                      "retrySettings": [
                        "object",
                        {
                          "maxRetries": "number",
                          "retryInterval": "string"
                        }
                      ]
                    }
                  ]
                }
              ]
            },
            "timeouts": [],
            "wait": [],
            "wait_for": null
          },
          "sensitive_attributes": [],
          "identity_schema_version": 1,
          "identity": {
            "api_version": "external-secrets.io/v1beta1",
            "kind": "SecretStore",
            "name": "secretstore",
            "namespace": "external-secrets"
          },
          "dependencies": [
            "module.cert-manager.helm_release.cert_manager",
            "module.cert-manager.kubectl_manifest.letsencrypt_staging",
            "module.eks.aws_eks_access_entry.terraform_admin",
            "module.eks.aws_eks_access_policy_association.terraform_admin",
            "module.eks.aws_eks_addon.ebs_csi_driver",
            "module.eks.aws_eks_addon.kube-proxy",
            "module.eks.aws_eks_addon.metrics_server",
            "module.eks.aws_eks_addon.vpc_cni",
            "module.eks.aws_eks_cluster.eks_cluster",
            "module.eks.aws_eks_node_group.private_node_1",
            "module.eks.aws_eks_node_group.private_node_2",
            "module.eks.aws_iam_openid_connect_provider.eks",
            "module.eks.aws_iam_role.ebs_csi_driver",
            "module.eks.aws_iam_role.vpc_cni",
            "module.eks.aws_iam_role_policy_attachment.ebs_csi_driver_attach",
            "module.eks.aws_iam_role_policy_attachment.vpc_cni_policy",
            "module.eks.data.aws_eks_cluster.eks",
            "module.eks.data.tls_certificate.eks",
            "module.external-dns.aws_iam_role.external_dns",
            "module.external-dns.aws_iam_role_policy.external_dns_route53",
            "module.external-dns.helm_release.external_dns",
            "module.external-dns.kubectl_manifest.external_dns_namespace",
            "module.external-dns.kubernetes_service_account_v1.external_dns",
            "module.iam.aws_iam_instance_profile.nodes",
            "module.iam.aws_iam_policy.vpc_flow_logs_policy",
            "module.iam.aws_iam_role.cluster",
            "module.iam.aws_iam_role.nodes",
            "module.iam.aws_iam_role.vpc_flow_logs_role",
            "module.iam.aws_iam_role_policy_attachment.AmazonEC2ContainerRegistryReadOnly",
            "module.iam.aws_iam_role_policy_attachment.AmazonEKSWorkerNodePolicy",
            "module.iam.aws_iam_role_policy_attachment.AmazonEKS_CNI_Policy",
            "module.iam.aws_iam_role_policy_attachment.cluster_AmazonEKSClusterPolicy",
            "module.iam.aws_iam_role_policy_attachment.node_group_elb_policy",
            "module.iam.aws_iam_role_policy_attachment.vpc_flow_logs_attach",
            "module.manifests.aws_iam_policy.iam_eso_policy",
            "module.manifests.aws_iam_role.iam_role_eso",
            "module.manifests.aws_iam_role_policy_attachment.iampolicyattach-eso",
            "module.manifests.aws_secretsmanager_secret.secrets",
            "module.manifests.aws_secretsmanager_secret_version.secrets",
            "module.manifests.helm_release.external_secrets",
            "module.manifests.kubernetes_service_account_v1.eso_serviceaact",
            "module.nginx-ingress.helm_release.nginx_ingress",
            "module.vpc.aws_cloudwatch_log_group.cloud_watch_logs",
            "module.vpc.aws_eip.ngw-eip",
            "module.vpc.aws_flow_log.cloud_watch",
            "module.vpc.aws_internet_gateway.igw",
            "module.vpc.aws_kms_alias.kms_alias",
            "module.vpc.aws_kms_key.kms_key",
            "module.vpc.aws_kms_key_policy.kms_key_policy",
            "module.vpc.aws_nat_gateway.ngw",
            "module.vpc.aws_route_table.private-rt",
            "module.vpc.aws_route_table.public-rt",
            "module.vpc.aws_route_table_association.private-route-association-2a",
            "module.vpc.aws_route_table_association.private-route-association-2b",
            "module.vpc.aws_route_table_association.pub-route-association-2a",
            "module.vpc.aws_route_table_association.pub-route-association-2b",
            "module.vpc.aws_subnet.private-subnet-2a",
            "module.vpc.aws_subnet.private-subnet-2b",
            "module.vpc.aws_subnet.public-subnet-2a",
            "module.vpc.aws_subnet.public-subnet-2b",
            "module.vpc.aws_vpc.eks_vpc"
          ]
        }
      ]
    },
    {
      "module": "module.manifests",
      "mode": "managed",
      "type": "kubernetes_service_account_v1",
      "name": "eso_serviceaact",
      "provider": "provider[\"registry.terraform.io/hashicorp/kubernetes\"]",
      "instances": [
        {
          "schema_version": 0,
          "attributes": {
            "automount_service_account_token": true,
            "default_secret_name": "",
            "id": "external-secrets/eso-sa",
            "image_pull_secret": [],
            "metadata": [
              {
                "annotations": {
                  "eks.amazonaws.com/role-arn": "arn:aws:iam::038774803581:role/iamrole-eso"
                },
                "generate_name": "",
                "generation": 0,
                "labels": {},
                "name": "eso-sa",
                "namespace": "external-secrets",
                "resource_version": "4911",
                "uid": "1859389a-04e7-4b2e-a992-6518f8f31b66"
              }
            ],
            "secret": [],
            "timeouts": null
          },
          "sensitive_attributes": [],
          "identity_schema_version": 1,
          "identity": {
            "api_version": "v1",
            "kind": "ServiceAccount",
            "name": "eso-sa",
            "namespace": "external-secrets"
          },
          "private": "eyJlMmJmYjczMC1lY2FhLTExZTYtOGY4OC0zNDM2M2JjN2M0YzAiOnsiY3JlYXRlIjozMDAwMDAwMDAwMH19",
          "dependencies": [
            "module.cert-manager.helm_release.cert_manager",
            "module.cert-manager.kubectl_manifest.letsencrypt_staging",
            "module.eks.aws_eks_access_entry.terraform_admin",
            "module.eks.aws_eks_access_policy_association.terraform_admin",
            "module.eks.aws_eks_addon.ebs_csi_driver",
            "module.eks.aws_eks_addon.kube-proxy",
            "module.eks.aws_eks_addon.metrics_server",
            "module.eks.aws_eks_addon.vpc_cni",
            "module.eks.aws_eks_cluster.eks_cluster",
            "module.eks.aws_eks_node_group.private_node_1",
            "module.eks.aws_eks_node_group.private_node_2",
            "module.eks.aws_iam_openid_connect_provider.eks",
            "module.eks.aws_iam_role.ebs_csi_driver",
            "module.eks.aws_iam_role.vpc_cni",
            "module.eks.aws_iam_role_policy_attachment.ebs_csi_driver_attach",
            "module.eks.aws_iam_role_policy_attachment.vpc_cni_policy",
            "module.eks.data.aws_eks_cluster.eks",
            "module.eks.data.tls_certificate.eks",
            "module.external-dns.aws_iam_role.external_dns",
            "module.external-dns.aws_iam_role_policy.external_dns_route53",
            "module.external-dns.helm_release.external_dns",
            "module.external-dns.kubectl_manifest.external_dns_namespace",
            "module.external-dns.kubernetes_service_account_v1.external_dns",
            "module.iam.aws_iam_instance_profile.nodes",
            "module.iam.aws_iam_policy.vpc_flow_logs_policy",
            "module.iam.aws_iam_role.cluster",
            "module.iam.aws_iam_role.nodes",
            "module.iam.aws_iam_role.vpc_flow_logs_role",
            "module.iam.aws_iam_role_policy_attachment.AmazonEC2ContainerRegistryReadOnly",
            "module.iam.aws_iam_role_policy_attachment.AmazonEKSWorkerNodePolicy",
            "module.iam.aws_iam_role_policy_attachment.AmazonEKS_CNI_Policy",
            "module.iam.aws_iam_role_policy_attachment.cluster_AmazonEKSClusterPolicy",
            "module.iam.aws_iam_role_policy_attachment.node_group_elb_policy",
            "module.iam.aws_iam_role_policy_attachment.vpc_flow_logs_attach",
            "module.manifests.aws_iam_policy.iam_eso_policy",
            "module.manifests.aws_iam_role.iam_role_eso",
            "module.manifests.aws_iam_role_policy_attachment.iampolicyattach-eso",
            "module.nginx-ingress.helm_release.nginx_ingress",
            "module.vpc.aws_cloudwatch_log_group.cloud_watch_logs",
            "module.vpc.aws_eip.ngw-eip",
            "module.vpc.aws_flow_log.cloud_watch",
            "module.vpc.aws_internet_gateway.igw",
            "module.vpc.aws_kms_alias.kms_alias",
            "module.vpc.aws_kms_key.kms_key",
            "module.vpc.aws_kms_key_policy.kms_key_policy",
            "module.vpc.aws_nat_gateway.ngw",
            "module.vpc.aws_route_table.private-rt",
            "module.vpc.aws_route_table.public-rt",
            "module.vpc.aws_route_table_association.private-route-association-2a",
            "module.vpc.aws_route_table_association.private-route-association-2b",
            "module.vpc.aws_route_table_association.pub-route-association-2a",
            "module.vpc.aws_route_table_association.pub-route-association-2b",
            "module.vpc.aws_subnet.private-subnet-2a",
            "module.vpc.aws_subnet.private-subnet-2b",
            "module.vpc.aws_subnet.public-subnet-2a",
            "module.vpc.aws_subnet.public-subnet-2b",
            "module.vpc.aws_vpc.eks_vpc"
          ]
        }
      ]
    },
    {
      "module": "module.nginx-ingress",
      "mode": "managed",
      "type": "helm_release",
      "name": "nginx_ingress",
      "provider": "provider[\"registry.terraform.io/hashicorp/helm\"]",
      "instances": [
        {
          "schema_version": 1,
          "attributes": {
            "atomic": false,
            "chart": "ingress-nginx",
            "cleanup_on_fail": false,
            "create_namespace": true,
            "dependency_update": false,
            "description": null,
            "devel": null,
            "disable_crd_hooks": false,
            "disable_openapi_validation": false,
            "disable_webhooks": false,
            "force_update": false,
            "id": "ingress-nginx",
            "keyring": null,
            "lint": true,
            "manifest": null,
            "max_history": 0,
            "metadata": [
              {
                "app_version": "1.9.4",
                "chart": "ingress-nginx",
                "name": "ingress-nginx",
                "namespace": "ingress-nginx",
                "revision": 1,
                "values": "{\"controller\":{\"hostNetwork\":true,\"replicaCount\":1,\"service\":{\"annotations\":{\"service.beta.kubernetes.io/aws-load-balancer-nlb-target-type\":\"instance\",\"service.beta.kubernetes.io/aws-load-balancer-scheme\":\"internet-facing\",\"service.beta.kubernetes.io/aws-load-balancer-type\":\"nlb\"},\"externalTrafficPolicy\":\"Local\",\"type\":\"LoadBalancer\"}}}",
                "version": "4.8.3"
              }
            ],
            "name": "ingress-nginx",
            "namespace": "ingress-nginx",
            "pass_credentials": false,
            "postrender": [],
            "recreate_pods": false,
            "render_subchart_notes": true,
            "replace": false,
            "repository": "https://kubernetes.github.io/ingress-nginx",
            "repository_ca_file": null,
            "repository_cert_file": null,
            "repository_key_file": null,
            "repository_password": null,
            "repository_username": null,
            "reset_values": false,
            "reuse_values": false,
            "set": [
              {
                "name": "controller.hostNetwork",
                "type": "",
                "value": "true"
              },
              {
                "name": "controller.replicaCount",
                "type": "",
                "value": "1"
              },
              {
                "name": "controller.service.annotations.service\\.beta\\.kubernetes\\.io/aws-load-balancer-nlb-target-type",
                "type": "",
                "value": "instance"
              },
              {
                "name": "controller.service.annotations.service\\.beta\\.kubernetes\\.io/aws-load-balancer-scheme",
                "type": "",
                "value": "internet-facing"
              },
              {
                "name": "controller.service.annotations.service\\.beta\\.kubernetes\\.io/aws-load-balancer-type",
                "type": "",
                "value": "nlb"
              },
              {
                "name": "controller.service.externalTrafficPolicy",
                "type": "",
                "value": "Local"
              },
              {
                "name": "controller.service.type",
                "type": "",
                "value": "LoadBalancer"
              }
            ],
            "set_list": [],
            "set_sensitive": [],
            "skip_crds": false,
            "status": "deployed",
            "timeout": 600,
            "values": null,
            "verify": false,
            "version": "4.8.3",
            "wait": true,
            "wait_for_jobs": false
          },
          "sensitive_attributes": [
            [
              {
                "type": "get_attr",
                "value": "repository_password"
              }
            ]
          ],
          "identity_schema_version": 0,
          "private": "eyJzY2hlbWFfdmVyc2lvbiI6IjEifQ==",
          "dependencies": [
            "module.eks.aws_eks_access_entry.terraform_admin",
            "module.eks.aws_eks_access_policy_association.terraform_admin",
            "module.eks.aws_eks_addon.ebs_csi_driver",
            "module.eks.aws_eks_addon.kube-proxy",
            "module.eks.aws_eks_addon.metrics_server",
            "module.eks.aws_eks_addon.vpc_cni",
            "module.eks.aws_eks_cluster.eks_cluster",
            "module.eks.aws_eks_node_group.private_node_1",
            "module.eks.aws_eks_node_group.private_node_2",
            "module.eks.aws_iam_openid_connect_provider.eks",
            "module.eks.aws_iam_role.ebs_csi_driver",
            "module.eks.aws_iam_role.vpc_cni",
            "module.eks.aws_iam_role_policy_attachment.ebs_csi_driver_attach",
            "module.eks.aws_iam_role_policy_attachment.vpc_cni_policy",
            "module.eks.data.aws_eks_cluster.eks",
            "module.eks.data.tls_certificate.eks",
            "module.iam.aws_iam_instance_profile.nodes",
            "module.iam.aws_iam_policy.vpc_flow_logs_policy",
            "module.iam.aws_iam_role.cluster",
            "module.iam.aws_iam_role.nodes",
            "module.iam.aws_iam_role.vpc_flow_logs_role",
            "module.iam.aws_iam_role_policy_attachment.AmazonEC2ContainerRegistryReadOnly",
            "module.iam.aws_iam_role_policy_attachment.AmazonEKSWorkerNodePolicy",
            "module.iam.aws_iam_role_policy_attachment.AmazonEKS_CNI_Policy",
            "module.iam.aws_iam_role_policy_attachment.cluster_AmazonEKSClusterPolicy",
            "module.iam.aws_iam_role_policy_attachment.node_group_elb_policy",
            "module.iam.aws_iam_role_policy_attachment.vpc_flow_logs_attach",
            "module.vpc.aws_cloudwatch_log_group.cloud_watch_logs",
            "module.vpc.aws_eip.ngw-eip",
            "module.vpc.aws_flow_log.cloud_watch",
            "module.vpc.aws_internet_gateway.igw",
            "module.vpc.aws_kms_alias.kms_alias",
            "module.vpc.aws_kms_key.kms_key",
            "module.vpc.aws_kms_key_policy.kms_key_policy",
            "module.vpc.aws_nat_gateway.ngw",
            "module.vpc.aws_route_table.private-rt",
            "module.vpc.aws_route_table.public-rt",
            "module.vpc.aws_route_table_association.private-route-association-2a",
            "module.vpc.aws_route_table_association.private-route-association-2b",
            "module.vpc.aws_route_table_association.pub-route-association-2a",
            "module.vpc.aws_route_table_association.pub-route-association-2b",
            "module.vpc.aws_subnet.private-subnet-2a",
            "module.vpc.aws_subnet.private-subnet-2b",
            "module.vpc.aws_subnet.public-subnet-2a",
            "module.vpc.aws_subnet.public-subnet-2b",
            "module.vpc.aws_vpc.eks_vpc"
          ]
        }
      ]
    },
    {
      "module": "module.security-group",
      "mode": "managed",
      "type": "aws_security_group",
      "name": "eks-cluster",
      "provider": "provider[\"registry.terraform.io/hashicorp/aws\"]",
      "instances": [
        {
          "schema_version": 1,
          "attributes": {
            "arn": "arn:aws:ec2:eu-west-2:038774803581:security-group/sg-07a3b74b84e91fb92",
            "description": "Controls who can talk to the EKS Control Plane",
            "egress": [
              {
                "cidr_blocks": [
                  "0.0.0.0/0"
                ],
                "description": "Allow all outbound traffic",
                "from_port": 0,
                "ipv6_cidr_blocks": [],
                "prefix_list_ids": [],
                "protocol": "-1",
                "security_groups": [],
                "self": false,
                "to_port": 0
              }
            ],
            "id": "sg-07a3b74b84e91fb92",
            "ingress": [
              {
                "cidr_blocks": [],
                "description": "Allow nodes to communicate with cluster",
                "from_port": 443,
                "ipv6_cidr_blocks": [],
                "prefix_list_ids": [],
                "protocol": "tcp",
                "security_groups": [
                  "sg-0bf4f00a01b9b4a89"
                ],
                "self": false,
                "to_port": 443
              }
            ],
            "name": "cluster-sg",
            "name_prefix": "",
            "owner_id": "038774803581",
            "revoke_rules_on_delete": false,
            "tags": {},
            "tags_all": {},
            "timeouts": null,
            "vpc_id": "vpc-0ed77d3ac0836ee4a"
          },
          "sensitive_attributes": [],
          "identity_schema_version": 0,
          "private": "eyJlMmJmYjczMC1lY2FhLTExZTYtOGY4OC0zNDM2M2JjN2M0YzAiOnsiY3JlYXRlIjo2MDAwMDAwMDAwMDAsImRlbGV0ZSI6OTAwMDAwMDAwMDAwfSwic2NoZW1hX3ZlcnNpb24iOiIxIn0=",
          "dependencies": [
            "module.iam.aws_iam_instance_profile.nodes",
            "module.iam.aws_iam_policy.vpc_flow_logs_policy",
            "module.iam.aws_iam_role.cluster",
            "module.iam.aws_iam_role.nodes",
            "module.iam.aws_iam_role.vpc_flow_logs_role",
            "module.iam.aws_iam_role_policy_attachment.AmazonEC2ContainerRegistryReadOnly",
            "module.iam.aws_iam_role_policy_attachment.AmazonEKSWorkerNodePolicy",
            "module.iam.aws_iam_role_policy_attachment.AmazonEKS_CNI_Policy",
            "module.iam.aws_iam_role_policy_attachment.cluster_AmazonEKSClusterPolicy",
            "module.iam.aws_iam_role_policy_attachment.node_group_elb_policy",
            "module.iam.aws_iam_role_policy_attachment.vpc_flow_logs_attach",
            "module.vpc.aws_vpc.eks_vpc"
          ]
        }
      ]
    },
    {
      "module": "module.security-group",
      "mode": "managed",
      "type": "aws_security_group",
      "name": "nodes",
      "provider": "provider[\"registry.terraform.io/hashicorp/aws\"]",
      "instances": [
        {
          "schema_version": 1,
          "attributes": {
            "arn": "arn:aws:ec2:eu-west-2:038774803581:security-group/sg-0bf4f00a01b9b4a89",
            "description": "Allow nodes to communicate with each other on all ports",
            "egress": [
              {
                "cidr_blocks": [
                  "0.0.0.0/0"
                ],
                "description": "Allow node all egress",
                "from_port": 0,
                "ipv6_cidr_blocks": [],
                "prefix_list_ids": [],
                "protocol": "-1",
                "security_groups": [],
                "self": false,
                "to_port": 0
              }
            ],
            "id": "sg-0bf4f00a01b9b4a89",
            "ingress": [
              {
                "cidr_blocks": [
                  "0.0.0.0/0"
                ],
                "description": "Allow SSH traffic from VPC",
                "from_port": 0,
                "ipv6_cidr_blocks": [],
                "prefix_list_ids": [],
                "protocol": "-1",
                "security_groups": [],
                "self": false,
                "to_port": 0
              },
              {
                "cidr_blocks": [],
                "description": "Allows node to node communication",
                "from_port": 0,
                "ipv6_cidr_blocks": [],
                "prefix_list_ids": [],
                "protocol": "-1",
                "security_groups": [],
                "self": true,
                "to_port": 0
              }
            ],
            "name": "node-sg",
            "name_prefix": "",
            "owner_id": "038774803581",
            "revoke_rules_on_delete": false,
            "tags": {},
            "tags_all": {},
            "timeouts": null,
            "vpc_id": "vpc-0ed77d3ac0836ee4a"
          },
          "sensitive_attributes": [],
          "identity_schema_version": 0,
          "private": "eyJlMmJmYjczMC1lY2FhLTExZTYtOGY4OC0zNDM2M2JjN2M0YzAiOnsiY3JlYXRlIjo2MDAwMDAwMDAwMDAsImRlbGV0ZSI6OTAwMDAwMDAwMDAwfSwic2NoZW1hX3ZlcnNpb24iOiIxIn0=",
          "dependencies": [
            "module.iam.aws_iam_instance_profile.nodes",
            "module.iam.aws_iam_policy.vpc_flow_logs_policy",
            "module.iam.aws_iam_role.cluster",
            "module.iam.aws_iam_role.nodes",
            "module.iam.aws_iam_role.vpc_flow_logs_role",
            "module.iam.aws_iam_role_policy_attachment.AmazonEC2ContainerRegistryReadOnly",
            "module.iam.aws_iam_role_policy_attachment.AmazonEKSWorkerNodePolicy",
            "module.iam.aws_iam_role_policy_attachment.AmazonEKS_CNI_Policy",
            "module.iam.aws_iam_role_policy_attachment.cluster_AmazonEKSClusterPolicy",
            "module.iam.aws_iam_role_policy_attachment.node_group_elb_policy",
            "module.iam.aws_iam_role_policy_attachment.vpc_flow_logs_attach",
            "module.vpc.aws_vpc.eks_vpc"
          ]
        }
      ]
    },
    {
      "module": "module.security-group",
      "mode": "managed",
      "type": "aws_security_group_rule",
      "name": "cluster_ingress_from_nodes",
      "provider": "provider[\"registry.terraform.io/hashicorp/aws\"]",
      "instances": [
        {
          "schema_version": 2,
          "attributes": {
            "cidr_blocks": null,
            "description": "Allow nodes to communicate with cluster",
            "from_port": 443,
            "id": "sgrule-3391636722",
            "ipv6_cidr_blocks": null,
            "prefix_list_ids": null,
            "protocol": "tcp",
            "security_group_id": "sg-07a3b74b84e91fb92",
            "security_group_rule_id": "sgr-06746a97eed228971",
            "self": false,
            "source_security_group_id": "sg-0bf4f00a01b9b4a89",
            "timeouts": null,
            "to_port": 443,
            "type": "ingress"
          },
          "sensitive_attributes": [],
          "identity_schema_version": 0,
          "private": "eyJlMmJmYjczMC1lY2FhLTExZTYtOGY4OC0zNDM2M2JjN2M0YzAiOnsiY3JlYXRlIjozMDAwMDAwMDAwMDB9LCJzY2hlbWFfdmVyc2lvbiI6IjIifQ==",
          "dependencies": [
            "module.iam.aws_iam_instance_profile.nodes",
            "module.iam.aws_iam_policy.vpc_flow_logs_policy",
            "module.iam.aws_iam_role.cluster",
            "module.iam.aws_iam_role.nodes",
            "module.iam.aws_iam_role.vpc_flow_logs_role",
            "module.iam.aws_iam_role_policy_attachment.AmazonEC2ContainerRegistryReadOnly",
            "module.iam.aws_iam_role_policy_attachment.AmazonEKSWorkerNodePolicy",
            "module.iam.aws_iam_role_policy_attachment.AmazonEKS_CNI_Policy",
            "module.iam.aws_iam_role_policy_attachment.cluster_AmazonEKSClusterPolicy",
            "module.iam.aws_iam_role_policy_attachment.node_group_elb_policy",
            "module.iam.aws_iam_role_policy_attachment.vpc_flow_logs_attach",
            "module.security-group.aws_security_group.eks-cluster",
            "module.security-group.aws_security_group.nodes",
            "module.vpc.aws_vpc.eks_vpc"
          ]
        }
      ]
    },
    {
      "module": "module.security-group",
      "mode": "managed",
      "type": "aws_security_group_rule",
      "name": "node_ingress_from_cluster",
      "provider": "provider[\"registry.terraform.io/hashicorp/aws\"]",
      "instances": [
        {
          "schema_version": 2,
          "attributes": {
            "cidr_blocks": null,
            "description": "Allow cluster to communicate with nodes",
            "from_port": 1025,
            "id": "sgrule-3004892222",
            "ipv6_cidr_blocks": null,
            "prefix_list_ids": null,
            "protocol": "tcp",
            "security_group_id": "sg-0bf4f00a01b9b4a89",
            "security_group_rule_id": "sgr-0d535d6f4cca36905",
            "self": false,
            "source_security_group_id": "sg-07a3b74b84e91fb92",
            "timeouts": null,
            "to_port": 65535,
            "type": "ingress"
          },
          "sensitive_attributes": [],
          "identity_schema_version": 0,
          "private": "eyJlMmJmYjczMC1lY2FhLTExZTYtOGY4OC0zNDM2M2JjN2M0YzAiOnsiY3JlYXRlIjozMDAwMDAwMDAwMDB9LCJzY2hlbWFfdmVyc2lvbiI6IjIifQ==",
          "dependencies": [
            "module.iam.aws_iam_instance_profile.nodes",
            "module.iam.aws_iam_policy.vpc_flow_logs_policy",
            "module.iam.aws_iam_role.cluster",
            "module.iam.aws_iam_role.nodes",
            "module.iam.aws_iam_role.vpc_flow_logs_role",
            "module.iam.aws_iam_role_policy_attachment.AmazonEC2ContainerRegistryReadOnly",
            "module.iam.aws_iam_role_policy_attachment.AmazonEKSWorkerNodePolicy",
            "module.iam.aws_iam_role_policy_attachment.AmazonEKS_CNI_Policy",
            "module.iam.aws_iam_role_policy_attachment.cluster_AmazonEKSClusterPolicy",
            "module.iam.aws_iam_role_policy_attachment.node_group_elb_policy",
            "module.iam.aws_iam_role_policy_attachment.vpc_flow_logs_attach",
            "module.security-group.aws_security_group.eks-cluster",
            "module.security-group.aws_security_group.nodes",
            "module.vpc.aws_vpc.eks_vpc"
          ]
        }
      ]
    },
    {
      "module": "module.vpc",
      "mode": "managed",
      "type": "aws_cloudwatch_log_group",
      "name": "cloud_watch_logs",
      "provider": "provider[\"registry.terraform.io/hashicorp/aws\"]",
      "instances": [
        {
          "schema_version": 0,
          "attributes": {
            "arn": "arn:aws:logs:eu-west-2:038774803581:log-group:logs_for_cloudwatch",
            "id": "logs_for_cloudwatch",
            "kms_key_id": "arn:aws:kms:eu-west-2:038774803581:key/552d81c2-c3a6-407c-87c9-a5d8f159dcb3",
            "log_group_class": "STANDARD",
            "name": "logs_for_cloudwatch",
            "name_prefix": "",
            "retention_in_days": 7,
            "skip_destroy": false,
            "tags": {},
            "tags_all": {}
          },
          "sensitive_attributes": [],
          "identity_schema_version": 0,
          "private": "bnVsbA==",
          "dependencies": [
            "module.iam.aws_iam_instance_profile.nodes",
            "module.iam.aws_iam_policy.vpc_flow_logs_policy",
            "module.iam.aws_iam_role.cluster",
            "module.iam.aws_iam_role.nodes",
            "module.iam.aws_iam_role.vpc_flow_logs_role",
            "module.iam.aws_iam_role_policy_attachment.AmazonEC2ContainerRegistryReadOnly",
            "module.iam.aws_iam_role_policy_attachment.AmazonEKSWorkerNodePolicy",
            "module.iam.aws_iam_role_policy_attachment.AmazonEKS_CNI_Policy",
            "module.iam.aws_iam_role_policy_attachment.cluster_AmazonEKSClusterPolicy",
            "module.iam.aws_iam_role_policy_attachment.node_group_elb_policy",
            "module.iam.aws_iam_role_policy_attachment.vpc_flow_logs_attach",
            "module.vpc.aws_kms_key.kms_key"
          ]
        }
      ]
    },
    {
      "module": "module.vpc",
      "mode": "managed",
      "type": "aws_eip",
      "name": "ngw-eip",
      "provider": "provider[\"registry.terraform.io/hashicorp/aws\"]",
      "instances": [
        {
          "schema_version": 0,
          "attributes": {
            "address": null,
            "allocation_id": "eipalloc-0f0d432ec6e631ca4",
            "arn": "arn:aws:ec2:eu-west-2:038774803581:elastic-ip/eipalloc-0f0d432ec6e631ca4",
            "associate_with_private_ip": null,
            "association_id": "eipassoc-0b9f1f6ff8c14461a",
            "carrier_ip": "",
            "customer_owned_ip": "",
            "customer_owned_ipv4_pool": "",
            "domain": "vpc",
            "id": "eipalloc-0f0d432ec6e631ca4",
            "instance": "",
            "ipam_pool_id": null,
            "network_border_group": "eu-west-2",
            "network_interface": "eni-0048c472a9c3728c2",
            "private_dns": "ip-10-0-2-252.eu-west-2.compute.internal",
            "private_ip": "10.0.2.252",
            "ptr_record": "",
            "public_dns": "ec2-13-135-140-231.eu-west-2.compute.amazonaws.com",
            "public_ip": "13.135.140.231",
            "public_ipv4_pool": "amazon",
            "tags": {
              "Name": "eip"
            },
            "tags_all": {
              "Name": "eip"
            },
            "timeouts": null,
            "vpc": true
          },
          "sensitive_attributes": [],
          "identity_schema_version": 0,
          "private": "eyJlMmJmYjczMC1lY2FhLTExZTYtOGY4OC0zNDM2M2JjN2M0YzAiOnsiZGVsZXRlIjoxODAwMDAwMDAwMDAsInJlYWQiOjkwMDAwMDAwMDAwMCwidXBkYXRlIjozMDAwMDAwMDAwMDB9fQ==",
          "dependencies": [
            "module.iam.aws_iam_instance_profile.nodes",
            "module.iam.aws_iam_policy.vpc_flow_logs_policy",
            "module.iam.aws_iam_role.cluster",
            "module.iam.aws_iam_role.nodes",
            "module.iam.aws_iam_role.vpc_flow_logs_role",
            "module.iam.aws_iam_role_policy_attachment.AmazonEC2ContainerRegistryReadOnly",
            "module.iam.aws_iam_role_policy_attachment.AmazonEKSWorkerNodePolicy",
            "module.iam.aws_iam_role_policy_attachment.AmazonEKS_CNI_Policy",
            "module.iam.aws_iam_role_policy_attachment.cluster_AmazonEKSClusterPolicy",
            "module.iam.aws_iam_role_policy_attachment.node_group_elb_policy",
            "module.iam.aws_iam_role_policy_attachment.vpc_flow_logs_attach"
          ]
        }
      ]
    },
    {
      "module": "module.vpc",
      "mode": "managed",
      "type": "aws_flow_log",
      "name": "cloud_watch",
      "provider": "provider[\"registry.terraform.io/hashicorp/aws\"]",
      "instances": [
        {
          "schema_version": 0,
          "attributes": {
            "arn": "arn:aws:ec2:eu-west-2:038774803581:vpc-flow-log/fl-06669d005422cd67f",
            "deliver_cross_account_role": "",
            "destination_options": [],
            "eni_id": null,
            "iam_role_arn": "arn:aws:iam::038774803581:role/cloud-watch",
            "id": "fl-06669d005422cd67f",
            "log_destination": "arn:aws:logs:eu-west-2:038774803581:log-group:logs_for_cloudwatch",
            "log_destination_type": "cloud-watch-logs",
            "log_format": "${version} ${account-id} ${interface-id} ${srcaddr} ${dstaddr} ${srcport} ${dstport} ${protocol} ${packets} ${bytes} ${start} ${end} ${action} ${log-status}",
            "log_group_name": "logs_for_cloudwatch",
            "max_aggregation_interval": 600,
            "subnet_id": null,
            "tags": {},
            "tags_all": {},
            "traffic_type": "ALL",
            "transit_gateway_attachment_id": null,
            "transit_gateway_id": null,
            "vpc_id": "vpc-0ed77d3ac0836ee4a"
          },
          "sensitive_attributes": [],
          "identity_schema_version": 0,
          "private": "bnVsbA==",
          "dependencies": [
            "module.iam.aws_iam_instance_profile.nodes",
            "module.iam.aws_iam_policy.vpc_flow_logs_policy",
            "module.iam.aws_iam_role.cluster",
            "module.iam.aws_iam_role.nodes",
            "module.iam.aws_iam_role.vpc_flow_logs_role",
            "module.iam.aws_iam_role_policy_attachment.AmazonEC2ContainerRegistryReadOnly",
            "module.iam.aws_iam_role_policy_attachment.AmazonEKSWorkerNodePolicy",
            "module.iam.aws_iam_role_policy_attachment.AmazonEKS_CNI_Policy",
            "module.iam.aws_iam_role_policy_attachment.cluster_AmazonEKSClusterPolicy",
            "module.iam.aws_iam_role_policy_attachment.node_group_elb_policy",
            "module.iam.aws_iam_role_policy_attachment.vpc_flow_logs_attach",
            "module.vpc.aws_cloudwatch_log_group.cloud_watch_logs",
            "module.vpc.aws_kms_key.kms_key",
            "module.vpc.aws_vpc.eks_vpc"
          ]
        }
      ]
    },
    {
      "module": "module.vpc",
      "mode": "managed",
      "type": "aws_internet_gateway",
      "name": "igw",
      "provider": "provider[\"registry.terraform.io/hashicorp/aws\"]",
      "instances": [
        {
          "schema_version": 0,
          "attributes": {
            "arn": "arn:aws:ec2:eu-west-2:038774803581:internet-gateway/igw-05845321d1ca2508e",
            "id": "igw-05845321d1ca2508e",
            "owner_id": "038774803581",
            "tags": {
              "Name": "IGW"
            },
            "tags_all": {
              "Name": "IGW"
            },
            "timeouts": null,
            "vpc_id": "vpc-0ed77d3ac0836ee4a"
          },
          "sensitive_attributes": [],
          "identity_schema_version": 0,
          "private": "eyJlMmJmYjczMC1lY2FhLTExZTYtOGY4OC0zNDM2M2JjN2M0YzAiOnsiY3JlYXRlIjoxMjAwMDAwMDAwMDAwLCJkZWxldGUiOjEyMDAwMDAwMDAwMDAsInVwZGF0ZSI6MTIwMDAwMDAwMDAwMH19",
          "dependencies": [
            "module.iam.aws_iam_instance_profile.nodes",
            "module.iam.aws_iam_policy.vpc_flow_logs_policy",
            "module.iam.aws_iam_role.cluster",
            "module.iam.aws_iam_role.nodes",
            "module.iam.aws_iam_role.vpc_flow_logs_role",
            "module.iam.aws_iam_role_policy_attachment.AmazonEC2ContainerRegistryReadOnly",
            "module.iam.aws_iam_role_policy_attachment.AmazonEKSWorkerNodePolicy",
            "module.iam.aws_iam_role_policy_attachment.AmazonEKS_CNI_Policy",
            "module.iam.aws_iam_role_policy_attachment.cluster_AmazonEKSClusterPolicy",
            "module.iam.aws_iam_role_policy_attachment.node_group_elb_policy",
            "module.iam.aws_iam_role_policy_attachment.vpc_flow_logs_attach",
            "module.vpc.aws_vpc.eks_vpc"
          ]
        }
      ]
    },
    {
      "module": "module.vpc",
      "mode": "managed",
      "type": "aws_kms_alias",
      "name": "kms_alias",
      "provider": "provider[\"registry.terraform.io/hashicorp/aws\"]",
      "instances": [
        {
          "schema_version": 0,
          "attributes": {
            "arn": "arn:aws:kms:eu-west-2:038774803581:alias/exampleKey",
            "id": "alias/exampleKey",
            "name": "alias/exampleKey",
            "name_prefix": "",
            "target_key_arn": "arn:aws:kms:eu-west-2:038774803581:key/552d81c2-c3a6-407c-87c9-a5d8f159dcb3",
            "target_key_id": "552d81c2-c3a6-407c-87c9-a5d8f159dcb3"
          },
          "sensitive_attributes": [],
          "identity_schema_version": 0,
          "private": "bnVsbA==",
          "dependencies": [
            "module.iam.aws_iam_instance_profile.nodes",
            "module.iam.aws_iam_policy.vpc_flow_logs_policy",
            "module.iam.aws_iam_role.cluster",
            "module.iam.aws_iam_role.nodes",
            "module.iam.aws_iam_role.vpc_flow_logs_role",
            "module.iam.aws_iam_role_policy_attachment.AmazonEC2ContainerRegistryReadOnly",
            "module.iam.aws_iam_role_policy_attachment.AmazonEKSWorkerNodePolicy",
            "module.iam.aws_iam_role_policy_attachment.AmazonEKS_CNI_Policy",
            "module.iam.aws_iam_role_policy_attachment.cluster_AmazonEKSClusterPolicy",
            "module.iam.aws_iam_role_policy_attachment.node_group_elb_policy",
            "module.iam.aws_iam_role_policy_attachment.vpc_flow_logs_attach",
            "module.vpc.aws_kms_key.kms_key"
          ]
        }
      ]
    },
    {
      "module": "module.vpc",
      "mode": "managed",
      "type": "aws_kms_key",
      "name": "kms_key",
      "provider": "provider[\"registry.terraform.io/hashicorp/aws\"]",
      "instances": [
        {
          "schema_version": 0,
          "attributes": {
            "arn": "arn:aws:kms:eu-west-2:038774803581:key/552d81c2-c3a6-407c-87c9-a5d8f159dcb3",
            "bypass_policy_lockout_safety_check": false,
            "custom_key_store_id": "",
            "customer_master_key_spec": "SYMMETRIC_DEFAULT",
            "deletion_window_in_days": 20,
            "description": "Encryption KMS key",
            "enable_key_rotation": true,
            "id": "552d81c2-c3a6-407c-87c9-a5d8f159dcb3",
            "is_enabled": true,
            "key_id": "552d81c2-c3a6-407c-87c9-a5d8f159dcb3",
            "key_usage": "ENCRYPT_DECRYPT",
            "multi_region": false,
            "policy": "{\"Statement\":[{\"Action\":\"kms:*\",\"Effect\":\"Allow\",\"Principal\":{\"AWS\":\"arn:aws:iam::038774803581:root\"},\"Resource\":\"*\",\"Sid\":\"Enable IAM User Permissions\"},{\"Action\":[\"kms:Encrypt\",\"kms:Decrypt\",\"kms:ReEncrypt*\",\"kms:GenerateDataKey*\",\"kms:DescribeKey\",\"kms:CreateGrant\"],\"Effect\":\"Allow\",\"Principal\":{\"Service\":\"logs.eu-west-2.amazonaws.com\"},\"Resource\":\"*\",\"Sid\":\"AllowCloudWatchLogsUseOfKey\"},{\"Action\":[\"kms:Encrypt\",\"kms:Decrypt\",\"kms:ReEncrypt*\",\"kms:GenerateDataKey*\",\"kms:DescribeKey\"],\"Effect\":\"Allow\",\"Principal\":{\"Service\":\"eks.amazonaws.com\"},\"Resource\":\"*\",\"Sid\":\"AllowEKSUseOfKey\"}],\"Version\":\"2012-10-17\"}",
            "rotation_period_in_days": 365,
            "tags": {},
            "tags_all": {},
            "timeouts": null,
            "xks_key_id": ""
          },
          "sensitive_attributes": [],
          "identity_schema_version": 0,
          "private": "eyJlMmJmYjczMC1lY2FhLTExZTYtOGY4OC0zNDM2M2JjN2M0YzAiOnsiY3JlYXRlIjoxMjAwMDAwMDAwMDB9fQ==",
          "dependencies": [
            "module.iam.aws_iam_instance_profile.nodes",
            "module.iam.aws_iam_policy.vpc_flow_logs_policy",
            "module.iam.aws_iam_role.cluster",
            "module.iam.aws_iam_role.nodes",
            "module.iam.aws_iam_role.vpc_flow_logs_role",
            "module.iam.aws_iam_role_policy_attachment.AmazonEC2ContainerRegistryReadOnly",
            "module.iam.aws_iam_role_policy_attachment.AmazonEKSWorkerNodePolicy",
            "module.iam.aws_iam_role_policy_attachment.AmazonEKS_CNI_Policy",
            "module.iam.aws_iam_role_policy_attachment.cluster_AmazonEKSClusterPolicy",
            "module.iam.aws_iam_role_policy_attachment.node_group_elb_policy",
            "module.iam.aws_iam_role_policy_attachment.vpc_flow_logs_attach"
          ]
        }
      ]
    },
    {
      "module": "module.vpc",
      "mode": "managed",
      "type": "aws_kms_key_policy",
      "name": "kms_key_policy",
      "provider": "provider[\"registry.terraform.io/hashicorp/aws\"]",
      "instances": [
        {
          "schema_version": 0,
          "attributes": {
            "bypass_policy_lockout_safety_check": false,
            "id": "552d81c2-c3a6-407c-87c9-a5d8f159dcb3",
            "key_id": "552d81c2-c3a6-407c-87c9-a5d8f159dcb3",
            "policy": "{\"Statement\":[{\"Action\":\"kms:*\",\"Effect\":\"Allow\",\"Principal\":{\"AWS\":\"arn:aws:iam::038774803581:root\"},\"Resource\":\"*\",\"Sid\":\"Enable IAM User Permissions\"},{\"Action\":[\"kms:Encrypt\",\"kms:Decrypt\",\"kms:ReEncrypt*\",\"kms:GenerateDataKey*\",\"kms:DescribeKey\",\"kms:CreateGrant\"],\"Effect\":\"Allow\",\"Principal\":{\"Service\":\"logs.eu-west-2.amazonaws.com\"},\"Resource\":\"*\",\"Sid\":\"AllowCloudWatchLogsUseOfKey\"},{\"Action\":[\"kms:Encrypt\",\"kms:Decrypt\",\"kms:ReEncrypt*\",\"kms:GenerateDataKey*\",\"kms:DescribeKey\"],\"Effect\":\"Allow\",\"Principal\":{\"Service\":\"eks.amazonaws.com\"},\"Resource\":\"*\",\"Sid\":\"AllowEKSUseOfKey\"}],\"Version\":\"2012-10-17\"}"
          },
          "sensitive_attributes": [],
          "identity_schema_version": 0,
          "private": "bnVsbA==",
          "dependencies": [
            "module.iam.aws_iam_instance_profile.nodes",
            "module.iam.aws_iam_policy.vpc_flow_logs_policy",
            "module.iam.aws_iam_role.cluster",
            "module.iam.aws_iam_role.nodes",
            "module.iam.aws_iam_role.vpc_flow_logs_role",
            "module.iam.aws_iam_role_policy_attachment.AmazonEC2ContainerRegistryReadOnly",
            "module.iam.aws_iam_role_policy_attachment.AmazonEKSWorkerNodePolicy",
            "module.iam.aws_iam_role_policy_attachment.AmazonEKS_CNI_Policy",
            "module.iam.aws_iam_role_policy_attachment.cluster_AmazonEKSClusterPolicy",
            "module.iam.aws_iam_role_policy_attachment.node_group_elb_policy",
            "module.iam.aws_iam_role_policy_attachment.vpc_flow_logs_attach",
            "module.vpc.aws_kms_key.kms_key"
          ]
        }
      ]
    },
    {
      "module": "module.vpc",
      "mode": "managed",
      "type": "aws_nat_gateway",
      "name": "ngw",
      "provider": "provider[\"registry.terraform.io/hashicorp/aws\"]",
      "instances": [
        {
          "schema_version": 0,
          "attributes": {
            "allocation_id": "eipalloc-0f0d432ec6e631ca4",
            "association_id": "eipassoc-0b9f1f6ff8c14461a",
            "connectivity_type": "public",
            "id": "nat-0b020dc4f467d85f5",
            "network_interface_id": "eni-0048c472a9c3728c2",
            "private_ip": "10.0.2.252",
            "public_ip": "13.135.140.231",
            "secondary_allocation_ids": [],
            "secondary_private_ip_address_count": 0,
            "secondary_private_ip_addresses": [],
            "subnet_id": "subnet-0d716773165c39274",
            "tags": {
              "Name": "igw-nat"
            },
            "tags_all": {
              "Name": "igw-nat"
            },
            "timeouts": null
          },
          "sensitive_attributes": [],
          "identity_schema_version": 0,
          "private": "eyJlMmJmYjczMC1lY2FhLTExZTYtOGY4OC0zNDM2M2JjN2M0YzAiOnsiY3JlYXRlIjo2MDAwMDAwMDAwMDAsImRlbGV0ZSI6MTgwMDAwMDAwMDAwMCwidXBkYXRlIjo2MDAwMDAwMDAwMDB9fQ==",
          "dependencies": [
            "module.iam.aws_iam_instance_profile.nodes",
            "module.iam.aws_iam_policy.vpc_flow_logs_policy",
            "module.iam.aws_iam_role.cluster",
            "module.iam.aws_iam_role.nodes",
            "module.iam.aws_iam_role.vpc_flow_logs_role",
            "module.iam.aws_iam_role_policy_attachment.AmazonEC2ContainerRegistryReadOnly",
            "module.iam.aws_iam_role_policy_attachment.AmazonEKSWorkerNodePolicy",
            "module.iam.aws_iam_role_policy_attachment.AmazonEKS_CNI_Policy",
            "module.iam.aws_iam_role_policy_attachment.cluster_AmazonEKSClusterPolicy",
            "module.iam.aws_iam_role_policy_attachment.node_group_elb_policy",
            "module.iam.aws_iam_role_policy_attachment.vpc_flow_logs_attach",
            "module.vpc.aws_eip.ngw-eip",
            "module.vpc.aws_internet_gateway.igw",
            "module.vpc.aws_subnet.public-subnet-2b",
            "module.vpc.aws_vpc.eks_vpc"
          ]
        }
      ]
    },
    {
      "module": "module.vpc",
      "mode": "managed",
      "type": "aws_route_table",
      "name": "private-rt",
      "provider": "provider[\"registry.terraform.io/hashicorp/aws\"]",
      "instances": [
        {
          "schema_version": 0,
          "attributes": {
            "arn": "arn:aws:ec2:eu-west-2:038774803581:route-table/rtb-003ced48f914761c0",
            "id": "rtb-003ced48f914761c0",
            "owner_id": "038774803581",
            "propagating_vgws": [],
            "route": [
              {
                "carrier_gateway_id": "",
                "cidr_block": "0.0.0.0/0",
                "core_network_arn": "",
                "destination_prefix_list_id": "",
                "egress_only_gateway_id": "",
                "gateway_id": "",
                "ipv6_cidr_block": "",
                "local_gateway_id": "",
                "nat_gateway_id": "nat-0b020dc4f467d85f5",
                "network_interface_id": "",
                "transit_gateway_id": "",
                "vpc_endpoint_id": "",
                "vpc_peering_connection_id": ""
              }
            ],
            "tags": {
              "Name": "private-rt"
            },
            "tags_all": {
              "Name": "private-rt"
            },
            "timeouts": null,
            "vpc_id": "vpc-0ed77d3ac0836ee4a"
          },
          "sensitive_attributes": [],
          "identity_schema_version": 0,
          "private": "eyJlMmJmYjczMC1lY2FhLTExZTYtOGY4OC0zNDM2M2JjN2M0YzAiOnsiY3JlYXRlIjozMDAwMDAwMDAwMDAsImRlbGV0ZSI6MzAwMDAwMDAwMDAwLCJ1cGRhdGUiOjEyMDAwMDAwMDAwMH19",
          "dependencies": [
            "module.iam.aws_iam_instance_profile.nodes",
            "module.iam.aws_iam_policy.vpc_flow_logs_policy",
            "module.iam.aws_iam_role.cluster",
            "module.iam.aws_iam_role.nodes",
            "module.iam.aws_iam_role.vpc_flow_logs_role",
            "module.iam.aws_iam_role_policy_attachment.AmazonEC2ContainerRegistryReadOnly",
            "module.iam.aws_iam_role_policy_attachment.AmazonEKSWorkerNodePolicy",
            "module.iam.aws_iam_role_policy_attachment.AmazonEKS_CNI_Policy",
            "module.iam.aws_iam_role_policy_attachment.cluster_AmazonEKSClusterPolicy",
            "module.iam.aws_iam_role_policy_attachment.node_group_elb_policy",
            "module.iam.aws_iam_role_policy_attachment.vpc_flow_logs_attach",
            "module.vpc.aws_eip.ngw-eip",
            "module.vpc.aws_internet_gateway.igw",
            "module.vpc.aws_nat_gateway.ngw",
            "module.vpc.aws_subnet.public-subnet-2b",
            "module.vpc.aws_vpc.eks_vpc"
          ]
        }
      ]
    },
    {
      "module": "module.vpc",
      "mode": "managed",
      "type": "aws_route_table",
      "name": "public-rt",
      "provider": "provider[\"registry.terraform.io/hashicorp/aws\"]",
      "instances": [
        {
          "schema_version": 0,
          "attributes": {
            "arn": "arn:aws:ec2:eu-west-2:038774803581:route-table/rtb-096d8fbf71786e411",
            "id": "rtb-096d8fbf71786e411",
            "owner_id": "038774803581",
            "propagating_vgws": [],
            "route": [
              {
                "carrier_gateway_id": "",
                "cidr_block": "0.0.0.0/0",
                "core_network_arn": "",
                "destination_prefix_list_id": "",
                "egress_only_gateway_id": "",
                "gateway_id": "igw-05845321d1ca2508e",
                "ipv6_cidr_block": "",
                "local_gateway_id": "",
                "nat_gateway_id": "",
                "network_interface_id": "",
                "transit_gateway_id": "",
                "vpc_endpoint_id": "",
                "vpc_peering_connection_id": ""
              }
            ],
            "tags": {
              "Name": "public-rt"
            },
            "tags_all": {
              "Name": "public-rt"
            },
            "timeouts": null,
            "vpc_id": "vpc-0ed77d3ac0836ee4a"
          },
          "sensitive_attributes": [],
          "identity_schema_version": 0,
          "private": "eyJlMmJmYjczMC1lY2FhLTExZTYtOGY4OC0zNDM2M2JjN2M0YzAiOnsiY3JlYXRlIjozMDAwMDAwMDAwMDAsImRlbGV0ZSI6MzAwMDAwMDAwMDAwLCJ1cGRhdGUiOjEyMDAwMDAwMDAwMH19",
          "dependencies": [
            "module.iam.aws_iam_instance_profile.nodes",
            "module.iam.aws_iam_policy.vpc_flow_logs_policy",
            "module.iam.aws_iam_role.cluster",
            "module.iam.aws_iam_role.nodes",
            "module.iam.aws_iam_role.vpc_flow_logs_role",
            "module.iam.aws_iam_role_policy_attachment.AmazonEC2ContainerRegistryReadOnly",
            "module.iam.aws_iam_role_policy_attachment.AmazonEKSWorkerNodePolicy",
            "module.iam.aws_iam_role_policy_attachment.AmazonEKS_CNI_Policy",
            "module.iam.aws_iam_role_policy_attachment.cluster_AmazonEKSClusterPolicy",
            "module.iam.aws_iam_role_policy_attachment.node_group_elb_policy",
            "module.iam.aws_iam_role_policy_attachment.vpc_flow_logs_attach",
            "module.vpc.aws_internet_gateway.igw",
            "module.vpc.aws_vpc.eks_vpc"
          ]
        }
      ]
    },
    {
      "module": "module.vpc",
      "mode": "managed",
      "type": "aws_route_table_association",
      "name": "private-route-association-2a",
      "provider": "provider[\"registry.terraform.io/hashicorp/aws\"]",
      "instances": [
        {
          "schema_version": 0,
          "attributes": {
            "gateway_id": "",
            "id": "rtbassoc-09e3230da6f4db2b8",
            "route_table_id": "rtb-003ced48f914761c0",
            "subnet_id": "subnet-05a9473ab5931d671",
            "timeouts": null
          },
          "sensitive_attributes": [],
          "identity_schema_version": 0,
          "private": "eyJlMmJmYjczMC1lY2FhLTExZTYtOGY4OC0zNDM2M2JjN2M0YzAiOnsiY3JlYXRlIjozMDAwMDAwMDAwMDAsImRlbGV0ZSI6MzAwMDAwMDAwMDAwLCJ1cGRhdGUiOjEyMDAwMDAwMDAwMH19",
          "dependencies": [
            "module.iam.aws_iam_instance_profile.nodes",
            "module.iam.aws_iam_policy.vpc_flow_logs_policy",
            "module.iam.aws_iam_role.cluster",
            "module.iam.aws_iam_role.nodes",
            "module.iam.aws_iam_role.vpc_flow_logs_role",
            "module.iam.aws_iam_role_policy_attachment.AmazonEC2ContainerRegistryReadOnly",
            "module.iam.aws_iam_role_policy_attachment.AmazonEKSWorkerNodePolicy",
            "module.iam.aws_iam_role_policy_attachment.AmazonEKS_CNI_Policy",
            "module.iam.aws_iam_role_policy_attachment.cluster_AmazonEKSClusterPolicy",
            "module.iam.aws_iam_role_policy_attachment.node_group_elb_policy",
            "module.iam.aws_iam_role_policy_attachment.vpc_flow_logs_attach",
            "module.vpc.aws_eip.ngw-eip",
            "module.vpc.aws_internet_gateway.igw",
            "module.vpc.aws_nat_gateway.ngw",
            "module.vpc.aws_route_table.private-rt",
            "module.vpc.aws_subnet.private-subnet-2a",
            "module.vpc.aws_subnet.public-subnet-2b",
            "module.vpc.aws_vpc.eks_vpc"
          ]
        }
      ]
    },
    {
      "module": "module.vpc",
      "mode": "managed",
      "type": "aws_route_table_association",
      "name": "private-route-association-2b",
      "provider": "provider[\"registry.terraform.io/hashicorp/aws\"]",
      "instances": [
        {
          "schema_version": 0,
          "attributes": {
            "gateway_id": "",
            "id": "rtbassoc-00119cba84f505862",
            "route_table_id": "rtb-003ced48f914761c0",
            "subnet_id": "subnet-0a5b34e400adbb373",
            "timeouts": null
          },
          "sensitive_attributes": [],
          "identity_schema_version": 0,
          "private": "eyJlMmJmYjczMC1lY2FhLTExZTYtOGY4OC0zNDM2M2JjN2M0YzAiOnsiY3JlYXRlIjozMDAwMDAwMDAwMDAsImRlbGV0ZSI6MzAwMDAwMDAwMDAwLCJ1cGRhdGUiOjEyMDAwMDAwMDAwMH19",
          "dependencies": [
            "module.iam.aws_iam_instance_profile.nodes",
            "module.iam.aws_iam_policy.vpc_flow_logs_policy",
            "module.iam.aws_iam_role.cluster",
            "module.iam.aws_iam_role.nodes",
            "module.iam.aws_iam_role.vpc_flow_logs_role",
            "module.iam.aws_iam_role_policy_attachment.AmazonEC2ContainerRegistryReadOnly",
            "module.iam.aws_iam_role_policy_attachment.AmazonEKSWorkerNodePolicy",
            "module.iam.aws_iam_role_policy_attachment.AmazonEKS_CNI_Policy",
            "module.iam.aws_iam_role_policy_attachment.cluster_AmazonEKSClusterPolicy",
            "module.iam.aws_iam_role_policy_attachment.node_group_elb_policy",
            "module.iam.aws_iam_role_policy_attachment.vpc_flow_logs_attach",
            "module.vpc.aws_eip.ngw-eip",
            "module.vpc.aws_internet_gateway.igw",
            "module.vpc.aws_nat_gateway.ngw",
            "module.vpc.aws_route_table.private-rt",
            "module.vpc.aws_subnet.private-subnet-2b",
            "module.vpc.aws_subnet.public-subnet-2b",
            "module.vpc.aws_vpc.eks_vpc"
          ]
        }
      ]
    },
    {
      "module": "module.vpc",
      "mode": "managed",
      "type": "aws_route_table_association",
      "name": "pub-route-association-2a",
      "provider": "provider[\"registry.terraform.io/hashicorp/aws\"]",
      "instances": [
        {
          "schema_version": 0,
          "attributes": {
            "gateway_id": "",
            "id": "rtbassoc-03c96195327464b46",
            "route_table_id": "rtb-096d8fbf71786e411",
            "subnet_id": "subnet-03b6976cf10ad6cd7",
            "timeouts": null
          },
          "sensitive_attributes": [],
          "identity_schema_version": 0,
          "private": "eyJlMmJmYjczMC1lY2FhLTExZTYtOGY4OC0zNDM2M2JjN2M0YzAiOnsiY3JlYXRlIjozMDAwMDAwMDAwMDAsImRlbGV0ZSI6MzAwMDAwMDAwMDAwLCJ1cGRhdGUiOjEyMDAwMDAwMDAwMH19",
          "dependencies": [
            "module.iam.aws_iam_instance_profile.nodes",
            "module.iam.aws_iam_policy.vpc_flow_logs_policy",
            "module.iam.aws_iam_role.cluster",
            "module.iam.aws_iam_role.nodes",
            "module.iam.aws_iam_role.vpc_flow_logs_role",
            "module.iam.aws_iam_role_policy_attachment.AmazonEC2ContainerRegistryReadOnly",
            "module.iam.aws_iam_role_policy_attachment.AmazonEKSWorkerNodePolicy",
            "module.iam.aws_iam_role_policy_attachment.AmazonEKS_CNI_Policy",
            "module.iam.aws_iam_role_policy_attachment.cluster_AmazonEKSClusterPolicy",
            "module.iam.aws_iam_role_policy_attachment.node_group_elb_policy",
            "module.iam.aws_iam_role_policy_attachment.vpc_flow_logs_attach",
            "module.vpc.aws_internet_gateway.igw",
            "module.vpc.aws_route_table.public-rt",
            "module.vpc.aws_subnet.public-subnet-2a",
            "module.vpc.aws_vpc.eks_vpc"
          ]
        }
      ]
    },
    {
      "module": "module.vpc",
      "mode": "managed",
      "type": "aws_route_table_association",
      "name": "pub-route-association-2b",
      "provider": "provider[\"registry.terraform.io/hashicorp/aws\"]",
      "instances": [
        {
          "schema_version": 0,
          "attributes": {
            "gateway_id": "",
            "id": "rtbassoc-02c38eb633ae92f93",
            "route_table_id": "rtb-096d8fbf71786e411",
            "subnet_id": "subnet-0d716773165c39274",
            "timeouts": null
          },
          "sensitive_attributes": [],
          "identity_schema_version": 0,
          "private": "eyJlMmJmYjczMC1lY2FhLTExZTYtOGY4OC0zNDM2M2JjN2M0YzAiOnsiY3JlYXRlIjozMDAwMDAwMDAwMDAsImRlbGV0ZSI6MzAwMDAwMDAwMDAwLCJ1cGRhdGUiOjEyMDAwMDAwMDAwMH19",
          "dependencies": [
            "module.iam.aws_iam_instance_profile.nodes",
            "module.iam.aws_iam_policy.vpc_flow_logs_policy",
            "module.iam.aws_iam_role.cluster",
            "module.iam.aws_iam_role.nodes",
            "module.iam.aws_iam_role.vpc_flow_logs_role",
            "module.iam.aws_iam_role_policy_attachment.AmazonEC2ContainerRegistryReadOnly",
            "module.iam.aws_iam_role_policy_attachment.AmazonEKSWorkerNodePolicy",
            "module.iam.aws_iam_role_policy_attachment.AmazonEKS_CNI_Policy",
            "module.iam.aws_iam_role_policy_attachment.cluster_AmazonEKSClusterPolicy",
            "module.iam.aws_iam_role_policy_attachment.node_group_elb_policy",
            "module.iam.aws_iam_role_policy_attachment.vpc_flow_logs_attach",
            "module.vpc.aws_internet_gateway.igw",
            "module.vpc.aws_route_table.public-rt",
            "module.vpc.aws_subnet.public-subnet-2b",
            "module.vpc.aws_vpc.eks_vpc"
          ]
        }
      ]
    },
    {
      "module": "module.vpc",
      "mode": "managed",
      "type": "aws_subnet",
      "name": "private-subnet-2a",
      "provider": "provider[\"registry.terraform.io/hashicorp/aws\"]",
      "instances": [
        {
          "schema_version": 1,
          "attributes": {
            "arn": "arn:aws:ec2:eu-west-2:038774803581:subnet/subnet-05a9473ab5931d671",
            "assign_ipv6_address_on_creation": false,
            "availability_zone": "eu-west-2a",
            "availability_zone_id": "euw2-az2",
            "cidr_block": "10.0.3.0/24",
            "customer_owned_ipv4_pool": "",
            "enable_dns64": false,
            "enable_lni_at_device_index": 0,
            "enable_resource_name_dns_a_record_on_launch": false,
            "enable_resource_name_dns_aaaa_record_on_launch": false,
            "id": "subnet-05a9473ab5931d671",
            "ipv6_cidr_block": "",
            "ipv6_cidr_block_association_id": "",
            "ipv6_native": false,
            "map_customer_owned_ip_on_launch": false,
            "map_public_ip_on_launch": false,
            "outpost_arn": "",
            "owner_id": "038774803581",
            "private_dns_hostname_type_on_launch": "ip-name",
            "tags": {
              "Name": "Private-subnet-2a",
              "kubernetes.io/cluster/eks-cluster": "shared",
              "kubernetes.io/role/internal-elb": "1"
            },
            "tags_all": {
              "Name": "Private-subnet-2a",
              "kubernetes.io/cluster/eks-cluster": "shared",
              "kubernetes.io/role/internal-elb": "1"
            },
            "timeouts": null,
            "vpc_id": "vpc-0ed77d3ac0836ee4a"
          },
          "sensitive_attributes": [],
          "identity_schema_version": 0,
          "private": "eyJlMmJmYjczMC1lY2FhLTExZTYtOGY4OC0zNDM2M2JjN2M0YzAiOnsiY3JlYXRlIjo2MDAwMDAwMDAwMDAsImRlbGV0ZSI6MTIwMDAwMDAwMDAwMH0sInNjaGVtYV92ZXJzaW9uIjoiMSJ9",
          "dependencies": [
            "module.iam.aws_iam_instance_profile.nodes",
            "module.iam.aws_iam_policy.vpc_flow_logs_policy",
            "module.iam.aws_iam_role.cluster",
            "module.iam.aws_iam_role.nodes",
            "module.iam.aws_iam_role.vpc_flow_logs_role",
            "module.iam.aws_iam_role_policy_attachment.AmazonEC2ContainerRegistryReadOnly",
            "module.iam.aws_iam_role_policy_attachment.AmazonEKSWorkerNodePolicy",
            "module.iam.aws_iam_role_policy_attachment.AmazonEKS_CNI_Policy",
            "module.iam.aws_iam_role_policy_attachment.cluster_AmazonEKSClusterPolicy",
            "module.iam.aws_iam_role_policy_attachment.node_group_elb_policy",
            "module.iam.aws_iam_role_policy_attachment.vpc_flow_logs_attach",
            "module.vpc.aws_vpc.eks_vpc"
          ]
        }
      ]
    },
    {
      "module": "module.vpc",
      "mode": "managed",
      "type": "aws_subnet",
      "name": "private-subnet-2b",
      "provider": "provider[\"registry.terraform.io/hashicorp/aws\"]",
      "instances": [
        {
          "schema_version": 1,
          "attributes": {
            "arn": "arn:aws:ec2:eu-west-2:038774803581:subnet/subnet-0a5b34e400adbb373",
            "assign_ipv6_address_on_creation": false,
            "availability_zone": "eu-west-2b",
            "availability_zone_id": "euw2-az3",
            "cidr_block": "10.0.4.0/24",
            "customer_owned_ipv4_pool": "",
            "enable_dns64": false,
            "enable_lni_at_device_index": 0,
            "enable_resource_name_dns_a_record_on_launch": false,
            "enable_resource_name_dns_aaaa_record_on_launch": false,
            "id": "subnet-0a5b34e400adbb373",
            "ipv6_cidr_block": "",
            "ipv6_cidr_block_association_id": "",
            "ipv6_native": false,
            "map_customer_owned_ip_on_launch": false,
            "map_public_ip_on_launch": false,
            "outpost_arn": "",
            "owner_id": "038774803581",
            "private_dns_hostname_type_on_launch": "ip-name",
            "tags": {
              "Name": "Private-subnet-2b",
              "kubernetes.io/cluster/eks-cluster": "shared",
              "kubernetes.io/role/internal-elb": "1"
            },
            "tags_all": {
              "Name": "Private-subnet-2b",
              "kubernetes.io/cluster/eks-cluster": "shared",
              "kubernetes.io/role/internal-elb": "1"
            },
            "timeouts": null,
            "vpc_id": "vpc-0ed77d3ac0836ee4a"
          },
          "sensitive_attributes": [],
          "identity_schema_version": 0,
          "private": "eyJlMmJmYjczMC1lY2FhLTExZTYtOGY4OC0zNDM2M2JjN2M0YzAiOnsiY3JlYXRlIjo2MDAwMDAwMDAwMDAsImRlbGV0ZSI6MTIwMDAwMDAwMDAwMH0sInNjaGVtYV92ZXJzaW9uIjoiMSJ9",
          "dependencies": [
            "module.iam.aws_iam_instance_profile.nodes",
            "module.iam.aws_iam_policy.vpc_flow_logs_policy",
            "module.iam.aws_iam_role.cluster",
            "module.iam.aws_iam_role.nodes",
            "module.iam.aws_iam_role.vpc_flow_logs_role",
            "module.iam.aws_iam_role_policy_attachment.AmazonEC2ContainerRegistryReadOnly",
            "module.iam.aws_iam_role_policy_attachment.AmazonEKSWorkerNodePolicy",
            "module.iam.aws_iam_role_policy_attachment.AmazonEKS_CNI_Policy",
            "module.iam.aws_iam_role_policy_attachment.cluster_AmazonEKSClusterPolicy",
            "module.iam.aws_iam_role_policy_attachment.node_group_elb_policy",
            "module.iam.aws_iam_role_policy_attachment.vpc_flow_logs_attach",
            "module.vpc.aws_vpc.eks_vpc"
          ]
        }
      ]
    },
    {
      "module": "module.vpc",
      "mode": "managed",
      "type": "aws_subnet",
      "name": "public-subnet-2a",
      "provider": "provider[\"registry.terraform.io/hashicorp/aws\"]",
      "instances": [
        {
          "schema_version": 1,
          "attributes": {
            "arn": "arn:aws:ec2:eu-west-2:038774803581:subnet/subnet-03b6976cf10ad6cd7",
            "assign_ipv6_address_on_creation": false,
            "availability_zone": "eu-west-2a",
            "availability_zone_id": "euw2-az2",
            "cidr_block": "10.0.1.0/24",
            "customer_owned_ipv4_pool": "",
            "enable_dns64": false,
            "enable_lni_at_device_index": 0,
            "enable_resource_name_dns_a_record_on_launch": false,
            "enable_resource_name_dns_aaaa_record_on_launch": false,
            "id": "subnet-03b6976cf10ad6cd7",
            "ipv6_cidr_block": "",
            "ipv6_cidr_block_association_id": "",
            "ipv6_native": false,
            "map_customer_owned_ip_on_launch": false,
            "map_public_ip_on_launch": true,
            "outpost_arn": "",
            "owner_id": "038774803581",
            "private_dns_hostname_type_on_launch": "ip-name",
            "tags": {
              "Name": "Public-subnet-2a",
              "kubernetes.io/cluster/eks-cluster": "shared",
              "kubernetes.io/role/elb": "1"
            },
            "tags_all": {
              "Name": "Public-subnet-2a",
              "kubernetes.io/cluster/eks-cluster": "shared",
              "kubernetes.io/role/elb": "1"
            },
            "timeouts": null,
            "vpc_id": "vpc-0ed77d3ac0836ee4a"
          },
          "sensitive_attributes": [],
          "identity_schema_version": 0,
          "private": "eyJlMmJmYjczMC1lY2FhLTExZTYtOGY4OC0zNDM2M2JjN2M0YzAiOnsiY3JlYXRlIjo2MDAwMDAwMDAwMDAsImRlbGV0ZSI6MTIwMDAwMDAwMDAwMH0sInNjaGVtYV92ZXJzaW9uIjoiMSJ9",
          "dependencies": [
            "module.iam.aws_iam_instance_profile.nodes",
            "module.iam.aws_iam_policy.vpc_flow_logs_policy",
            "module.iam.aws_iam_role.cluster",
            "module.iam.aws_iam_role.nodes",
            "module.iam.aws_iam_role.vpc_flow_logs_role",
            "module.iam.aws_iam_role_policy_attachment.AmazonEC2ContainerRegistryReadOnly",
            "module.iam.aws_iam_role_policy_attachment.AmazonEKSWorkerNodePolicy",
            "module.iam.aws_iam_role_policy_attachment.AmazonEKS_CNI_Policy",
            "module.iam.aws_iam_role_policy_attachment.cluster_AmazonEKSClusterPolicy",
            "module.iam.aws_iam_role_policy_attachment.node_group_elb_policy",
            "module.iam.aws_iam_role_policy_attachment.vpc_flow_logs_attach",
            "module.vpc.aws_vpc.eks_vpc"
          ]
        }
      ]
    },
    {
      "module": "module.vpc",
      "mode": "managed",
      "type": "aws_subnet",
      "name": "public-subnet-2b",
      "provider": "provider[\"registry.terraform.io/hashicorp/aws\"]",
      "instances": [
        {
          "schema_version": 1,
          "attributes": {
            "arn": "arn:aws:ec2:eu-west-2:038774803581:subnet/subnet-0d716773165c39274",
            "assign_ipv6_address_on_creation": false,
            "availability_zone": "eu-west-2b",
            "availability_zone_id": "euw2-az3",
            "cidr_block": "10.0.2.0/24",
            "customer_owned_ipv4_pool": "",
            "enable_dns64": false,
            "enable_lni_at_device_index": 0,
            "enable_resource_name_dns_a_record_on_launch": false,
            "enable_resource_name_dns_aaaa_record_on_launch": false,
            "id": "subnet-0d716773165c39274",
            "ipv6_cidr_block": "",
            "ipv6_cidr_block_association_id": "",
            "ipv6_native": false,
            "map_customer_owned_ip_on_launch": false,
            "map_public_ip_on_launch": true,
            "outpost_arn": "",
            "owner_id": "038774803581",
            "private_dns_hostname_type_on_launch": "ip-name",
            "tags": {
              "Name": "Public-subnet-2b",
              "kubernetes.io/cluster/eks-cluster": "shared",
              "kubernetes.io/role/elb": "1"
            },
            "tags_all": {
              "Name": "Public-subnet-2b",
              "kubernetes.io/cluster/eks-cluster": "shared",
              "kubernetes.io/role/elb": "1"
            },
            "timeouts": null,
            "vpc_id": "vpc-0ed77d3ac0836ee4a"
          },
          "sensitive_attributes": [],
          "identity_schema_version": 0,
          "private": "eyJlMmJmYjczMC1lY2FhLTExZTYtOGY4OC0zNDM2M2JjN2M0YzAiOnsiY3JlYXRlIjo2MDAwMDAwMDAwMDAsImRlbGV0ZSI6MTIwMDAwMDAwMDAwMH0sInNjaGVtYV92ZXJzaW9uIjoiMSJ9",
          "dependencies": [
            "module.iam.aws_iam_instance_profile.nodes",
            "module.iam.aws_iam_policy.vpc_flow_logs_policy",
            "module.iam.aws_iam_role.cluster",
            "module.iam.aws_iam_role.nodes",
            "module.iam.aws_iam_role.vpc_flow_logs_role",
            "module.iam.aws_iam_role_policy_attachment.AmazonEC2ContainerRegistryReadOnly",
            "module.iam.aws_iam_role_policy_attachment.AmazonEKSWorkerNodePolicy",
            "module.iam.aws_iam_role_policy_attachment.AmazonEKS_CNI_Policy",
            "module.iam.aws_iam_role_policy_attachment.cluster_AmazonEKSClusterPolicy",
            "module.iam.aws_iam_role_policy_attachment.node_group_elb_policy",
            "module.iam.aws_iam_role_policy_attachment.vpc_flow_logs_attach",
            "module.vpc.aws_vpc.eks_vpc"
          ]
        }
      ]
    },
    {
      "module": "module.vpc",
      "mode": "managed",
      "type": "aws_vpc",
      "name": "eks_vpc",
      "provider": "provider[\"registry.terraform.io/hashicorp/aws\"]",
      "instances": [
        {
          "schema_version": 1,
          "attributes": {
            "arn": "arn:aws:ec2:eu-west-2:038774803581:vpc/vpc-0ed77d3ac0836ee4a",
            "assign_generated_ipv6_cidr_block": false,
            "cidr_block": "10.0.0.0/16",
            "default_network_acl_id": "acl-02744dc53b703bd85",
            "default_route_table_id": "rtb-0d06ecfa4fc8c8297",
            "default_security_group_id": "sg-04336b8af8fb05dda",
            "dhcp_options_id": "dopt-06da1b4ac7019d8bf",
            "enable_dns_hostnames": true,
            "enable_dns_support": true,
            "enable_network_address_usage_metrics": false,
            "id": "vpc-0ed77d3ac0836ee4a",
            "instance_tenancy": "default",
            "ipv4_ipam_pool_id": null,
            "ipv4_netmask_length": null,
            "ipv6_association_id": "",
            "ipv6_cidr_block": "",
            "ipv6_cidr_block_network_border_group": "",
            "ipv6_ipam_pool_id": "",
            "ipv6_netmask_length": 0,
            "main_route_table_id": "rtb-0d06ecfa4fc8c8297",
            "owner_id": "038774803581",
            "tags": {
              "Name": "Main-VPC"
            },
            "tags_all": {
              "Name": "Main-VPC"
            }
          },
          "sensitive_attributes": [],
          "identity_schema_version": 0,
          "private": "eyJzY2hlbWFfdmVyc2lvbiI6IjEifQ==",
          "dependencies": [
            "module.iam.aws_iam_instance_profile.nodes",
            "module.iam.aws_iam_policy.vpc_flow_logs_policy",
            "module.iam.aws_iam_role.cluster",
            "module.iam.aws_iam_role.nodes",
            "module.iam.aws_iam_role.vpc_flow_logs_role",
            "module.iam.aws_iam_role_policy_attachment.AmazonEC2ContainerRegistryReadOnly",
            "module.iam.aws_iam_role_policy_attachment.AmazonEKSWorkerNodePolicy",
            "module.iam.aws_iam_role_policy_attachment.AmazonEKS_CNI_Policy",
            "module.iam.aws_iam_role_policy_attachment.cluster_AmazonEKSClusterPolicy",
            "module.iam.aws_iam_role_policy_attachment.node_group_elb_policy",
            "module.iam.aws_iam_role_policy_attachment.vpc_flow_logs_attach"
          ]
        }
      ]
    }
  ],
  "check_results": null
}
